{
    "version": 3,
    "terraform_version": "0.11.10",
    "serial": 63,
    "lineage": "e21d9a2e-5de8-1a21-b10a-aed707525a0d",
    "modules": [
        {
            "path": [
                "root"
            ],
            "outputs": {
                "BastionPublicIPs": {
                    "sensitive": false,
                    "type": "list",
                    "value": [
                        "132.145.212.140",
                        "129.213.16.150"
                    ]
                },
                "PsftAppServerPrivateIPs": {
                    "sensitive": false,
                    "type": "list",
                    "value": [
                        "172.16.12.2",
                        "172.16.13.4"
                    ]
                },
                "PsftElasticSrchServerPrivateIPs": {
                    "sensitive": false,
                    "type": "list",
                    "value": [
                        "172.16.8.2",
                        "172.16.9.3"
                    ]
                },
                "PsftFilesystemFstabs": {
                    "sensitive": false,
                    "type": "list",
                    "value": [
                        "172.16.16.3:/psftprdfssash1"
                    ]
                },
                "PsftProcSchdServerPrivateIPs": {
                    "sensitive": false,
                    "type": "list",
                    "value": [
                        "172.16.12.3",
                        "172.16.13.5"
                    ]
                },
                "PsftToolsServerDetails": {
                    "sensitive": false,
                    "type": "list",
                    "value": [
                        "172.16.4.2:psftprdtlsash11:opc:   (BqamvdfK4cq5E(    ",
                        "172.16.5.3:psftprdtlsash22:opc:   !#QNDe5gb3bnB5    "
                    ]
                },
                "PsftWebServerPrivateIPs": {
                    "sensitive": false,
                    "type": "list",
                    "value": [
                        "172.16.20.2",
                        "172.16.21.3"
                    ]
                }
            },
            "resources": {
                "data.oci_core_services.svcgtw_services": {
                    "type": "oci_core_services",
                    "depends_on": [],
                    "primary": {
                        "id": "2019-03-22 20:21:39.238176465 +0000 UTC",
                        "attributes": {
                            "filter.#": "1",
                            "filter.2841581091.name": "name",
                            "filter.2841581091.regex": "true",
                            "filter.2841581091.values.#": "1",
                            "filter.2841581091.values.0": ".*Object.*Storage",
                            "id": "2019-03-22 20:21:39.238176465 +0000 UTC",
                            "services.#": "1",
                            "services.0.cidr_block": "oci-iad-objectstorage",
                            "services.0.description": "OCI IAD Object Storage",
                            "services.0.id": "ocid1.service.oc1.iad.aaaaaaaa74z6sqsezqf6znyomdp5jkvfwb4j2ol33abgosvnhxcqphyl3eaq",
                            "services.0.name": "OCI IAD Object Storage"
                        },
                        "meta": {},
                        "tainted": false
                    },
                    "deposed": [],
                    "provider": "provider.oci"
                },
                "data.oci_identity_availability_domains.ADs": {
                    "type": "oci_identity_availability_domains",
                    "depends_on": [],
                    "primary": {
                        "id": "2019-03-22 20:21:39.073004269 +0000 UTC",
                        "attributes": {
                            "availability_domains.#": "3",
                            "availability_domains.0.compartment_id": "ocid1.tenancy.oc1..aaaaaaaa5txfxrudc5ezitovlpjznw6b3l6sqvkzddepsfu4es2i4x2xyeia",
                            "availability_domains.0.name": "WSQk:US-ASHBURN-AD-1",
                            "availability_domains.1.compartment_id": "ocid1.tenancy.oc1..aaaaaaaa5txfxrudc5ezitovlpjznw6b3l6sqvkzddepsfu4es2i4x2xyeia",
                            "availability_domains.1.name": "WSQk:US-ASHBURN-AD-2",
                            "availability_domains.2.compartment_id": "ocid1.tenancy.oc1..aaaaaaaa5txfxrudc5ezitovlpjznw6b3l6sqvkzddepsfu4es2i4x2xyeia",
                            "availability_domains.2.name": "WSQk:US-ASHBURN-AD-3",
                            "compartment_id": "ocid1.tenancy.oc1..aaaaaaaa5txfxrudc5ezitovlpjznw6b3l6sqvkzddepsfu4es2i4x2xyeia",
                            "id": "2019-03-22 20:21:39.073004269 +0000 UTC"
                        },
                        "meta": {},
                        "tainted": false
                    },
                    "deposed": [],
                    "provider": "provider.oci"
                },
                "data.oci_identity_fault_domains.fds.0": {
                    "type": "oci_identity_fault_domains",
                    "depends_on": [
                        "data.template_file.deployment_ad.*"
                    ],
                    "primary": {
                        "id": "2019-03-22 20:21:39.137072336 +0000 UTC",
                        "attributes": {
                            "availability_domain": "WSQk:US-ASHBURN-AD-1",
                            "compartment_id": "ocid1.compartment.oc1..aaaaaaaaeu5ojynwt72i4ed2bjsgtggmkizvitfrkxwrkomirmk3qd3eyefq",
                            "fault_domains.#": "3",
                            "fault_domains.0.availability_domain": "WSQk:US-ASHBURN-AD-1",
                            "fault_domains.0.compartment_id": "ocid1.compartment.oc1..aaaaaaaaeu5ojynwt72i4ed2bjsgtggmkizvitfrkxwrkomirmk3qd3eyefq",
                            "fault_domains.0.id": "ocid1.faultdomain.oc1..aaaaaaaasd6ysbecx5b3c2djgw7rdwwp23ukysrz23up4cigvqzcgty3dn6q",
                            "fault_domains.0.name": "FAULT-DOMAIN-1",
                            "fault_domains.1.availability_domain": "WSQk:US-ASHBURN-AD-1",
                            "fault_domains.1.compartment_id": "ocid1.compartment.oc1..aaaaaaaaeu5ojynwt72i4ed2bjsgtggmkizvitfrkxwrkomirmk3qd3eyefq",
                            "fault_domains.1.id": "ocid1.faultdomain.oc1..aaaaaaaas353hxflqhph55cjgxhyjdzjbfrfaeonsyirrgqflgyfdlyw5ydq",
                            "fault_domains.1.name": "FAULT-DOMAIN-2",
                            "fault_domains.2.availability_domain": "WSQk:US-ASHBURN-AD-1",
                            "fault_domains.2.compartment_id": "ocid1.compartment.oc1..aaaaaaaaeu5ojynwt72i4ed2bjsgtggmkizvitfrkxwrkomirmk3qd3eyefq",
                            "fault_domains.2.id": "ocid1.faultdomain.oc1..aaaaaaaawfg5jr244hhqfrvhw6sjgdak2pqmzv7nxniqkqxfvukczxnd3iba",
                            "fault_domains.2.name": "FAULT-DOMAIN-3",
                            "id": "2019-03-22 20:21:39.137072336 +0000 UTC"
                        },
                        "meta": {},
                        "tainted": false
                    },
                    "deposed": [],
                    "provider": "provider.oci"
                },
                "data.oci_identity_fault_domains.fds.1": {
                    "type": "oci_identity_fault_domains",
                    "depends_on": [
                        "data.template_file.deployment_ad.*"
                    ],
                    "primary": {
                        "id": "2019-03-22 20:21:39.164233157 +0000 UTC",
                        "attributes": {
                            "availability_domain": "WSQk:US-ASHBURN-AD-2",
                            "compartment_id": "ocid1.compartment.oc1..aaaaaaaaeu5ojynwt72i4ed2bjsgtggmkizvitfrkxwrkomirmk3qd3eyefq",
                            "fault_domains.#": "3",
                            "fault_domains.0.availability_domain": "WSQk:US-ASHBURN-AD-2",
                            "fault_domains.0.compartment_id": "ocid1.compartment.oc1..aaaaaaaaeu5ojynwt72i4ed2bjsgtggmkizvitfrkxwrkomirmk3qd3eyefq",
                            "fault_domains.0.id": "ocid1.faultdomain.oc1..aaaaaaaaofc6s3wj3whd2bnmflpurvrrpgmzcymggukzbdyj2bcfx3vhtwqa",
                            "fault_domains.0.name": "FAULT-DOMAIN-1",
                            "fault_domains.1.availability_domain": "WSQk:US-ASHBURN-AD-2",
                            "fault_domains.1.compartment_id": "ocid1.compartment.oc1..aaaaaaaaeu5ojynwt72i4ed2bjsgtggmkizvitfrkxwrkomirmk3qd3eyefq",
                            "fault_domains.1.id": "ocid1.faultdomain.oc1..aaaaaaaa25ht33jyysn6g4kjdgfauv2egsok3hhtt5yzlnip5mlbgefnju3a",
                            "fault_domains.1.name": "FAULT-DOMAIN-2",
                            "fault_domains.2.availability_domain": "WSQk:US-ASHBURN-AD-2",
                            "fault_domains.2.compartment_id": "ocid1.compartment.oc1..aaaaaaaaeu5ojynwt72i4ed2bjsgtggmkizvitfrkxwrkomirmk3qd3eyefq",
                            "fault_domains.2.id": "ocid1.faultdomain.oc1..aaaaaaaairynqhcc2nzv5epqcyjapei2thifdt6omiqnvnlgm2i5np3v43fq",
                            "fault_domains.2.name": "FAULT-DOMAIN-3",
                            "id": "2019-03-22 20:21:39.164233157 +0000 UTC"
                        },
                        "meta": {},
                        "tainted": false
                    },
                    "deposed": [],
                    "provider": "provider.oci"
                },
                "data.template_file.bootstrap": {
                    "type": "template_file",
                    "depends_on": [
                        "module.create_fss"
                    ],
                    "primary": {
                        "id": "eee5533f8bf36aeac13980cbdf28d70d083771d1dccde501dcc5832f9218bb1f",
                        "attributes": {
                            "id": "eee5533f8bf36aeac13980cbdf28d70d083771d1dccde501dcc5832f9218bb1f",
                            "rendered": "#cloud-config\r\ntimezone: \"America/New_York\"\r\n\r\npackages:\r\n- nfs-utils\r\n- oracle-rdbms-server-12cR1-preinstall.x86_64\r\n- glibc.i686\r\n- libstdc++.i686\r\n- firefox.x86_64\r\n- nc\r\n- samba\r\n\r\nruncmd:\r\n- mkdir -p /stage/software/\r\n- sudo mount 172.16.16.3:/psftprdfssash1 /stage/software/\r\n- echo '172.16.16.3:/psftprdfssash1 /stage/software/ nfs tcp,vers=3' | sudo tee -a /etc/fstab\r\n- mount -a -t nfs",
                            "template": "#cloud-config\r\ntimezone: \"${timezone}\"\r\n\r\npackages:\r\n- nfs-utils\r\n- oracle-rdbms-server-12cR1-preinstall.x86_64\r\n- glibc.i686\r\n- libstdc++.i686\r\n- firefox.x86_64\r\n- nc\r\n- samba\r\n\r\nruncmd:\r\n- mkdir -p ${fss_mount_path}\r\n- sudo mount ${fss_mount_target_private_ip}:${fss_export_path} ${fss_mount_path}\r\n- echo '${fss_mount_target_private_ip}:${fss_export_path} ${fss_mount_path} nfs tcp,vers=3' | sudo tee -a /etc/fstab\r\n- mount -a -t nfs",
                            "vars.%": "4",
                            "vars.fss_export_path": "/psftprdfssash1",
                            "vars.fss_mount_path": "/stage/software/",
                            "vars.fss_mount_target_private_ip": "172.16.16.3",
                            "vars.timezone": "America/New_York"
                        },
                        "meta": {},
                        "tainted": false
                    },
                    "deposed": [],
                    "provider": "provider.template"
                },
                "data.template_file.deployment_ad.0": {
                    "type": "template_file",
                    "depends_on": [
                        "data.oci_identity_availability_domains.ADs"
                    ],
                    "primary": {
                        "id": "76d889067a0981067b0d2c1599318ca5450878f32b5248c2a5acf9c1624657ff",
                        "attributes": {
                            "id": "76d889067a0981067b0d2c1599318ca5450878f32b5248c2a5acf9c1624657ff",
                            "rendered": "WSQk:US-ASHBURN-AD-1",
                            "template": "WSQk:US-ASHBURN-AD-1"
                        },
                        "meta": {},
                        "tainted": false
                    },
                    "deposed": [],
                    "provider": "provider.template"
                },
                "data.template_file.deployment_ad.1": {
                    "type": "template_file",
                    "depends_on": [
                        "data.oci_identity_availability_domains.ADs"
                    ],
                    "primary": {
                        "id": "a85f78eb37f3c60ae54a4d5dbf10fbaeb3f729a04cf056f37262fff5e70872e3",
                        "attributes": {
                            "id": "a85f78eb37f3c60ae54a4d5dbf10fbaeb3f729a04cf056f37262fff5e70872e3",
                            "rendered": "WSQk:US-ASHBURN-AD-2",
                            "template": "WSQk:US-ASHBURN-AD-2"
                        },
                        "meta": {},
                        "tainted": false
                    },
                    "deposed": [],
                    "provider": "provider.template"
                },
                "data.template_file.deployment_fd.0": {
                    "type": "template_file",
                    "depends_on": [
                        "local.fault_domains",
                        "local.faultdomains_per_ad"
                    ],
                    "primary": {
                        "id": "1189a5f9d583e0cc0dd3d092ab9960a6b84ef96426fc50b633826bcd01c2ffba",
                        "attributes": {
                            "id": "1189a5f9d583e0cc0dd3d092ab9960a6b84ef96426fc50b633826bcd01c2ffba",
                            "rendered": "FAULT-DOMAIN-1",
                            "template": "${name}",
                            "vars.%": "1",
                            "vars.name": "FAULT-DOMAIN-1"
                        },
                        "meta": {},
                        "tainted": false
                    },
                    "deposed": [],
                    "provider": "provider.template"
                },
                "data.template_file.deployment_fd.1": {
                    "type": "template_file",
                    "depends_on": [
                        "local.fault_domains",
                        "local.faultdomains_per_ad"
                    ],
                    "primary": {
                        "id": "c4d100a1f0dd0089df39d852ec77ad2ac5f5e75be794d07eaf7d0eb7079e8fde",
                        "attributes": {
                            "id": "c4d100a1f0dd0089df39d852ec77ad2ac5f5e75be794d07eaf7d0eb7079e8fde",
                            "rendered": "FAULT-DOMAIN-2",
                            "template": "${name}",
                            "vars.%": "1",
                            "vars.name": "FAULT-DOMAIN-2"
                        },
                        "meta": {},
                        "tainted": false
                    },
                    "deposed": [],
                    "provider": "provider.template"
                },
                "data.template_file.deployment_fd.2": {
                    "type": "template_file",
                    "depends_on": [
                        "local.fault_domains",
                        "local.faultdomains_per_ad"
                    ],
                    "primary": {
                        "id": "e804b02d82eadeab15b78a26dd7a7e13871339b3895ff9395f2596c50fdc03ef",
                        "attributes": {
                            "id": "e804b02d82eadeab15b78a26dd7a7e13871339b3895ff9395f2596c50fdc03ef",
                            "rendered": "FAULT-DOMAIN-3",
                            "template": "${name}",
                            "vars.%": "1",
                            "vars.name": "FAULT-DOMAIN-3"
                        },
                        "meta": {},
                        "tainted": false
                    },
                    "deposed": [],
                    "provider": "provider.template"
                },
                "data.template_file.deployment_fd.3": {
                    "type": "template_file",
                    "depends_on": [
                        "local.fault_domains",
                        "local.faultdomains_per_ad"
                    ],
                    "primary": {
                        "id": "1189a5f9d583e0cc0dd3d092ab9960a6b84ef96426fc50b633826bcd01c2ffba",
                        "attributes": {
                            "id": "1189a5f9d583e0cc0dd3d092ab9960a6b84ef96426fc50b633826bcd01c2ffba",
                            "rendered": "FAULT-DOMAIN-1",
                            "template": "${name}",
                            "vars.%": "1",
                            "vars.name": "FAULT-DOMAIN-1"
                        },
                        "meta": {},
                        "tainted": false
                    },
                    "deposed": [],
                    "provider": "provider.template"
                },
                "data.template_file.deployment_fd.4": {
                    "type": "template_file",
                    "depends_on": [
                        "local.fault_domains",
                        "local.faultdomains_per_ad"
                    ],
                    "primary": {
                        "id": "c4d100a1f0dd0089df39d852ec77ad2ac5f5e75be794d07eaf7d0eb7079e8fde",
                        "attributes": {
                            "id": "c4d100a1f0dd0089df39d852ec77ad2ac5f5e75be794d07eaf7d0eb7079e8fde",
                            "rendered": "FAULT-DOMAIN-2",
                            "template": "${name}",
                            "vars.%": "1",
                            "vars.name": "FAULT-DOMAIN-2"
                        },
                        "meta": {},
                        "tainted": false
                    },
                    "deposed": [],
                    "provider": "provider.template"
                },
                "data.template_file.deployment_fd.5": {
                    "type": "template_file",
                    "depends_on": [
                        "local.fault_domains",
                        "local.faultdomains_per_ad"
                    ],
                    "primary": {
                        "id": "e804b02d82eadeab15b78a26dd7a7e13871339b3895ff9395f2596c50fdc03ef",
                        "attributes": {
                            "id": "e804b02d82eadeab15b78a26dd7a7e13871339b3895ff9395f2596c50fdc03ef",
                            "rendered": "FAULT-DOMAIN-3",
                            "template": "${name}",
                            "vars.%": "1",
                            "vars.name": "FAULT-DOMAIN-3"
                        },
                        "meta": {},
                        "tainted": false
                    },
                    "deposed": [],
                    "provider": "provider.template"
                },
                "oci_core_route_table.PrivateRT": {
                    "type": "oci_core_route_table",
                    "depends_on": [
                        "data.oci_core_services.svcgtw_services",
                        "local.anywhere",
                        "module.create_vcn"
                    ],
                    "primary": {
                        "id": "ocid1.routetable.oc1.iad.aaaaaaaaf7wncws7rlaf6kzdueg3jgdji6gp34jgnerp5dtrta4su5tyy4yq",
                        "attributes": {
                            "compartment_id": "ocid1.compartment.oc1..aaaaaaaaeu5ojynwt72i4ed2bjsgtggmkizvitfrkxwrkomirmk3qd3eyefq",
                            "defined_tags.%": "0",
                            "display_name": "psftvcnpvtrt",
                            "freeform_tags.%": "0",
                            "id": "ocid1.routetable.oc1.iad.aaaaaaaaf7wncws7rlaf6kzdueg3jgdji6gp34jgnerp5dtrta4su5tyy4yq",
                            "route_rules.#": "2",
                            "route_rules.3179192005.cidr_block": "0.0.0.0/0",
                            "route_rules.3179192005.destination": "0.0.0.0/0",
                            "route_rules.3179192005.destination_type": "CIDR_BLOCK",
                            "route_rules.3179192005.network_entity_id": "ocid1.natgateway.oc1.iad.aaaaaaaaeezjmihe4gxfhpascfjrgbtuw5fh6usqsw5arouzyffdlqxw25ua",
                            "route_rules.4003844146.cidr_block": "",
                            "route_rules.4003844146.destination": "oci-iad-objectstorage",
                            "route_rules.4003844146.destination_type": "SERVICE_CIDR_BLOCK",
                            "route_rules.4003844146.network_entity_id": "ocid1.servicegateway.oc1.iad.aaaaaaaaqktuxblkndbupf2agam6fu4laotimp6m34g2hvhcas3fn55mljea",
                            "state": "AVAILABLE",
                            "time_created": "2019-03-22 18:03:30.396 +0000 UTC",
                            "vcn_id": "ocid1.vcn.oc1.iad.aaaaaaaawutlw4w6naaycjlftxfge5sdwiaqmumjejxttcebbdigr35kymrq"
                        },
                        "meta": {
                            "e2bfb730-ecaa-11e6-8f88-34363bc7c4c0": {
                                "create": 900000000000,
                                "delete": 900000000000,
                                "update": 900000000000
                            }
                        },
                        "tainted": false
                    },
                    "deposed": [],
                    "provider": "provider.oci"
                },
                "oci_core_route_table.PublicRT": {
                    "type": "oci_core_route_table",
                    "depends_on": [
                        "local.anywhere",
                        "module.create_vcn"
                    ],
                    "primary": {
                        "id": "ocid1.routetable.oc1.iad.aaaaaaaac2yuse4firrfhe3nmbg5gn33pqzvizquuvbrpw6a2f6zc2ofmoxq",
                        "attributes": {
                            "compartment_id": "ocid1.compartment.oc1..aaaaaaaaeu5ojynwt72i4ed2bjsgtggmkizvitfrkxwrkomirmk3qd3eyefq",
                            "defined_tags.%": "0",
                            "display_name": "psftvcnpubrt",
                            "freeform_tags.%": "0",
                            "id": "ocid1.routetable.oc1.iad.aaaaaaaac2yuse4firrfhe3nmbg5gn33pqzvizquuvbrpw6a2f6zc2ofmoxq",
                            "route_rules.#": "1",
                            "route_rules.3335145011.cidr_block": "0.0.0.0/0",
                            "route_rules.3335145011.destination": "0.0.0.0/0",
                            "route_rules.3335145011.destination_type": "CIDR_BLOCK",
                            "route_rules.3335145011.network_entity_id": "ocid1.internetgateway.oc1.iad.aaaaaaaa2d2b5h3gtd2xbs7mibyuicvjbwc5cquhhcknd4keipkxlubi5kma",
                            "state": "AVAILABLE",
                            "time_created": "2019-03-22 18:03:30.271 +0000 UTC",
                            "vcn_id": "ocid1.vcn.oc1.iad.aaaaaaaawutlw4w6naaycjlftxfge5sdwiaqmumjejxttcebbdigr35kymrq"
                        },
                        "meta": {
                            "e2bfb730-ecaa-11e6-8f88-34363bc7c4c0": {
                                "create": 900000000000,
                                "delete": 900000000000,
                                "update": 900000000000
                            }
                        },
                        "tainted": false
                    },
                    "deposed": [],
                    "provider": "provider.oci"
                },
                "oci_core_security_list.AppSecList": {
                    "type": "oci_core_security_list",
                    "depends_on": [
                        "local.anywhere",
                        "local.ssh_port",
                        "local.tcp_protocol",
                        "module.create_vcn"
                    ],
                    "primary": {
                        "id": "ocid1.securitylist.oc1.iad.aaaaaaaavd4odlwzzpwtxmmyttiopmbbbnqmtaq6bces6mqeoa7vyneykwpa",
                        "attributes": {
                            "compartment_id": "ocid1.compartment.oc1..aaaaaaaaeu5ojynwt72i4ed2bjsgtggmkizvitfrkxwrkomirmk3qd3eyefq",
                            "defined_tags.%": "0",
                            "display_name": "AppSecList",
                            "egress_security_rules.#": "1",
                            "egress_security_rules.1420396200.destination": "0.0.0.0/0",
                            "egress_security_rules.1420396200.destination_type": "CIDR_BLOCK",
                            "egress_security_rules.1420396200.icmp_options.#": "0",
                            "egress_security_rules.1420396200.protocol": "6",
                            "egress_security_rules.1420396200.stateless": "false",
                            "egress_security_rules.1420396200.tcp_options.#": "0",
                            "egress_security_rules.1420396200.udp_options.#": "0",
                            "freeform_tags.%": "0",
                            "id": "ocid1.securitylist.oc1.iad.aaaaaaaavd4odlwzzpwtxmmyttiopmbbbnqmtaq6bces6mqeoa7vyneykwpa",
                            "ingress_security_rules.#": "2",
                            "ingress_security_rules.3291565597.icmp_options.#": "0",
                            "ingress_security_rules.3291565597.protocol": "6",
                            "ingress_security_rules.3291565597.source": "172.16.0.0/16",
                            "ingress_security_rules.3291565597.source_type": "CIDR_BLOCK",
                            "ingress_security_rules.3291565597.stateless": "false",
                            "ingress_security_rules.3291565597.tcp_options.#": "1",
                            "ingress_security_rules.3291565597.tcp_options.0.max": "22",
                            "ingress_security_rules.3291565597.tcp_options.0.min": "22",
                            "ingress_security_rules.3291565597.tcp_options.0.source_port_range.#": "0",
                            "ingress_security_rules.3291565597.udp_options.#": "0",
                            "ingress_security_rules.504712764.icmp_options.#": "0",
                            "ingress_security_rules.504712764.protocol": "6",
                            "ingress_security_rules.504712764.source": "172.16.0.0/16",
                            "ingress_security_rules.504712764.source_type": "CIDR_BLOCK",
                            "ingress_security_rules.504712764.stateless": "false",
                            "ingress_security_rules.504712764.tcp_options.#": "1",
                            "ingress_security_rules.504712764.tcp_options.0.max": "9039",
                            "ingress_security_rules.504712764.tcp_options.0.min": "9033",
                            "ingress_security_rules.504712764.tcp_options.0.source_port_range.#": "0",
                            "ingress_security_rules.504712764.udp_options.#": "0",
                            "state": "AVAILABLE",
                            "time_created": "2019-03-22 18:03:28.339 +0000 UTC",
                            "vcn_id": "ocid1.vcn.oc1.iad.aaaaaaaawutlw4w6naaycjlftxfge5sdwiaqmumjejxttcebbdigr35kymrq"
                        },
                        "meta": {
                            "e2bfb730-ecaa-11e6-8f88-34363bc7c4c0": {
                                "create": 900000000000,
                                "delete": 900000000000,
                                "update": 900000000000
                            }
                        },
                        "tainted": false
                    },
                    "deposed": [],
                    "provider": "provider.oci"
                },
                "oci_core_security_list.BastionSecList": {
                    "type": "oci_core_security_list",
                    "depends_on": [
                        "local.anywhere",
                        "local.ssh_port",
                        "local.tcp_protocol",
                        "module.create_vcn"
                    ],
                    "primary": {
                        "id": "ocid1.securitylist.oc1.iad.aaaaaaaao3cbroqk2kaftpyhiukv4upowaseur5wdz42f6r7h4uknq3nkxtq",
                        "attributes": {
                            "compartment_id": "ocid1.compartment.oc1..aaaaaaaaeu5ojynwt72i4ed2bjsgtggmkizvitfrkxwrkomirmk3qd3eyefq",
                            "defined_tags.%": "0",
                            "display_name": "BastionSecList",
                            "egress_security_rules.#": "1",
                            "egress_security_rules.1420396200.destination": "0.0.0.0/0",
                            "egress_security_rules.1420396200.destination_type": "CIDR_BLOCK",
                            "egress_security_rules.1420396200.icmp_options.#": "0",
                            "egress_security_rules.1420396200.protocol": "6",
                            "egress_security_rules.1420396200.stateless": "false",
                            "egress_security_rules.1420396200.tcp_options.#": "0",
                            "egress_security_rules.1420396200.udp_options.#": "0",
                            "freeform_tags.%": "0",
                            "id": "ocid1.securitylist.oc1.iad.aaaaaaaao3cbroqk2kaftpyhiukv4upowaseur5wdz42f6r7h4uknq3nkxtq",
                            "ingress_security_rules.#": "1",
                            "ingress_security_rules.47193274.icmp_options.#": "0",
                            "ingress_security_rules.47193274.protocol": "6",
                            "ingress_security_rules.47193274.source": "0.0.0.0/0",
                            "ingress_security_rules.47193274.source_type": "CIDR_BLOCK",
                            "ingress_security_rules.47193274.stateless": "false",
                            "ingress_security_rules.47193274.tcp_options.#": "1",
                            "ingress_security_rules.47193274.tcp_options.0.max": "22",
                            "ingress_security_rules.47193274.tcp_options.0.min": "22",
                            "ingress_security_rules.47193274.tcp_options.0.source_port_range.#": "0",
                            "ingress_security_rules.47193274.udp_options.#": "0",
                            "state": "AVAILABLE",
                            "time_created": "2019-03-22 18:03:28.013 +0000 UTC",
                            "vcn_id": "ocid1.vcn.oc1.iad.aaaaaaaawutlw4w6naaycjlftxfge5sdwiaqmumjejxttcebbdigr35kymrq"
                        },
                        "meta": {
                            "e2bfb730-ecaa-11e6-8f88-34363bc7c4c0": {
                                "create": 900000000000,
                                "delete": 900000000000,
                                "update": 900000000000
                            }
                        },
                        "tainted": false
                    },
                    "deposed": [],
                    "provider": "provider.oci"
                },
                "oci_core_security_list.DBSecList": {
                    "type": "oci_core_security_list",
                    "depends_on": [
                        "local.anywhere",
                        "local.db_port",
                        "local.ssh_port",
                        "local.tcp_protocol",
                        "module.create_vcn"
                    ],
                    "primary": {
                        "id": "ocid1.securitylist.oc1.iad.aaaaaaaaqm6xz4eko3kpiqzk2mqf45zehdmod62b3ehkttr4igvacvzmm24a",
                        "attributes": {
                            "compartment_id": "ocid1.compartment.oc1..aaaaaaaaeu5ojynwt72i4ed2bjsgtggmkizvitfrkxwrkomirmk3qd3eyefq",
                            "defined_tags.%": "0",
                            "display_name": "DBSecList",
                            "egress_security_rules.#": "1",
                            "egress_security_rules.1420396200.destination": "0.0.0.0/0",
                            "egress_security_rules.1420396200.destination_type": "CIDR_BLOCK",
                            "egress_security_rules.1420396200.icmp_options.#": "0",
                            "egress_security_rules.1420396200.protocol": "6",
                            "egress_security_rules.1420396200.stateless": "false",
                            "egress_security_rules.1420396200.tcp_options.#": "0",
                            "egress_security_rules.1420396200.udp_options.#": "0",
                            "freeform_tags.%": "0",
                            "id": "ocid1.securitylist.oc1.iad.aaaaaaaaqm6xz4eko3kpiqzk2mqf45zehdmod62b3ehkttr4igvacvzmm24a",
                            "ingress_security_rules.#": "2",
                            "ingress_security_rules.2353706552.icmp_options.#": "0",
                            "ingress_security_rules.2353706552.protocol": "6",
                            "ingress_security_rules.2353706552.source": "172.16.0.0/16",
                            "ingress_security_rules.2353706552.source_type": "CIDR_BLOCK",
                            "ingress_security_rules.2353706552.stateless": "false",
                            "ingress_security_rules.2353706552.tcp_options.#": "1",
                            "ingress_security_rules.2353706552.tcp_options.0.max": "1521",
                            "ingress_security_rules.2353706552.tcp_options.0.min": "1521",
                            "ingress_security_rules.2353706552.tcp_options.0.source_port_range.#": "0",
                            "ingress_security_rules.2353706552.udp_options.#": "0",
                            "ingress_security_rules.3291565597.icmp_options.#": "0",
                            "ingress_security_rules.3291565597.protocol": "6",
                            "ingress_security_rules.3291565597.source": "172.16.0.0/16",
                            "ingress_security_rules.3291565597.source_type": "CIDR_BLOCK",
                            "ingress_security_rules.3291565597.stateless": "false",
                            "ingress_security_rules.3291565597.tcp_options.#": "1",
                            "ingress_security_rules.3291565597.tcp_options.0.max": "22",
                            "ingress_security_rules.3291565597.tcp_options.0.min": "22",
                            "ingress_security_rules.3291565597.tcp_options.0.source_port_range.#": "0",
                            "ingress_security_rules.3291565597.udp_options.#": "0",
                            "state": "AVAILABLE",
                            "time_created": "2019-03-22 18:03:28.077 +0000 UTC",
                            "vcn_id": "ocid1.vcn.oc1.iad.aaaaaaaawutlw4w6naaycjlftxfge5sdwiaqmumjejxttcebbdigr35kymrq"
                        },
                        "meta": {
                            "e2bfb730-ecaa-11e6-8f88-34363bc7c4c0": {
                                "create": 900000000000,
                                "delete": 900000000000,
                                "update": 900000000000
                            }
                        },
                        "tainted": false
                    },
                    "deposed": [],
                    "provider": "provider.oci"
                },
                "oci_core_security_list.ESSecList": {
                    "type": "oci_core_security_list",
                    "depends_on": [
                        "local.anywhere",
                        "local.ssh_port",
                        "local.tcp_protocol",
                        "module.create_vcn"
                    ],
                    "primary": {
                        "id": "ocid1.securitylist.oc1.iad.aaaaaaaaho5dxqqvsbxxwvjma5yu4fetydgubcbakd5oqfqugm5ezgt5m5xq",
                        "attributes": {
                            "compartment_id": "ocid1.compartment.oc1..aaaaaaaaeu5ojynwt72i4ed2bjsgtggmkizvitfrkxwrkomirmk3qd3eyefq",
                            "defined_tags.%": "0",
                            "display_name": "ESSecList",
                            "egress_security_rules.#": "1",
                            "egress_security_rules.1420396200.destination": "0.0.0.0/0",
                            "egress_security_rules.1420396200.destination_type": "CIDR_BLOCK",
                            "egress_security_rules.1420396200.icmp_options.#": "0",
                            "egress_security_rules.1420396200.protocol": "6",
                            "egress_security_rules.1420396200.stateless": "false",
                            "egress_security_rules.1420396200.tcp_options.#": "0",
                            "egress_security_rules.1420396200.udp_options.#": "0",
                            "freeform_tags.%": "0",
                            "id": "ocid1.securitylist.oc1.iad.aaaaaaaaho5dxqqvsbxxwvjma5yu4fetydgubcbakd5oqfqugm5ezgt5m5xq",
                            "ingress_security_rules.#": "2",
                            "ingress_security_rules.2828403099.icmp_options.#": "0",
                            "ingress_security_rules.2828403099.protocol": "6",
                            "ingress_security_rules.2828403099.source": "172.16.0.0/16",
                            "ingress_security_rules.2828403099.source_type": "CIDR_BLOCK",
                            "ingress_security_rules.2828403099.stateless": "false",
                            "ingress_security_rules.2828403099.tcp_options.#": "1",
                            "ingress_security_rules.2828403099.tcp_options.0.max": "9200",
                            "ingress_security_rules.2828403099.tcp_options.0.min": "9200",
                            "ingress_security_rules.2828403099.tcp_options.0.source_port_range.#": "0",
                            "ingress_security_rules.2828403099.udp_options.#": "0",
                            "ingress_security_rules.3291565597.icmp_options.#": "0",
                            "ingress_security_rules.3291565597.protocol": "6",
                            "ingress_security_rules.3291565597.source": "172.16.0.0/16",
                            "ingress_security_rules.3291565597.source_type": "CIDR_BLOCK",
                            "ingress_security_rules.3291565597.stateless": "false",
                            "ingress_security_rules.3291565597.tcp_options.#": "1",
                            "ingress_security_rules.3291565597.tcp_options.0.max": "22",
                            "ingress_security_rules.3291565597.tcp_options.0.min": "22",
                            "ingress_security_rules.3291565597.tcp_options.0.source_port_range.#": "0",
                            "ingress_security_rules.3291565597.udp_options.#": "0",
                            "state": "AVAILABLE",
                            "time_created": "2019-03-22 18:03:27.206 +0000 UTC",
                            "vcn_id": "ocid1.vcn.oc1.iad.aaaaaaaawutlw4w6naaycjlftxfge5sdwiaqmumjejxttcebbdigr35kymrq"
                        },
                        "meta": {
                            "e2bfb730-ecaa-11e6-8f88-34363bc7c4c0": {
                                "create": 900000000000,
                                "delete": 900000000000,
                                "update": 900000000000
                            }
                        },
                        "tainted": false
                    },
                    "deposed": [],
                    "provider": "provider.oci"
                },
                "oci_core_security_list.FSSSecList": {
                    "type": "oci_core_security_list",
                    "depends_on": [
                        "local.anywhere",
                        "local.fss_ports",
                        "local.tcp_protocol",
                        "local.udp_protocol",
                        "module.create_vcn"
                    ],
                    "primary": {
                        "id": "ocid1.securitylist.oc1.iad.aaaaaaaamg6cbfl5gof3uuiz4kszuzfjqys72pwdfwjj3epbzyuc5p3ld5uq",
                        "attributes": {
                            "compartment_id": "ocid1.compartment.oc1..aaaaaaaaeu5ojynwt72i4ed2bjsgtggmkizvitfrkxwrkomirmk3qd3eyefq",
                            "defined_tags.%": "0",
                            "display_name": "FSSSecList",
                            "egress_security_rules.#": "1",
                            "egress_security_rules.1420396200.destination": "0.0.0.0/0",
                            "egress_security_rules.1420396200.destination_type": "CIDR_BLOCK",
                            "egress_security_rules.1420396200.icmp_options.#": "0",
                            "egress_security_rules.1420396200.protocol": "6",
                            "egress_security_rules.1420396200.stateless": "false",
                            "egress_security_rules.1420396200.tcp_options.#": "0",
                            "egress_security_rules.1420396200.udp_options.#": "0",
                            "freeform_tags.%": "0",
                            "id": "ocid1.securitylist.oc1.iad.aaaaaaaamg6cbfl5gof3uuiz4kszuzfjqys72pwdfwjj3epbzyuc5p3ld5uq",
                            "ingress_security_rules.#": "4",
                            "ingress_security_rules.1592140093.icmp_options.#": "0",
                            "ingress_security_rules.1592140093.protocol": "17",
                            "ingress_security_rules.1592140093.source": "172.16.0.0/16",
                            "ingress_security_rules.1592140093.source_type": "CIDR_BLOCK",
                            "ingress_security_rules.1592140093.stateless": "false",
                            "ingress_security_rules.1592140093.tcp_options.#": "0",
                            "ingress_security_rules.1592140093.udp_options.#": "1",
                            "ingress_security_rules.1592140093.udp_options.0.max": "2048",
                            "ingress_security_rules.1592140093.udp_options.0.min": "2048",
                            "ingress_security_rules.1592140093.udp_options.0.source_port_range.#": "0",
                            "ingress_security_rules.2182719413.icmp_options.#": "0",
                            "ingress_security_rules.2182719413.protocol": "6",
                            "ingress_security_rules.2182719413.source": "172.16.0.0/16",
                            "ingress_security_rules.2182719413.source_type": "CIDR_BLOCK",
                            "ingress_security_rules.2182719413.stateless": "false",
                            "ingress_security_rules.2182719413.tcp_options.#": "1",
                            "ingress_security_rules.2182719413.tcp_options.0.max": "111",
                            "ingress_security_rules.2182719413.tcp_options.0.min": "111",
                            "ingress_security_rules.2182719413.tcp_options.0.source_port_range.#": "0",
                            "ingress_security_rules.2182719413.udp_options.#": "0",
                            "ingress_security_rules.3504257308.icmp_options.#": "0",
                            "ingress_security_rules.3504257308.protocol": "17",
                            "ingress_security_rules.3504257308.source": "172.16.0.0/16",
                            "ingress_security_rules.3504257308.source_type": "CIDR_BLOCK",
                            "ingress_security_rules.3504257308.stateless": "false",
                            "ingress_security_rules.3504257308.tcp_options.#": "0",
                            "ingress_security_rules.3504257308.udp_options.#": "1",
                            "ingress_security_rules.3504257308.udp_options.0.max": "111",
                            "ingress_security_rules.3504257308.udp_options.0.min": "111",
                            "ingress_security_rules.3504257308.udp_options.0.source_port_range.#": "0",
                            "ingress_security_rules.610863040.icmp_options.#": "0",
                            "ingress_security_rules.610863040.protocol": "6",
                            "ingress_security_rules.610863040.source": "172.16.0.0/16",
                            "ingress_security_rules.610863040.source_type": "CIDR_BLOCK",
                            "ingress_security_rules.610863040.stateless": "false",
                            "ingress_security_rules.610863040.tcp_options.#": "1",
                            "ingress_security_rules.610863040.tcp_options.0.max": "2050",
                            "ingress_security_rules.610863040.tcp_options.0.min": "2048",
                            "ingress_security_rules.610863040.tcp_options.0.source_port_range.#": "0",
                            "ingress_security_rules.610863040.udp_options.#": "0",
                            "state": "AVAILABLE",
                            "time_created": "2019-03-22 18:03:27.195 +0000 UTC",
                            "vcn_id": "ocid1.vcn.oc1.iad.aaaaaaaawutlw4w6naaycjlftxfge5sdwiaqmumjejxttcebbdigr35kymrq"
                        },
                        "meta": {
                            "e2bfb730-ecaa-11e6-8f88-34363bc7c4c0": {
                                "create": 900000000000,
                                "delete": 900000000000,
                                "update": 900000000000
                            }
                        },
                        "tainted": false
                    },
                    "deposed": [],
                    "provider": "provider.oci"
                },
                "oci_core_security_list.LBSecList": {
                    "type": "oci_core_security_list",
                    "depends_on": [
                        "local.anywhere",
                        "local.tcp_protocol",
                        "module.create_vcn"
                    ],
                    "primary": {
                        "id": "ocid1.securitylist.oc1.iad.aaaaaaaafeyhafhkzqyc7sbdhkz5cx2xw3iabz5ppkamf645ygwlvx7ayopq",
                        "attributes": {
                            "compartment_id": "ocid1.compartment.oc1..aaaaaaaaeu5ojynwt72i4ed2bjsgtggmkizvitfrkxwrkomirmk3qd3eyefq",
                            "defined_tags.%": "0",
                            "display_name": "LBSecList",
                            "egress_security_rules.#": "1",
                            "egress_security_rules.1420396200.destination": "0.0.0.0/0",
                            "egress_security_rules.1420396200.destination_type": "CIDR_BLOCK",
                            "egress_security_rules.1420396200.icmp_options.#": "0",
                            "egress_security_rules.1420396200.protocol": "6",
                            "egress_security_rules.1420396200.stateless": "false",
                            "egress_security_rules.1420396200.tcp_options.#": "0",
                            "egress_security_rules.1420396200.udp_options.#": "0",
                            "freeform_tags.%": "0",
                            "id": "ocid1.securitylist.oc1.iad.aaaaaaaafeyhafhkzqyc7sbdhkz5cx2xw3iabz5ppkamf645ygwlvx7ayopq",
                            "ingress_security_rules.#": "1",
                            "ingress_security_rules.4274758424.icmp_options.#": "0",
                            "ingress_security_rules.4274758424.protocol": "6",
                            "ingress_security_rules.4274758424.source": "172.16.0.0/16",
                            "ingress_security_rules.4274758424.source_type": "CIDR_BLOCK",
                            "ingress_security_rules.4274758424.stateless": "false",
                            "ingress_security_rules.4274758424.tcp_options.#": "1",
                            "ingress_security_rules.4274758424.tcp_options.0.max": "8000",
                            "ingress_security_rules.4274758424.tcp_options.0.min": "8000",
                            "ingress_security_rules.4274758424.tcp_options.0.source_port_range.#": "0",
                            "ingress_security_rules.4274758424.udp_options.#": "0",
                            "state": "AVAILABLE",
                            "time_created": "2019-03-22 18:03:27.642 +0000 UTC",
                            "vcn_id": "ocid1.vcn.oc1.iad.aaaaaaaawutlw4w6naaycjlftxfge5sdwiaqmumjejxttcebbdigr35kymrq"
                        },
                        "meta": {
                            "e2bfb730-ecaa-11e6-8f88-34363bc7c4c0": {
                                "create": 900000000000,
                                "delete": 900000000000,
                                "update": 900000000000
                            }
                        },
                        "tainted": false
                    },
                    "deposed": [],
                    "provider": "provider.oci"
                },
                "oci_core_security_list.PToolsSecList": {
                    "type": "oci_core_security_list",
                    "depends_on": [
                        "local.anywhere",
                        "local.rdp_port",
                        "local.tcp_protocol",
                        "local.winrm_port",
                        "module.create_vcn"
                    ],
                    "primary": {
                        "id": "ocid1.securitylist.oc1.iad.aaaaaaaaekylyndgtwyvczofeitxpseufnrhu7cbqeg6ygwx2qf3evrol5pq",
                        "attributes": {
                            "compartment_id": "ocid1.compartment.oc1..aaaaaaaaeu5ojynwt72i4ed2bjsgtggmkizvitfrkxwrkomirmk3qd3eyefq",
                            "defined_tags.%": "0",
                            "display_name": "PToolsSecList",
                            "egress_security_rules.#": "1",
                            "egress_security_rules.1420396200.destination": "0.0.0.0/0",
                            "egress_security_rules.1420396200.destination_type": "CIDR_BLOCK",
                            "egress_security_rules.1420396200.icmp_options.#": "0",
                            "egress_security_rules.1420396200.protocol": "6",
                            "egress_security_rules.1420396200.stateless": "false",
                            "egress_security_rules.1420396200.tcp_options.#": "0",
                            "egress_security_rules.1420396200.udp_options.#": "0",
                            "freeform_tags.%": "0",
                            "id": "ocid1.securitylist.oc1.iad.aaaaaaaaekylyndgtwyvczofeitxpseufnrhu7cbqeg6ygwx2qf3evrol5pq",
                            "ingress_security_rules.#": "2",
                            "ingress_security_rules.3278851650.icmp_options.#": "0",
                            "ingress_security_rules.3278851650.protocol": "6",
                            "ingress_security_rules.3278851650.source": "172.16.0.0/16",
                            "ingress_security_rules.3278851650.source_type": "CIDR_BLOCK",
                            "ingress_security_rules.3278851650.stateless": "false",
                            "ingress_security_rules.3278851650.tcp_options.#": "1",
                            "ingress_security_rules.3278851650.tcp_options.0.max": "3389",
                            "ingress_security_rules.3278851650.tcp_options.0.min": "3389",
                            "ingress_security_rules.3278851650.tcp_options.0.source_port_range.#": "0",
                            "ingress_security_rules.3278851650.udp_options.#": "0",
                            "ingress_security_rules.3396521337.icmp_options.#": "0",
                            "ingress_security_rules.3396521337.protocol": "6",
                            "ingress_security_rules.3396521337.source": "172.16.0.0/16",
                            "ingress_security_rules.3396521337.source_type": "CIDR_BLOCK",
                            "ingress_security_rules.3396521337.stateless": "false",
                            "ingress_security_rules.3396521337.tcp_options.#": "1",
                            "ingress_security_rules.3396521337.tcp_options.0.max": "5986",
                            "ingress_security_rules.3396521337.tcp_options.0.min": "5986",
                            "ingress_security_rules.3396521337.tcp_options.0.source_port_range.#": "0",
                            "ingress_security_rules.3396521337.udp_options.#": "0",
                            "state": "AVAILABLE",
                            "time_created": "2019-03-22 18:03:27.97 +0000 UTC",
                            "vcn_id": "ocid1.vcn.oc1.iad.aaaaaaaawutlw4w6naaycjlftxfge5sdwiaqmumjejxttcebbdigr35kymrq"
                        },
                        "meta": {
                            "e2bfb730-ecaa-11e6-8f88-34363bc7c4c0": {
                                "create": 900000000000,
                                "delete": 900000000000,
                                "update": 900000000000
                            }
                        },
                        "tainted": false
                    },
                    "deposed": [],
                    "provider": "provider.oci"
                },
                "oci_core_security_list.WebSecList": {
                    "type": "oci_core_security_list",
                    "depends_on": [
                        "local.anywhere",
                        "local.ssh_port",
                        "local.tcp_protocol",
                        "module.create_vcn"
                    ],
                    "primary": {
                        "id": "ocid1.securitylist.oc1.iad.aaaaaaaaozb546o3pwcvkh4rksm5sy2mjicdbbbgn63yy4smhcta77szuzxq",
                        "attributes": {
                            "compartment_id": "ocid1.compartment.oc1..aaaaaaaaeu5ojynwt72i4ed2bjsgtggmkizvitfrkxwrkomirmk3qd3eyefq",
                            "defined_tags.%": "0",
                            "display_name": "WebSecList",
                            "egress_security_rules.#": "1",
                            "egress_security_rules.1420396200.destination": "0.0.0.0/0",
                            "egress_security_rules.1420396200.destination_type": "CIDR_BLOCK",
                            "egress_security_rules.1420396200.icmp_options.#": "0",
                            "egress_security_rules.1420396200.protocol": "6",
                            "egress_security_rules.1420396200.stateless": "false",
                            "egress_security_rules.1420396200.tcp_options.#": "0",
                            "egress_security_rules.1420396200.udp_options.#": "0",
                            "freeform_tags.%": "0",
                            "id": "ocid1.securitylist.oc1.iad.aaaaaaaaozb546o3pwcvkh4rksm5sy2mjicdbbbgn63yy4smhcta77szuzxq",
                            "ingress_security_rules.#": "2",
                            "ingress_security_rules.3291565597.icmp_options.#": "0",
                            "ingress_security_rules.3291565597.protocol": "6",
                            "ingress_security_rules.3291565597.source": "172.16.0.0/16",
                            "ingress_security_rules.3291565597.source_type": "CIDR_BLOCK",
                            "ingress_security_rules.3291565597.stateless": "false",
                            "ingress_security_rules.3291565597.tcp_options.#": "1",
                            "ingress_security_rules.3291565597.tcp_options.0.max": "22",
                            "ingress_security_rules.3291565597.tcp_options.0.min": "22",
                            "ingress_security_rules.3291565597.tcp_options.0.source_port_range.#": "0",
                            "ingress_security_rules.3291565597.udp_options.#": "0",
                            "ingress_security_rules.4274758424.icmp_options.#": "0",
                            "ingress_security_rules.4274758424.protocol": "6",
                            "ingress_security_rules.4274758424.source": "172.16.0.0/16",
                            "ingress_security_rules.4274758424.source_type": "CIDR_BLOCK",
                            "ingress_security_rules.4274758424.stateless": "false",
                            "ingress_security_rules.4274758424.tcp_options.#": "1",
                            "ingress_security_rules.4274758424.tcp_options.0.max": "8000",
                            "ingress_security_rules.4274758424.tcp_options.0.min": "8000",
                            "ingress_security_rules.4274758424.tcp_options.0.source_port_range.#": "0",
                            "ingress_security_rules.4274758424.udp_options.#": "0",
                            "state": "AVAILABLE",
                            "time_created": "2019-03-22 18:03:27.345 +0000 UTC",
                            "vcn_id": "ocid1.vcn.oc1.iad.aaaaaaaawutlw4w6naaycjlftxfge5sdwiaqmumjejxttcebbdigr35kymrq"
                        },
                        "meta": {
                            "e2bfb730-ecaa-11e6-8f88-34363bc7c4c0": {
                                "create": 900000000000,
                                "delete": 900000000000,
                                "update": 900000000000
                            }
                        },
                        "tainted": false
                    },
                    "deposed": [],
                    "provider": "provider.oci"
                }
            },
            "depends_on": []
        },
        {
            "path": [
                "root",
                "app_subnet"
            ],
            "outputs": {
                "cidr_block": {
                    "sensitive": false,
                    "type": "list",
                    "value": [
                        "172.16.12.0/24",
                        "172.16.13.0/24"
                    ]
                },
                "subnetid": {
                    "sensitive": false,
                    "type": "list",
                    "value": [
                        "ocid1.subnet.oc1.iad.aaaaaaaa3cnmcfah4bnzt7htrgx2u3ndql6k4jqbjrpvhgp657io3tka2dfq",
                        "ocid1.subnet.oc1.iad.aaaaaaaaxndvrxhrfb26xyvgea4r4jrusehhh3hdqhj76o4m7qa5srq6f4pa"
                    ]
                }
            },
            "resources": {
                "oci_core_subnet.subnet.0": {
                    "type": "oci_core_subnet",
                    "depends_on": [],
                    "primary": {
                        "id": "ocid1.subnet.oc1.iad.aaaaaaaa3cnmcfah4bnzt7htrgx2u3ndql6k4jqbjrpvhgp657io3tka2dfq",
                        "attributes": {
                            "availability_domain": "WSQk:US-ASHBURN-AD-1",
                            "cidr_block": "172.16.12.0/24",
                            "compartment_id": "ocid1.compartment.oc1..aaaaaaaaeu5ojynwt72i4ed2bjsgtggmkizvitfrkxwrkomirmk3qd3eyefq",
                            "defined_tags.%": "0",
                            "dhcp_options_id": "ocid1.dhcpoptions.oc1.iad.aaaaaaaazpmwyin3lha2vggvkvhrmaax6dkf6jwfmuwym2nb4su33ekpntra",
                            "display_name": "appsubad1",
                            "dns_label": "appsubad1",
                            "freeform_tags.%": "0",
                            "id": "ocid1.subnet.oc1.iad.aaaaaaaa3cnmcfah4bnzt7htrgx2u3ndql6k4jqbjrpvhgp657io3tka2dfq",
                            "prohibit_public_ip_on_vnic": "true",
                            "route_table_id": "ocid1.routetable.oc1.iad.aaaaaaaaf7wncws7rlaf6kzdueg3jgdji6gp34jgnerp5dtrta4su5tyy4yq",
                            "security_list_ids.#": "1",
                            "security_list_ids.2050908649": "ocid1.securitylist.oc1.iad.aaaaaaaavd4odlwzzpwtxmmyttiopmbbbnqmtaq6bces6mqeoa7vyneykwpa",
                            "state": "AVAILABLE",
                            "subnet_domain_name": "appsubad1.psftvcn.oraclevcn.com",
                            "time_created": "2019-03-22 18:03:32.854 +0000 UTC",
                            "vcn_id": "ocid1.vcn.oc1.iad.aaaaaaaawutlw4w6naaycjlftxfge5sdwiaqmumjejxttcebbdigr35kymrq",
                            "virtual_router_ip": "172.16.12.1",
                            "virtual_router_mac": "00:00:17:CA:52:2A"
                        },
                        "meta": {
                            "e2bfb730-ecaa-11e6-8f88-34363bc7c4c0": {
                                "create": 900000000000,
                                "delete": 900000000000,
                                "update": 900000000000
                            }
                        },
                        "tainted": false
                    },
                    "deposed": [],
                    "provider": "provider.oci"
                },
                "oci_core_subnet.subnet.1": {
                    "type": "oci_core_subnet",
                    "depends_on": [],
                    "primary": {
                        "id": "ocid1.subnet.oc1.iad.aaaaaaaaxndvrxhrfb26xyvgea4r4jrusehhh3hdqhj76o4m7qa5srq6f4pa",
                        "attributes": {
                            "availability_domain": "WSQk:US-ASHBURN-AD-2",
                            "cidr_block": "172.16.13.0/24",
                            "compartment_id": "ocid1.compartment.oc1..aaaaaaaaeu5ojynwt72i4ed2bjsgtggmkizvitfrkxwrkomirmk3qd3eyefq",
                            "defined_tags.%": "0",
                            "dhcp_options_id": "ocid1.dhcpoptions.oc1.iad.aaaaaaaazpmwyin3lha2vggvkvhrmaax6dkf6jwfmuwym2nb4su33ekpntra",
                            "display_name": "appsubad2",
                            "dns_label": "appsubad2",
                            "freeform_tags.%": "0",
                            "id": "ocid1.subnet.oc1.iad.aaaaaaaaxndvrxhrfb26xyvgea4r4jrusehhh3hdqhj76o4m7qa5srq6f4pa",
                            "prohibit_public_ip_on_vnic": "true",
                            "route_table_id": "ocid1.routetable.oc1.iad.aaaaaaaaf7wncws7rlaf6kzdueg3jgdji6gp34jgnerp5dtrta4su5tyy4yq",
                            "security_list_ids.#": "1",
                            "security_list_ids.2050908649": "ocid1.securitylist.oc1.iad.aaaaaaaavd4odlwzzpwtxmmyttiopmbbbnqmtaq6bces6mqeoa7vyneykwpa",
                            "state": "AVAILABLE",
                            "subnet_domain_name": "appsubad2.psftvcn.oraclevcn.com",
                            "time_created": "2019-03-22 18:03:31.832 +0000 UTC",
                            "vcn_id": "ocid1.vcn.oc1.iad.aaaaaaaawutlw4w6naaycjlftxfge5sdwiaqmumjejxttcebbdigr35kymrq",
                            "virtual_router_ip": "172.16.13.1",
                            "virtual_router_mac": "00:00:17:CA:52:2A"
                        },
                        "meta": {
                            "e2bfb730-ecaa-11e6-8f88-34363bc7c4c0": {
                                "create": 900000000000,
                                "delete": 900000000000,
                                "update": 900000000000
                            }
                        },
                        "tainted": false
                    },
                    "deposed": [],
                    "provider": "provider.oci"
                }
            },
            "depends_on": []
        },
        {
            "path": [
                "root",
                "bastion_subnet"
            ],
            "outputs": {
                "cidr_block": {
                    "sensitive": false,
                    "type": "list",
                    "value": [
                        "172.16.28.0/24",
                        "172.16.29.0/24"
                    ]
                },
                "subnetid": {
                    "sensitive": false,
                    "type": "list",
                    "value": [
                        "ocid1.subnet.oc1.iad.aaaaaaaajrelg4j3dnydvmhz54ytcjrp73lq7c7s4llcy5r7tbw3s2xllfzq",
                        "ocid1.subnet.oc1.iad.aaaaaaaai3w36ymujerb7mznivuyvwdsrxcua5gsjr6qvi7z34oa75swowvq"
                    ]
                }
            },
            "resources": {
                "oci_core_subnet.subnet.0": {
                    "type": "oci_core_subnet",
                    "depends_on": [],
                    "primary": {
                        "id": "ocid1.subnet.oc1.iad.aaaaaaaajrelg4j3dnydvmhz54ytcjrp73lq7c7s4llcy5r7tbw3s2xllfzq",
                        "attributes": {
                            "availability_domain": "WSQk:US-ASHBURN-AD-1",
                            "cidr_block": "172.16.28.0/24",
                            "compartment_id": "ocid1.compartment.oc1..aaaaaaaaeu5ojynwt72i4ed2bjsgtggmkizvitfrkxwrkomirmk3qd3eyefq",
                            "defined_tags.%": "0",
                            "dhcp_options_id": "ocid1.dhcpoptions.oc1.iad.aaaaaaaazpmwyin3lha2vggvkvhrmaax6dkf6jwfmuwym2nb4su33ekpntra",
                            "display_name": "bassubad1",
                            "dns_label": "bassubad1",
                            "freeform_tags.%": "0",
                            "id": "ocid1.subnet.oc1.iad.aaaaaaaajrelg4j3dnydvmhz54ytcjrp73lq7c7s4llcy5r7tbw3s2xllfzq",
                            "prohibit_public_ip_on_vnic": "false",
                            "route_table_id": "ocid1.routetable.oc1.iad.aaaaaaaac2yuse4firrfhe3nmbg5gn33pqzvizquuvbrpw6a2f6zc2ofmoxq",
                            "security_list_ids.#": "1",
                            "security_list_ids.758301270": "ocid1.securitylist.oc1.iad.aaaaaaaao3cbroqk2kaftpyhiukv4upowaseur5wdz42f6r7h4uknq3nkxtq",
                            "state": "AVAILABLE",
                            "subnet_domain_name": "bassubad1.psftvcn.oraclevcn.com",
                            "time_created": "2019-03-22 18:03:30.821 +0000 UTC",
                            "vcn_id": "ocid1.vcn.oc1.iad.aaaaaaaawutlw4w6naaycjlftxfge5sdwiaqmumjejxttcebbdigr35kymrq",
                            "virtual_router_ip": "172.16.28.1",
                            "virtual_router_mac": "00:00:17:CA:52:2A"
                        },
                        "meta": {
                            "e2bfb730-ecaa-11e6-8f88-34363bc7c4c0": {
                                "create": 900000000000,
                                "delete": 900000000000,
                                "update": 900000000000
                            }
                        },
                        "tainted": false
                    },
                    "deposed": [],
                    "provider": "provider.oci"
                },
                "oci_core_subnet.subnet.1": {
                    "type": "oci_core_subnet",
                    "depends_on": [],
                    "primary": {
                        "id": "ocid1.subnet.oc1.iad.aaaaaaaai3w36ymujerb7mznivuyvwdsrxcua5gsjr6qvi7z34oa75swowvq",
                        "attributes": {
                            "availability_domain": "WSQk:US-ASHBURN-AD-2",
                            "cidr_block": "172.16.29.0/24",
                            "compartment_id": "ocid1.compartment.oc1..aaaaaaaaeu5ojynwt72i4ed2bjsgtggmkizvitfrkxwrkomirmk3qd3eyefq",
                            "defined_tags.%": "0",
                            "dhcp_options_id": "ocid1.dhcpoptions.oc1.iad.aaaaaaaazpmwyin3lha2vggvkvhrmaax6dkf6jwfmuwym2nb4su33ekpntra",
                            "display_name": "bassubad2",
                            "dns_label": "bassubad2",
                            "freeform_tags.%": "0",
                            "id": "ocid1.subnet.oc1.iad.aaaaaaaai3w36ymujerb7mznivuyvwdsrxcua5gsjr6qvi7z34oa75swowvq",
                            "prohibit_public_ip_on_vnic": "false",
                            "route_table_id": "ocid1.routetable.oc1.iad.aaaaaaaac2yuse4firrfhe3nmbg5gn33pqzvizquuvbrpw6a2f6zc2ofmoxq",
                            "security_list_ids.#": "1",
                            "security_list_ids.758301270": "ocid1.securitylist.oc1.iad.aaaaaaaao3cbroqk2kaftpyhiukv4upowaseur5wdz42f6r7h4uknq3nkxtq",
                            "state": "AVAILABLE",
                            "subnet_domain_name": "bassubad2.psftvcn.oraclevcn.com",
                            "time_created": "2019-03-22 18:03:31.323 +0000 UTC",
                            "vcn_id": "ocid1.vcn.oc1.iad.aaaaaaaawutlw4w6naaycjlftxfge5sdwiaqmumjejxttcebbdigr35kymrq",
                            "virtual_router_ip": "172.16.29.1",
                            "virtual_router_mac": "00:00:17:CA:52:2A"
                        },
                        "meta": {
                            "e2bfb730-ecaa-11e6-8f88-34363bc7c4c0": {
                                "create": 900000000000,
                                "delete": 900000000000,
                                "update": 900000000000
                            }
                        },
                        "tainted": false
                    },
                    "deposed": [],
                    "provider": "provider.oci"
                }
            },
            "depends_on": []
        },
        {
            "path": [
                "root",
                "create_app"
            ],
            "outputs": {
                "ComputePrivateIPs": {
                    "sensitive": false,
                    "type": "list",
                    "value": [
                        "172.16.12.2",
                        "172.16.13.4"
                    ]
                },
                "ComputeWinHostNames": {
                    "sensitive": false,
                    "type": "list",
                    "value": [
                        "psftprdappash11",
                        "psftprdappash22"
                    ]
                },
                "ComputeWincreds": {
                    "sensitive": false,
                    "type": "list",
                    "value": []
                },
                "ComputeWinusers": {
                    "sensitive": false,
                    "type": "list",
                    "value": []
                }
            },
            "resources": {
                "oci_core_instance.compute.0": {
                    "type": "oci_core_instance",
                    "depends_on": [],
                    "primary": {
                        "id": "ocid1.instance.oc1.iad.abuwcljtr7wc6ib6wqptvhi5vzv6pmtvtnlajdiu6kozb5nsq5brk3v2fwjq",
                        "attributes": {
                            "availability_domain": "WSQk:US-ASHBURN-AD-1",
                            "boot_volume_id": "ocid1.bootvolume.oc1.iad.abuwcljtsdvpha6m53y7vzwk4b2cwiqisc5dxkv7ckzoypejfe5fsvgbtoha",
                            "compartment_id": "ocid1.compartment.oc1..aaaaaaaaeu5ojynwt72i4ed2bjsgtggmkizvitfrkxwrkomirmk3qd3eyefq",
                            "create_vnic_details.#": "1",
                            "create_vnic_details.0.assign_public_ip": "false",
                            "create_vnic_details.0.defined_tags.%": "0",
                            "create_vnic_details.0.display_name": "psftprdappash11",
                            "create_vnic_details.0.freeform_tags.%": "0",
                            "create_vnic_details.0.hostname_label": "psftprdappash11",
                            "create_vnic_details.0.private_ip": "172.16.12.2",
                            "create_vnic_details.0.skip_source_dest_check": "false",
                            "create_vnic_details.0.subnet_id": "ocid1.subnet.oc1.iad.aaaaaaaa3cnmcfah4bnzt7htrgx2u3ndql6k4jqbjrpvhgp657io3tka2dfq",
                            "defined_tags.%": "0",
                            "display_name": "psftprdappash11",
                            "fault_domain": "FAULT-DOMAIN-1",
                            "freeform_tags.%": "0",
                            "hostname_label": "psftprdappash11",
                            "id": "ocid1.instance.oc1.iad.abuwcljtr7wc6ib6wqptvhi5vzv6pmtvtnlajdiu6kozb5nsq5brk3v2fwjq",
                            "image": "ocid1.image.oc1.iad.aaaaaaaaur6pzb6sguyw3yopts3otk7sndq2uxezibb24x4lk4n57wgves7q",
                            "launch_mode": "NATIVE",
                            "launch_options.#": "1",
                            "launch_options.0.boot_volume_type": "PARAVIRTUALIZED",
                            "launch_options.0.firmware": "UEFI_64",
                            "launch_options.0.network_type": "VFIO",
                            "launch_options.0.remote_data_volume_type": "PARAVIRTUALIZED",
                            "metadata.%": "2",
                            "metadata.ssh_authorized_keys": "ssh-rsa AAAAB3NzaC1yc2EAAAADAQABAAABAQCuHnzaWgWyjJMy5b/29DaoXaZmZie82ZNm1A9p6FAK8xBOF8gYj+dYVkCZ+bDoMOVz2NMM4vKD6O2ReQ0OjvxTeNNzB1jAMsneP4HeurMnMPAboiCZLNPOj78CkkMQMTZe1uyxPQRVWSmJJtJ3OMcV/EJamL8ojrESRIF9evdw85O7/W2LkncamvNKs2yCjEVa5xJO3q60fdMz9qfOPmxH3IjwZC0QStnlVtN9tsX8XmLsq8FME2r9MTqV3qtt6Zmx5e8AzNLFw2AEQMYHGPe4DbR1rNhGAJopY5Ln/bbVQ87hBAQSdfjOMWAdy9aRLokjiAHOzIdTEfv6VsCmu/Tj OCI",
                            "metadata.user_data": "I2Nsb3VkLWNvbmZpZw0KdGltZXpvbmU6ICJBbWVyaWNhL05ld19Zb3JrIg0KDQpwYWNrYWdlczoNCi0gbmZzLXV0aWxzDQotIG9yYWNsZS1yZGJtcy1zZXJ2ZXItMTJjUjEtcHJlaW5zdGFsbC54ODZfNjQNCi0gZ2xpYmMuaTY4Ng0KLSBsaWJzdGRjKysuaTY4Ng0KLSBmaXJlZm94Lng4Nl82NA0KLSBuYw0KLSBzYW1iYQ0KDQpydW5jbWQ6DQotIG1rZGlyIC1wIC9zdGFnZS9zb2Z0d2FyZS8NCi0gc3VkbyBtb3VudCAxNzIuMTYuMTYuMzovcHNmdHByZGZzc2FzaDEgL3N0YWdlL3NvZnR3YXJlLw0KLSBlY2hvICcxNzIuMTYuMTYuMzovcHNmdHByZGZzc2FzaDEgL3N0YWdlL3NvZnR3YXJlLyBuZnMgdGNwLHZlcnM9MycgfCBzdWRvIHRlZSAtYSAvZXRjL2ZzdGFiDQotIG1vdW50IC1hIC10IG5mcw==",
                            "private_ip": "172.16.12.2",
                            "public_ip": "",
                            "region": "iad",
                            "shape": "VM.Standard2.2",
                            "source_details.#": "1",
                            "source_details.0.boot_volume_size_in_gbs": "100",
                            "source_details.0.source_id": "ocid1.image.oc1.iad.aaaaaaaaur6pzb6sguyw3yopts3otk7sndq2uxezibb24x4lk4n57wgves7q",
                            "source_details.0.source_type": "image",
                            "state": "RUNNING",
                            "subnet_id": "ocid1.subnet.oc1.iad.aaaaaaaa3cnmcfah4bnzt7htrgx2u3ndql6k4jqbjrpvhgp657io3tka2dfq",
                            "time_created": "2019-03-22 19:55:55.352 +0000 UTC"
                        },
                        "meta": {
                            "e2bfb730-ecaa-11e6-8f88-34363bc7c4c0": {
                                "create": 600000000000,
                                "delete": 7200000000000,
                                "update": 7200000000000
                            }
                        },
                        "tainted": false
                    },
                    "deposed": [],
                    "provider": "provider.oci"
                },
                "oci_core_instance.compute.1": {
                    "type": "oci_core_instance",
                    "depends_on": [],
                    "primary": {
                        "id": "ocid1.instance.oc1.iad.abuwcljr7wkhjnk4xz5xscccvw5khbjdotjre7qvuh5qngosgpkjsy43f7ca",
                        "attributes": {
                            "availability_domain": "WSQk:US-ASHBURN-AD-2",
                            "boot_volume_id": "ocid1.bootvolume.oc1.iad.abuwcljrs7nag5cibw22ckyujnxzymv3jaiecmowzk2nouyv4xqob76xy6pa",
                            "compartment_id": "ocid1.compartment.oc1..aaaaaaaaeu5ojynwt72i4ed2bjsgtggmkizvitfrkxwrkomirmk3qd3eyefq",
                            "create_vnic_details.#": "1",
                            "create_vnic_details.0.assign_public_ip": "false",
                            "create_vnic_details.0.defined_tags.%": "0",
                            "create_vnic_details.0.display_name": "psftprdappash22",
                            "create_vnic_details.0.freeform_tags.%": "0",
                            "create_vnic_details.0.hostname_label": "psftprdappash22",
                            "create_vnic_details.0.private_ip": "172.16.13.4",
                            "create_vnic_details.0.skip_source_dest_check": "false",
                            "create_vnic_details.0.subnet_id": "ocid1.subnet.oc1.iad.aaaaaaaaxndvrxhrfb26xyvgea4r4jrusehhh3hdqhj76o4m7qa5srq6f4pa",
                            "defined_tags.%": "0",
                            "display_name": "psftprdappash22",
                            "fault_domain": "FAULT-DOMAIN-1",
                            "freeform_tags.%": "0",
                            "hostname_label": "psftprdappash22",
                            "id": "ocid1.instance.oc1.iad.abuwcljr7wkhjnk4xz5xscccvw5khbjdotjre7qvuh5qngosgpkjsy43f7ca",
                            "image": "ocid1.image.oc1.iad.aaaaaaaaur6pzb6sguyw3yopts3otk7sndq2uxezibb24x4lk4n57wgves7q",
                            "launch_mode": "NATIVE",
                            "launch_options.#": "1",
                            "launch_options.0.boot_volume_type": "PARAVIRTUALIZED",
                            "launch_options.0.firmware": "UEFI_64",
                            "launch_options.0.network_type": "VFIO",
                            "launch_options.0.remote_data_volume_type": "PARAVIRTUALIZED",
                            "metadata.%": "2",
                            "metadata.ssh_authorized_keys": "ssh-rsa AAAAB3NzaC1yc2EAAAADAQABAAABAQCuHnzaWgWyjJMy5b/29DaoXaZmZie82ZNm1A9p6FAK8xBOF8gYj+dYVkCZ+bDoMOVz2NMM4vKD6O2ReQ0OjvxTeNNzB1jAMsneP4HeurMnMPAboiCZLNPOj78CkkMQMTZe1uyxPQRVWSmJJtJ3OMcV/EJamL8ojrESRIF9evdw85O7/W2LkncamvNKs2yCjEVa5xJO3q60fdMz9qfOPmxH3IjwZC0QStnlVtN9tsX8XmLsq8FME2r9MTqV3qtt6Zmx5e8AzNLFw2AEQMYHGPe4DbR1rNhGAJopY5Ln/bbVQ87hBAQSdfjOMWAdy9aRLokjiAHOzIdTEfv6VsCmu/Tj OCI",
                            "metadata.user_data": "I2Nsb3VkLWNvbmZpZw0KdGltZXpvbmU6ICJBbWVyaWNhL05ld19Zb3JrIg0KDQpwYWNrYWdlczoNCi0gbmZzLXV0aWxzDQotIG9yYWNsZS1yZGJtcy1zZXJ2ZXItMTJjUjEtcHJlaW5zdGFsbC54ODZfNjQNCi0gZ2xpYmMuaTY4Ng0KLSBsaWJzdGRjKysuaTY4Ng0KLSBmaXJlZm94Lng4Nl82NA0KLSBuYw0KLSBzYW1iYQ0KDQpydW5jbWQ6DQotIG1rZGlyIC1wIC9zdGFnZS9zb2Z0d2FyZS8NCi0gc3VkbyBtb3VudCAxNzIuMTYuMTYuMzovcHNmdHByZGZzc2FzaDEgL3N0YWdlL3NvZnR3YXJlLw0KLSBlY2hvICcxNzIuMTYuMTYuMzovcHNmdHByZGZzc2FzaDEgL3N0YWdlL3NvZnR3YXJlLyBuZnMgdGNwLHZlcnM9MycgfCBzdWRvIHRlZSAtYSAvZXRjL2ZzdGFiDQotIG1vdW50IC1hIC10IG5mcw==",
                            "private_ip": "172.16.13.4",
                            "public_ip": "",
                            "region": "iad",
                            "shape": "VM.Standard2.2",
                            "source_details.#": "1",
                            "source_details.0.boot_volume_size_in_gbs": "100",
                            "source_details.0.source_id": "ocid1.image.oc1.iad.aaaaaaaaur6pzb6sguyw3yopts3otk7sndq2uxezibb24x4lk4n57wgves7q",
                            "source_details.0.source_type": "image",
                            "state": "RUNNING",
                            "subnet_id": "ocid1.subnet.oc1.iad.aaaaaaaaxndvrxhrfb26xyvgea4r4jrusehhh3hdqhj76o4m7qa5srq6f4pa",
                            "time_created": "2019-03-22 19:57:11.6 +0000 UTC"
                        },
                        "meta": {
                            "e2bfb730-ecaa-11e6-8f88-34363bc7c4c0": {
                                "create": 600000000000,
                                "delete": 7200000000000,
                                "update": 7200000000000
                            }
                        },
                        "tainted": false
                    },
                    "deposed": [],
                    "provider": "provider.oci"
                },
                "oci_core_volume.blockvolume.0": {
                    "type": "oci_core_volume",
                    "depends_on": [],
                    "primary": {
                        "id": "ocid1.volume.oc1.iad.abuwcljtgosiji6oxmz3tblzhqtib45ty6veugsifn43kxgc4hwesxfikaaa",
                        "attributes": {
                            "availability_domain": "WSQk:US-ASHBURN-AD-1",
                            "compartment_id": "ocid1.compartment.oc1..aaaaaaaaeu5ojynwt72i4ed2bjsgtggmkizvitfrkxwrkomirmk3qd3eyefq",
                            "defined_tags.%": "0",
                            "display_name": "psftprdappashvol1",
                            "freeform_tags.%": "0",
                            "id": "ocid1.volume.oc1.iad.abuwcljtgosiji6oxmz3tblzhqtib45ty6veugsifn43kxgc4hwesxfikaaa",
                            "is_hydrated": "true",
                            "size_in_gbs": "100",
                            "size_in_mbs": "102400",
                            "source_details.#": "0",
                            "state": "AVAILABLE",
                            "time_created": "2019-03-22 18:03:06.651 +0000 UTC"
                        },
                        "meta": {
                            "e2bfb730-ecaa-11e6-8f88-34363bc7c4c0": {
                                "create": 900000000000,
                                "delete": 900000000000,
                                "update": 900000000000
                            }
                        },
                        "tainted": false
                    },
                    "deposed": [],
                    "provider": "provider.oci"
                },
                "oci_core_volume.blockvolume.1": {
                    "type": "oci_core_volume",
                    "depends_on": [],
                    "primary": {
                        "id": "ocid1.volume.oc1.iad.abuwcljruqbnkbbvlcfpfgxbgpt4gm4dlzsbqx5ehs2zjfryutr2isc4thea",
                        "attributes": {
                            "availability_domain": "WSQk:US-ASHBURN-AD-2",
                            "compartment_id": "ocid1.compartment.oc1..aaaaaaaaeu5ojynwt72i4ed2bjsgtggmkizvitfrkxwrkomirmk3qd3eyefq",
                            "defined_tags.%": "0",
                            "display_name": "psftprdappashvol2",
                            "freeform_tags.%": "0",
                            "id": "ocid1.volume.oc1.iad.abuwcljruqbnkbbvlcfpfgxbgpt4gm4dlzsbqx5ehs2zjfryutr2isc4thea",
                            "is_hydrated": "true",
                            "size_in_gbs": "100",
                            "size_in_mbs": "102400",
                            "source_details.#": "0",
                            "state": "AVAILABLE",
                            "time_created": "2019-03-22 18:03:02.785 +0000 UTC"
                        },
                        "meta": {
                            "e2bfb730-ecaa-11e6-8f88-34363bc7c4c0": {
                                "create": 900000000000,
                                "delete": 900000000000,
                                "update": 900000000000
                            }
                        },
                        "tainted": false
                    },
                    "deposed": [],
                    "provider": "provider.oci"
                },
                "oci_core_volume_attachment.blockvolume_attach.0": {
                    "type": "oci_core_volume_attachment",
                    "depends_on": [
                        "oci_core_instance.compute.*",
                        "oci_core_volume.blockvolume.*"
                    ],
                    "primary": {
                        "id": "ocid1.volumeattachment.oc1.iad.abuwcljtphia5o6vmxb25ugdi2e4scjohhkd64drtkclx3vjttferb4dgqkq",
                        "attributes": {
                            "attachment_type": "iscsi",
                            "availability_domain": "WSQk:US-ASHBURN-AD-1",
                            "compartment_id": "ocid1.compartment.oc1..aaaaaaaaeu5ojynwt72i4ed2bjsgtggmkizvitfrkxwrkomirmk3qd3eyefq",
                            "display_name": "volumeattachment20190322202545",
                            "id": "ocid1.volumeattachment.oc1.iad.abuwcljtphia5o6vmxb25ugdi2e4scjohhkd64drtkclx3vjttferb4dgqkq",
                            "instance_id": "ocid1.instance.oc1.iad.abuwcljtr7wc6ib6wqptvhi5vzv6pmtvtnlajdiu6kozb5nsq5brk3v2fwjq",
                            "ipv4": "169.254.2.2",
                            "iqn": "iqn.2015-12.com.oracleiaas:8ead8926-2a89-4fa1-9b56-2fbc673dd9ab",
                            "is_read_only": "false",
                            "port": "3260",
                            "state": "ATTACHED",
                            "time_created": "2019-03-22 20:25:45.898 +0000 UTC",
                            "volume_id": "ocid1.volume.oc1.iad.abuwcljtgosiji6oxmz3tblzhqtib45ty6veugsifn43kxgc4hwesxfikaaa"
                        },
                        "meta": {
                            "e2bfb730-ecaa-11e6-8f88-34363bc7c4c0": {
                                "create": 900000000000,
                                "delete": 900000000000,
                                "update": 900000000000
                            }
                        },
                        "tainted": false
                    },
                    "deposed": [],
                    "provider": "provider.oci"
                },
                "oci_core_volume_attachment.blockvolume_attach.1": {
                    "type": "oci_core_volume_attachment",
                    "depends_on": [
                        "oci_core_instance.compute.*",
                        "oci_core_volume.blockvolume.*"
                    ],
                    "primary": {
                        "id": "ocid1.volumeattachment.oc1.iad.abuwcljrxhwiozgqzcmiz2n3mowqxqwxetltzateunlbhzikzn4fxjzez66q",
                        "attributes": {
                            "attachment_type": "iscsi",
                            "availability_domain": "WSQk:US-ASHBURN-AD-2",
                            "compartment_id": "ocid1.compartment.oc1..aaaaaaaaeu5ojynwt72i4ed2bjsgtggmkizvitfrkxwrkomirmk3qd3eyefq",
                            "display_name": "volumeattachment20190322202545",
                            "id": "ocid1.volumeattachment.oc1.iad.abuwcljrxhwiozgqzcmiz2n3mowqxqwxetltzateunlbhzikzn4fxjzez66q",
                            "instance_id": "ocid1.instance.oc1.iad.abuwcljr7wkhjnk4xz5xscccvw5khbjdotjre7qvuh5qngosgpkjsy43f7ca",
                            "ipv4": "169.254.2.2",
                            "iqn": "iqn.2015-12.com.oracleiaas:4d322f14-d564-4bbb-866b-7fcf9f0fe673",
                            "is_read_only": "false",
                            "port": "3260",
                            "state": "ATTACHED",
                            "time_created": "2019-03-22 20:25:45.911 +0000 UTC",
                            "volume_id": "ocid1.volume.oc1.iad.abuwcljruqbnkbbvlcfpfgxbgpt4gm4dlzsbqx5ehs2zjfryutr2isc4thea"
                        },
                        "meta": {
                            "e2bfb730-ecaa-11e6-8f88-34363bc7c4c0": {
                                "create": 900000000000,
                                "delete": 900000000000,
                                "update": 900000000000
                            }
                        },
                        "tainted": false
                    },
                    "deposed": [],
                    "provider": "provider.oci"
                },
                "random_integer.rand": {
                    "type": "random_integer",
                    "depends_on": [],
                    "primary": {
                        "id": "9903253221",
                        "attributes": {
                            "id": "9903253221",
                            "max": "9999999999",
                            "min": "1000000000",
                            "result": "9903253221"
                        },
                        "meta": {},
                        "tainted": false
                    },
                    "deposed": [],
                    "provider": "provider.random"
                }
            },
            "depends_on": []
        },
        {
            "path": [
                "root",
                "create_bastion"
            ],
            "outputs": {
                "Bastion_Public_IPs": {
                    "sensitive": false,
                    "type": "list",
                    "value": [
                        "132.145.212.140",
                        "129.213.16.150"
                    ]
                }
            },
            "resources": {
                "oci_core_instance.bastion.0": {
                    "type": "oci_core_instance",
                    "depends_on": [],
                    "primary": {
                        "id": "ocid1.instance.oc1.iad.abuwcljt55o2nyketi3jdcr654jqnkuvumk7fxotodb3pnu6hnwutrrkgdua",
                        "attributes": {
                            "availability_domain": "WSQk:US-ASHBURN-AD-1",
                            "boot_volume_id": "ocid1.bootvolume.oc1.iad.abuwcljtwoxrahufgndkily6fqpz2d2f2s3b57w4od6osednefszfkq7uj2q",
                            "compartment_id": "ocid1.compartment.oc1..aaaaaaaaeu5ojynwt72i4ed2bjsgtggmkizvitfrkxwrkomirmk3qd3eyefq",
                            "create_vnic_details.#": "1",
                            "create_vnic_details.0.assign_public_ip": "true",
                            "create_vnic_details.0.defined_tags.%": "0",
                            "create_vnic_details.0.display_name": "psftprdbasash11",
                            "create_vnic_details.0.freeform_tags.%": "0",
                            "create_vnic_details.0.hostname_label": "psftprdbasash11",
                            "create_vnic_details.0.private_ip": "172.16.28.2",
                            "create_vnic_details.0.skip_source_dest_check": "false",
                            "create_vnic_details.0.subnet_id": "ocid1.subnet.oc1.iad.aaaaaaaajrelg4j3dnydvmhz54ytcjrp73lq7c7s4llcy5r7tbw3s2xllfzq",
                            "defined_tags.%": "0",
                            "display_name": "psftprdbasash11",
                            "fault_domain": "FAULT-DOMAIN-2",
                            "freeform_tags.%": "0",
                            "hostname_label": "psftprdbasash11",
                            "id": "ocid1.instance.oc1.iad.abuwcljt55o2nyketi3jdcr654jqnkuvumk7fxotodb3pnu6hnwutrrkgdua",
                            "image": "ocid1.image.oc1.iad.aaaaaaaaur6pzb6sguyw3yopts3otk7sndq2uxezibb24x4lk4n57wgves7q",
                            "launch_mode": "NATIVE",
                            "launch_options.#": "1",
                            "launch_options.0.boot_volume_type": "PARAVIRTUALIZED",
                            "launch_options.0.firmware": "UEFI_64",
                            "launch_options.0.network_type": "VFIO",
                            "launch_options.0.remote_data_volume_type": "PARAVIRTUALIZED",
                            "metadata.%": "1",
                            "metadata.ssh_authorized_keys": "ssh-rsa AAAAB3NzaC1yc2EAAAADAQABAAABAQCuHnzaWgWyjJMy5b/29DaoXaZmZie82ZNm1A9p6FAK8xBOF8gYj+dYVkCZ+bDoMOVz2NMM4vKD6O2ReQ0OjvxTeNNzB1jAMsneP4HeurMnMPAboiCZLNPOj78CkkMQMTZe1uyxPQRVWSmJJtJ3OMcV/EJamL8ojrESRIF9evdw85O7/W2LkncamvNKs2yCjEVa5xJO3q60fdMz9qfOPmxH3IjwZC0QStnlVtN9tsX8XmLsq8FME2r9MTqV3qtt6Zmx5e8AzNLFw2AEQMYHGPe4DbR1rNhGAJopY5Ln/bbVQ87hBAQSdfjOMWAdy9aRLokjiAHOzIdTEfv6VsCmu/Tj OCI",
                            "private_ip": "172.16.28.2",
                            "public_ip": "132.145.212.140",
                            "region": "iad",
                            "shape": "VM.Standard2.1",
                            "source_details.#": "1",
                            "source_details.0.boot_volume_size_in_gbs": "60",
                            "source_details.0.source_id": "ocid1.image.oc1.iad.aaaaaaaaur6pzb6sguyw3yopts3otk7sndq2uxezibb24x4lk4n57wgves7q",
                            "source_details.0.source_type": "image",
                            "state": "RUNNING",
                            "subnet_id": "ocid1.subnet.oc1.iad.aaaaaaaajrelg4j3dnydvmhz54ytcjrp73lq7c7s4llcy5r7tbw3s2xllfzq",
                            "time_created": "2019-03-22 20:23:49.212 +0000 UTC"
                        },
                        "meta": {
                            "e2bfb730-ecaa-11e6-8f88-34363bc7c4c0": {
                                "create": 7200000000000,
                                "delete": 7200000000000,
                                "update": 7200000000000
                            }
                        },
                        "tainted": false
                    },
                    "deposed": [],
                    "provider": "provider.oci"
                },
                "oci_core_instance.bastion.1": {
                    "type": "oci_core_instance",
                    "depends_on": [],
                    "primary": {
                        "id": "ocid1.instance.oc1.iad.abuwcljryotrb4upcw7rhb2be73fdnocpke3zyk4v4frhe7326kjshn5pvpq",
                        "attributes": {
                            "availability_domain": "WSQk:US-ASHBURN-AD-2",
                            "boot_volume_id": "ocid1.bootvolume.oc1.iad.abuwcljrmsctasimkugg7et26cigvgbppy7qdpdaf7w2sfpiuwrruzdu4clq",
                            "compartment_id": "ocid1.compartment.oc1..aaaaaaaaeu5ojynwt72i4ed2bjsgtggmkizvitfrkxwrkomirmk3qd3eyefq",
                            "create_vnic_details.#": "1",
                            "create_vnic_details.0.assign_public_ip": "true",
                            "create_vnic_details.0.defined_tags.%": "0",
                            "create_vnic_details.0.display_name": "psftprdbasash22",
                            "create_vnic_details.0.freeform_tags.%": "0",
                            "create_vnic_details.0.hostname_label": "psftprdbasash22",
                            "create_vnic_details.0.private_ip": "172.16.29.2",
                            "create_vnic_details.0.skip_source_dest_check": "false",
                            "create_vnic_details.0.subnet_id": "ocid1.subnet.oc1.iad.aaaaaaaai3w36ymujerb7mznivuyvwdsrxcua5gsjr6qvi7z34oa75swowvq",
                            "defined_tags.%": "0",
                            "display_name": "psftprdbasash22",
                            "fault_domain": "FAULT-DOMAIN-2",
                            "freeform_tags.%": "0",
                            "hostname_label": "psftprdbasash22",
                            "id": "ocid1.instance.oc1.iad.abuwcljryotrb4upcw7rhb2be73fdnocpke3zyk4v4frhe7326kjshn5pvpq",
                            "image": "ocid1.image.oc1.iad.aaaaaaaaur6pzb6sguyw3yopts3otk7sndq2uxezibb24x4lk4n57wgves7q",
                            "launch_mode": "NATIVE",
                            "launch_options.#": "1",
                            "launch_options.0.boot_volume_type": "PARAVIRTUALIZED",
                            "launch_options.0.firmware": "UEFI_64",
                            "launch_options.0.network_type": "VFIO",
                            "launch_options.0.remote_data_volume_type": "PARAVIRTUALIZED",
                            "metadata.%": "1",
                            "metadata.ssh_authorized_keys": "ssh-rsa AAAAB3NzaC1yc2EAAAADAQABAAABAQCuHnzaWgWyjJMy5b/29DaoXaZmZie82ZNm1A9p6FAK8xBOF8gYj+dYVkCZ+bDoMOVz2NMM4vKD6O2ReQ0OjvxTeNNzB1jAMsneP4HeurMnMPAboiCZLNPOj78CkkMQMTZe1uyxPQRVWSmJJtJ3OMcV/EJamL8ojrESRIF9evdw85O7/W2LkncamvNKs2yCjEVa5xJO3q60fdMz9qfOPmxH3IjwZC0QStnlVtN9tsX8XmLsq8FME2r9MTqV3qtt6Zmx5e8AzNLFw2AEQMYHGPe4DbR1rNhGAJopY5Ln/bbVQ87hBAQSdfjOMWAdy9aRLokjiAHOzIdTEfv6VsCmu/Tj OCI",
                            "private_ip": "172.16.29.2",
                            "public_ip": "129.213.16.150",
                            "region": "iad",
                            "shape": "VM.Standard2.1",
                            "source_details.#": "1",
                            "source_details.0.boot_volume_size_in_gbs": "60",
                            "source_details.0.source_id": "ocid1.image.oc1.iad.aaaaaaaaur6pzb6sguyw3yopts3otk7sndq2uxezibb24x4lk4n57wgves7q",
                            "source_details.0.source_type": "image",
                            "state": "RUNNING",
                            "subnet_id": "ocid1.subnet.oc1.iad.aaaaaaaai3w36ymujerb7mznivuyvwdsrxcua5gsjr6qvi7z34oa75swowvq",
                            "time_created": "2019-03-22 18:03:34.76 +0000 UTC"
                        },
                        "meta": {
                            "e2bfb730-ecaa-11e6-8f88-34363bc7c4c0": {
                                "create": 7200000000000,
                                "delete": 7200000000000,
                                "update": 7200000000000
                            }
                        },
                        "tainted": false
                    },
                    "deposed": [],
                    "provider": "provider.oci"
                }
            },
            "depends_on": []
        },
        {
            "path": [
                "root",
                "create_db"
            ],
            "outputs": {},
            "resources": {
                "data.oci_database_db_system_shapes.db_system_shapes": {
                    "type": "oci_database_db_system_shapes",
                    "depends_on": [],
                    "primary": {
                        "id": "2019-03-22 20:21:39.26801208 +0000 UTC",
                        "attributes": {
                            "availability_domain": "WSQk:US-ASHBURN-AD-1",
                            "compartment_id": "ocid1.compartment.oc1..aaaaaaaaeu5ojynwt72i4ed2bjsgtggmkizvitfrkxwrkomirmk3qd3eyefq",
                            "db_system_shapes.#": "1",
                            "db_system_shapes.0.available_core_count": "4",
                            "db_system_shapes.0.core_count_increment": "0",
                            "db_system_shapes.0.maximum_node_count": "2",
                            "db_system_shapes.0.minimum_core_count": "4",
                            "db_system_shapes.0.minimum_node_count": "1",
                            "db_system_shapes.0.name": "VM.Standard2.4",
                            "db_system_shapes.0.shape": "VM.Standard2.4",
                            "filter.#": "1",
                            "filter.3008344588.name": "name",
                            "filter.3008344588.regex": "false",
                            "filter.3008344588.values.#": "1",
                            "filter.3008344588.values.0": "VM.Standard2.4",
                            "id": "2019-03-22 20:21:39.26801208 +0000 UTC"
                        },
                        "meta": {},
                        "tainted": false
                    },
                    "deposed": [],
                    "provider": "provider.oci"
                },
                "oci_database_db_system.database.0": {
                    "type": "oci_database_db_system",
                    "depends_on": [
                        "data.oci_database_db_system_shapes.db_system_shapes"
                    ],
                    "primary": {
                        "id": "ocid1.dbsystem.oc1.iad.abuwcljt22ys5rrlisa43klnzohzi4vcus76vfp5mceooe7lnoeoyngjad7q",
                        "attributes": {
                            "availability_domain": "WSQk:US-ASHBURN-AD-1",
                            "compartment_id": "ocid1.compartment.oc1..aaaaaaaaeu5ojynwt72i4ed2bjsgtggmkizvitfrkxwrkomirmk3qd3eyefq",
                            "cpu_core_count": "8",
                            "data_storage_percentage": "80",
                            "data_storage_size_in_gb": "256",
                            "database_edition": "ENTERPRISE_EDITION_EXTREME_PERFORMANCE",
                            "db_home.#": "1",
                            "db_home.0.database.#": "1",
                            "db_home.0.database.0.admin_password": "W3lCome1234567##",
                            "db_home.0.database.0.backup_id": "",
                            "db_home.0.database.0.backup_tde_password": "",
                            "db_home.0.database.0.character_set": "AL32UTF8",
                            "db_home.0.database.0.db_backup_config.#": "0",
                            "db_home.0.database.0.db_name": "PSFTCDB",
                            "db_home.0.database.0.db_workload": "OLTP",
                            "db_home.0.database.0.ncharacter_set": "AL16UTF16",
                            "db_home.0.database.0.pdb_name": "DUMMYPDB",
                            "db_home.0.db_version": "12.1.0.2",
                            "db_home.0.display_name": "PSFTCDB",
                            "defined_tags.%": "0",
                            "disk_redundancy": "NORMAL",
                            "display_name": "psftprddbash11",
                            "domain": "dbsubad1.psftvcn.oraclevcn.com",
                            "freeform_tags.%": "0",
                            "hostname": "psftprddbash11",
                            "id": "ocid1.dbsystem.oc1.iad.abuwcljt22ys5rrlisa43klnzohzi4vcus76vfp5mceooe7lnoeoyngjad7q",
                            "license_model": "LICENSE_INCLUDED",
                            "listener_port": "1521",
                            "node_count": "2",
                            "reco_storage_size_in_gb": "256",
                            "scan_dns_record_id": "ocid1.vcndnsrecord.oc1.iad.abuwcljtbuq5isavb4awy5ide3ehucujgpqaqydyksdm63hjnoecp6ugxwyq",
                            "scan_ip_ids.#": "3",
                            "scan_ip_ids.0": "ocid1.privateip.oc1.iad.abuwcljtxjrr7ox6tsbwhftyomk7iy4tenxgtuusbqmjsi7bxzwmtwsifrya",
                            "scan_ip_ids.1": "ocid1.privateip.oc1.iad.abuwcljtihwnww2siweusd5vnffv4odovslhs2igcgxoiaif5oehcsoaix2a",
                            "scan_ip_ids.2": "ocid1.privateip.oc1.iad.abuwcljtywx7ieywurjcsv246hi5copwmttyrprmbxzw6ulxf6uw2t7z5jua",
                            "shape": "VM.Standard2.4",
                            "ssh_public_keys.#": "1",
                            "ssh_public_keys.0": "ssh-rsa AAAAB3NzaC1yc2EAAAADAQABAAABAQCuHnzaWgWyjJMy5b/29DaoXaZmZie82ZNm1A9p6FAK8xBOF8gYj+dYVkCZ+bDoMOVz2NMM4vKD6O2ReQ0OjvxTeNNzB1jAMsneP4HeurMnMPAboiCZLNPOj78CkkMQMTZe1uyxPQRVWSmJJtJ3OMcV/EJamL8ojrESRIF9evdw85O7/W2LkncamvNKs2yCjEVa5xJO3q60fdMz9qfOPmxH3IjwZC0QStnlVtN9tsX8XmLsq8FME2r9MTqV3qtt6Zmx5e8AzNLFw2AEQMYHGPe4DbR1rNhGAJopY5Ln/bbVQ87hBAQSdfjOMWAdy9aRLokjiAHOzIdTEfv6VsCmu/Tj OCI",
                            "state": "AVAILABLE",
                            "subnet_id": "ocid1.subnet.oc1.iad.aaaaaaaa3yptjs2r2odsrfd3urfpkpgsvpv2dvrglp3chyvdiig2enqbdkyq",
                            "time_created": "2019-03-22 18:03:35.313 +0000 UTC",
                            "version": "12.2.0.1.181016",
                            "vip_ids.#": "2",
                            "vip_ids.0": "ocid1.privateip.oc1.iad.abuwcljtjan5lg5rjdkntdqmueyvupy7i745knxqisqsac4pzdhrkmliwnia",
                            "vip_ids.1": "ocid1.privateip.oc1.iad.abuwcljtk525aam36ldi27yxaeyyxncrknkv3co5yfnz7s7hjlawlhdapx4q"
                        },
                        "meta": {
                            "e2bfb730-ecaa-11e6-8f88-34363bc7c4c0": {
                                "create": 0,
                                "delete": 7200000000000,
                                "update": 7200000000000
                            }
                        },
                        "tainted": false
                    },
                    "deposed": [],
                    "provider": "provider.oci"
                },
                "oci_database_db_system.database.1": {
                    "type": "oci_database_db_system",
                    "depends_on": [
                        "data.oci_database_db_system_shapes.db_system_shapes"
                    ],
                    "primary": {
                        "id": "ocid1.dbsystem.oc1.iad.abuwcljrf3imezqhlcfnklqsu6eqebqwmsufocfazucfg3xbjy5py27wxeeq",
                        "attributes": {
                            "availability_domain": "WSQk:US-ASHBURN-AD-2",
                            "compartment_id": "ocid1.compartment.oc1..aaaaaaaaeu5ojynwt72i4ed2bjsgtggmkizvitfrkxwrkomirmk3qd3eyefq",
                            "cpu_core_count": "8",
                            "data_storage_percentage": "80",
                            "data_storage_size_in_gb": "256",
                            "database_edition": "ENTERPRISE_EDITION_EXTREME_PERFORMANCE",
                            "db_home.#": "1",
                            "db_home.0.database.#": "1",
                            "db_home.0.database.0.admin_password": "W3lCome1234567##",
                            "db_home.0.database.0.backup_id": "",
                            "db_home.0.database.0.backup_tde_password": "",
                            "db_home.0.database.0.character_set": "AL32UTF8",
                            "db_home.0.database.0.db_backup_config.#": "0",
                            "db_home.0.database.0.db_name": "PSFTCDB",
                            "db_home.0.database.0.db_workload": "OLTP",
                            "db_home.0.database.0.ncharacter_set": "AL16UTF16",
                            "db_home.0.database.0.pdb_name": "DUMMYPDB",
                            "db_home.0.db_version": "12.1.0.2",
                            "db_home.0.display_name": "PSFTCDB",
                            "defined_tags.%": "0",
                            "disk_redundancy": "NORMAL",
                            "display_name": "psftprddbash22",
                            "domain": "dbsubad2.psftvcn.oraclevcn.com",
                            "freeform_tags.%": "0",
                            "hostname": "psftprddbash22",
                            "id": "ocid1.dbsystem.oc1.iad.abuwcljrf3imezqhlcfnklqsu6eqebqwmsufocfazucfg3xbjy5py27wxeeq",
                            "license_model": "LICENSE_INCLUDED",
                            "listener_port": "1521",
                            "node_count": "2",
                            "reco_storage_size_in_gb": "256",
                            "scan_dns_record_id": "ocid1.vcndnsrecord.oc1.iad.abuwcljrm5deawuc2aflvok6zu3onvvo4hvzh34klj72ylcj7dgc55yjloza",
                            "scan_ip_ids.#": "3",
                            "scan_ip_ids.0": "ocid1.privateip.oc1.iad.abuwcljrgeui3dkivahno6al42a4toiawlbt6tm3fqzjooftpznsjtwuoglq",
                            "scan_ip_ids.1": "ocid1.privateip.oc1.iad.abuwcljrfmlpawq6zhzw76djvcaswdekoo2qf3lceu65jmrbo3j3v54samua",
                            "scan_ip_ids.2": "ocid1.privateip.oc1.iad.abuwcljryantrnsrkugn5ohynqfhkp3k5noekidc7i5vrslcdudltpiqwsjq",
                            "shape": "VM.Standard2.4",
                            "ssh_public_keys.#": "1",
                            "ssh_public_keys.0": "ssh-rsa AAAAB3NzaC1yc2EAAAADAQABAAABAQCuHnzaWgWyjJMy5b/29DaoXaZmZie82ZNm1A9p6FAK8xBOF8gYj+dYVkCZ+bDoMOVz2NMM4vKD6O2ReQ0OjvxTeNNzB1jAMsneP4HeurMnMPAboiCZLNPOj78CkkMQMTZe1uyxPQRVWSmJJtJ3OMcV/EJamL8ojrESRIF9evdw85O7/W2LkncamvNKs2yCjEVa5xJO3q60fdMz9qfOPmxH3IjwZC0QStnlVtN9tsX8XmLsq8FME2r9MTqV3qtt6Zmx5e8AzNLFw2AEQMYHGPe4DbR1rNhGAJopY5Ln/bbVQ87hBAQSdfjOMWAdy9aRLokjiAHOzIdTEfv6VsCmu/Tj OCI",
                            "state": "AVAILABLE",
                            "subnet_id": "ocid1.subnet.oc1.iad.aaaaaaaav4yfdroopyo4wy75vowglghc4zauk4il2pkw3kkwmgnsayr65tkq",
                            "time_created": "2019-03-22 18:03:35.428 +0000 UTC",
                            "version": "12.2.0.1.181016",
                            "vip_ids.#": "2",
                            "vip_ids.0": "ocid1.privateip.oc1.iad.abuwcljr6c2hjtfrhtm273cbnesc7dbmg23k6zfbqywfs57ipbsnkt6jorna",
                            "vip_ids.1": "ocid1.privateip.oc1.iad.abuwcljrqipd2rflkjfrsczrztdsdqim6pxm7lhoiwafy7xk7czdmvjcwi4q"
                        },
                        "meta": {
                            "e2bfb730-ecaa-11e6-8f88-34363bc7c4c0": {
                                "create": 0,
                                "delete": 7200000000000,
                                "update": 7200000000000
                            }
                        },
                        "tainted": false
                    },
                    "deposed": [],
                    "provider": "provider.oci"
                }
            },
            "depends_on": []
        },
        {
            "path": [
                "root",
                "create_elastic_search"
            ],
            "outputs": {
                "ComputePrivateIPs": {
                    "sensitive": false,
                    "type": "list",
                    "value": [
                        "172.16.8.2",
                        "172.16.9.3"
                    ]
                },
                "ComputeWinHostNames": {
                    "sensitive": false,
                    "type": "list",
                    "value": [
                        "psftprdesash11",
                        "psftprdesash22"
                    ]
                },
                "ComputeWincreds": {
                    "sensitive": false,
                    "type": "list",
                    "value": []
                },
                "ComputeWinusers": {
                    "sensitive": false,
                    "type": "list",
                    "value": []
                }
            },
            "resources": {
                "oci_core_instance.compute.0": {
                    "type": "oci_core_instance",
                    "depends_on": [],
                    "primary": {
                        "id": "ocid1.instance.oc1.iad.abuwcljtrclgob2cuulsdegr5lt5mdj3zwej2cis365vdt54frshchkooblq",
                        "attributes": {
                            "availability_domain": "WSQk:US-ASHBURN-AD-1",
                            "boot_volume_id": "ocid1.bootvolume.oc1.iad.abuwcljt2kxn7gkf6txz43ays6d4i6v66okfpgrfn3oyio5l6rmzqotg66ga",
                            "compartment_id": "ocid1.compartment.oc1..aaaaaaaaeu5ojynwt72i4ed2bjsgtggmkizvitfrkxwrkomirmk3qd3eyefq",
                            "create_vnic_details.#": "1",
                            "create_vnic_details.0.assign_public_ip": "false",
                            "create_vnic_details.0.defined_tags.%": "0",
                            "create_vnic_details.0.display_name": "psftprdesash11",
                            "create_vnic_details.0.freeform_tags.%": "0",
                            "create_vnic_details.0.hostname_label": "psftprdesash11",
                            "create_vnic_details.0.private_ip": "172.16.8.2",
                            "create_vnic_details.0.skip_source_dest_check": "false",
                            "create_vnic_details.0.subnet_id": "ocid1.subnet.oc1.iad.aaaaaaaaqffrdlrpqd2ncpibuyshu4tnimgdrwzj7djhhicwzfe5ty6zcahq",
                            "defined_tags.%": "0",
                            "display_name": "psftprdesash11",
                            "fault_domain": "FAULT-DOMAIN-1",
                            "freeform_tags.%": "0",
                            "hostname_label": "psftprdesash11",
                            "id": "ocid1.instance.oc1.iad.abuwcljtrclgob2cuulsdegr5lt5mdj3zwej2cis365vdt54frshchkooblq",
                            "image": "ocid1.image.oc1.iad.aaaaaaaaur6pzb6sguyw3yopts3otk7sndq2uxezibb24x4lk4n57wgves7q",
                            "launch_mode": "NATIVE",
                            "launch_options.#": "1",
                            "launch_options.0.boot_volume_type": "PARAVIRTUALIZED",
                            "launch_options.0.firmware": "UEFI_64",
                            "launch_options.0.network_type": "VFIO",
                            "launch_options.0.remote_data_volume_type": "PARAVIRTUALIZED",
                            "metadata.%": "2",
                            "metadata.ssh_authorized_keys": "ssh-rsa AAAAB3NzaC1yc2EAAAADAQABAAABAQCuHnzaWgWyjJMy5b/29DaoXaZmZie82ZNm1A9p6FAK8xBOF8gYj+dYVkCZ+bDoMOVz2NMM4vKD6O2ReQ0OjvxTeNNzB1jAMsneP4HeurMnMPAboiCZLNPOj78CkkMQMTZe1uyxPQRVWSmJJtJ3OMcV/EJamL8ojrESRIF9evdw85O7/W2LkncamvNKs2yCjEVa5xJO3q60fdMz9qfOPmxH3IjwZC0QStnlVtN9tsX8XmLsq8FME2r9MTqV3qtt6Zmx5e8AzNLFw2AEQMYHGPe4DbR1rNhGAJopY5Ln/bbVQ87hBAQSdfjOMWAdy9aRLokjiAHOzIdTEfv6VsCmu/Tj OCI",
                            "metadata.user_data": "I2Nsb3VkLWNvbmZpZw0KdGltZXpvbmU6ICJBbWVyaWNhL05ld19Zb3JrIg0KDQpwYWNrYWdlczoNCi0gbmZzLXV0aWxzDQotIG9yYWNsZS1yZGJtcy1zZXJ2ZXItMTJjUjEtcHJlaW5zdGFsbC54ODZfNjQNCi0gZ2xpYmMuaTY4Ng0KLSBsaWJzdGRjKysuaTY4Ng0KLSBmaXJlZm94Lng4Nl82NA0KLSBuYw0KLSBzYW1iYQ0KDQpydW5jbWQ6DQotIG1rZGlyIC1wIC9zdGFnZS9zb2Z0d2FyZS8NCi0gc3VkbyBtb3VudCAxNzIuMTYuMTYuMzovcHNmdHByZGZzc2FzaDEgL3N0YWdlL3NvZnR3YXJlLw0KLSBlY2hvICcxNzIuMTYuMTYuMzovcHNmdHByZGZzc2FzaDEgL3N0YWdlL3NvZnR3YXJlLyBuZnMgdGNwLHZlcnM9MycgfCBzdWRvIHRlZSAtYSAvZXRjL2ZzdGFiDQotIG1vdW50IC1hIC10IG5mcw==",
                            "private_ip": "172.16.8.2",
                            "public_ip": "",
                            "region": "iad",
                            "shape": "VM.Standard2.2",
                            "source_details.#": "1",
                            "source_details.0.boot_volume_size_in_gbs": "100",
                            "source_details.0.source_id": "ocid1.image.oc1.iad.aaaaaaaaur6pzb6sguyw3yopts3otk7sndq2uxezibb24x4lk4n57wgves7q",
                            "source_details.0.source_type": "image",
                            "state": "RUNNING",
                            "subnet_id": "ocid1.subnet.oc1.iad.aaaaaaaaqffrdlrpqd2ncpibuyshu4tnimgdrwzj7djhhicwzfe5ty6zcahq",
                            "time_created": "2019-03-22 19:55:55.783 +0000 UTC"
                        },
                        "meta": {
                            "e2bfb730-ecaa-11e6-8f88-34363bc7c4c0": {
                                "create": 600000000000,
                                "delete": 7200000000000,
                                "update": 7200000000000
                            }
                        },
                        "tainted": false
                    },
                    "deposed": [],
                    "provider": "provider.oci"
                },
                "oci_core_instance.compute.1": {
                    "type": "oci_core_instance",
                    "depends_on": [],
                    "primary": {
                        "id": "ocid1.instance.oc1.iad.abuwcljralam3n3acqjfqu7ce47fu5ho5qj536oijd72uovxo5pkcaalyhvq",
                        "attributes": {
                            "availability_domain": "WSQk:US-ASHBURN-AD-2",
                            "boot_volume_id": "ocid1.bootvolume.oc1.iad.abuwcljrhdo5mbnnohgvgksireooecfftzv4lacoo4nfwf7goje5ggzvbkla",
                            "compartment_id": "ocid1.compartment.oc1..aaaaaaaaeu5ojynwt72i4ed2bjsgtggmkizvitfrkxwrkomirmk3qd3eyefq",
                            "create_vnic_details.#": "1",
                            "create_vnic_details.0.assign_public_ip": "false",
                            "create_vnic_details.0.defined_tags.%": "0",
                            "create_vnic_details.0.display_name": "psftprdesash22",
                            "create_vnic_details.0.freeform_tags.%": "0",
                            "create_vnic_details.0.hostname_label": "psftprdesash22",
                            "create_vnic_details.0.private_ip": "172.16.9.3",
                            "create_vnic_details.0.skip_source_dest_check": "false",
                            "create_vnic_details.0.subnet_id": "ocid1.subnet.oc1.iad.aaaaaaaaehjr2epcx4m6625nyraghnn3mmrh7wvz5zoxlrmfhb62wmokcayq",
                            "defined_tags.%": "0",
                            "display_name": "psftprdesash22",
                            "fault_domain": "FAULT-DOMAIN-1",
                            "freeform_tags.%": "0",
                            "hostname_label": "psftprdesash22",
                            "id": "ocid1.instance.oc1.iad.abuwcljralam3n3acqjfqu7ce47fu5ho5qj536oijd72uovxo5pkcaalyhvq",
                            "image": "ocid1.image.oc1.iad.aaaaaaaaur6pzb6sguyw3yopts3otk7sndq2uxezibb24x4lk4n57wgves7q",
                            "launch_mode": "NATIVE",
                            "launch_options.#": "1",
                            "launch_options.0.boot_volume_type": "PARAVIRTUALIZED",
                            "launch_options.0.firmware": "UEFI_64",
                            "launch_options.0.network_type": "VFIO",
                            "launch_options.0.remote_data_volume_type": "PARAVIRTUALIZED",
                            "metadata.%": "2",
                            "metadata.ssh_authorized_keys": "ssh-rsa AAAAB3NzaC1yc2EAAAADAQABAAABAQCuHnzaWgWyjJMy5b/29DaoXaZmZie82ZNm1A9p6FAK8xBOF8gYj+dYVkCZ+bDoMOVz2NMM4vKD6O2ReQ0OjvxTeNNzB1jAMsneP4HeurMnMPAboiCZLNPOj78CkkMQMTZe1uyxPQRVWSmJJtJ3OMcV/EJamL8ojrESRIF9evdw85O7/W2LkncamvNKs2yCjEVa5xJO3q60fdMz9qfOPmxH3IjwZC0QStnlVtN9tsX8XmLsq8FME2r9MTqV3qtt6Zmx5e8AzNLFw2AEQMYHGPe4DbR1rNhGAJopY5Ln/bbVQ87hBAQSdfjOMWAdy9aRLokjiAHOzIdTEfv6VsCmu/Tj OCI",
                            "metadata.user_data": "I2Nsb3VkLWNvbmZpZw0KdGltZXpvbmU6ICJBbWVyaWNhL05ld19Zb3JrIg0KDQpwYWNrYWdlczoNCi0gbmZzLXV0aWxzDQotIG9yYWNsZS1yZGJtcy1zZXJ2ZXItMTJjUjEtcHJlaW5zdGFsbC54ODZfNjQNCi0gZ2xpYmMuaTY4Ng0KLSBsaWJzdGRjKysuaTY4Ng0KLSBmaXJlZm94Lng4Nl82NA0KLSBuYw0KLSBzYW1iYQ0KDQpydW5jbWQ6DQotIG1rZGlyIC1wIC9zdGFnZS9zb2Z0d2FyZS8NCi0gc3VkbyBtb3VudCAxNzIuMTYuMTYuMzovcHNmdHByZGZzc2FzaDEgL3N0YWdlL3NvZnR3YXJlLw0KLSBlY2hvICcxNzIuMTYuMTYuMzovcHNmdHByZGZzc2FzaDEgL3N0YWdlL3NvZnR3YXJlLyBuZnMgdGNwLHZlcnM9MycgfCBzdWRvIHRlZSAtYSAvZXRjL2ZzdGFiDQotIG1vdW50IC1hIC10IG5mcw==",
                            "private_ip": "172.16.9.3",
                            "public_ip": "",
                            "region": "iad",
                            "shape": "VM.Standard2.2",
                            "source_details.#": "1",
                            "source_details.0.boot_volume_size_in_gbs": "100",
                            "source_details.0.source_id": "ocid1.image.oc1.iad.aaaaaaaaur6pzb6sguyw3yopts3otk7sndq2uxezibb24x4lk4n57wgves7q",
                            "source_details.0.source_type": "image",
                            "state": "RUNNING",
                            "subnet_id": "ocid1.subnet.oc1.iad.aaaaaaaaehjr2epcx4m6625nyraghnn3mmrh7wvz5zoxlrmfhb62wmokcayq",
                            "time_created": "2019-03-22 19:57:11.725 +0000 UTC"
                        },
                        "meta": {
                            "e2bfb730-ecaa-11e6-8f88-34363bc7c4c0": {
                                "create": 600000000000,
                                "delete": 7200000000000,
                                "update": 7200000000000
                            }
                        },
                        "tainted": false
                    },
                    "deposed": [],
                    "provider": "provider.oci"
                },
                "oci_core_volume.blockvolume.0": {
                    "type": "oci_core_volume",
                    "depends_on": [],
                    "primary": {
                        "id": "ocid1.volume.oc1.iad.abuwcljtkvl3uehxoszaaihtd75dmr5byx2ceti5shmw567umdzi5s72z6vq",
                        "attributes": {
                            "availability_domain": "WSQk:US-ASHBURN-AD-1",
                            "compartment_id": "ocid1.compartment.oc1..aaaaaaaaeu5ojynwt72i4ed2bjsgtggmkizvitfrkxwrkomirmk3qd3eyefq",
                            "defined_tags.%": "0",
                            "display_name": "psftprdesashvol1",
                            "freeform_tags.%": "0",
                            "id": "ocid1.volume.oc1.iad.abuwcljtkvl3uehxoszaaihtd75dmr5byx2ceti5shmw567umdzi5s72z6vq",
                            "is_hydrated": "true",
                            "size_in_gbs": "100",
                            "size_in_mbs": "102400",
                            "source_details.#": "0",
                            "state": "AVAILABLE",
                            "time_created": "2019-03-22 18:03:02.686 +0000 UTC"
                        },
                        "meta": {
                            "e2bfb730-ecaa-11e6-8f88-34363bc7c4c0": {
                                "create": 900000000000,
                                "delete": 900000000000,
                                "update": 900000000000
                            }
                        },
                        "tainted": false
                    },
                    "deposed": [],
                    "provider": "provider.oci"
                },
                "oci_core_volume.blockvolume.1": {
                    "type": "oci_core_volume",
                    "depends_on": [],
                    "primary": {
                        "id": "ocid1.volume.oc1.iad.abuwcljrbieq5lw7axe5n4tnpiajuscmjewrwo6qv3rgv66gmzjvw6nxuoqa",
                        "attributes": {
                            "availability_domain": "WSQk:US-ASHBURN-AD-2",
                            "compartment_id": "ocid1.compartment.oc1..aaaaaaaaeu5ojynwt72i4ed2bjsgtggmkizvitfrkxwrkomirmk3qd3eyefq",
                            "defined_tags.%": "0",
                            "display_name": "psftprdesashvol2",
                            "freeform_tags.%": "0",
                            "id": "ocid1.volume.oc1.iad.abuwcljrbieq5lw7axe5n4tnpiajuscmjewrwo6qv3rgv66gmzjvw6nxuoqa",
                            "is_hydrated": "true",
                            "size_in_gbs": "100",
                            "size_in_mbs": "102400",
                            "source_details.#": "0",
                            "state": "AVAILABLE",
                            "time_created": "2019-03-22 18:03:02.602 +0000 UTC"
                        },
                        "meta": {
                            "e2bfb730-ecaa-11e6-8f88-34363bc7c4c0": {
                                "create": 900000000000,
                                "delete": 900000000000,
                                "update": 900000000000
                            }
                        },
                        "tainted": false
                    },
                    "deposed": [],
                    "provider": "provider.oci"
                },
                "oci_core_volume_attachment.blockvolume_attach.0": {
                    "type": "oci_core_volume_attachment",
                    "depends_on": [
                        "oci_core_instance.compute.*",
                        "oci_core_volume.blockvolume.*"
                    ],
                    "primary": {
                        "id": "ocid1.volumeattachment.oc1.iad.abuwcljtpg53fbprj7cdflpeqe2fhaysaiqwa54bdzb4tfidjaeffqkwmsca",
                        "attributes": {
                            "attachment_type": "iscsi",
                            "availability_domain": "WSQk:US-ASHBURN-AD-1",
                            "compartment_id": "ocid1.compartment.oc1..aaaaaaaaeu5ojynwt72i4ed2bjsgtggmkizvitfrkxwrkomirmk3qd3eyefq",
                            "display_name": "volumeattachment20190322202545",
                            "id": "ocid1.volumeattachment.oc1.iad.abuwcljtpg53fbprj7cdflpeqe2fhaysaiqwa54bdzb4tfidjaeffqkwmsca",
                            "instance_id": "ocid1.instance.oc1.iad.abuwcljtrclgob2cuulsdegr5lt5mdj3zwej2cis365vdt54frshchkooblq",
                            "ipv4": "169.254.2.2",
                            "iqn": "iqn.2015-12.com.oracleiaas:af19f0c1-6eda-4d34-8077-c64db9ff83ff",
                            "is_read_only": "false",
                            "port": "3260",
                            "state": "ATTACHED",
                            "time_created": "2019-03-22 20:25:45.861 +0000 UTC",
                            "volume_id": "ocid1.volume.oc1.iad.abuwcljtkvl3uehxoszaaihtd75dmr5byx2ceti5shmw567umdzi5s72z6vq"
                        },
                        "meta": {
                            "e2bfb730-ecaa-11e6-8f88-34363bc7c4c0": {
                                "create": 900000000000,
                                "delete": 900000000000,
                                "update": 900000000000
                            }
                        },
                        "tainted": false
                    },
                    "deposed": [],
                    "provider": "provider.oci"
                },
                "oci_core_volume_attachment.blockvolume_attach.1": {
                    "type": "oci_core_volume_attachment",
                    "depends_on": [
                        "oci_core_instance.compute.*",
                        "oci_core_volume.blockvolume.*"
                    ],
                    "primary": {
                        "id": "ocid1.volumeattachment.oc1.iad.abuwcljrt5vwecb2urxb3rs4zktkgu2tnrg2o72om5jmzqec3zc5pny44uhq",
                        "attributes": {
                            "attachment_type": "iscsi",
                            "availability_domain": "WSQk:US-ASHBURN-AD-2",
                            "compartment_id": "ocid1.compartment.oc1..aaaaaaaaeu5ojynwt72i4ed2bjsgtggmkizvitfrkxwrkomirmk3qd3eyefq",
                            "display_name": "volumeattachment20190322202545",
                            "id": "ocid1.volumeattachment.oc1.iad.abuwcljrt5vwecb2urxb3rs4zktkgu2tnrg2o72om5jmzqec3zc5pny44uhq",
                            "instance_id": "ocid1.instance.oc1.iad.abuwcljralam3n3acqjfqu7ce47fu5ho5qj536oijd72uovxo5pkcaalyhvq",
                            "ipv4": "169.254.2.2",
                            "iqn": "iqn.2015-12.com.oracleiaas:6a2ee82d-77d7-48d6-b2e9-86a442f8eb2b",
                            "is_read_only": "false",
                            "port": "3260",
                            "state": "ATTACHED",
                            "time_created": "2019-03-22 20:25:45.83 +0000 UTC",
                            "volume_id": "ocid1.volume.oc1.iad.abuwcljrbieq5lw7axe5n4tnpiajuscmjewrwo6qv3rgv66gmzjvw6nxuoqa"
                        },
                        "meta": {
                            "e2bfb730-ecaa-11e6-8f88-34363bc7c4c0": {
                                "create": 900000000000,
                                "delete": 900000000000,
                                "update": 900000000000
                            }
                        },
                        "tainted": false
                    },
                    "deposed": [],
                    "provider": "provider.oci"
                },
                "random_integer.rand": {
                    "type": "random_integer",
                    "depends_on": [],
                    "primary": {
                        "id": "3706161003",
                        "attributes": {
                            "id": "3706161003",
                            "max": "9999999999",
                            "min": "1000000000",
                            "result": "3706161003"
                        },
                        "meta": {},
                        "tainted": false
                    },
                    "deposed": [],
                    "provider": "provider.random"
                }
            },
            "depends_on": []
        },
        {
            "path": [
                "root",
                "create_fss"
            ],
            "outputs": {
                "FilesystemExports": {
                    "sensitive": false,
                    "type": "list",
                    "value": [
                        "/psftprdfssash1"
                    ]
                },
                "FilesystemFstabs": {
                    "sensitive": false,
                    "type": "list",
                    "value": [
                        "172.16.16.3:/psftprdfssash1"
                    ]
                },
                "FilesystemPrivateIPs": {
                    "sensitive": false,
                    "type": "list",
                    "value": [
                        "172.16.16.3"
                    ]
                }
            },
            "resources": {
                "data.oci_core_private_ips.ip_mount_target": {
                    "type": "oci_core_private_ips",
                    "depends_on": [
                        "oci_file_storage_mount_target.fss_mt.*"
                    ],
                    "primary": {
                        "id": "2019-03-22 20:21:41.405125361 +0000 UTC",
                        "attributes": {
                            "filter.#": "1",
                            "filter.1879979901.name": "id",
                            "filter.1879979901.regex": "false",
                            "filter.1879979901.values.#": "1",
                            "filter.1879979901.values.0": "ocid1.privateip.oc1.iad.abuwcljtpdbn6k6e7yqbj5fkqqskj6aevfnjx4nuifhedxhxmwij4phpqkpq",
                            "id": "2019-03-22 20:21:41.405125361 +0000 UTC",
                            "private_ips.#": "1",
                            "private_ips.0.availability_domain": "WSQk:US-ASHBURN-AD-1",
                            "private_ips.0.compartment_id": "ocid1.compartment.oc1..aaaaaaaaeu5ojynwt72i4ed2bjsgtggmkizvitfrkxwrkomirmk3qd3eyefq",
                            "private_ips.0.defined_tags.%": "0",
                            "private_ips.0.display_name": "privateip20190322180343",
                            "private_ips.0.freeform_tags.%": "0",
                            "private_ips.0.hostname_label": "psftprdfssash1",
                            "private_ips.0.id": "ocid1.privateip.oc1.iad.abuwcljtpdbn6k6e7yqbj5fkqqskj6aevfnjx4nuifhedxhxmwij4phpqkpq",
                            "private_ips.0.ip_address": "172.16.16.3",
                            "private_ips.0.is_primary": "false",
                            "private_ips.0.subnet_id": "ocid1.subnet.oc1.iad.aaaaaaaaoymtr4yposoeh4b4lphaz2g25ca2i624nm35jntfq2623h3mzecq",
                            "private_ips.0.time_created": "2019-03-22 18:03:43.089 +0000 UTC",
                            "private_ips.0.vnic_id": "ocid1.vnic.oc1.iad.abuwcljtkhl7fwxococqnqcafefojzjr6nh4orbcjen7n6bbjjckwrg6s7ta",
                            "subnet_id": "ocid1.subnet.oc1.iad.aaaaaaaaoymtr4yposoeh4b4lphaz2g25ca2i624nm35jntfq2623h3mzecq"
                        },
                        "meta": {},
                        "tainted": false
                    },
                    "deposed": [],
                    "provider": "provider.oci"
                },
                "data.template_file.fss_ips": {
                    "type": "template_file",
                    "depends_on": [
                        "local.fss_private_ips"
                    ],
                    "primary": {
                        "id": "bf8b1c0f8f8aff860221c378a364aff5572b4da94ac1f886d22cba999c2b815f",
                        "attributes": {
                            "id": "bf8b1c0f8f8aff860221c378a364aff5572b4da94ac1f886d22cba999c2b815f",
                            "rendered": "172.16.16.3",
                            "template": "${ip_address}",
                            "vars.%": "1",
                            "vars.ip_address": "172.16.16.3"
                        },
                        "meta": {},
                        "tainted": false
                    },
                    "deposed": [],
                    "provider": "provider.template"
                },
                "oci_file_storage_export.fss_export": {
                    "type": "oci_file_storage_export",
                    "depends_on": [
                        "oci_file_storage_file_system.fss.*",
                        "oci_file_storage_mount_target.fss_mt.*"
                    ],
                    "primary": {
                        "id": "ocid1.export.oc1.iad.aaaaaa4np2sm7dhsnfqwillqojxwiotjmfsc2ylefuzqaaaa",
                        "attributes": {
                            "export_options.#": "1",
                            "export_options.0.access": "READ_WRITE",
                            "export_options.0.anonymous_gid": "65534",
                            "export_options.0.anonymous_uid": "65534",
                            "export_options.0.identity_squash": "NONE",
                            "export_options.0.require_privileged_source_port": "false",
                            "export_options.0.source": "0.0.0.0/0",
                            "export_set_id": "ocid1.exportset.oc1.iad.aaaaacvippxfzej5nfqwillqojxwiotjmfsc2ylefuzqaaaa",
                            "file_system_id": "ocid1.filesystem.oc1.iad.aaaaaaaaaaaajxohnfqwillqojxwiotjmfsc2ylefuzqaaaa",
                            "id": "ocid1.export.oc1.iad.aaaaaa4np2sm7dhsnfqwillqojxwiotjmfsc2ylefuzqaaaa",
                            "path": "/psftprdfssash1",
                            "state": "ACTIVE",
                            "time_created": "2019-03-22 18:03:45.011 +0000 UTC"
                        },
                        "meta": {
                            "e2bfb730-ecaa-11e6-8f88-34363bc7c4c0": {
                                "create": 900000000000,
                                "delete": 900000000000,
                                "update": 900000000000
                            }
                        },
                        "tainted": false
                    },
                    "deposed": [],
                    "provider": "provider.oci"
                },
                "oci_file_storage_export_set.fss_export_set": {
                    "type": "oci_file_storage_export_set",
                    "depends_on": [
                        "oci_file_storage_mount_target.fss_mt.*"
                    ],
                    "primary": {
                        "id": "ocid1.exportset.oc1.iad.aaaaacvippxfzej5nfqwillqojxwiotjmfsc2ylefuzqaaaa",
                        "attributes": {
                            "availability_domain": "WSQk:US-ASHBURN-AD-1",
                            "compartment_id": "ocid1.compartment.oc1..aaaaaaaaeu5ojynwt72i4ed2bjsgtggmkizvitfrkxwrkomirmk3qd3eyefq",
                            "display_name": "psftprdfssash1_mt - export set",
                            "id": "ocid1.exportset.oc1.iad.aaaaacvippxfzej5nfqwillqojxwiotjmfsc2ylefuzqaaaa",
                            "max_fs_stat_bytes": "1099511627776",
                            "max_fs_stat_files": "9223372036854775807",
                            "mount_target_id": "ocid1.mounttarget.oc1.iad.aaaaacvippxfzej6nfqwillqojxwiotjmfsc2ylefuzqaaaa",
                            "state": "ACTIVE",
                            "time_created": "2019-03-22 18:03:35.341 +0000 UTC",
                            "vcn_id": "ocid1.vcn.oc1.iad.aaaaaaaawutlw4w6naaycjlftxfge5sdwiaqmumjejxttcebbdigr35kymrq"
                        },
                        "meta": {
                            "e2bfb730-ecaa-11e6-8f88-34363bc7c4c0": {
                                "create": 900000000000,
                                "delete": 900000000000,
                                "update": 900000000000
                            }
                        },
                        "tainted": false
                    },
                    "deposed": [],
                    "provider": "provider.oci"
                },
                "oci_file_storage_file_system.fss": {
                    "type": "oci_file_storage_file_system",
                    "depends_on": [],
                    "primary": {
                        "id": "ocid1.filesystem.oc1.iad.aaaaaaaaaaaajxohnfqwillqojxwiotjmfsc2ylefuzqaaaa",
                        "attributes": {
                            "availability_domain": "WSQk:US-ASHBURN-AD-1",
                            "compartment_id": "ocid1.compartment.oc1..aaaaaaaaeu5ojynwt72i4ed2bjsgtggmkizvitfrkxwrkomirmk3qd3eyefq",
                            "display_name": "psftprdfssash1",
                            "id": "ocid1.filesystem.oc1.iad.aaaaaaaaaaaajxohnfqwillqojxwiotjmfsc2ylefuzqaaaa",
                            "metered_bytes": "0",
                            "state": "ACTIVE",
                            "time_created": "2019-03-22 18:03:05.066 +0000 UTC"
                        },
                        "meta": {
                            "e2bfb730-ecaa-11e6-8f88-34363bc7c4c0": {
                                "create": 900000000000,
                                "delete": 900000000000,
                                "update": 900000000000
                            }
                        },
                        "tainted": false
                    },
                    "deposed": [],
                    "provider": "provider.oci"
                },
                "oci_file_storage_mount_target.fss_mt": {
                    "type": "oci_file_storage_mount_target",
                    "depends_on": [
                        "oci_file_storage_file_system.fss"
                    ],
                    "primary": {
                        "id": "ocid1.mounttarget.oc1.iad.aaaaacvippxfzej6nfqwillqojxwiotjmfsc2ylefuzqaaaa",
                        "attributes": {
                            "availability_domain": "WSQk:US-ASHBURN-AD-1",
                            "compartment_id": "ocid1.compartment.oc1..aaaaaaaaeu5ojynwt72i4ed2bjsgtggmkizvitfrkxwrkomirmk3qd3eyefq",
                            "display_name": "psftprdfssash1_mt",
                            "export_set_id": "ocid1.exportset.oc1.iad.aaaaacvippxfzej5nfqwillqojxwiotjmfsc2ylefuzqaaaa",
                            "hostname_label": "psftprdfssash1",
                            "id": "ocid1.mounttarget.oc1.iad.aaaaacvippxfzej6nfqwillqojxwiotjmfsc2ylefuzqaaaa",
                            "lifecycle_details": "",
                            "private_ip_ids.#": "1",
                            "private_ip_ids.0": "ocid1.privateip.oc1.iad.abuwcljtpdbn6k6e7yqbj5fkqqskj6aevfnjx4nuifhedxhxmwij4phpqkpq",
                            "state": "ACTIVE",
                            "subnet_id": "ocid1.subnet.oc1.iad.aaaaaaaaoymtr4yposoeh4b4lphaz2g25ca2i624nm35jntfq2623h3mzecq",
                            "time_created": "2019-03-22 18:03:35.341 +0000 UTC"
                        },
                        "meta": {
                            "e2bfb730-ecaa-11e6-8f88-34363bc7c4c0": {
                                "create": 900000000000,
                                "delete": 900000000000,
                                "update": 900000000000
                            }
                        },
                        "tainted": false
                    },
                    "deposed": [],
                    "provider": "provider.oci"
                }
            },
            "depends_on": []
        },
        {
            "path": [
                "root",
                "create_lb"
            ],
            "outputs": {},
            "resources": {
                "oci_load_balancer.lb.0": {
                    "type": "oci_load_balancer",
                    "depends_on": [],
                    "primary": {
                        "id": "ocid1.loadbalancer.oc1.iad.aaaaaaaayz3wsonwbbbpp6dd7ehiqdn3hfp5lydl3dbpncbjopff4g4lrhta",
                        "attributes": {
                            "compartment_id": "ocid1.compartment.oc1..aaaaaaaaeu5ojynwt72i4ed2bjsgtggmkizvitfrkxwrkomirmk3qd3eyefq",
                            "defined_tags.%": "0",
                            "display_name": "psftprdlbash11",
                            "freeform_tags.%": "0",
                            "id": "ocid1.loadbalancer.oc1.iad.aaaaaaaayz3wsonwbbbpp6dd7ehiqdn3hfp5lydl3dbpncbjopff4g4lrhta",
                            "ip_addresses.#": "1",
                            "ip_addresses.0": "172.16.24.4",
                            "is_private": "true",
                            "shape": "100Mbps",
                            "state": "ACTIVE",
                            "subnet_ids.#": "1",
                            "subnet_ids.0": "ocid1.subnet.oc1.iad.aaaaaaaa5k65eurqluqpuxspmpt5oggh7dsvrco2aefmquvl3m7k244zkfpa",
                            "time_created": "2019-03-22 18:03:34.502 +0000 UTC"
                        },
                        "meta": {},
                        "tainted": false
                    },
                    "deposed": [],
                    "provider": "provider.oci"
                },
                "oci_load_balancer.lb.1": {
                    "type": "oci_load_balancer",
                    "depends_on": [],
                    "primary": {
                        "id": "ocid1.loadbalancer.oc1.iad.aaaaaaaajyypxn7ux6rnctbsg3rxvvxqpoidnnp7atmcwyjccfzsacvhlqlq",
                        "attributes": {
                            "compartment_id": "ocid1.compartment.oc1..aaaaaaaaeu5ojynwt72i4ed2bjsgtggmkizvitfrkxwrkomirmk3qd3eyefq",
                            "defined_tags.%": "0",
                            "display_name": "psftprdlbash22",
                            "freeform_tags.%": "0",
                            "id": "ocid1.loadbalancer.oc1.iad.aaaaaaaajyypxn7ux6rnctbsg3rxvvxqpoidnnp7atmcwyjccfzsacvhlqlq",
                            "ip_addresses.#": "1",
                            "ip_addresses.0": "172.16.25.4",
                            "is_private": "true",
                            "shape": "100Mbps",
                            "state": "ACTIVE",
                            "subnet_ids.#": "1",
                            "subnet_ids.0": "ocid1.subnet.oc1.iad.aaaaaaaanysd6rkbndlib6ddxjouq3xevsmc5amemx5qpiiwisahqo3exkfa",
                            "time_created": "2019-03-22 18:03:34.377 +0000 UTC"
                        },
                        "meta": {},
                        "tainted": false
                    },
                    "deposed": [],
                    "provider": "provider.oci"
                },
                "oci_load_balancer_backend.lb-bset-be.0": {
                    "type": "oci_load_balancer_backend",
                    "depends_on": [
                        "oci_load_balancer.lb.*",
                        "oci_load_balancer_backend_set.lb-bset.*"
                    ],
                    "primary": {
                        "id": "loadBalancers/ocid1.loadbalancer.oc1.iad.aaaaaaaayz3wsonwbbbpp6dd7ehiqdn3hfp5lydl3dbpncbjopff4g4lrhta/backendSets/psftprdlbash1-bes1/backends/172.16.20.2:8000",
                        "attributes": {
                            "backendset_name": "psftprdlbash1-bes1",
                            "backup": "false",
                            "drain": "false",
                            "id": "loadBalancers/ocid1.loadbalancer.oc1.iad.aaaaaaaayz3wsonwbbbpp6dd7ehiqdn3hfp5lydl3dbpncbjopff4g4lrhta/backendSets/psftprdlbash1-bes1/backends/172.16.20.2:8000",
                            "ip_address": "172.16.20.2",
                            "load_balancer_id": "ocid1.loadbalancer.oc1.iad.aaaaaaaayz3wsonwbbbpp6dd7ehiqdn3hfp5lydl3dbpncbjopff4g4lrhta",
                            "name": "172.16.20.2:8000",
                            "offline": "false",
                            "port": "8000",
                            "state": "SUCCEEDED",
                            "weight": "1"
                        },
                        "meta": {
                            "e2bfb730-ecaa-11e6-8f88-34363bc7c4c0": {
                                "create": 900000000000,
                                "delete": 900000000000,
                                "update": 900000000000
                            }
                        },
                        "tainted": false
                    },
                    "deposed": [],
                    "provider": "provider.oci"
                },
                "oci_load_balancer_backend.lb-bset-be.1": {
                    "type": "oci_load_balancer_backend",
                    "depends_on": [
                        "oci_load_balancer.lb.*",
                        "oci_load_balancer_backend_set.lb-bset.*"
                    ],
                    "primary": {
                        "id": "loadBalancers/ocid1.loadbalancer.oc1.iad.aaaaaaaajyypxn7ux6rnctbsg3rxvvxqpoidnnp7atmcwyjccfzsacvhlqlq/backendSets/psftprdlbash2-bes2/backends/172.16.21.3:8000",
                        "attributes": {
                            "backendset_name": "psftprdlbash2-bes2",
                            "backup": "false",
                            "drain": "false",
                            "id": "loadBalancers/ocid1.loadbalancer.oc1.iad.aaaaaaaajyypxn7ux6rnctbsg3rxvvxqpoidnnp7atmcwyjccfzsacvhlqlq/backendSets/psftprdlbash2-bes2/backends/172.16.21.3:8000",
                            "ip_address": "172.16.21.3",
                            "load_balancer_id": "ocid1.loadbalancer.oc1.iad.aaaaaaaajyypxn7ux6rnctbsg3rxvvxqpoidnnp7atmcwyjccfzsacvhlqlq",
                            "name": "172.16.21.3:8000",
                            "offline": "false",
                            "port": "8000",
                            "state": "SUCCEEDED",
                            "weight": "1"
                        },
                        "meta": {
                            "e2bfb730-ecaa-11e6-8f88-34363bc7c4c0": {
                                "create": 900000000000,
                                "delete": 900000000000,
                                "update": 900000000000
                            }
                        },
                        "tainted": false
                    },
                    "deposed": [],
                    "provider": "provider.oci"
                },
                "oci_load_balancer_backend_set.lb-bset.0": {
                    "type": "oci_load_balancer_backend_set",
                    "depends_on": [
                        "oci_load_balancer.lb.*"
                    ],
                    "primary": {
                        "id": "loadBalancers/ocid1.loadbalancer.oc1.iad.aaaaaaaayz3wsonwbbbpp6dd7ehiqdn3hfp5lydl3dbpncbjopff4g4lrhta/backendSets/psftprdlbash1-bes1",
                        "attributes": {
                            "backend.#": "1",
                            "backend.0.backup": "false",
                            "backend.0.drain": "false",
                            "backend.0.ip_address": "172.16.20.2",
                            "backend.0.name": "172.16.20.2:8000",
                            "backend.0.offline": "false",
                            "backend.0.port": "8000",
                            "backend.0.weight": "1",
                            "health_checker.#": "1",
                            "health_checker.0.interval_ms": "30000",
                            "health_checker.0.port": "8000",
                            "health_checker.0.protocol": "HTTP",
                            "health_checker.0.response_body_regex": ".*",
                            "health_checker.0.retries": "3",
                            "health_checker.0.return_code": "200",
                            "health_checker.0.timeout_in_millis": "3000",
                            "health_checker.0.url_path": "/",
                            "id": "loadBalancers/ocid1.loadbalancer.oc1.iad.aaaaaaaayz3wsonwbbbpp6dd7ehiqdn3hfp5lydl3dbpncbjopff4g4lrhta/backendSets/psftprdlbash1-bes1",
                            "load_balancer_id": "ocid1.loadbalancer.oc1.iad.aaaaaaaayz3wsonwbbbpp6dd7ehiqdn3hfp5lydl3dbpncbjopff4g4lrhta",
                            "name": "psftprdlbash1-bes1",
                            "policy": "ROUND_ROBIN",
                            "session_persistence_configuration.#": "1",
                            "session_persistence_configuration.0.cookie_name": "lb-session1",
                            "session_persistence_configuration.0.disable_fallback": "true",
                            "ssl_configuration.#": "0",
                            "state": "SUCCEEDED"
                        },
                        "meta": {
                            "e2bfb730-ecaa-11e6-8f88-34363bc7c4c0": {
                                "create": 900000000000,
                                "delete": 900000000000,
                                "update": 900000000000
                            }
                        },
                        "tainted": false
                    },
                    "deposed": [],
                    "provider": "provider.oci"
                },
                "oci_load_balancer_backend_set.lb-bset.1": {
                    "type": "oci_load_balancer_backend_set",
                    "depends_on": [
                        "oci_load_balancer.lb.*"
                    ],
                    "primary": {
                        "id": "loadBalancers/ocid1.loadbalancer.oc1.iad.aaaaaaaajyypxn7ux6rnctbsg3rxvvxqpoidnnp7atmcwyjccfzsacvhlqlq/backendSets/psftprdlbash2-bes2",
                        "attributes": {
                            "backend.#": "1",
                            "backend.0.backup": "false",
                            "backend.0.drain": "false",
                            "backend.0.ip_address": "172.16.21.3",
                            "backend.0.name": "172.16.21.3:8000",
                            "backend.0.offline": "false",
                            "backend.0.port": "8000",
                            "backend.0.weight": "1",
                            "health_checker.#": "1",
                            "health_checker.0.interval_ms": "30000",
                            "health_checker.0.port": "8000",
                            "health_checker.0.protocol": "HTTP",
                            "health_checker.0.response_body_regex": ".*",
                            "health_checker.0.retries": "3",
                            "health_checker.0.return_code": "200",
                            "health_checker.0.timeout_in_millis": "3000",
                            "health_checker.0.url_path": "/",
                            "id": "loadBalancers/ocid1.loadbalancer.oc1.iad.aaaaaaaajyypxn7ux6rnctbsg3rxvvxqpoidnnp7atmcwyjccfzsacvhlqlq/backendSets/psftprdlbash2-bes2",
                            "load_balancer_id": "ocid1.loadbalancer.oc1.iad.aaaaaaaajyypxn7ux6rnctbsg3rxvvxqpoidnnp7atmcwyjccfzsacvhlqlq",
                            "name": "psftprdlbash2-bes2",
                            "policy": "ROUND_ROBIN",
                            "session_persistence_configuration.#": "1",
                            "session_persistence_configuration.0.cookie_name": "lb-session1",
                            "session_persistence_configuration.0.disable_fallback": "true",
                            "ssl_configuration.#": "0",
                            "state": "SUCCEEDED"
                        },
                        "meta": {
                            "e2bfb730-ecaa-11e6-8f88-34363bc7c4c0": {
                                "create": 900000000000,
                                "delete": 900000000000,
                                "update": 900000000000
                            }
                        },
                        "tainted": false
                    },
                    "deposed": [],
                    "provider": "provider.oci"
                },
                "oci_load_balancer_hostname.hostname.0": {
                    "type": "oci_load_balancer_hostname",
                    "depends_on": [
                        "oci_load_balancer.lb.*"
                    ],
                    "primary": {
                        "id": "loadBalancers/ocid1.loadbalancer.oc1.iad.aaaaaaaayz3wsonwbbbpp6dd7ehiqdn3hfp5lydl3dbpncbjopff4g4lrhta/hostnames/hostname1",
                        "attributes": {
                            "hostname": "psft.example.com",
                            "id": "loadBalancers/ocid1.loadbalancer.oc1.iad.aaaaaaaayz3wsonwbbbpp6dd7ehiqdn3hfp5lydl3dbpncbjopff4g4lrhta/hostnames/hostname1",
                            "load_balancer_id": "ocid1.loadbalancer.oc1.iad.aaaaaaaayz3wsonwbbbpp6dd7ehiqdn3hfp5lydl3dbpncbjopff4g4lrhta",
                            "name": "hostname1",
                            "state": "SUCCEEDED"
                        },
                        "meta": {
                            "e2bfb730-ecaa-11e6-8f88-34363bc7c4c0": {
                                "create": 900000000000,
                                "delete": 900000000000,
                                "update": 900000000000
                            }
                        },
                        "tainted": false
                    },
                    "deposed": [],
                    "provider": "provider.oci"
                },
                "oci_load_balancer_hostname.hostname.1": {
                    "type": "oci_load_balancer_hostname",
                    "depends_on": [
                        "oci_load_balancer.lb.*"
                    ],
                    "primary": {
                        "id": "loadBalancers/ocid1.loadbalancer.oc1.iad.aaaaaaaajyypxn7ux6rnctbsg3rxvvxqpoidnnp7atmcwyjccfzsacvhlqlq/hostnames/hostname2",
                        "attributes": {
                            "hostname": "psft.example.com",
                            "id": "loadBalancers/ocid1.loadbalancer.oc1.iad.aaaaaaaajyypxn7ux6rnctbsg3rxvvxqpoidnnp7atmcwyjccfzsacvhlqlq/hostnames/hostname2",
                            "load_balancer_id": "ocid1.loadbalancer.oc1.iad.aaaaaaaajyypxn7ux6rnctbsg3rxvvxqpoidnnp7atmcwyjccfzsacvhlqlq",
                            "name": "hostname2",
                            "state": "SUCCEEDED"
                        },
                        "meta": {
                            "e2bfb730-ecaa-11e6-8f88-34363bc7c4c0": {
                                "create": 900000000000,
                                "delete": 900000000000,
                                "update": 900000000000
                            }
                        },
                        "tainted": false
                    },
                    "deposed": [],
                    "provider": "provider.oci"
                },
                "oci_load_balancer_listener.lb-listener.0": {
                    "type": "oci_load_balancer_listener",
                    "depends_on": [
                        "oci_load_balancer.lb.*",
                        "oci_load_balancer_backend_set.lb-bset.*",
                        "oci_load_balancer_hostname.hostname",
                        "oci_load_balancer_hostname.hostname.*"
                    ],
                    "primary": {
                        "id": "loadBalancers/ocid1.loadbalancer.oc1.iad.aaaaaaaayz3wsonwbbbpp6dd7ehiqdn3hfp5lydl3dbpncbjopff4g4lrhta/listeners/psftprdlbash1-lsnr1",
                        "attributes": {
                            "connection_configuration.#": "1",
                            "connection_configuration.0.idle_timeout_in_seconds": "2",
                            "default_backend_set_name": "psftprdlbash1-bes1",
                            "hostname_names.#": "1",
                            "hostname_names.0": "hostname1",
                            "id": "loadBalancers/ocid1.loadbalancer.oc1.iad.aaaaaaaayz3wsonwbbbpp6dd7ehiqdn3hfp5lydl3dbpncbjopff4g4lrhta/listeners/psftprdlbash1-lsnr1",
                            "load_balancer_id": "ocid1.loadbalancer.oc1.iad.aaaaaaaayz3wsonwbbbpp6dd7ehiqdn3hfp5lydl3dbpncbjopff4g4lrhta",
                            "name": "psftprdlbash1-lsnr1",
                            "port": "8000",
                            "protocol": "HTTP",
                            "ssl_configuration.#": "0",
                            "state": "SUCCEEDED"
                        },
                        "meta": {
                            "e2bfb730-ecaa-11e6-8f88-34363bc7c4c0": {
                                "create": 900000000000,
                                "delete": 900000000000,
                                "update": 900000000000
                            }
                        },
                        "tainted": false
                    },
                    "deposed": [],
                    "provider": "provider.oci"
                },
                "oci_load_balancer_listener.lb-listener.1": {
                    "type": "oci_load_balancer_listener",
                    "depends_on": [
                        "oci_load_balancer.lb.*",
                        "oci_load_balancer_backend_set.lb-bset.*",
                        "oci_load_balancer_hostname.hostname",
                        "oci_load_balancer_hostname.hostname.*"
                    ],
                    "primary": {
                        "id": "loadBalancers/ocid1.loadbalancer.oc1.iad.aaaaaaaajyypxn7ux6rnctbsg3rxvvxqpoidnnp7atmcwyjccfzsacvhlqlq/listeners/psftprdlbash2-lsnr2",
                        "attributes": {
                            "connection_configuration.#": "1",
                            "connection_configuration.0.idle_timeout_in_seconds": "2",
                            "default_backend_set_name": "psftprdlbash2-bes2",
                            "hostname_names.#": "1",
                            "hostname_names.0": "hostname2",
                            "id": "loadBalancers/ocid1.loadbalancer.oc1.iad.aaaaaaaajyypxn7ux6rnctbsg3rxvvxqpoidnnp7atmcwyjccfzsacvhlqlq/listeners/psftprdlbash2-lsnr2",
                            "load_balancer_id": "ocid1.loadbalancer.oc1.iad.aaaaaaaajyypxn7ux6rnctbsg3rxvvxqpoidnnp7atmcwyjccfzsacvhlqlq",
                            "name": "psftprdlbash2-lsnr2",
                            "port": "8000",
                            "protocol": "HTTP",
                            "ssl_configuration.#": "0",
                            "state": "SUCCEEDED"
                        },
                        "meta": {
                            "e2bfb730-ecaa-11e6-8f88-34363bc7c4c0": {
                                "create": 900000000000,
                                "delete": 900000000000,
                                "update": 900000000000
                            }
                        },
                        "tainted": false
                    },
                    "deposed": [],
                    "provider": "provider.oci"
                }
            },
            "depends_on": []
        },
        {
            "path": [
                "root",
                "create_process_schd"
            ],
            "outputs": {
                "ComputePrivateIPs": {
                    "sensitive": false,
                    "type": "list",
                    "value": [
                        "172.16.12.3",
                        "172.16.13.5"
                    ]
                },
                "ComputeWinHostNames": {
                    "sensitive": false,
                    "type": "list",
                    "value": [
                        "psftprdpsash11",
                        "psftprdpsash22"
                    ]
                },
                "ComputeWincreds": {
                    "sensitive": false,
                    "type": "list",
                    "value": []
                },
                "ComputeWinusers": {
                    "sensitive": false,
                    "type": "list",
                    "value": []
                }
            },
            "resources": {
                "oci_core_instance.compute.0": {
                    "type": "oci_core_instance",
                    "depends_on": [],
                    "primary": {
                        "id": "ocid1.instance.oc1.iad.abuwcljtvuen7jkf6pvq2nk5d3wzznta3nclgnb437hgachkkvsd7wm7t2ua",
                        "attributes": {
                            "availability_domain": "WSQk:US-ASHBURN-AD-1",
                            "boot_volume_id": "ocid1.bootvolume.oc1.iad.abuwcljtzfqmljcitjhvebgmncbttn7gjsym533p5rmt5a3qke4qqxfhsnxq",
                            "compartment_id": "ocid1.compartment.oc1..aaaaaaaaeu5ojynwt72i4ed2bjsgtggmkizvitfrkxwrkomirmk3qd3eyefq",
                            "create_vnic_details.#": "1",
                            "create_vnic_details.0.assign_public_ip": "false",
                            "create_vnic_details.0.defined_tags.%": "0",
                            "create_vnic_details.0.display_name": "psftprdpsash11",
                            "create_vnic_details.0.freeform_tags.%": "0",
                            "create_vnic_details.0.hostname_label": "psftprdpsash11",
                            "create_vnic_details.0.private_ip": "172.16.12.3",
                            "create_vnic_details.0.skip_source_dest_check": "false",
                            "create_vnic_details.0.subnet_id": "ocid1.subnet.oc1.iad.aaaaaaaa3cnmcfah4bnzt7htrgx2u3ndql6k4jqbjrpvhgp657io3tka2dfq",
                            "defined_tags.%": "0",
                            "display_name": "psftprdpsash11",
                            "fault_domain": "FAULT-DOMAIN-1",
                            "freeform_tags.%": "0",
                            "hostname_label": "psftprdpsash11",
                            "id": "ocid1.instance.oc1.iad.abuwcljtvuen7jkf6pvq2nk5d3wzznta3nclgnb437hgachkkvsd7wm7t2ua",
                            "image": "ocid1.image.oc1.iad.aaaaaaaaur6pzb6sguyw3yopts3otk7sndq2uxezibb24x4lk4n57wgves7q",
                            "launch_mode": "NATIVE",
                            "launch_options.#": "1",
                            "launch_options.0.boot_volume_type": "PARAVIRTUALIZED",
                            "launch_options.0.firmware": "UEFI_64",
                            "launch_options.0.network_type": "VFIO",
                            "launch_options.0.remote_data_volume_type": "PARAVIRTUALIZED",
                            "metadata.%": "2",
                            "metadata.ssh_authorized_keys": "ssh-rsa AAAAB3NzaC1yc2EAAAADAQABAAABAQCuHnzaWgWyjJMy5b/29DaoXaZmZie82ZNm1A9p6FAK8xBOF8gYj+dYVkCZ+bDoMOVz2NMM4vKD6O2ReQ0OjvxTeNNzB1jAMsneP4HeurMnMPAboiCZLNPOj78CkkMQMTZe1uyxPQRVWSmJJtJ3OMcV/EJamL8ojrESRIF9evdw85O7/W2LkncamvNKs2yCjEVa5xJO3q60fdMz9qfOPmxH3IjwZC0QStnlVtN9tsX8XmLsq8FME2r9MTqV3qtt6Zmx5e8AzNLFw2AEQMYHGPe4DbR1rNhGAJopY5Ln/bbVQ87hBAQSdfjOMWAdy9aRLokjiAHOzIdTEfv6VsCmu/Tj OCI",
                            "metadata.user_data": "I2Nsb3VkLWNvbmZpZw0KdGltZXpvbmU6ICJBbWVyaWNhL05ld19Zb3JrIg0KDQpwYWNrYWdlczoNCi0gbmZzLXV0aWxzDQotIG9yYWNsZS1yZGJtcy1zZXJ2ZXItMTJjUjEtcHJlaW5zdGFsbC54ODZfNjQNCi0gZ2xpYmMuaTY4Ng0KLSBsaWJzdGRjKysuaTY4Ng0KLSBmaXJlZm94Lng4Nl82NA0KLSBuYw0KLSBzYW1iYQ0KDQpydW5jbWQ6DQotIG1rZGlyIC1wIC9zdGFnZS9zb2Z0d2FyZS8NCi0gc3VkbyBtb3VudCAxNzIuMTYuMTYuMzovcHNmdHByZGZzc2FzaDEgL3N0YWdlL3NvZnR3YXJlLw0KLSBlY2hvICcxNzIuMTYuMTYuMzovcHNmdHByZGZzc2FzaDEgL3N0YWdlL3NvZnR3YXJlLyBuZnMgdGNwLHZlcnM9MycgfCBzdWRvIHRlZSAtYSAvZXRjL2ZzdGFiDQotIG1vdW50IC1hIC10IG5mcw==",
                            "private_ip": "172.16.12.3",
                            "public_ip": "",
                            "region": "iad",
                            "shape": "VM.Standard2.2",
                            "source_details.#": "1",
                            "source_details.0.boot_volume_size_in_gbs": "100",
                            "source_details.0.source_id": "ocid1.image.oc1.iad.aaaaaaaaur6pzb6sguyw3yopts3otk7sndq2uxezibb24x4lk4n57wgves7q",
                            "source_details.0.source_type": "image",
                            "state": "RUNNING",
                            "subnet_id": "ocid1.subnet.oc1.iad.aaaaaaaa3cnmcfah4bnzt7htrgx2u3ndql6k4jqbjrpvhgp657io3tka2dfq",
                            "time_created": "2019-03-22 19:55:55.895 +0000 UTC"
                        },
                        "meta": {
                            "e2bfb730-ecaa-11e6-8f88-34363bc7c4c0": {
                                "create": 600000000000,
                                "delete": 7200000000000,
                                "update": 7200000000000
                            }
                        },
                        "tainted": false
                    },
                    "deposed": [],
                    "provider": "provider.oci"
                },
                "oci_core_instance.compute.1": {
                    "type": "oci_core_instance",
                    "depends_on": [],
                    "primary": {
                        "id": "ocid1.instance.oc1.iad.abuwcljrl4gebiiznfwmcqe6rqqtg4msss7yqtmiwymxv4kfcgoiz7pnqhaa",
                        "attributes": {
                            "availability_domain": "WSQk:US-ASHBURN-AD-2",
                            "boot_volume_id": "ocid1.bootvolume.oc1.iad.abuwcljryy4sg7ndmbrxs7shssbsez773q34vtcbi6qdgyqqtvfx77txvl7a",
                            "compartment_id": "ocid1.compartment.oc1..aaaaaaaaeu5ojynwt72i4ed2bjsgtggmkizvitfrkxwrkomirmk3qd3eyefq",
                            "create_vnic_details.#": "1",
                            "create_vnic_details.0.assign_public_ip": "false",
                            "create_vnic_details.0.defined_tags.%": "0",
                            "create_vnic_details.0.display_name": "psftprdpsash22",
                            "create_vnic_details.0.freeform_tags.%": "0",
                            "create_vnic_details.0.hostname_label": "psftprdpsash22",
                            "create_vnic_details.0.private_ip": "172.16.13.5",
                            "create_vnic_details.0.skip_source_dest_check": "false",
                            "create_vnic_details.0.subnet_id": "ocid1.subnet.oc1.iad.aaaaaaaaxndvrxhrfb26xyvgea4r4jrusehhh3hdqhj76o4m7qa5srq6f4pa",
                            "defined_tags.%": "0",
                            "display_name": "psftprdpsash22",
                            "fault_domain": "FAULT-DOMAIN-1",
                            "freeform_tags.%": "0",
                            "hostname_label": "psftprdpsash22",
                            "id": "ocid1.instance.oc1.iad.abuwcljrl4gebiiznfwmcqe6rqqtg4msss7yqtmiwymxv4kfcgoiz7pnqhaa",
                            "image": "ocid1.image.oc1.iad.aaaaaaaaur6pzb6sguyw3yopts3otk7sndq2uxezibb24x4lk4n57wgves7q",
                            "launch_mode": "NATIVE",
                            "launch_options.#": "1",
                            "launch_options.0.boot_volume_type": "PARAVIRTUALIZED",
                            "launch_options.0.firmware": "UEFI_64",
                            "launch_options.0.network_type": "VFIO",
                            "launch_options.0.remote_data_volume_type": "PARAVIRTUALIZED",
                            "metadata.%": "2",
                            "metadata.ssh_authorized_keys": "ssh-rsa AAAAB3NzaC1yc2EAAAADAQABAAABAQCuHnzaWgWyjJMy5b/29DaoXaZmZie82ZNm1A9p6FAK8xBOF8gYj+dYVkCZ+bDoMOVz2NMM4vKD6O2ReQ0OjvxTeNNzB1jAMsneP4HeurMnMPAboiCZLNPOj78CkkMQMTZe1uyxPQRVWSmJJtJ3OMcV/EJamL8ojrESRIF9evdw85O7/W2LkncamvNKs2yCjEVa5xJO3q60fdMz9qfOPmxH3IjwZC0QStnlVtN9tsX8XmLsq8FME2r9MTqV3qtt6Zmx5e8AzNLFw2AEQMYHGPe4DbR1rNhGAJopY5Ln/bbVQ87hBAQSdfjOMWAdy9aRLokjiAHOzIdTEfv6VsCmu/Tj OCI",
                            "metadata.user_data": "I2Nsb3VkLWNvbmZpZw0KdGltZXpvbmU6ICJBbWVyaWNhL05ld19Zb3JrIg0KDQpwYWNrYWdlczoNCi0gbmZzLXV0aWxzDQotIG9yYWNsZS1yZGJtcy1zZXJ2ZXItMTJjUjEtcHJlaW5zdGFsbC54ODZfNjQNCi0gZ2xpYmMuaTY4Ng0KLSBsaWJzdGRjKysuaTY4Ng0KLSBmaXJlZm94Lng4Nl82NA0KLSBuYw0KLSBzYW1iYQ0KDQpydW5jbWQ6DQotIG1rZGlyIC1wIC9zdGFnZS9zb2Z0d2FyZS8NCi0gc3VkbyBtb3VudCAxNzIuMTYuMTYuMzovcHNmdHByZGZzc2FzaDEgL3N0YWdlL3NvZnR3YXJlLw0KLSBlY2hvICcxNzIuMTYuMTYuMzovcHNmdHByZGZzc2FzaDEgL3N0YWdlL3NvZnR3YXJlLyBuZnMgdGNwLHZlcnM9MycgfCBzdWRvIHRlZSAtYSAvZXRjL2ZzdGFiDQotIG1vdW50IC1hIC10IG5mcw==",
                            "private_ip": "172.16.13.5",
                            "public_ip": "",
                            "region": "iad",
                            "shape": "VM.Standard2.2",
                            "source_details.#": "1",
                            "source_details.0.boot_volume_size_in_gbs": "100",
                            "source_details.0.source_id": "ocid1.image.oc1.iad.aaaaaaaaur6pzb6sguyw3yopts3otk7sndq2uxezibb24x4lk4n57wgves7q",
                            "source_details.0.source_type": "image",
                            "state": "RUNNING",
                            "subnet_id": "ocid1.subnet.oc1.iad.aaaaaaaaxndvrxhrfb26xyvgea4r4jrusehhh3hdqhj76o4m7qa5srq6f4pa",
                            "time_created": "2019-03-22 19:57:20.225 +0000 UTC"
                        },
                        "meta": {
                            "e2bfb730-ecaa-11e6-8f88-34363bc7c4c0": {
                                "create": 600000000000,
                                "delete": 7200000000000,
                                "update": 7200000000000
                            }
                        },
                        "tainted": false
                    },
                    "deposed": [],
                    "provider": "provider.oci"
                },
                "oci_core_volume.blockvolume.0": {
                    "type": "oci_core_volume",
                    "depends_on": [],
                    "primary": {
                        "id": "ocid1.volume.oc1.iad.abuwcljtgu4ecegwwwejw4737sa4uc2tc67lp6ucoctmxawtezlydw5uawia",
                        "attributes": {
                            "availability_domain": "WSQk:US-ASHBURN-AD-1",
                            "compartment_id": "ocid1.compartment.oc1..aaaaaaaaeu5ojynwt72i4ed2bjsgtggmkizvitfrkxwrkomirmk3qd3eyefq",
                            "defined_tags.%": "0",
                            "display_name": "psftprdpsashvol1",
                            "freeform_tags.%": "0",
                            "id": "ocid1.volume.oc1.iad.abuwcljtgu4ecegwwwejw4737sa4uc2tc67lp6ucoctmxawtezlydw5uawia",
                            "is_hydrated": "true",
                            "size_in_gbs": "100",
                            "size_in_mbs": "102400",
                            "source_details.#": "0",
                            "state": "AVAILABLE",
                            "time_created": "2019-03-22 18:03:02.403 +0000 UTC"
                        },
                        "meta": {
                            "e2bfb730-ecaa-11e6-8f88-34363bc7c4c0": {
                                "create": 900000000000,
                                "delete": 900000000000,
                                "update": 900000000000
                            }
                        },
                        "tainted": false
                    },
                    "deposed": [],
                    "provider": "provider.oci"
                },
                "oci_core_volume.blockvolume.1": {
                    "type": "oci_core_volume",
                    "depends_on": [],
                    "primary": {
                        "id": "ocid1.volume.oc1.iad.abuwcljrn53gjctwfo4vjotm7lkpdk2nfzdkb4mhkfrnoaep7msrp7jbcyiq",
                        "attributes": {
                            "availability_domain": "WSQk:US-ASHBURN-AD-2",
                            "compartment_id": "ocid1.compartment.oc1..aaaaaaaaeu5ojynwt72i4ed2bjsgtggmkizvitfrkxwrkomirmk3qd3eyefq",
                            "defined_tags.%": "0",
                            "display_name": "psftprdpsashvol2",
                            "freeform_tags.%": "0",
                            "id": "ocid1.volume.oc1.iad.abuwcljrn53gjctwfo4vjotm7lkpdk2nfzdkb4mhkfrnoaep7msrp7jbcyiq",
                            "is_hydrated": "true",
                            "size_in_gbs": "100",
                            "size_in_mbs": "102400",
                            "source_details.#": "0",
                            "state": "AVAILABLE",
                            "time_created": "2019-03-22 18:03:02.482 +0000 UTC"
                        },
                        "meta": {
                            "e2bfb730-ecaa-11e6-8f88-34363bc7c4c0": {
                                "create": 900000000000,
                                "delete": 900000000000,
                                "update": 900000000000
                            }
                        },
                        "tainted": false
                    },
                    "deposed": [],
                    "provider": "provider.oci"
                },
                "oci_core_volume_attachment.blockvolume_attach.0": {
                    "type": "oci_core_volume_attachment",
                    "depends_on": [
                        "oci_core_instance.compute.*",
                        "oci_core_volume.blockvolume.*"
                    ],
                    "primary": {
                        "id": "ocid1.volumeattachment.oc1.iad.abuwcljt4mulhnku2paabsn4xzprwhfnnjjegzs3uviw47sog6dpy3eqhquq",
                        "attributes": {
                            "attachment_type": "iscsi",
                            "availability_domain": "WSQk:US-ASHBURN-AD-1",
                            "compartment_id": "ocid1.compartment.oc1..aaaaaaaaeu5ojynwt72i4ed2bjsgtggmkizvitfrkxwrkomirmk3qd3eyefq",
                            "display_name": "volumeattachment20190322202549",
                            "id": "ocid1.volumeattachment.oc1.iad.abuwcljt4mulhnku2paabsn4xzprwhfnnjjegzs3uviw47sog6dpy3eqhquq",
                            "instance_id": "ocid1.instance.oc1.iad.abuwcljtvuen7jkf6pvq2nk5d3wzznta3nclgnb437hgachkkvsd7wm7t2ua",
                            "ipv4": "169.254.2.2",
                            "iqn": "iqn.2015-12.com.oracleiaas:62367e22-7f02-45cf-beab-0dfde8021ddc",
                            "is_read_only": "false",
                            "port": "3260",
                            "state": "ATTACHED",
                            "time_created": "2019-03-22 20:25:49.953 +0000 UTC",
                            "volume_id": "ocid1.volume.oc1.iad.abuwcljtgu4ecegwwwejw4737sa4uc2tc67lp6ucoctmxawtezlydw5uawia"
                        },
                        "meta": {
                            "e2bfb730-ecaa-11e6-8f88-34363bc7c4c0": {
                                "create": 900000000000,
                                "delete": 900000000000,
                                "update": 900000000000
                            }
                        },
                        "tainted": false
                    },
                    "deposed": [],
                    "provider": "provider.oci"
                },
                "oci_core_volume_attachment.blockvolume_attach.1": {
                    "type": "oci_core_volume_attachment",
                    "depends_on": [
                        "oci_core_instance.compute.*",
                        "oci_core_volume.blockvolume.*"
                    ],
                    "primary": {
                        "id": "ocid1.volumeattachment.oc1.iad.abuwcljrrw2anemutk7pd2ttgf2phl2cdida5amhsojqcrq7bysirxx35qwq",
                        "attributes": {
                            "attachment_type": "iscsi",
                            "availability_domain": "WSQk:US-ASHBURN-AD-2",
                            "compartment_id": "ocid1.compartment.oc1..aaaaaaaaeu5ojynwt72i4ed2bjsgtggmkizvitfrkxwrkomirmk3qd3eyefq",
                            "display_name": "volumeattachment20190322202550",
                            "id": "ocid1.volumeattachment.oc1.iad.abuwcljrrw2anemutk7pd2ttgf2phl2cdida5amhsojqcrq7bysirxx35qwq",
                            "instance_id": "ocid1.instance.oc1.iad.abuwcljrl4gebiiznfwmcqe6rqqtg4msss7yqtmiwymxv4kfcgoiz7pnqhaa",
                            "ipv4": "169.254.2.2",
                            "iqn": "iqn.2015-12.com.oracleiaas:98c21b04-d980-49b4-974d-f5bde2a98be8",
                            "is_read_only": "false",
                            "port": "3260",
                            "state": "ATTACHED",
                            "time_created": "2019-03-22 20:25:50.162 +0000 UTC",
                            "volume_id": "ocid1.volume.oc1.iad.abuwcljrn53gjctwfo4vjotm7lkpdk2nfzdkb4mhkfrnoaep7msrp7jbcyiq"
                        },
                        "meta": {
                            "e2bfb730-ecaa-11e6-8f88-34363bc7c4c0": {
                                "create": 900000000000,
                                "delete": 900000000000,
                                "update": 900000000000
                            }
                        },
                        "tainted": false
                    },
                    "deposed": [],
                    "provider": "provider.oci"
                },
                "random_integer.rand": {
                    "type": "random_integer",
                    "depends_on": [],
                    "primary": {
                        "id": "7964233583",
                        "attributes": {
                            "id": "7964233583",
                            "max": "9999999999",
                            "min": "1000000000",
                            "result": "7964233583"
                        },
                        "meta": {},
                        "tainted": false
                    },
                    "deposed": [],
                    "provider": "provider.random"
                }
            },
            "depends_on": []
        },
        {
            "path": [
                "root",
                "create_ptools"
            ],
            "outputs": {
                "ComputePrivateIPs": {
                    "sensitive": false,
                    "type": "list",
                    "value": [
                        "172.16.4.2",
                        "172.16.5.3"
                    ]
                },
                "ComputeWinHostNames": {
                    "sensitive": false,
                    "type": "list",
                    "value": [
                        "psftprdtlsash11",
                        "psftprdtlsash22"
                    ]
                },
                "ComputeWincreds": {
                    "sensitive": false,
                    "type": "list",
                    "value": [
                        "(BqamvdfK4cq5E(",
                        "!#QNDe5gb3bnB5"
                    ]
                },
                "ComputeWinusers": {
                    "sensitive": false,
                    "type": "list",
                    "value": [
                        "opc",
                        "opc"
                    ]
                }
            },
            "resources": {
                "data.oci_core_instance_credentials.win.0": {
                    "type": "oci_core_instance_credentials",
                    "depends_on": [
                        "oci_core_instance.compute.*"
                    ],
                    "primary": {
                        "id": "2019-03-22 20:21:45.709576697 +0000 UTC",
                        "attributes": {
                            "id": "2019-03-22 20:21:45.709576697 +0000 UTC",
                            "instance_id": "ocid1.instance.oc1.iad.abuwcljtmcj7ias4mileamwed27bbwvpjqvn4ddqaa6sgmfvy5m3cpcw33oa",
                            "password": "(BqamvdfK4cq5E(",
                            "username": "opc"
                        },
                        "meta": {},
                        "tainted": false
                    },
                    "deposed": [],
                    "provider": "provider.oci"
                },
                "data.oci_core_instance_credentials.win.1": {
                    "type": "oci_core_instance_credentials",
                    "depends_on": [
                        "oci_core_instance.compute.*"
                    ],
                    "primary": {
                        "id": "2019-03-22 20:21:45.709580975 +0000 UTC",
                        "attributes": {
                            "id": "2019-03-22 20:21:45.709580975 +0000 UTC",
                            "instance_id": "ocid1.instance.oc1.iad.abuwcljrjbpd62xxksgzh5ka4i7d45lpgdoza5xtesdsxb6jmr7ueqmjadaq",
                            "password": "!#QNDe5gb3bnB5",
                            "username": "opc"
                        },
                        "meta": {},
                        "tainted": false
                    },
                    "deposed": [],
                    "provider": "provider.oci"
                },
                "oci_core_instance.compute.0": {
                    "type": "oci_core_instance",
                    "depends_on": [],
                    "primary": {
                        "id": "ocid1.instance.oc1.iad.abuwcljtmcj7ias4mileamwed27bbwvpjqvn4ddqaa6sgmfvy5m3cpcw33oa",
                        "attributes": {
                            "availability_domain": "WSQk:US-ASHBURN-AD-1",
                            "boot_volume_id": "ocid1.bootvolume.oc1.iad.abuwcljtfzmejcxxgfqug4ynfmyzurvp2u3vgmmqlckxvhvf2cswv55fpqla",
                            "compartment_id": "ocid1.compartment.oc1..aaaaaaaaeu5ojynwt72i4ed2bjsgtggmkizvitfrkxwrkomirmk3qd3eyefq",
                            "create_vnic_details.#": "1",
                            "create_vnic_details.0.assign_public_ip": "false",
                            "create_vnic_details.0.defined_tags.%": "0",
                            "create_vnic_details.0.display_name": "psftprdtlsash11",
                            "create_vnic_details.0.freeform_tags.%": "0",
                            "create_vnic_details.0.hostname_label": "psftprdtlsash11",
                            "create_vnic_details.0.private_ip": "172.16.4.2",
                            "create_vnic_details.0.skip_source_dest_check": "false",
                            "create_vnic_details.0.subnet_id": "ocid1.subnet.oc1.iad.aaaaaaaaoogfypgmkdl5p2zrnyk3zipdkvptpmlqdzqei7bg536vd543uvva",
                            "defined_tags.%": "0",
                            "display_name": "psftprdtlsash11",
                            "fault_domain": "FAULT-DOMAIN-1",
                            "freeform_tags.%": "0",
                            "hostname_label": "psftprdtlsash11",
                            "id": "ocid1.instance.oc1.iad.abuwcljtmcj7ias4mileamwed27bbwvpjqvn4ddqaa6sgmfvy5m3cpcw33oa",
                            "image": "ocid1.image.oc1.iad.aaaaaaaa4ukqa5zrksyeliqk3kemr74zdigy7rh6cz5zbivgsp6je45jqvfq",
                            "launch_mode": "NATIVE",
                            "launch_options.#": "1",
                            "launch_options.0.boot_volume_type": "PARAVIRTUALIZED",
                            "launch_options.0.firmware": "UEFI_64",
                            "launch_options.0.network_type": "VFIO",
                            "launch_options.0.remote_data_volume_type": "PARAVIRTUALIZED",
                            "metadata.%": "2",
                            "metadata.ssh_authorized_keys": "ssh-rsa AAAAB3NzaC1yc2EAAAADAQABAAABAQCuHnzaWgWyjJMy5b/29DaoXaZmZie82ZNm1A9p6FAK8xBOF8gYj+dYVkCZ+bDoMOVz2NMM4vKD6O2ReQ0OjvxTeNNzB1jAMsneP4HeurMnMPAboiCZLNPOj78CkkMQMTZe1uyxPQRVWSmJJtJ3OMcV/EJamL8ojrESRIF9evdw85O7/W2LkncamvNKs2yCjEVa5xJO3q60fdMz9qfOPmxH3IjwZC0QStnlVtN9tsX8XmLsq8FME2r9MTqV3qtt6Zmx5e8AzNLFw2AEQMYHGPe4DbR1rNhGAJopY5Ln/bbVQ87hBAQSdfjOMWAdy9aRLokjiAHOzIdTEfv6VsCmu/Tj OCI",
                            "metadata.user_data": "I2Nsb3VkLWNvbmZpZw0KdGltZXpvbmU6ICJBbWVyaWNhL05ld19Zb3JrIg0KDQpwYWNrYWdlczoNCi0gbmZzLXV0aWxzDQotIG9yYWNsZS1yZGJtcy1zZXJ2ZXItMTJjUjEtcHJlaW5zdGFsbC54ODZfNjQNCi0gZ2xpYmMuaTY4Ng0KLSBsaWJzdGRjKysuaTY4Ng0KLSBmaXJlZm94Lng4Nl82NA0KLSBuYw0KLSBzYW1iYQ0KDQpydW5jbWQ6DQotIG1rZGlyIC1wIC9zdGFnZS9zb2Z0d2FyZS8NCi0gc3VkbyBtb3VudCAxNzIuMTYuMTYuMzovcHNmdHByZGZzc2FzaDEgL3N0YWdlL3NvZnR3YXJlLw0KLSBlY2hvICcxNzIuMTYuMTYuMzovcHNmdHByZGZzc2FzaDEgL3N0YWdlL3NvZnR3YXJlLyBuZnMgdGNwLHZlcnM9MycgfCBzdWRvIHRlZSAtYSAvZXRjL2ZzdGFiDQotIG1vdW50IC1hIC10IG5mcw==",
                            "private_ip": "172.16.4.2",
                            "public_ip": "",
                            "region": "iad",
                            "shape": "VM.Standard2.4",
                            "source_details.#": "1",
                            "source_details.0.boot_volume_size_in_gbs": "256",
                            "source_details.0.source_id": "ocid1.image.oc1.iad.aaaaaaaa4ukqa5zrksyeliqk3kemr74zdigy7rh6cz5zbivgsp6je45jqvfq",
                            "source_details.0.source_type": "image",
                            "state": "RUNNING",
                            "subnet_id": "ocid1.subnet.oc1.iad.aaaaaaaaoogfypgmkdl5p2zrnyk3zipdkvptpmlqdzqei7bg536vd543uvva",
                            "time_created": "2019-03-22 20:03:40.817 +0000 UTC"
                        },
                        "meta": {
                            "e2bfb730-ecaa-11e6-8f88-34363bc7c4c0": {
                                "create": 600000000000,
                                "delete": 7200000000000,
                                "update": 7200000000000
                            }
                        },
                        "tainted": false
                    },
                    "deposed": [],
                    "provider": "provider.oci"
                },
                "oci_core_instance.compute.1": {
                    "type": "oci_core_instance",
                    "depends_on": [],
                    "primary": {
                        "id": "ocid1.instance.oc1.iad.abuwcljrjbpd62xxksgzh5ka4i7d45lpgdoza5xtesdsxb6jmr7ueqmjadaq",
                        "attributes": {
                            "availability_domain": "WSQk:US-ASHBURN-AD-2",
                            "boot_volume_id": "ocid1.bootvolume.oc1.iad.abuwcljr6kbjnq2yc2vxi7uypdawc7seawdhvqbmbqvcgqg7g6v2vigd7gfq",
                            "compartment_id": "ocid1.compartment.oc1..aaaaaaaaeu5ojynwt72i4ed2bjsgtggmkizvitfrkxwrkomirmk3qd3eyefq",
                            "create_vnic_details.#": "1",
                            "create_vnic_details.0.assign_public_ip": "false",
                            "create_vnic_details.0.defined_tags.%": "0",
                            "create_vnic_details.0.display_name": "psftprdtlsash22",
                            "create_vnic_details.0.freeform_tags.%": "0",
                            "create_vnic_details.0.hostname_label": "psftprdtlsash22",
                            "create_vnic_details.0.private_ip": "172.16.5.3",
                            "create_vnic_details.0.skip_source_dest_check": "false",
                            "create_vnic_details.0.subnet_id": "ocid1.subnet.oc1.iad.aaaaaaaagfbnvouty7jkcwlzlxfwxjxhfyp3vmzfj6r2mo2dsjqggj5risiq",
                            "defined_tags.%": "0",
                            "display_name": "psftprdtlsash22",
                            "fault_domain": "FAULT-DOMAIN-1",
                            "freeform_tags.%": "0",
                            "hostname_label": "psftprdtlsash22",
                            "id": "ocid1.instance.oc1.iad.abuwcljrjbpd62xxksgzh5ka4i7d45lpgdoza5xtesdsxb6jmr7ueqmjadaq",
                            "image": "ocid1.image.oc1.iad.aaaaaaaa4ukqa5zrksyeliqk3kemr74zdigy7rh6cz5zbivgsp6je45jqvfq",
                            "launch_mode": "NATIVE",
                            "launch_options.#": "1",
                            "launch_options.0.boot_volume_type": "PARAVIRTUALIZED",
                            "launch_options.0.firmware": "UEFI_64",
                            "launch_options.0.network_type": "VFIO",
                            "launch_options.0.remote_data_volume_type": "PARAVIRTUALIZED",
                            "metadata.%": "2",
                            "metadata.ssh_authorized_keys": "ssh-rsa AAAAB3NzaC1yc2EAAAADAQABAAABAQCuHnzaWgWyjJMy5b/29DaoXaZmZie82ZNm1A9p6FAK8xBOF8gYj+dYVkCZ+bDoMOVz2NMM4vKD6O2ReQ0OjvxTeNNzB1jAMsneP4HeurMnMPAboiCZLNPOj78CkkMQMTZe1uyxPQRVWSmJJtJ3OMcV/EJamL8ojrESRIF9evdw85O7/W2LkncamvNKs2yCjEVa5xJO3q60fdMz9qfOPmxH3IjwZC0QStnlVtN9tsX8XmLsq8FME2r9MTqV3qtt6Zmx5e8AzNLFw2AEQMYHGPe4DbR1rNhGAJopY5Ln/bbVQ87hBAQSdfjOMWAdy9aRLokjiAHOzIdTEfv6VsCmu/Tj OCI",
                            "metadata.user_data": "I2Nsb3VkLWNvbmZpZw0KdGltZXpvbmU6ICJBbWVyaWNhL05ld19Zb3JrIg0KDQpwYWNrYWdlczoNCi0gbmZzLXV0aWxzDQotIG9yYWNsZS1yZGJtcy1zZXJ2ZXItMTJjUjEtcHJlaW5zdGFsbC54ODZfNjQNCi0gZ2xpYmMuaTY4Ng0KLSBsaWJzdGRjKysuaTY4Ng0KLSBmaXJlZm94Lng4Nl82NA0KLSBuYw0KLSBzYW1iYQ0KDQpydW5jbWQ6DQotIG1rZGlyIC1wIC9zdGFnZS9zb2Z0d2FyZS8NCi0gc3VkbyBtb3VudCAxNzIuMTYuMTYuMzovcHNmdHByZGZzc2FzaDEgL3N0YWdlL3NvZnR3YXJlLw0KLSBlY2hvICcxNzIuMTYuMTYuMzovcHNmdHByZGZzc2FzaDEgL3N0YWdlL3NvZnR3YXJlLyBuZnMgdGNwLHZlcnM9MycgfCBzdWRvIHRlZSAtYSAvZXRjL2ZzdGFiDQotIG1vdW50IC1hIC10IG5mcw==",
                            "private_ip": "172.16.5.3",
                            "public_ip": "",
                            "region": "iad",
                            "shape": "VM.Standard2.4",
                            "source_details.#": "1",
                            "source_details.0.boot_volume_size_in_gbs": "256",
                            "source_details.0.source_id": "ocid1.image.oc1.iad.aaaaaaaa4ukqa5zrksyeliqk3kemr74zdigy7rh6cz5zbivgsp6je45jqvfq",
                            "source_details.0.source_type": "image",
                            "state": "RUNNING",
                            "subnet_id": "ocid1.subnet.oc1.iad.aaaaaaaagfbnvouty7jkcwlzlxfwxjxhfyp3vmzfj6r2mo2dsjqggj5risiq",
                            "time_created": "2019-03-22 20:05:06.8 +0000 UTC"
                        },
                        "meta": {
                            "e2bfb730-ecaa-11e6-8f88-34363bc7c4c0": {
                                "create": 600000000000,
                                "delete": 7200000000000,
                                "update": 7200000000000
                            }
                        },
                        "tainted": false
                    },
                    "deposed": [],
                    "provider": "provider.oci"
                },
                "random_integer.rand": {
                    "type": "random_integer",
                    "depends_on": [],
                    "primary": {
                        "id": "1650461816",
                        "attributes": {
                            "id": "1650461816",
                            "max": "9999999999",
                            "min": "1000000000",
                            "result": "1650461816"
                        },
                        "meta": {},
                        "tainted": false
                    },
                    "deposed": [],
                    "provider": "provider.random"
                }
            },
            "depends_on": []
        },
        {
            "path": [
                "root",
                "create_vcn"
            ],
            "outputs": {
                "default_dhcp_id": {
                    "sensitive": false,
                    "type": "string",
                    "value": "ocid1.dhcpoptions.oc1.iad.aaaaaaaazpmwyin3lha2vggvkvhrmaax6dkf6jwfmuwym2nb4su33ekpntra"
                },
                "igw_id": {
                    "sensitive": false,
                    "type": "string",
                    "value": "ocid1.internetgateway.oc1.iad.aaaaaaaa2d2b5h3gtd2xbs7mibyuicvjbwc5cquhhcknd4keipkxlubi5kma"
                },
                "natgtw_id": {
                    "sensitive": false,
                    "type": "string",
                    "value": "ocid1.natgateway.oc1.iad.aaaaaaaaeezjmihe4gxfhpascfjrgbtuw5fh6usqsw5arouzyffdlqxw25ua"
                },
                "svcgtw_id": {
                    "sensitive": false,
                    "type": "string",
                    "value": "ocid1.servicegateway.oc1.iad.aaaaaaaaqktuxblkndbupf2agam6fu4laotimp6m34g2hvhcas3fn55mljea"
                },
                "vcnid": {
                    "sensitive": false,
                    "type": "string",
                    "value": "ocid1.vcn.oc1.iad.aaaaaaaawutlw4w6naaycjlftxfge5sdwiaqmumjejxttcebbdigr35kymrq"
                }
            },
            "resources": {
                "data.oci_core_services.svcgtw_services": {
                    "type": "oci_core_services",
                    "depends_on": [],
                    "primary": {
                        "id": "2019-03-22 20:21:39.280843658 +0000 UTC",
                        "attributes": {
                            "filter.#": "1",
                            "filter.2841581091.name": "name",
                            "filter.2841581091.regex": "true",
                            "filter.2841581091.values.#": "1",
                            "filter.2841581091.values.0": ".*Object.*Storage",
                            "id": "2019-03-22 20:21:39.280843658 +0000 UTC",
                            "services.#": "1",
                            "services.0.cidr_block": "oci-iad-objectstorage",
                            "services.0.description": "OCI IAD Object Storage",
                            "services.0.id": "ocid1.service.oc1.iad.aaaaaaaa74z6sqsezqf6znyomdp5jkvfwb4j2ol33abgosvnhxcqphyl3eaq",
                            "services.0.name": "OCI IAD Object Storage"
                        },
                        "meta": {},
                        "tainted": false
                    },
                    "deposed": [],
                    "provider": "provider.oci"
                },
                "oci_core_drg.drg": {
                    "type": "oci_core_drg",
                    "depends_on": [],
                    "primary": {
                        "id": "ocid1.drg.oc1.iad.aaaaaaaaqmh4tagdfslowwozjbkiejdjksnbbqovxparesbhwknxoqca637a",
                        "attributes": {
                            "compartment_id": "ocid1.compartment.oc1..aaaaaaaaeu5ojynwt72i4ed2bjsgtggmkizvitfrkxwrkomirmk3qd3eyefq",
                            "defined_tags.%": "0",
                            "display_name": "psftvcndrg",
                            "freeform_tags.%": "0",
                            "id": "ocid1.drg.oc1.iad.aaaaaaaaqmh4tagdfslowwozjbkiejdjksnbbqovxparesbhwknxoqca637a",
                            "state": "AVAILABLE",
                            "time_created": "2019-03-22 18:03:26.18 +0000 UTC"
                        },
                        "meta": {
                            "e2bfb730-ecaa-11e6-8f88-34363bc7c4c0": {
                                "create": 900000000000,
                                "delete": 900000000000,
                                "update": 900000000000
                            }
                        },
                        "tainted": false
                    },
                    "deposed": [],
                    "provider": "provider.oci"
                },
                "oci_core_drg_attachment.drg_attachment": {
                    "type": "oci_core_drg_attachment",
                    "depends_on": [
                        "oci_core_drg.drg",
                        "oci_core_virtual_network.vcn"
                    ],
                    "primary": {
                        "id": "ocid1.drgattachment.oc1.iad.aaaaaaaaw3gwijqs67pyw7kjtwlxap2qs32qzo4t47y5hargnghc4egh7ocq",
                        "attributes": {
                            "compartment_id": "ocid1.compartment.oc1..aaaaaaaaeu5ojynwt72i4ed2bjsgtggmkizvitfrkxwrkomirmk3qd3eyefq",
                            "display_name": "psftvcndrgattch",
                            "drg_id": "ocid1.drg.oc1.iad.aaaaaaaaqmh4tagdfslowwozjbkiejdjksnbbqovxparesbhwknxoqca637a",
                            "id": "ocid1.drgattachment.oc1.iad.aaaaaaaaw3gwijqs67pyw7kjtwlxap2qs32qzo4t47y5hargnghc4egh7ocq",
                            "state": "ATTACHED",
                            "time_created": "2019-03-22 18:03:35.48 +0000 UTC",
                            "vcn_id": "ocid1.vcn.oc1.iad.aaaaaaaawutlw4w6naaycjlftxfge5sdwiaqmumjejxttcebbdigr35kymrq"
                        },
                        "meta": {
                            "e2bfb730-ecaa-11e6-8f88-34363bc7c4c0": {
                                "create": 900000000000,
                                "delete": 900000000000,
                                "update": 900000000000
                            }
                        },
                        "tainted": false
                    },
                    "deposed": [],
                    "provider": "provider.oci"
                },
                "oci_core_internet_gateway.igw": {
                    "type": "oci_core_internet_gateway",
                    "depends_on": [
                        "oci_core_virtual_network.vcn"
                    ],
                    "primary": {
                        "id": "ocid1.internetgateway.oc1.iad.aaaaaaaa2d2b5h3gtd2xbs7mibyuicvjbwc5cquhhcknd4keipkxlubi5kma",
                        "attributes": {
                            "compartment_id": "ocid1.compartment.oc1..aaaaaaaaeu5ojynwt72i4ed2bjsgtggmkizvitfrkxwrkomirmk3qd3eyefq",
                            "defined_tags.%": "0",
                            "display_name": "psftvcnigw",
                            "enabled": "true",
                            "freeform_tags.%": "0",
                            "id": "ocid1.internetgateway.oc1.iad.aaaaaaaa2d2b5h3gtd2xbs7mibyuicvjbwc5cquhhcknd4keipkxlubi5kma",
                            "state": "AVAILABLE",
                            "time_created": "2019-03-22 18:03:27.008 +0000 UTC",
                            "vcn_id": "ocid1.vcn.oc1.iad.aaaaaaaawutlw4w6naaycjlftxfge5sdwiaqmumjejxttcebbdigr35kymrq"
                        },
                        "meta": {
                            "e2bfb730-ecaa-11e6-8f88-34363bc7c4c0": {
                                "create": 900000000000,
                                "delete": 900000000000,
                                "update": 900000000000
                            }
                        },
                        "tainted": false
                    },
                    "deposed": [],
                    "provider": "provider.oci"
                },
                "oci_core_nat_gateway.natgtw": {
                    "type": "oci_core_nat_gateway",
                    "depends_on": [
                        "oci_core_virtual_network.vcn"
                    ],
                    "primary": {
                        "id": "ocid1.natgateway.oc1.iad.aaaaaaaaeezjmihe4gxfhpascfjrgbtuw5fh6usqsw5arouzyffdlqxw25ua",
                        "attributes": {
                            "block_traffic": "false",
                            "compartment_id": "ocid1.compartment.oc1..aaaaaaaaeu5ojynwt72i4ed2bjsgtggmkizvitfrkxwrkomirmk3qd3eyefq",
                            "defined_tags.%": "0",
                            "display_name": "psftvcnnatgtw",
                            "freeform_tags.%": "0",
                            "id": "ocid1.natgateway.oc1.iad.aaaaaaaaeezjmihe4gxfhpascfjrgbtuw5fh6usqsw5arouzyffdlqxw25ua",
                            "nat_ip": "129.213.173.186",
                            "state": "AVAILABLE",
                            "time_created": "2019-03-22 18:03:27.168 +0000 UTC",
                            "vcn_id": "ocid1.vcn.oc1.iad.aaaaaaaawutlw4w6naaycjlftxfge5sdwiaqmumjejxttcebbdigr35kymrq"
                        },
                        "meta": {
                            "e2bfb730-ecaa-11e6-8f88-34363bc7c4c0": {
                                "create": 900000000000,
                                "delete": 900000000000,
                                "update": 900000000000
                            }
                        },
                        "tainted": false
                    },
                    "deposed": [],
                    "provider": "provider.oci"
                },
                "oci_core_service_gateway.svcgtw": {
                    "type": "oci_core_service_gateway",
                    "depends_on": [
                        "data.oci_core_services.svcgtw_services",
                        "oci_core_virtual_network.vcn"
                    ],
                    "primary": {
                        "id": "ocid1.servicegateway.oc1.iad.aaaaaaaaqktuxblkndbupf2agam6fu4laotimp6m34g2hvhcas3fn55mljea",
                        "attributes": {
                            "block_traffic": "false",
                            "compartment_id": "ocid1.compartment.oc1..aaaaaaaaeu5ojynwt72i4ed2bjsgtggmkizvitfrkxwrkomirmk3qd3eyefq",
                            "defined_tags.%": "0",
                            "display_name": "psftvcnsvcgtw",
                            "freeform_tags.%": "0",
                            "id": "ocid1.servicegateway.oc1.iad.aaaaaaaaqktuxblkndbupf2agam6fu4laotimp6m34g2hvhcas3fn55mljea",
                            "services.#": "1",
                            "services.2114898299.service_id": "ocid1.service.oc1.iad.aaaaaaaa74z6sqsezqf6znyomdp5jkvfwb4j2ol33abgosvnhxcqphyl3eaq",
                            "services.2114898299.service_name": "OCI IAD Object Storage",
                            "state": "AVAILABLE",
                            "time_created": "2019-03-22 18:03:27.105 +0000 UTC",
                            "vcn_id": "ocid1.vcn.oc1.iad.aaaaaaaawutlw4w6naaycjlftxfge5sdwiaqmumjejxttcebbdigr35kymrq"
                        },
                        "meta": {
                            "e2bfb730-ecaa-11e6-8f88-34363bc7c4c0": {
                                "create": 900000000000,
                                "delete": 900000000000,
                                "update": 900000000000
                            }
                        },
                        "tainted": false
                    },
                    "deposed": [],
                    "provider": "provider.oci"
                },
                "oci_core_virtual_network.vcn": {
                    "type": "oci_core_virtual_network",
                    "depends_on": [],
                    "primary": {
                        "id": "ocid1.vcn.oc1.iad.aaaaaaaawutlw4w6naaycjlftxfge5sdwiaqmumjejxttcebbdigr35kymrq",
                        "attributes": {
                            "cidr_block": "172.16.0.0/16",
                            "compartment_id": "ocid1.compartment.oc1..aaaaaaaaeu5ojynwt72i4ed2bjsgtggmkizvitfrkxwrkomirmk3qd3eyefq",
                            "default_dhcp_options_id": "ocid1.dhcpoptions.oc1.iad.aaaaaaaazpmwyin3lha2vggvkvhrmaax6dkf6jwfmuwym2nb4su33ekpntra",
                            "default_route_table_id": "ocid1.routetable.oc1.iad.aaaaaaaa2oxw6qkswxpneaofja7fxhlnjdr43jtcmqq5yk7mezn37xor6z3q",
                            "default_security_list_id": "ocid1.securitylist.oc1.iad.aaaaaaaajfaialvg4ijxsgc5ivkqjtu2wont32pzvmgymsmebl7ebqowikda",
                            "defined_tags.%": "0",
                            "display_name": "psftvcn",
                            "dns_label": "psftvcn",
                            "freeform_tags.%": "0",
                            "id": "ocid1.vcn.oc1.iad.aaaaaaaawutlw4w6naaycjlftxfge5sdwiaqmumjejxttcebbdigr35kymrq",
                            "state": "AVAILABLE",
                            "time_created": "2019-03-22 18:03:02.459 +0000 UTC",
                            "vcn_domain_name": "psftvcn.oraclevcn.com"
                        },
                        "meta": {
                            "e2bfb730-ecaa-11e6-8f88-34363bc7c4c0": {
                                "create": 900000000000,
                                "delete": 900000000000,
                                "update": 900000000000
                            }
                        },
                        "tainted": false
                    },
                    "deposed": [],
                    "provider": "provider.oci"
                }
            },
            "depends_on": []
        },
        {
            "path": [
                "root",
                "create_web"
            ],
            "outputs": {
                "ComputePrivateIPs": {
                    "sensitive": false,
                    "type": "list",
                    "value": [
                        "172.16.20.2",
                        "172.16.21.3"
                    ]
                },
                "ComputeWinHostNames": {
                    "sensitive": false,
                    "type": "list",
                    "value": [
                        "psftprdwebash11",
                        "psftprdwebash22"
                    ]
                },
                "ComputeWincreds": {
                    "sensitive": false,
                    "type": "list",
                    "value": []
                },
                "ComputeWinusers": {
                    "sensitive": false,
                    "type": "list",
                    "value": []
                }
            },
            "resources": {
                "oci_core_instance.compute.0": {
                    "type": "oci_core_instance",
                    "depends_on": [],
                    "primary": {
                        "id": "ocid1.instance.oc1.iad.abuwcljtpnx5cuat6oraght34b6kz3n2pad3mlu4vbwph7qq3iwwnpjqfweq",
                        "attributes": {
                            "availability_domain": "WSQk:US-ASHBURN-AD-1",
                            "boot_volume_id": "ocid1.bootvolume.oc1.iad.abuwcljtybu3ghv4j3rsgajouq6cxgjbbipfa6hccwb6klkcq7cv63i2m3yq",
                            "compartment_id": "ocid1.compartment.oc1..aaaaaaaaeu5ojynwt72i4ed2bjsgtggmkizvitfrkxwrkomirmk3qd3eyefq",
                            "create_vnic_details.#": "1",
                            "create_vnic_details.0.assign_public_ip": "false",
                            "create_vnic_details.0.defined_tags.%": "0",
                            "create_vnic_details.0.display_name": "psftprdwebash11",
                            "create_vnic_details.0.freeform_tags.%": "0",
                            "create_vnic_details.0.hostname_label": "psftprdwebash11",
                            "create_vnic_details.0.private_ip": "172.16.20.2",
                            "create_vnic_details.0.skip_source_dest_check": "false",
                            "create_vnic_details.0.subnet_id": "ocid1.subnet.oc1.iad.aaaaaaaa4laavuiq4qoy3t6oxww44oa4g5s5wb6qxypyij3v4ifp2mamwtrq",
                            "defined_tags.%": "0",
                            "display_name": "psftprdwebash11",
                            "fault_domain": "FAULT-DOMAIN-1",
                            "freeform_tags.%": "0",
                            "hostname_label": "psftprdwebash11",
                            "id": "ocid1.instance.oc1.iad.abuwcljtpnx5cuat6oraght34b6kz3n2pad3mlu4vbwph7qq3iwwnpjqfweq",
                            "image": "ocid1.image.oc1.iad.aaaaaaaaur6pzb6sguyw3yopts3otk7sndq2uxezibb24x4lk4n57wgves7q",
                            "launch_mode": "NATIVE",
                            "launch_options.#": "1",
                            "launch_options.0.boot_volume_type": "PARAVIRTUALIZED",
                            "launch_options.0.firmware": "UEFI_64",
                            "launch_options.0.network_type": "VFIO",
                            "launch_options.0.remote_data_volume_type": "PARAVIRTUALIZED",
                            "metadata.%": "2",
                            "metadata.ssh_authorized_keys": "ssh-rsa AAAAB3NzaC1yc2EAAAADAQABAAABAQCuHnzaWgWyjJMy5b/29DaoXaZmZie82ZNm1A9p6FAK8xBOF8gYj+dYVkCZ+bDoMOVz2NMM4vKD6O2ReQ0OjvxTeNNzB1jAMsneP4HeurMnMPAboiCZLNPOj78CkkMQMTZe1uyxPQRVWSmJJtJ3OMcV/EJamL8ojrESRIF9evdw85O7/W2LkncamvNKs2yCjEVa5xJO3q60fdMz9qfOPmxH3IjwZC0QStnlVtN9tsX8XmLsq8FME2r9MTqV3qtt6Zmx5e8AzNLFw2AEQMYHGPe4DbR1rNhGAJopY5Ln/bbVQ87hBAQSdfjOMWAdy9aRLokjiAHOzIdTEfv6VsCmu/Tj OCI",
                            "metadata.user_data": "I2Nsb3VkLWNvbmZpZw0KdGltZXpvbmU6ICJBbWVyaWNhL05ld19Zb3JrIg0KDQpwYWNrYWdlczoNCi0gbmZzLXV0aWxzDQotIG9yYWNsZS1yZGJtcy1zZXJ2ZXItMTJjUjEtcHJlaW5zdGFsbC54ODZfNjQNCi0gZ2xpYmMuaTY4Ng0KLSBsaWJzdGRjKysuaTY4Ng0KLSBmaXJlZm94Lng4Nl82NA0KLSBuYw0KLSBzYW1iYQ0KDQpydW5jbWQ6DQotIG1rZGlyIC1wIC9zdGFnZS9zb2Z0d2FyZS8NCi0gc3VkbyBtb3VudCAxNzIuMTYuMTYuMzovcHNmdHByZGZzc2FzaDEgL3N0YWdlL3NvZnR3YXJlLw0KLSBlY2hvICcxNzIuMTYuMTYuMzovcHNmdHByZGZzc2FzaDEgL3N0YWdlL3NvZnR3YXJlLyBuZnMgdGNwLHZlcnM9MycgfCBzdWRvIHRlZSAtYSAvZXRjL2ZzdGFiDQotIG1vdW50IC1hIC10IG5mcw==",
                            "private_ip": "172.16.20.2",
                            "public_ip": "",
                            "region": "iad",
                            "shape": "VM.Standard2.4",
                            "source_details.#": "1",
                            "source_details.0.boot_volume_size_in_gbs": "100",
                            "source_details.0.source_id": "ocid1.image.oc1.iad.aaaaaaaaur6pzb6sguyw3yopts3otk7sndq2uxezibb24x4lk4n57wgves7q",
                            "source_details.0.source_type": "image",
                            "state": "RUNNING",
                            "subnet_id": "ocid1.subnet.oc1.iad.aaaaaaaa4laavuiq4qoy3t6oxww44oa4g5s5wb6qxypyij3v4ifp2mamwtrq",
                            "time_created": "2019-03-22 20:13:36.851 +0000 UTC"
                        },
                        "meta": {
                            "e2bfb730-ecaa-11e6-8f88-34363bc7c4c0": {
                                "create": 600000000000,
                                "delete": 7200000000000,
                                "update": 7200000000000
                            }
                        },
                        "tainted": false
                    },
                    "deposed": [],
                    "provider": "provider.oci"
                },
                "oci_core_instance.compute.1": {
                    "type": "oci_core_instance",
                    "depends_on": [],
                    "primary": {
                        "id": "ocid1.instance.oc1.iad.abuwcljrlaaipahpzf4iuwgfupxbiroc6joaysfe7pee3zhrbbxne3echrka",
                        "attributes": {
                            "availability_domain": "WSQk:US-ASHBURN-AD-2",
                            "boot_volume_id": "ocid1.bootvolume.oc1.iad.abuwcljrh3bgjp5lim2h3rk4gcdiqld2oan7l6zc7fnlklbmocdvsype2e4a",
                            "compartment_id": "ocid1.compartment.oc1..aaaaaaaaeu5ojynwt72i4ed2bjsgtggmkizvitfrkxwrkomirmk3qd3eyefq",
                            "create_vnic_details.#": "1",
                            "create_vnic_details.0.assign_public_ip": "false",
                            "create_vnic_details.0.defined_tags.%": "0",
                            "create_vnic_details.0.display_name": "psftprdwebash22",
                            "create_vnic_details.0.freeform_tags.%": "0",
                            "create_vnic_details.0.hostname_label": "psftprdwebash22",
                            "create_vnic_details.0.private_ip": "172.16.21.3",
                            "create_vnic_details.0.skip_source_dest_check": "false",
                            "create_vnic_details.0.subnet_id": "ocid1.subnet.oc1.iad.aaaaaaaatrs43j2o7t2oot3iobprehm6kdhtzlldakvq7cx7qrgfwac2h3hq",
                            "defined_tags.%": "0",
                            "display_name": "psftprdwebash22",
                            "fault_domain": "FAULT-DOMAIN-1",
                            "freeform_tags.%": "0",
                            "hostname_label": "psftprdwebash22",
                            "id": "ocid1.instance.oc1.iad.abuwcljrlaaipahpzf4iuwgfupxbiroc6joaysfe7pee3zhrbbxne3echrka",
                            "image": "ocid1.image.oc1.iad.aaaaaaaaur6pzb6sguyw3yopts3otk7sndq2uxezibb24x4lk4n57wgves7q",
                            "launch_mode": "NATIVE",
                            "launch_options.#": "1",
                            "launch_options.0.boot_volume_type": "PARAVIRTUALIZED",
                            "launch_options.0.firmware": "UEFI_64",
                            "launch_options.0.network_type": "VFIO",
                            "launch_options.0.remote_data_volume_type": "PARAVIRTUALIZED",
                            "metadata.%": "2",
                            "metadata.ssh_authorized_keys": "ssh-rsa AAAAB3NzaC1yc2EAAAADAQABAAABAQCuHnzaWgWyjJMy5b/29DaoXaZmZie82ZNm1A9p6FAK8xBOF8gYj+dYVkCZ+bDoMOVz2NMM4vKD6O2ReQ0OjvxTeNNzB1jAMsneP4HeurMnMPAboiCZLNPOj78CkkMQMTZe1uyxPQRVWSmJJtJ3OMcV/EJamL8ojrESRIF9evdw85O7/W2LkncamvNKs2yCjEVa5xJO3q60fdMz9qfOPmxH3IjwZC0QStnlVtN9tsX8XmLsq8FME2r9MTqV3qtt6Zmx5e8AzNLFw2AEQMYHGPe4DbR1rNhGAJopY5Ln/bbVQ87hBAQSdfjOMWAdy9aRLokjiAHOzIdTEfv6VsCmu/Tj OCI",
                            "metadata.user_data": "I2Nsb3VkLWNvbmZpZw0KdGltZXpvbmU6ICJBbWVyaWNhL05ld19Zb3JrIg0KDQpwYWNrYWdlczoNCi0gbmZzLXV0aWxzDQotIG9yYWNsZS1yZGJtcy1zZXJ2ZXItMTJjUjEtcHJlaW5zdGFsbC54ODZfNjQNCi0gZ2xpYmMuaTY4Ng0KLSBsaWJzdGRjKysuaTY4Ng0KLSBmaXJlZm94Lng4Nl82NA0KLSBuYw0KLSBzYW1iYQ0KDQpydW5jbWQ6DQotIG1rZGlyIC1wIC9zdGFnZS9zb2Z0d2FyZS8NCi0gc3VkbyBtb3VudCAxNzIuMTYuMTYuMzovcHNmdHByZGZzc2FzaDEgL3N0YWdlL3NvZnR3YXJlLw0KLSBlY2hvICcxNzIuMTYuMTYuMzovcHNmdHByZGZzc2FzaDEgL3N0YWdlL3NvZnR3YXJlLyBuZnMgdGNwLHZlcnM9MycgfCBzdWRvIHRlZSAtYSAvZXRjL2ZzdGFiDQotIG1vdW50IC1hIC10IG5mcw==",
                            "private_ip": "172.16.21.3",
                            "public_ip": "",
                            "region": "iad",
                            "shape": "VM.Standard2.4",
                            "source_details.#": "1",
                            "source_details.0.boot_volume_size_in_gbs": "100",
                            "source_details.0.source_id": "ocid1.image.oc1.iad.aaaaaaaaur6pzb6sguyw3yopts3otk7sndq2uxezibb24x4lk4n57wgves7q",
                            "source_details.0.source_type": "image",
                            "state": "RUNNING",
                            "subnet_id": "ocid1.subnet.oc1.iad.aaaaaaaatrs43j2o7t2oot3iobprehm6kdhtzlldakvq7cx7qrgfwac2h3hq",
                            "time_created": "2019-03-22 20:15:22.758 +0000 UTC"
                        },
                        "meta": {
                            "e2bfb730-ecaa-11e6-8f88-34363bc7c4c0": {
                                "create": 600000000000,
                                "delete": 7200000000000,
                                "update": 7200000000000
                            }
                        },
                        "tainted": false
                    },
                    "deposed": [],
                    "provider": "provider.oci"
                },
                "oci_core_volume.blockvolume.0": {
                    "type": "oci_core_volume",
                    "depends_on": [],
                    "primary": {
                        "id": "ocid1.volume.oc1.iad.abuwcljtgxlxpdenxapbdprzq7gx2bpifbfi2cuzjx2rwmb2uhoyussolulq",
                        "attributes": {
                            "availability_domain": "WSQk:US-ASHBURN-AD-1",
                            "compartment_id": "ocid1.compartment.oc1..aaaaaaaaeu5ojynwt72i4ed2bjsgtggmkizvitfrkxwrkomirmk3qd3eyefq",
                            "defined_tags.%": "0",
                            "display_name": "psftprdwebashvol1",
                            "freeform_tags.%": "0",
                            "id": "ocid1.volume.oc1.iad.abuwcljtgxlxpdenxapbdprzq7gx2bpifbfi2cuzjx2rwmb2uhoyussolulq",
                            "is_hydrated": "true",
                            "size_in_gbs": "100",
                            "size_in_mbs": "102400",
                            "source_details.#": "0",
                            "state": "AVAILABLE",
                            "time_created": "2019-03-22 18:03:02.455 +0000 UTC"
                        },
                        "meta": {
                            "e2bfb730-ecaa-11e6-8f88-34363bc7c4c0": {
                                "create": 900000000000,
                                "delete": 900000000000,
                                "update": 900000000000
                            }
                        },
                        "tainted": false
                    },
                    "deposed": [],
                    "provider": "provider.oci"
                },
                "oci_core_volume.blockvolume.1": {
                    "type": "oci_core_volume",
                    "depends_on": [],
                    "primary": {
                        "id": "ocid1.volume.oc1.iad.abuwcljrwe7jmvnvv6zpqj5xraolz3g7wyy23nhuadikp7fjr7mhmalw2kpq",
                        "attributes": {
                            "availability_domain": "WSQk:US-ASHBURN-AD-2",
                            "compartment_id": "ocid1.compartment.oc1..aaaaaaaaeu5ojynwt72i4ed2bjsgtggmkizvitfrkxwrkomirmk3qd3eyefq",
                            "defined_tags.%": "0",
                            "display_name": "psftprdwebashvol2",
                            "freeform_tags.%": "0",
                            "id": "ocid1.volume.oc1.iad.abuwcljrwe7jmvnvv6zpqj5xraolz3g7wyy23nhuadikp7fjr7mhmalw2kpq",
                            "is_hydrated": "true",
                            "size_in_gbs": "100",
                            "size_in_mbs": "102400",
                            "source_details.#": "0",
                            "state": "AVAILABLE",
                            "time_created": "2019-03-22 18:03:02.648 +0000 UTC"
                        },
                        "meta": {
                            "e2bfb730-ecaa-11e6-8f88-34363bc7c4c0": {
                                "create": 900000000000,
                                "delete": 900000000000,
                                "update": 900000000000
                            }
                        },
                        "tainted": false
                    },
                    "deposed": [],
                    "provider": "provider.oci"
                },
                "oci_core_volume_attachment.blockvolume_attach.0": {
                    "type": "oci_core_volume_attachment",
                    "depends_on": [
                        "oci_core_instance.compute.*",
                        "oci_core_volume.blockvolume.*"
                    ],
                    "primary": {
                        "id": "ocid1.volumeattachment.oc1.iad.abuwcljt3uvvrifvd63qjaz7ouhr5uhhgjuikolpnlmaszrz426cvm53vwsq",
                        "attributes": {
                            "attachment_type": "iscsi",
                            "availability_domain": "WSQk:US-ASHBURN-AD-1",
                            "compartment_id": "ocid1.compartment.oc1..aaaaaaaaeu5ojynwt72i4ed2bjsgtggmkizvitfrkxwrkomirmk3qd3eyefq",
                            "display_name": "volumeattachment20190322202545",
                            "id": "ocid1.volumeattachment.oc1.iad.abuwcljt3uvvrifvd63qjaz7ouhr5uhhgjuikolpnlmaszrz426cvm53vwsq",
                            "instance_id": "ocid1.instance.oc1.iad.abuwcljtpnx5cuat6oraght34b6kz3n2pad3mlu4vbwph7qq3iwwnpjqfweq",
                            "ipv4": "169.254.2.2",
                            "iqn": "iqn.2015-12.com.oracleiaas:f3913682-f943-4556-9970-1aab45c3b4ee",
                            "is_read_only": "false",
                            "port": "3260",
                            "state": "ATTACHED",
                            "time_created": "2019-03-22 20:25:45.934 +0000 UTC",
                            "volume_id": "ocid1.volume.oc1.iad.abuwcljtgxlxpdenxapbdprzq7gx2bpifbfi2cuzjx2rwmb2uhoyussolulq"
                        },
                        "meta": {
                            "e2bfb730-ecaa-11e6-8f88-34363bc7c4c0": {
                                "create": 900000000000,
                                "delete": 900000000000,
                                "update": 900000000000
                            }
                        },
                        "tainted": false
                    },
                    "deposed": [],
                    "provider": "provider.oci"
                },
                "oci_core_volume_attachment.blockvolume_attach.1": {
                    "type": "oci_core_volume_attachment",
                    "depends_on": [
                        "oci_core_instance.compute.*",
                        "oci_core_volume.blockvolume.*"
                    ],
                    "primary": {
                        "id": "ocid1.volumeattachment.oc1.iad.abuwcljrxv2uqvtr3gxwhhqu2yrix26svycx33olb6b2osp5ip4vdqp6iaia",
                        "attributes": {
                            "attachment_type": "iscsi",
                            "availability_domain": "WSQk:US-ASHBURN-AD-2",
                            "compartment_id": "ocid1.compartment.oc1..aaaaaaaaeu5ojynwt72i4ed2bjsgtggmkizvitfrkxwrkomirmk3qd3eyefq",
                            "display_name": "volumeattachment20190322202545",
                            "id": "ocid1.volumeattachment.oc1.iad.abuwcljrxv2uqvtr3gxwhhqu2yrix26svycx33olb6b2osp5ip4vdqp6iaia",
                            "instance_id": "ocid1.instance.oc1.iad.abuwcljrlaaipahpzf4iuwgfupxbiroc6joaysfe7pee3zhrbbxne3echrka",
                            "ipv4": "169.254.2.2",
                            "iqn": "iqn.2015-12.com.oracleiaas:f89557a1-0f0c-459e-b663-b470b4d1cbf4",
                            "is_read_only": "false",
                            "port": "3260",
                            "state": "ATTACHED",
                            "time_created": "2019-03-22 20:25:45.898 +0000 UTC",
                            "volume_id": "ocid1.volume.oc1.iad.abuwcljrwe7jmvnvv6zpqj5xraolz3g7wyy23nhuadikp7fjr7mhmalw2kpq"
                        },
                        "meta": {
                            "e2bfb730-ecaa-11e6-8f88-34363bc7c4c0": {
                                "create": 900000000000,
                                "delete": 900000000000,
                                "update": 900000000000
                            }
                        },
                        "tainted": false
                    },
                    "deposed": [],
                    "provider": "provider.oci"
                },
                "random_integer.rand": {
                    "type": "random_integer",
                    "depends_on": [],
                    "primary": {
                        "id": "5649512631",
                        "attributes": {
                            "id": "5649512631",
                            "max": "9999999999",
                            "min": "1000000000",
                            "result": "5649512631"
                        },
                        "meta": {},
                        "tainted": false
                    },
                    "deposed": [],
                    "provider": "provider.random"
                }
            },
            "depends_on": []
        },
        {
            "path": [
                "root",
                "db_subnet"
            ],
            "outputs": {
                "cidr_block": {
                    "sensitive": false,
                    "type": "list",
                    "value": [
                        "172.16.0.0/24",
                        "172.16.1.0/24"
                    ]
                },
                "subnetid": {
                    "sensitive": false,
                    "type": "list",
                    "value": [
                        "ocid1.subnet.oc1.iad.aaaaaaaa3yptjs2r2odsrfd3urfpkpgsvpv2dvrglp3chyvdiig2enqbdkyq",
                        "ocid1.subnet.oc1.iad.aaaaaaaav4yfdroopyo4wy75vowglghc4zauk4il2pkw3kkwmgnsayr65tkq"
                    ]
                }
            },
            "resources": {
                "oci_core_subnet.subnet.0": {
                    "type": "oci_core_subnet",
                    "depends_on": [],
                    "primary": {
                        "id": "ocid1.subnet.oc1.iad.aaaaaaaa3yptjs2r2odsrfd3urfpkpgsvpv2dvrglp3chyvdiig2enqbdkyq",
                        "attributes": {
                            "availability_domain": "WSQk:US-ASHBURN-AD-1",
                            "cidr_block": "172.16.0.0/24",
                            "compartment_id": "ocid1.compartment.oc1..aaaaaaaaeu5ojynwt72i4ed2bjsgtggmkizvitfrkxwrkomirmk3qd3eyefq",
                            "defined_tags.%": "0",
                            "dhcp_options_id": "ocid1.dhcpoptions.oc1.iad.aaaaaaaazpmwyin3lha2vggvkvhrmaax6dkf6jwfmuwym2nb4su33ekpntra",
                            "display_name": "dbsubad1",
                            "dns_label": "dbsubad1",
                            "freeform_tags.%": "0",
                            "id": "ocid1.subnet.oc1.iad.aaaaaaaa3yptjs2r2odsrfd3urfpkpgsvpv2dvrglp3chyvdiig2enqbdkyq",
                            "prohibit_public_ip_on_vnic": "true",
                            "route_table_id": "ocid1.routetable.oc1.iad.aaaaaaaaf7wncws7rlaf6kzdueg3jgdji6gp34jgnerp5dtrta4su5tyy4yq",
                            "security_list_ids.#": "1",
                            "security_list_ids.824919757": "ocid1.securitylist.oc1.iad.aaaaaaaaqm6xz4eko3kpiqzk2mqf45zehdmod62b3ehkttr4igvacvzmm24a",
                            "state": "AVAILABLE",
                            "subnet_domain_name": "dbsubad1.psftvcn.oraclevcn.com",
                            "time_created": "2019-03-22 18:03:34.297 +0000 UTC",
                            "vcn_id": "ocid1.vcn.oc1.iad.aaaaaaaawutlw4w6naaycjlftxfge5sdwiaqmumjejxttcebbdigr35kymrq",
                            "virtual_router_ip": "172.16.0.1",
                            "virtual_router_mac": "00:00:17:CA:52:2A"
                        },
                        "meta": {
                            "e2bfb730-ecaa-11e6-8f88-34363bc7c4c0": {
                                "create": 900000000000,
                                "delete": 900000000000,
                                "update": 900000000000
                            }
                        },
                        "tainted": false
                    },
                    "deposed": [],
                    "provider": "provider.oci"
                },
                "oci_core_subnet.subnet.1": {
                    "type": "oci_core_subnet",
                    "depends_on": [],
                    "primary": {
                        "id": "ocid1.subnet.oc1.iad.aaaaaaaav4yfdroopyo4wy75vowglghc4zauk4il2pkw3kkwmgnsayr65tkq",
                        "attributes": {
                            "availability_domain": "WSQk:US-ASHBURN-AD-2",
                            "cidr_block": "172.16.1.0/24",
                            "compartment_id": "ocid1.compartment.oc1..aaaaaaaaeu5ojynwt72i4ed2bjsgtggmkizvitfrkxwrkomirmk3qd3eyefq",
                            "defined_tags.%": "0",
                            "dhcp_options_id": "ocid1.dhcpoptions.oc1.iad.aaaaaaaazpmwyin3lha2vggvkvhrmaax6dkf6jwfmuwym2nb4su33ekpntra",
                            "display_name": "dbsubad2",
                            "dns_label": "dbsubad2",
                            "freeform_tags.%": "0",
                            "id": "ocid1.subnet.oc1.iad.aaaaaaaav4yfdroopyo4wy75vowglghc4zauk4il2pkw3kkwmgnsayr65tkq",
                            "prohibit_public_ip_on_vnic": "true",
                            "route_table_id": "ocid1.routetable.oc1.iad.aaaaaaaaf7wncws7rlaf6kzdueg3jgdji6gp34jgnerp5dtrta4su5tyy4yq",
                            "security_list_ids.#": "1",
                            "security_list_ids.824919757": "ocid1.securitylist.oc1.iad.aaaaaaaaqm6xz4eko3kpiqzk2mqf45zehdmod62b3ehkttr4igvacvzmm24a",
                            "state": "AVAILABLE",
                            "subnet_domain_name": "dbsubad2.psftvcn.oraclevcn.com",
                            "time_created": "2019-03-22 18:03:33.339 +0000 UTC",
                            "vcn_id": "ocid1.vcn.oc1.iad.aaaaaaaawutlw4w6naaycjlftxfge5sdwiaqmumjejxttcebbdigr35kymrq",
                            "virtual_router_ip": "172.16.1.1",
                            "virtual_router_mac": "00:00:17:CA:52:2A"
                        },
                        "meta": {
                            "e2bfb730-ecaa-11e6-8f88-34363bc7c4c0": {
                                "create": 900000000000,
                                "delete": 900000000000,
                                "update": 900000000000
                            }
                        },
                        "tainted": false
                    },
                    "deposed": [],
                    "provider": "provider.oci"
                }
            },
            "depends_on": []
        },
        {
            "path": [
                "root",
                "els_subnet"
            ],
            "outputs": {
                "cidr_block": {
                    "sensitive": false,
                    "type": "list",
                    "value": [
                        "172.16.8.0/24",
                        "172.16.9.0/24"
                    ]
                },
                "subnetid": {
                    "sensitive": false,
                    "type": "list",
                    "value": [
                        "ocid1.subnet.oc1.iad.aaaaaaaaqffrdlrpqd2ncpibuyshu4tnimgdrwzj7djhhicwzfe5ty6zcahq",
                        "ocid1.subnet.oc1.iad.aaaaaaaaehjr2epcx4m6625nyraghnn3mmrh7wvz5zoxlrmfhb62wmokcayq"
                    ]
                }
            },
            "resources": {
                "oci_core_subnet.subnet.0": {
                    "type": "oci_core_subnet",
                    "depends_on": [],
                    "primary": {
                        "id": "ocid1.subnet.oc1.iad.aaaaaaaaqffrdlrpqd2ncpibuyshu4tnimgdrwzj7djhhicwzfe5ty6zcahq",
                        "attributes": {
                            "availability_domain": "WSQk:US-ASHBURN-AD-1",
                            "cidr_block": "172.16.8.0/24",
                            "compartment_id": "ocid1.compartment.oc1..aaaaaaaaeu5ojynwt72i4ed2bjsgtggmkizvitfrkxwrkomirmk3qd3eyefq",
                            "defined_tags.%": "0",
                            "dhcp_options_id": "ocid1.dhcpoptions.oc1.iad.aaaaaaaazpmwyin3lha2vggvkvhrmaax6dkf6jwfmuwym2nb4su33ekpntra",
                            "display_name": "essubad1",
                            "dns_label": "essubad1",
                            "freeform_tags.%": "0",
                            "id": "ocid1.subnet.oc1.iad.aaaaaaaaqffrdlrpqd2ncpibuyshu4tnimgdrwzj7djhhicwzfe5ty6zcahq",
                            "prohibit_public_ip_on_vnic": "true",
                            "route_table_id": "ocid1.routetable.oc1.iad.aaaaaaaaf7wncws7rlaf6kzdueg3jgdji6gp34jgnerp5dtrta4su5tyy4yq",
                            "security_list_ids.#": "1",
                            "security_list_ids.3607678821": "ocid1.securitylist.oc1.iad.aaaaaaaaho5dxqqvsbxxwvjma5yu4fetydgubcbakd5oqfqugm5ezgt5m5xq",
                            "state": "AVAILABLE",
                            "subnet_domain_name": "essubad1.psftvcn.oraclevcn.com",
                            "time_created": "2019-03-22 18:03:31.505 +0000 UTC",
                            "vcn_id": "ocid1.vcn.oc1.iad.aaaaaaaawutlw4w6naaycjlftxfge5sdwiaqmumjejxttcebbdigr35kymrq",
                            "virtual_router_ip": "172.16.8.1",
                            "virtual_router_mac": "00:00:17:CA:52:2A"
                        },
                        "meta": {
                            "e2bfb730-ecaa-11e6-8f88-34363bc7c4c0": {
                                "create": 900000000000,
                                "delete": 900000000000,
                                "update": 900000000000
                            }
                        },
                        "tainted": false
                    },
                    "deposed": [],
                    "provider": "provider.oci"
                },
                "oci_core_subnet.subnet.1": {
                    "type": "oci_core_subnet",
                    "depends_on": [],
                    "primary": {
                        "id": "ocid1.subnet.oc1.iad.aaaaaaaaehjr2epcx4m6625nyraghnn3mmrh7wvz5zoxlrmfhb62wmokcayq",
                        "attributes": {
                            "availability_domain": "WSQk:US-ASHBURN-AD-2",
                            "cidr_block": "172.16.9.0/24",
                            "compartment_id": "ocid1.compartment.oc1..aaaaaaaaeu5ojynwt72i4ed2bjsgtggmkizvitfrkxwrkomirmk3qd3eyefq",
                            "defined_tags.%": "0",
                            "dhcp_options_id": "ocid1.dhcpoptions.oc1.iad.aaaaaaaazpmwyin3lha2vggvkvhrmaax6dkf6jwfmuwym2nb4su33ekpntra",
                            "display_name": "essubad2",
                            "dns_label": "essubad2",
                            "freeform_tags.%": "0",
                            "id": "ocid1.subnet.oc1.iad.aaaaaaaaehjr2epcx4m6625nyraghnn3mmrh7wvz5zoxlrmfhb62wmokcayq",
                            "prohibit_public_ip_on_vnic": "true",
                            "route_table_id": "ocid1.routetable.oc1.iad.aaaaaaaaf7wncws7rlaf6kzdueg3jgdji6gp34jgnerp5dtrta4su5tyy4yq",
                            "security_list_ids.#": "1",
                            "security_list_ids.3607678821": "ocid1.securitylist.oc1.iad.aaaaaaaaho5dxqqvsbxxwvjma5yu4fetydgubcbakd5oqfqugm5ezgt5m5xq",
                            "state": "AVAILABLE",
                            "subnet_domain_name": "essubad2.psftvcn.oraclevcn.com",
                            "time_created": "2019-03-22 18:03:33.765 +0000 UTC",
                            "vcn_id": "ocid1.vcn.oc1.iad.aaaaaaaawutlw4w6naaycjlftxfge5sdwiaqmumjejxttcebbdigr35kymrq",
                            "virtual_router_ip": "172.16.9.1",
                            "virtual_router_mac": "00:00:17:CA:52:2A"
                        },
                        "meta": {
                            "e2bfb730-ecaa-11e6-8f88-34363bc7c4c0": {
                                "create": 900000000000,
                                "delete": 900000000000,
                                "update": 900000000000
                            }
                        },
                        "tainted": false
                    },
                    "deposed": [],
                    "provider": "provider.oci"
                }
            },
            "depends_on": []
        },
        {
            "path": [
                "root",
                "fss_subnet"
            ],
            "outputs": {
                "cidr_block": {
                    "sensitive": false,
                    "type": "list",
                    "value": [
                        "172.16.16.0/24",
                        "172.16.17.0/24"
                    ]
                },
                "subnetid": {
                    "sensitive": false,
                    "type": "list",
                    "value": [
                        "ocid1.subnet.oc1.iad.aaaaaaaaoymtr4yposoeh4b4lphaz2g25ca2i624nm35jntfq2623h3mzecq",
                        "ocid1.subnet.oc1.iad.aaaaaaaakh7w5mauhsiy7okferjm42qvbrznn4wdjgsjjcuoyfl7r6x6c42q"
                    ]
                }
            },
            "resources": {
                "oci_core_subnet.subnet.0": {
                    "type": "oci_core_subnet",
                    "depends_on": [],
                    "primary": {
                        "id": "ocid1.subnet.oc1.iad.aaaaaaaaoymtr4yposoeh4b4lphaz2g25ca2i624nm35jntfq2623h3mzecq",
                        "attributes": {
                            "availability_domain": "WSQk:US-ASHBURN-AD-1",
                            "cidr_block": "172.16.16.0/24",
                            "compartment_id": "ocid1.compartment.oc1..aaaaaaaaeu5ojynwt72i4ed2bjsgtggmkizvitfrkxwrkomirmk3qd3eyefq",
                            "defined_tags.%": "0",
                            "dhcp_options_id": "ocid1.dhcpoptions.oc1.iad.aaaaaaaazpmwyin3lha2vggvkvhrmaax6dkf6jwfmuwym2nb4su33ekpntra",
                            "display_name": "fsssubad1",
                            "dns_label": "fsssubad1",
                            "freeform_tags.%": "0",
                            "id": "ocid1.subnet.oc1.iad.aaaaaaaaoymtr4yposoeh4b4lphaz2g25ca2i624nm35jntfq2623h3mzecq",
                            "prohibit_public_ip_on_vnic": "true",
                            "route_table_id": "ocid1.routetable.oc1.iad.aaaaaaaaf7wncws7rlaf6kzdueg3jgdji6gp34jgnerp5dtrta4su5tyy4yq",
                            "security_list_ids.#": "1",
                            "security_list_ids.2593578817": "ocid1.securitylist.oc1.iad.aaaaaaaamg6cbfl5gof3uuiz4kszuzfjqys72pwdfwjj3epbzyuc5p3ld5uq",
                            "state": "AVAILABLE",
                            "subnet_domain_name": "fsssubad1.psftvcn.oraclevcn.com",
                            "time_created": "2019-03-22 18:03:32.7 +0000 UTC",
                            "vcn_id": "ocid1.vcn.oc1.iad.aaaaaaaawutlw4w6naaycjlftxfge5sdwiaqmumjejxttcebbdigr35kymrq",
                            "virtual_router_ip": "172.16.16.1",
                            "virtual_router_mac": "00:00:17:CA:52:2A"
                        },
                        "meta": {
                            "e2bfb730-ecaa-11e6-8f88-34363bc7c4c0": {
                                "create": 900000000000,
                                "delete": 900000000000,
                                "update": 900000000000
                            }
                        },
                        "tainted": false
                    },
                    "deposed": [],
                    "provider": "provider.oci"
                },
                "oci_core_subnet.subnet.1": {
                    "type": "oci_core_subnet",
                    "depends_on": [],
                    "primary": {
                        "id": "ocid1.subnet.oc1.iad.aaaaaaaakh7w5mauhsiy7okferjm42qvbrznn4wdjgsjjcuoyfl7r6x6c42q",
                        "attributes": {
                            "availability_domain": "WSQk:US-ASHBURN-AD-2",
                            "cidr_block": "172.16.17.0/24",
                            "compartment_id": "ocid1.compartment.oc1..aaaaaaaaeu5ojynwt72i4ed2bjsgtggmkizvitfrkxwrkomirmk3qd3eyefq",
                            "defined_tags.%": "0",
                            "dhcp_options_id": "ocid1.dhcpoptions.oc1.iad.aaaaaaaazpmwyin3lha2vggvkvhrmaax6dkf6jwfmuwym2nb4su33ekpntra",
                            "display_name": "fsssubad2",
                            "dns_label": "fsssubad2",
                            "freeform_tags.%": "0",
                            "id": "ocid1.subnet.oc1.iad.aaaaaaaakh7w5mauhsiy7okferjm42qvbrznn4wdjgsjjcuoyfl7r6x6c42q",
                            "prohibit_public_ip_on_vnic": "true",
                            "route_table_id": "ocid1.routetable.oc1.iad.aaaaaaaaf7wncws7rlaf6kzdueg3jgdji6gp34jgnerp5dtrta4su5tyy4yq",
                            "security_list_ids.#": "1",
                            "security_list_ids.2593578817": "ocid1.securitylist.oc1.iad.aaaaaaaamg6cbfl5gof3uuiz4kszuzfjqys72pwdfwjj3epbzyuc5p3ld5uq",
                            "state": "AVAILABLE",
                            "subnet_domain_name": "fsssubad2.psftvcn.oraclevcn.com",
                            "time_created": "2019-03-22 18:03:32.467 +0000 UTC",
                            "vcn_id": "ocid1.vcn.oc1.iad.aaaaaaaawutlw4w6naaycjlftxfge5sdwiaqmumjejxttcebbdigr35kymrq",
                            "virtual_router_ip": "172.16.17.1",
                            "virtual_router_mac": "00:00:17:CA:52:2A"
                        },
                        "meta": {
                            "e2bfb730-ecaa-11e6-8f88-34363bc7c4c0": {
                                "create": 900000000000,
                                "delete": 900000000000,
                                "update": 900000000000
                            }
                        },
                        "tainted": false
                    },
                    "deposed": [],
                    "provider": "provider.oci"
                }
            },
            "depends_on": []
        },
        {
            "path": [
                "root",
                "lb_subnet"
            ],
            "outputs": {
                "cidr_block": {
                    "sensitive": false,
                    "type": "list",
                    "value": [
                        "172.16.24.0/24",
                        "172.16.25.0/24"
                    ]
                },
                "subnetid": {
                    "sensitive": false,
                    "type": "list",
                    "value": [
                        "ocid1.subnet.oc1.iad.aaaaaaaa5k65eurqluqpuxspmpt5oggh7dsvrco2aefmquvl3m7k244zkfpa",
                        "ocid1.subnet.oc1.iad.aaaaaaaanysd6rkbndlib6ddxjouq3xevsmc5amemx5qpiiwisahqo3exkfa"
                    ]
                }
            },
            "resources": {
                "oci_core_subnet.subnet.0": {
                    "type": "oci_core_subnet",
                    "depends_on": [],
                    "primary": {
                        "id": "ocid1.subnet.oc1.iad.aaaaaaaa5k65eurqluqpuxspmpt5oggh7dsvrco2aefmquvl3m7k244zkfpa",
                        "attributes": {
                            "availability_domain": "WSQk:US-ASHBURN-AD-1",
                            "cidr_block": "172.16.24.0/24",
                            "compartment_id": "ocid1.compartment.oc1..aaaaaaaaeu5ojynwt72i4ed2bjsgtggmkizvitfrkxwrkomirmk3qd3eyefq",
                            "defined_tags.%": "0",
                            "dhcp_options_id": "ocid1.dhcpoptions.oc1.iad.aaaaaaaazpmwyin3lha2vggvkvhrmaax6dkf6jwfmuwym2nb4su33ekpntra",
                            "display_name": "lbsubad1",
                            "dns_label": "lbsubad1",
                            "freeform_tags.%": "0",
                            "id": "ocid1.subnet.oc1.iad.aaaaaaaa5k65eurqluqpuxspmpt5oggh7dsvrco2aefmquvl3m7k244zkfpa",
                            "prohibit_public_ip_on_vnic": "true",
                            "route_table_id": "ocid1.routetable.oc1.iad.aaaaaaaaf7wncws7rlaf6kzdueg3jgdji6gp34jgnerp5dtrta4su5tyy4yq",
                            "security_list_ids.#": "1",
                            "security_list_ids.2597868112": "ocid1.securitylist.oc1.iad.aaaaaaaafeyhafhkzqyc7sbdhkz5cx2xw3iabz5ppkamf645ygwlvx7ayopq",
                            "state": "AVAILABLE",
                            "subnet_domain_name": "lbsubad1.psftvcn.oraclevcn.com",
                            "time_created": "2019-03-22 18:03:33.966 +0000 UTC",
                            "vcn_id": "ocid1.vcn.oc1.iad.aaaaaaaawutlw4w6naaycjlftxfge5sdwiaqmumjejxttcebbdigr35kymrq",
                            "virtual_router_ip": "172.16.24.1",
                            "virtual_router_mac": "00:00:17:CA:52:2A"
                        },
                        "meta": {
                            "e2bfb730-ecaa-11e6-8f88-34363bc7c4c0": {
                                "create": 900000000000,
                                "delete": 900000000000,
                                "update": 900000000000
                            }
                        },
                        "tainted": false
                    },
                    "deposed": [],
                    "provider": "provider.oci"
                },
                "oci_core_subnet.subnet.1": {
                    "type": "oci_core_subnet",
                    "depends_on": [],
                    "primary": {
                        "id": "ocid1.subnet.oc1.iad.aaaaaaaanysd6rkbndlib6ddxjouq3xevsmc5amemx5qpiiwisahqo3exkfa",
                        "attributes": {
                            "availability_domain": "WSQk:US-ASHBURN-AD-2",
                            "cidr_block": "172.16.25.0/24",
                            "compartment_id": "ocid1.compartment.oc1..aaaaaaaaeu5ojynwt72i4ed2bjsgtggmkizvitfrkxwrkomirmk3qd3eyefq",
                            "defined_tags.%": "0",
                            "dhcp_options_id": "ocid1.dhcpoptions.oc1.iad.aaaaaaaazpmwyin3lha2vggvkvhrmaax6dkf6jwfmuwym2nb4su33ekpntra",
                            "display_name": "lbsubad2",
                            "dns_label": "lbsubad2",
                            "freeform_tags.%": "0",
                            "id": "ocid1.subnet.oc1.iad.aaaaaaaanysd6rkbndlib6ddxjouq3xevsmc5amemx5qpiiwisahqo3exkfa",
                            "prohibit_public_ip_on_vnic": "true",
                            "route_table_id": "ocid1.routetable.oc1.iad.aaaaaaaaf7wncws7rlaf6kzdueg3jgdji6gp34jgnerp5dtrta4su5tyy4yq",
                            "security_list_ids.#": "1",
                            "security_list_ids.2597868112": "ocid1.securitylist.oc1.iad.aaaaaaaafeyhafhkzqyc7sbdhkz5cx2xw3iabz5ppkamf645ygwlvx7ayopq",
                            "state": "AVAILABLE",
                            "subnet_domain_name": "lbsubad2.psftvcn.oraclevcn.com",
                            "time_created": "2019-03-22 18:03:32.241 +0000 UTC",
                            "vcn_id": "ocid1.vcn.oc1.iad.aaaaaaaawutlw4w6naaycjlftxfge5sdwiaqmumjejxttcebbdigr35kymrq",
                            "virtual_router_ip": "172.16.25.1",
                            "virtual_router_mac": "00:00:17:CA:52:2A"
                        },
                        "meta": {
                            "e2bfb730-ecaa-11e6-8f88-34363bc7c4c0": {
                                "create": 900000000000,
                                "delete": 900000000000,
                                "update": 900000000000
                            }
                        },
                        "tainted": false
                    },
                    "deposed": [],
                    "provider": "provider.oci"
                }
            },
            "depends_on": []
        },
        {
            "path": [
                "root",
                "ptools_subnet"
            ],
            "outputs": {
                "cidr_block": {
                    "sensitive": false,
                    "type": "list",
                    "value": [
                        "172.16.4.0/24",
                        "172.16.5.0/24"
                    ]
                },
                "subnetid": {
                    "sensitive": false,
                    "type": "list",
                    "value": [
                        "ocid1.subnet.oc1.iad.aaaaaaaaoogfypgmkdl5p2zrnyk3zipdkvptpmlqdzqei7bg536vd543uvva",
                        "ocid1.subnet.oc1.iad.aaaaaaaagfbnvouty7jkcwlzlxfwxjxhfyp3vmzfj6r2mo2dsjqggj5risiq"
                    ]
                }
            },
            "resources": {
                "oci_core_subnet.subnet.0": {
                    "type": "oci_core_subnet",
                    "depends_on": [],
                    "primary": {
                        "id": "ocid1.subnet.oc1.iad.aaaaaaaaoogfypgmkdl5p2zrnyk3zipdkvptpmlqdzqei7bg536vd543uvva",
                        "attributes": {
                            "availability_domain": "WSQk:US-ASHBURN-AD-1",
                            "cidr_block": "172.16.4.0/24",
                            "compartment_id": "ocid1.compartment.oc1..aaaaaaaaeu5ojynwt72i4ed2bjsgtggmkizvitfrkxwrkomirmk3qd3eyefq",
                            "defined_tags.%": "0",
                            "dhcp_options_id": "ocid1.dhcpoptions.oc1.iad.aaaaaaaazpmwyin3lha2vggvkvhrmaax6dkf6jwfmuwym2nb4su33ekpntra",
                            "display_name": "ptoolssubad1",
                            "dns_label": "ptoolssubad1",
                            "freeform_tags.%": "0",
                            "id": "ocid1.subnet.oc1.iad.aaaaaaaaoogfypgmkdl5p2zrnyk3zipdkvptpmlqdzqei7bg536vd543uvva",
                            "prohibit_public_ip_on_vnic": "true",
                            "route_table_id": "ocid1.routetable.oc1.iad.aaaaaaaaf7wncws7rlaf6kzdueg3jgdji6gp34jgnerp5dtrta4su5tyy4yq",
                            "security_list_ids.#": "1",
                            "security_list_ids.541907009": "ocid1.securitylist.oc1.iad.aaaaaaaaekylyndgtwyvczofeitxpseufnrhu7cbqeg6ygwx2qf3evrol5pq",
                            "state": "AVAILABLE",
                            "subnet_domain_name": "ptoolssubad1.psftvcn.oraclevcn.com",
                            "time_created": "2019-03-22 18:03:31.053 +0000 UTC",
                            "vcn_id": "ocid1.vcn.oc1.iad.aaaaaaaawutlw4w6naaycjlftxfge5sdwiaqmumjejxttcebbdigr35kymrq",
                            "virtual_router_ip": "172.16.4.1",
                            "virtual_router_mac": "00:00:17:CA:52:2A"
                        },
                        "meta": {
                            "e2bfb730-ecaa-11e6-8f88-34363bc7c4c0": {
                                "create": 900000000000,
                                "delete": 900000000000,
                                "update": 900000000000
                            }
                        },
                        "tainted": false
                    },
                    "deposed": [],
                    "provider": "provider.oci"
                },
                "oci_core_subnet.subnet.1": {
                    "type": "oci_core_subnet",
                    "depends_on": [],
                    "primary": {
                        "id": "ocid1.subnet.oc1.iad.aaaaaaaagfbnvouty7jkcwlzlxfwxjxhfyp3vmzfj6r2mo2dsjqggj5risiq",
                        "attributes": {
                            "availability_domain": "WSQk:US-ASHBURN-AD-2",
                            "cidr_block": "172.16.5.0/24",
                            "compartment_id": "ocid1.compartment.oc1..aaaaaaaaeu5ojynwt72i4ed2bjsgtggmkizvitfrkxwrkomirmk3qd3eyefq",
                            "defined_tags.%": "0",
                            "dhcp_options_id": "ocid1.dhcpoptions.oc1.iad.aaaaaaaazpmwyin3lha2vggvkvhrmaax6dkf6jwfmuwym2nb4su33ekpntra",
                            "display_name": "ptoolssubad2",
                            "dns_label": "ptoolssubad2",
                            "freeform_tags.%": "0",
                            "id": "ocid1.subnet.oc1.iad.aaaaaaaagfbnvouty7jkcwlzlxfwxjxhfyp3vmzfj6r2mo2dsjqggj5risiq",
                            "prohibit_public_ip_on_vnic": "true",
                            "route_table_id": "ocid1.routetable.oc1.iad.aaaaaaaaf7wncws7rlaf6kzdueg3jgdji6gp34jgnerp5dtrta4su5tyy4yq",
                            "security_list_ids.#": "1",
                            "security_list_ids.541907009": "ocid1.securitylist.oc1.iad.aaaaaaaaekylyndgtwyvczofeitxpseufnrhu7cbqeg6ygwx2qf3evrol5pq",
                            "state": "AVAILABLE",
                            "subnet_domain_name": "ptoolssubad2.psftvcn.oraclevcn.com",
                            "time_created": "2019-03-22 18:03:33.56 +0000 UTC",
                            "vcn_id": "ocid1.vcn.oc1.iad.aaaaaaaawutlw4w6naaycjlftxfge5sdwiaqmumjejxttcebbdigr35kymrq",
                            "virtual_router_ip": "172.16.5.1",
                            "virtual_router_mac": "00:00:17:CA:52:2A"
                        },
                        "meta": {
                            "e2bfb730-ecaa-11e6-8f88-34363bc7c4c0": {
                                "create": 900000000000,
                                "delete": 900000000000,
                                "update": 900000000000
                            }
                        },
                        "tainted": false
                    },
                    "deposed": [],
                    "provider": "provider.oci"
                }
            },
            "depends_on": []
        },
        {
            "path": [
                "root",
                "web_subnet"
            ],
            "outputs": {
                "cidr_block": {
                    "sensitive": false,
                    "type": "list",
                    "value": [
                        "172.16.20.0/24",
                        "172.16.21.0/24"
                    ]
                },
                "subnetid": {
                    "sensitive": false,
                    "type": "list",
                    "value": [
                        "ocid1.subnet.oc1.iad.aaaaaaaa4laavuiq4qoy3t6oxww44oa4g5s5wb6qxypyij3v4ifp2mamwtrq",
                        "ocid1.subnet.oc1.iad.aaaaaaaatrs43j2o7t2oot3iobprehm6kdhtzlldakvq7cx7qrgfwac2h3hq"
                    ]
                }
            },
            "resources": {
                "oci_core_subnet.subnet.0": {
                    "type": "oci_core_subnet",
                    "depends_on": [],
                    "primary": {
                        "id": "ocid1.subnet.oc1.iad.aaaaaaaa4laavuiq4qoy3t6oxww44oa4g5s5wb6qxypyij3v4ifp2mamwtrq",
                        "attributes": {
                            "availability_domain": "WSQk:US-ASHBURN-AD-1",
                            "cidr_block": "172.16.20.0/24",
                            "compartment_id": "ocid1.compartment.oc1..aaaaaaaaeu5ojynwt72i4ed2bjsgtggmkizvitfrkxwrkomirmk3qd3eyefq",
                            "defined_tags.%": "0",
                            "dhcp_options_id": "ocid1.dhcpoptions.oc1.iad.aaaaaaaazpmwyin3lha2vggvkvhrmaax6dkf6jwfmuwym2nb4su33ekpntra",
                            "display_name": "websubad1",
                            "dns_label": "websubad1",
                            "freeform_tags.%": "0",
                            "id": "ocid1.subnet.oc1.iad.aaaaaaaa4laavuiq4qoy3t6oxww44oa4g5s5wb6qxypyij3v4ifp2mamwtrq",
                            "prohibit_public_ip_on_vnic": "true",
                            "route_table_id": "ocid1.routetable.oc1.iad.aaaaaaaaf7wncws7rlaf6kzdueg3jgdji6gp34jgnerp5dtrta4su5tyy4yq",
                            "security_list_ids.#": "1",
                            "security_list_ids.1076509607": "ocid1.securitylist.oc1.iad.aaaaaaaaozb546o3pwcvkh4rksm5sy2mjicdbbbgn63yy4smhcta77szuzxq",
                            "state": "AVAILABLE",
                            "subnet_domain_name": "websubad1.psftvcn.oraclevcn.com",
                            "time_created": "2019-03-22 18:03:31.611 +0000 UTC",
                            "vcn_id": "ocid1.vcn.oc1.iad.aaaaaaaawutlw4w6naaycjlftxfge5sdwiaqmumjejxttcebbdigr35kymrq",
                            "virtual_router_ip": "172.16.20.1",
                            "virtual_router_mac": "00:00:17:CA:52:2A"
                        },
                        "meta": {
                            "e2bfb730-ecaa-11e6-8f88-34363bc7c4c0": {
                                "create": 900000000000,
                                "delete": 900000000000,
                                "update": 900000000000
                            }
                        },
                        "tainted": false
                    },
                    "deposed": [],
                    "provider": "provider.oci"
                },
                "oci_core_subnet.subnet.1": {
                    "type": "oci_core_subnet",
                    "depends_on": [],
                    "primary": {
                        "id": "ocid1.subnet.oc1.iad.aaaaaaaatrs43j2o7t2oot3iobprehm6kdhtzlldakvq7cx7qrgfwac2h3hq",
                        "attributes": {
                            "availability_domain": "WSQk:US-ASHBURN-AD-2",
                            "cidr_block": "172.16.21.0/24",
                            "compartment_id": "ocid1.compartment.oc1..aaaaaaaaeu5ojynwt72i4ed2bjsgtggmkizvitfrkxwrkomirmk3qd3eyefq",
                            "defined_tags.%": "0",
                            "dhcp_options_id": "ocid1.dhcpoptions.oc1.iad.aaaaaaaazpmwyin3lha2vggvkvhrmaax6dkf6jwfmuwym2nb4su33ekpntra",
                            "display_name": "websubad2",
                            "dns_label": "websubad2",
                            "freeform_tags.%": "0",
                            "id": "ocid1.subnet.oc1.iad.aaaaaaaatrs43j2o7t2oot3iobprehm6kdhtzlldakvq7cx7qrgfwac2h3hq",
                            "prohibit_public_ip_on_vnic": "true",
                            "route_table_id": "ocid1.routetable.oc1.iad.aaaaaaaaf7wncws7rlaf6kzdueg3jgdji6gp34jgnerp5dtrta4su5tyy4yq",
                            "security_list_ids.#": "1",
                            "security_list_ids.1076509607": "ocid1.securitylist.oc1.iad.aaaaaaaaozb546o3pwcvkh4rksm5sy2mjicdbbbgn63yy4smhcta77szuzxq",
                            "state": "AVAILABLE",
                            "subnet_domain_name": "websubad2.psftvcn.oraclevcn.com",
                            "time_created": "2019-03-22 18:03:34.139 +0000 UTC",
                            "vcn_id": "ocid1.vcn.oc1.iad.aaaaaaaawutlw4w6naaycjlftxfge5sdwiaqmumjejxttcebbdigr35kymrq",
                            "virtual_router_ip": "172.16.21.1",
                            "virtual_router_mac": "00:00:17:CA:52:2A"
                        },
                        "meta": {
                            "e2bfb730-ecaa-11e6-8f88-34363bc7c4c0": {
                                "create": 900000000000,
                                "delete": 900000000000,
                                "update": 900000000000
                            }
                        },
                        "tainted": false
                    },
                    "deposed": [],
                    "provider": "provider.oci"
                }
            },
            "depends_on": []
        }
    ]
}
