{
    "version": 3,
    "terraform_version": "0.11.10",
    "serial": 67,
    "lineage": "e21d9a2e-5de8-1a21-b10a-aed707525a0d",
    "modules": [
        {
            "path": [
                "root"
            ],
            "outputs": {
                "BastionPublicIPs": {
                    "sensitive": false,
                    "type": "list",
                    "value": [
                        "129.213.84.249"
                    ]
                },
                "PsftAppServerPrivateIPs": {
                    "sensitive": false,
                    "type": "list",
                    "value": [
                        "172.16.12.2"
                    ]
                },
                "PsftElasticSrchServerPrivateIPs": {
                    "sensitive": false,
                    "type": "list",
                    "value": [
                        "172.16.8.2"
                    ]
                },
                "PsftFilesystemFstabs": {
                    "sensitive": false,
                    "type": "list",
                    "value": [
                        "172.16.16.3:/psftprdfssash2"
                    ]
                },
                "PsftProcSchdServerPrivateIPs": {
                    "sensitive": false,
                    "type": "list",
                    "value": [
                        "172.16.12.3"
                    ]
                },
                "PsftToolsServerDetails": {
                    "sensitive": false,
                    "type": "list",
                    "value": [
                        "172.16.4.2:psftprdtlsash21:opc:   WKHgY~VeF2#f    "
                    ]
                },
                "PsftWebServerPrivateIPs": {
                    "sensitive": false,
                    "type": "list",
                    "value": [
                        "172.16.20.2"
                    ]
                }
            },
            "resources": {
                "data.oci_core_images.InstanceImageOCID": {
                    "type": "oci_core_images",
                    "depends_on": [],
                    "primary": {
                        "id": "",
                        "attributes": {},
                        "meta": {},
                        "tainted": false
                    },
                    "deposed": [],
                    "provider": "provider.oci"
                },
                "data.oci_core_images.WinInstanceImageOCID": {
                    "type": "oci_core_images",
                    "depends_on": [],
                    "primary": {
                        "id": "",
                        "attributes": {},
                        "meta": {},
                        "tainted": false
                    },
                    "deposed": [],
                    "provider": "provider.oci"
                },
                "data.oci_core_services.svcgtw_services": {
                    "type": "oci_core_services",
                    "depends_on": [],
                    "primary": {
                        "id": "2019-04-03 20:19:15.929710497 +0000 UTC",
                        "attributes": {
                            "filter.#": "1",
                            "filter.2841581091.name": "name",
                            "filter.2841581091.regex": "true",
                            "filter.2841581091.values.#": "1",
                            "filter.2841581091.values.0": ".*Object.*Storage",
                            "id": "2019-04-03 20:19:15.929710497 +0000 UTC",
                            "services.#": "1",
                            "services.0.cidr_block": "oci-iad-objectstorage",
                            "services.0.description": "OCI IAD Object Storage",
                            "services.0.id": "ocid1.service.oc1.iad.aaaaaaaa74z6sqsezqf6znyomdp5jkvfwb4j2ol33abgosvnhxcqphyl3eaq",
                            "services.0.name": "OCI IAD Object Storage"
                        },
                        "meta": {},
                        "tainted": false
                    },
                    "deposed": [],
                    "provider": "provider.oci"
                },
                "data.oci_identity_availability_domains.ADs": {
                    "type": "oci_identity_availability_domains",
                    "depends_on": [],
                    "primary": {
                        "id": "2019-04-03 20:19:15.689927711 +0000 UTC",
                        "attributes": {
                            "availability_domains.#": "3",
                            "availability_domains.0.compartment_id": "ocid1.tenancy.oc1..aaaaaaaa5txfxrudc5ezitovlpjznw6b3l6sqvkzddepsfu4es2i4x2xyeia",
                            "availability_domains.0.name": "WSQk:US-ASHBURN-AD-1",
                            "availability_domains.1.compartment_id": "ocid1.tenancy.oc1..aaaaaaaa5txfxrudc5ezitovlpjznw6b3l6sqvkzddepsfu4es2i4x2xyeia",
                            "availability_domains.1.name": "WSQk:US-ASHBURN-AD-2",
                            "availability_domains.2.compartment_id": "ocid1.tenancy.oc1..aaaaaaaa5txfxrudc5ezitovlpjznw6b3l6sqvkzddepsfu4es2i4x2xyeia",
                            "availability_domains.2.name": "WSQk:US-ASHBURN-AD-3",
                            "compartment_id": "ocid1.tenancy.oc1..aaaaaaaa5txfxrudc5ezitovlpjznw6b3l6sqvkzddepsfu4es2i4x2xyeia",
                            "id": "2019-04-03 20:19:15.689927711 +0000 UTC"
                        },
                        "meta": {},
                        "tainted": false
                    },
                    "deposed": [],
                    "provider": "provider.oci"
                },
                "data.oci_identity_fault_domains.fds": {
                    "type": "oci_identity_fault_domains",
                    "depends_on": [
                        "data.template_file.deployment_ad.*"
                    ],
                    "primary": {
                        "id": "2019-04-03 20:19:15.741760405 +0000 UTC",
                        "attributes": {
                            "availability_domain": "WSQk:US-ASHBURN-AD-2",
                            "compartment_id": "ocid1.compartment.oc1..aaaaaaaaeu5ojynwt72i4ed2bjsgtggmkizvitfrkxwrkomirmk3qd3eyefq",
                            "fault_domains.#": "3",
                            "fault_domains.0.availability_domain": "WSQk:US-ASHBURN-AD-2",
                            "fault_domains.0.compartment_id": "ocid1.compartment.oc1..aaaaaaaaeu5ojynwt72i4ed2bjsgtggmkizvitfrkxwrkomirmk3qd3eyefq",
                            "fault_domains.0.id": "ocid1.faultdomain.oc1..aaaaaaaaofc6s3wj3whd2bnmflpurvrrpgmzcymggukzbdyj2bcfx3vhtwqa",
                            "fault_domains.0.name": "FAULT-DOMAIN-1",
                            "fault_domains.1.availability_domain": "WSQk:US-ASHBURN-AD-2",
                            "fault_domains.1.compartment_id": "ocid1.compartment.oc1..aaaaaaaaeu5ojynwt72i4ed2bjsgtggmkizvitfrkxwrkomirmk3qd3eyefq",
                            "fault_domains.1.id": "ocid1.faultdomain.oc1..aaaaaaaa25ht33jyysn6g4kjdgfauv2egsok3hhtt5yzlnip5mlbgefnju3a",
                            "fault_domains.1.name": "FAULT-DOMAIN-2",
                            "fault_domains.2.availability_domain": "WSQk:US-ASHBURN-AD-2",
                            "fault_domains.2.compartment_id": "ocid1.compartment.oc1..aaaaaaaaeu5ojynwt72i4ed2bjsgtggmkizvitfrkxwrkomirmk3qd3eyefq",
                            "fault_domains.2.id": "ocid1.faultdomain.oc1..aaaaaaaairynqhcc2nzv5epqcyjapei2thifdt6omiqnvnlgm2i5np3v43fq",
                            "fault_domains.2.name": "FAULT-DOMAIN-3",
                            "id": "2019-04-03 20:19:15.741760405 +0000 UTC"
                        },
                        "meta": {},
                        "tainted": false
                    },
                    "deposed": [],
                    "provider": "provider.oci"
                },
                "data.template_file.bootstrap": {
                    "type": "template_file",
                    "depends_on": [
                        "module.create_fss",
                        "module.create_fss"
                    ],
                    "primary": {
                        "id": "40f8f18f1d858fd8a98f0d9bc47f492719af6a35faf861127de784fdba53cad8",
                        "attributes": {
                            "id": "40f8f18f1d858fd8a98f0d9bc47f492719af6a35faf861127de784fdba53cad8",
                            "rendered": "#cloud-config\r\ntimezone: \"America/New_York\"\r\n\r\npackages:\r\n- nfs-utils\r\n- oracle-rdbms-server-12cR1-preinstall.x86_64\r\n- glibc.i686\r\n- libstdc++.i686\r\n- firefox.x86_64\r\n- nc\r\n- samba\r\n\r\nruncmd:\r\n- mkdir -p /stage/software/\r\n- sudo mount 172.16.16.3:/psftprdfssash2 /stage/software/\r\n- echo '172.16.16.3:/psftprdfssash2 /stage/software/ nfs tcp,vers=3' | sudo tee -a /etc/fstab\r\n- mount -a -t nfs",
                            "template": "#cloud-config\r\ntimezone: \"${timezone}\"\r\n\r\npackages:\r\n- nfs-utils\r\n- oracle-rdbms-server-12cR1-preinstall.x86_64\r\n- glibc.i686\r\n- libstdc++.i686\r\n- firefox.x86_64\r\n- nc\r\n- samba\r\n\r\nruncmd:\r\n- mkdir -p ${fss_mount_path}\r\n- sudo mount ${fss_mount_target_private_ip}:${fss_export_path} ${fss_mount_path}\r\n- echo '${fss_mount_target_private_ip}:${fss_export_path} ${fss_mount_path} nfs tcp,vers=3' | sudo tee -a /etc/fstab\r\n- mount -a -t nfs",
                            "vars.%": "4",
                            "vars.fss_export_path": "/psftprdfssash2",
                            "vars.fss_mount_path": "/stage/software/",
                            "vars.fss_mount_target_private_ip": "172.16.16.3",
                            "vars.timezone": "America/New_York"
                        },
                        "meta": {},
                        "tainted": false
                    },
                    "deposed": [],
                    "provider": "provider.template"
                },
                "data.template_file.deployment_ad": {
                    "type": "template_file",
                    "depends_on": [
                        "data.oci_identity_availability_domains.ADs"
                    ],
                    "primary": {
                        "id": "a85f78eb37f3c60ae54a4d5dbf10fbaeb3f729a04cf056f37262fff5e70872e3",
                        "attributes": {
                            "id": "a85f78eb37f3c60ae54a4d5dbf10fbaeb3f729a04cf056f37262fff5e70872e3",
                            "rendered": "WSQk:US-ASHBURN-AD-2",
                            "template": "WSQk:US-ASHBURN-AD-2"
                        },
                        "meta": {},
                        "tainted": false
                    },
                    "deposed": [],
                    "provider": "provider.template"
                },
                "data.template_file.deployment_fd.0": {
                    "type": "template_file",
                    "depends_on": [
                        "local.fault_domains",
                        "local.faultdomains_per_ad"
                    ],
                    "primary": {
                        "id": "1189a5f9d583e0cc0dd3d092ab9960a6b84ef96426fc50b633826bcd01c2ffba",
                        "attributes": {
                            "id": "1189a5f9d583e0cc0dd3d092ab9960a6b84ef96426fc50b633826bcd01c2ffba",
                            "rendered": "FAULT-DOMAIN-1",
                            "template": "${name}",
                            "vars.%": "1",
                            "vars.name": "FAULT-DOMAIN-1"
                        },
                        "meta": {},
                        "tainted": false
                    },
                    "deposed": [],
                    "provider": "provider.template"
                },
                "data.template_file.deployment_fd.1": {
                    "type": "template_file",
                    "depends_on": [
                        "local.fault_domains",
                        "local.faultdomains_per_ad"
                    ],
                    "primary": {
                        "id": "c4d100a1f0dd0089df39d852ec77ad2ac5f5e75be794d07eaf7d0eb7079e8fde",
                        "attributes": {
                            "id": "c4d100a1f0dd0089df39d852ec77ad2ac5f5e75be794d07eaf7d0eb7079e8fde",
                            "rendered": "FAULT-DOMAIN-2",
                            "template": "${name}",
                            "vars.%": "1",
                            "vars.name": "FAULT-DOMAIN-2"
                        },
                        "meta": {},
                        "tainted": false
                    },
                    "deposed": [],
                    "provider": "provider.template"
                },
                "data.template_file.deployment_fd.2": {
                    "type": "template_file",
                    "depends_on": [
                        "local.fault_domains",
                        "local.faultdomains_per_ad"
                    ],
                    "primary": {
                        "id": "e804b02d82eadeab15b78a26dd7a7e13871339b3895ff9395f2596c50fdc03ef",
                        "attributes": {
                            "id": "e804b02d82eadeab15b78a26dd7a7e13871339b3895ff9395f2596c50fdc03ef",
                            "rendered": "FAULT-DOMAIN-3",
                            "template": "${name}",
                            "vars.%": "1",
                            "vars.name": "FAULT-DOMAIN-3"
                        },
                        "meta": {},
                        "tainted": false
                    },
                    "deposed": [],
                    "provider": "provider.template"
                },
                "oci_core_route_table.PrivateRT": {
                    "type": "oci_core_route_table",
                    "depends_on": [
                        "data.oci_core_services.svcgtw_services",
                        "local.anywhere",
                        "module.create_vcn",
                        "module.create_vcn",
                        "module.create_vcn"
                    ],
                    "primary": {
                        "id": "ocid1.routetable.oc1.iad.aaaaaaaaoy7xtz6aujw6bv2z66763zbeoaq7lwhajqjinvbbisus52qnzm6a",
                        "attributes": {
                            "compartment_id": "ocid1.compartment.oc1..aaaaaaaaeu5ojynwt72i4ed2bjsgtggmkizvitfrkxwrkomirmk3qd3eyefq",
                            "defined_tags.%": "0",
                            "display_name": "psftvcnpvtrt",
                            "freeform_tags.%": "0",
                            "id": "ocid1.routetable.oc1.iad.aaaaaaaaoy7xtz6aujw6bv2z66763zbeoaq7lwhajqjinvbbisus52qnzm6a",
                            "route_rules.#": "2",
                            "route_rules.2663249519.cidr_block": "0.0.0.0/0",
                            "route_rules.2663249519.destination": "0.0.0.0/0",
                            "route_rules.2663249519.destination_type": "CIDR_BLOCK",
                            "route_rules.2663249519.network_entity_id": "ocid1.natgateway.oc1.iad.aaaaaaaagxymhgidv4vxjqthng6bbtppmuoalapd4cidczc3r6sek4xw6mca",
                            "route_rules.2694221731.cidr_block": "",
                            "route_rules.2694221731.destination": "oci-iad-objectstorage",
                            "route_rules.2694221731.destination_type": "SERVICE_CIDR_BLOCK",
                            "route_rules.2694221731.network_entity_id": "ocid1.servicegateway.oc1.iad.aaaaaaaapkic56t3dca2r67744bwag6d3uqodeg62jugfpyay65l66pfgv6q",
                            "state": "AVAILABLE",
                            "time_created": "2019-04-03 20:21:23.205 +0000 UTC",
                            "vcn_id": "ocid1.vcn.oc1.iad.aaaaaaaa7tvh7cckrvbnqdjex6x4jichpt47vv6aildbbxb4lwqf2tb5lfga"
                        },
                        "meta": {
                            "e2bfb730-ecaa-11e6-8f88-34363bc7c4c0": {
                                "create": 900000000000,
                                "delete": 900000000000,
                                "update": 900000000000
                            }
                        },
                        "tainted": false
                    },
                    "deposed": [],
                    "provider": "provider.oci"
                },
                "oci_core_route_table.PublicRT": {
                    "type": "oci_core_route_table",
                    "depends_on": [
                        "local.anywhere",
                        "module.create_vcn",
                        "module.create_vcn"
                    ],
                    "primary": {
                        "id": "ocid1.routetable.oc1.iad.aaaaaaaadkcuptk3ywzwhfwnhfapqkazxh4b2kzsipux27ltnzp4txks352a",
                        "attributes": {
                            "compartment_id": "ocid1.compartment.oc1..aaaaaaaaeu5ojynwt72i4ed2bjsgtggmkizvitfrkxwrkomirmk3qd3eyefq",
                            "defined_tags.%": "0",
                            "display_name": "psftvcnpubrt",
                            "freeform_tags.%": "0",
                            "id": "ocid1.routetable.oc1.iad.aaaaaaaadkcuptk3ywzwhfwnhfapqkazxh4b2kzsipux27ltnzp4txks352a",
                            "route_rules.#": "1",
                            "route_rules.1921187634.cidr_block": "0.0.0.0/0",
                            "route_rules.1921187634.destination": "0.0.0.0/0",
                            "route_rules.1921187634.destination_type": "CIDR_BLOCK",
                            "route_rules.1921187634.network_entity_id": "ocid1.internetgateway.oc1.iad.aaaaaaaasfvsraxhr22flqui6n4562go272ph3w33l7m5cargqkb7xim3owa",
                            "state": "AVAILABLE",
                            "time_created": "2019-04-03 20:21:22.772 +0000 UTC",
                            "vcn_id": "ocid1.vcn.oc1.iad.aaaaaaaa7tvh7cckrvbnqdjex6x4jichpt47vv6aildbbxb4lwqf2tb5lfga"
                        },
                        "meta": {
                            "e2bfb730-ecaa-11e6-8f88-34363bc7c4c0": {
                                "create": 900000000000,
                                "delete": 900000000000,
                                "update": 900000000000
                            }
                        },
                        "tainted": false
                    },
                    "deposed": [],
                    "provider": "provider.oci"
                },
                "oci_core_security_list.AppSecList": {
                    "type": "oci_core_security_list",
                    "depends_on": [
                        "local.anywhere",
                        "local.ssh_port",
                        "local.tcp_protocol",
                        "module.create_vcn"
                    ],
                    "primary": {
                        "id": "ocid1.securitylist.oc1.iad.aaaaaaaai452urao2hjw4mbtrqpndi46drvpw5mtlybqv3eqbsuk2ayocx4a",
                        "attributes": {
                            "compartment_id": "ocid1.compartment.oc1..aaaaaaaaeu5ojynwt72i4ed2bjsgtggmkizvitfrkxwrkomirmk3qd3eyefq",
                            "defined_tags.%": "0",
                            "display_name": "AppSecList",
                            "egress_security_rules.#": "1",
                            "egress_security_rules.1420396200.destination": "0.0.0.0/0",
                            "egress_security_rules.1420396200.destination_type": "CIDR_BLOCK",
                            "egress_security_rules.1420396200.icmp_options.#": "0",
                            "egress_security_rules.1420396200.protocol": "6",
                            "egress_security_rules.1420396200.stateless": "false",
                            "egress_security_rules.1420396200.tcp_options.#": "0",
                            "egress_security_rules.1420396200.udp_options.#": "0",
                            "freeform_tags.%": "0",
                            "id": "ocid1.securitylist.oc1.iad.aaaaaaaai452urao2hjw4mbtrqpndi46drvpw5mtlybqv3eqbsuk2ayocx4a",
                            "ingress_security_rules.#": "2",
                            "ingress_security_rules.3291565597.icmp_options.#": "0",
                            "ingress_security_rules.3291565597.protocol": "6",
                            "ingress_security_rules.3291565597.source": "172.16.0.0/16",
                            "ingress_security_rules.3291565597.source_type": "CIDR_BLOCK",
                            "ingress_security_rules.3291565597.stateless": "false",
                            "ingress_security_rules.3291565597.tcp_options.#": "1",
                            "ingress_security_rules.3291565597.tcp_options.0.max": "22",
                            "ingress_security_rules.3291565597.tcp_options.0.min": "22",
                            "ingress_security_rules.3291565597.tcp_options.0.source_port_range.#": "0",
                            "ingress_security_rules.3291565597.udp_options.#": "0",
                            "ingress_security_rules.504712764.icmp_options.#": "0",
                            "ingress_security_rules.504712764.protocol": "6",
                            "ingress_security_rules.504712764.source": "172.16.0.0/16",
                            "ingress_security_rules.504712764.source_type": "CIDR_BLOCK",
                            "ingress_security_rules.504712764.stateless": "false",
                            "ingress_security_rules.504712764.tcp_options.#": "1",
                            "ingress_security_rules.504712764.tcp_options.0.max": "9039",
                            "ingress_security_rules.504712764.tcp_options.0.min": "9033",
                            "ingress_security_rules.504712764.tcp_options.0.source_port_range.#": "0",
                            "ingress_security_rules.504712764.udp_options.#": "0",
                            "state": "AVAILABLE",
                            "time_created": "2019-04-03 20:21:20.95 +0000 UTC",
                            "vcn_id": "ocid1.vcn.oc1.iad.aaaaaaaa7tvh7cckrvbnqdjex6x4jichpt47vv6aildbbxb4lwqf2tb5lfga"
                        },
                        "meta": {
                            "e2bfb730-ecaa-11e6-8f88-34363bc7c4c0": {
                                "create": 900000000000,
                                "delete": 900000000000,
                                "update": 900000000000
                            }
                        },
                        "tainted": false
                    },
                    "deposed": [],
                    "provider": "provider.oci"
                },
                "oci_core_security_list.BastionSecList": {
                    "type": "oci_core_security_list",
                    "depends_on": [
                        "local.anywhere",
                        "local.ssh_port",
                        "local.tcp_protocol",
                        "module.create_vcn"
                    ],
                    "primary": {
                        "id": "ocid1.securitylist.oc1.iad.aaaaaaaaxxgqidj3rceq662qygxlkccekru44uyqxo4ocq4sehmyk22ga7qa",
                        "attributes": {
                            "compartment_id": "ocid1.compartment.oc1..aaaaaaaaeu5ojynwt72i4ed2bjsgtggmkizvitfrkxwrkomirmk3qd3eyefq",
                            "defined_tags.%": "0",
                            "display_name": "BastionSecList",
                            "egress_security_rules.#": "1",
                            "egress_security_rules.1420396200.destination": "0.0.0.0/0",
                            "egress_security_rules.1420396200.destination_type": "CIDR_BLOCK",
                            "egress_security_rules.1420396200.icmp_options.#": "0",
                            "egress_security_rules.1420396200.protocol": "6",
                            "egress_security_rules.1420396200.stateless": "false",
                            "egress_security_rules.1420396200.tcp_options.#": "0",
                            "egress_security_rules.1420396200.udp_options.#": "0",
                            "freeform_tags.%": "0",
                            "id": "ocid1.securitylist.oc1.iad.aaaaaaaaxxgqidj3rceq662qygxlkccekru44uyqxo4ocq4sehmyk22ga7qa",
                            "ingress_security_rules.#": "1",
                            "ingress_security_rules.47193274.icmp_options.#": "0",
                            "ingress_security_rules.47193274.protocol": "6",
                            "ingress_security_rules.47193274.source": "0.0.0.0/0",
                            "ingress_security_rules.47193274.source_type": "CIDR_BLOCK",
                            "ingress_security_rules.47193274.stateless": "false",
                            "ingress_security_rules.47193274.tcp_options.#": "1",
                            "ingress_security_rules.47193274.tcp_options.0.max": "22",
                            "ingress_security_rules.47193274.tcp_options.0.min": "22",
                            "ingress_security_rules.47193274.tcp_options.0.source_port_range.#": "0",
                            "ingress_security_rules.47193274.udp_options.#": "0",
                            "state": "AVAILABLE",
                            "time_created": "2019-04-03 20:21:22.461 +0000 UTC",
                            "vcn_id": "ocid1.vcn.oc1.iad.aaaaaaaa7tvh7cckrvbnqdjex6x4jichpt47vv6aildbbxb4lwqf2tb5lfga"
                        },
                        "meta": {
                            "e2bfb730-ecaa-11e6-8f88-34363bc7c4c0": {
                                "create": 900000000000,
                                "delete": 900000000000,
                                "update": 900000000000
                            }
                        },
                        "tainted": false
                    },
                    "deposed": [],
                    "provider": "provider.oci"
                },
                "oci_core_security_list.DBSecList": {
                    "type": "oci_core_security_list",
                    "depends_on": [
                        "local.anywhere",
                        "local.db_port",
                        "local.ssh_port",
                        "local.tcp_protocol",
                        "module.create_vcn"
                    ],
                    "primary": {
                        "id": "ocid1.securitylist.oc1.iad.aaaaaaaa23kqgkpz2gckbgrcaishu2dlqbogytkifi36b2lgbebkhmg3f7vq",
                        "attributes": {
                            "compartment_id": "ocid1.compartment.oc1..aaaaaaaaeu5ojynwt72i4ed2bjsgtggmkizvitfrkxwrkomirmk3qd3eyefq",
                            "defined_tags.%": "0",
                            "display_name": "DBSecList",
                            "egress_security_rules.#": "1",
                            "egress_security_rules.1420396200.destination": "0.0.0.0/0",
                            "egress_security_rules.1420396200.destination_type": "CIDR_BLOCK",
                            "egress_security_rules.1420396200.icmp_options.#": "0",
                            "egress_security_rules.1420396200.protocol": "6",
                            "egress_security_rules.1420396200.stateless": "false",
                            "egress_security_rules.1420396200.tcp_options.#": "0",
                            "egress_security_rules.1420396200.udp_options.#": "0",
                            "freeform_tags.%": "0",
                            "id": "ocid1.securitylist.oc1.iad.aaaaaaaa23kqgkpz2gckbgrcaishu2dlqbogytkifi36b2lgbebkhmg3f7vq",
                            "ingress_security_rules.#": "2",
                            "ingress_security_rules.2353706552.icmp_options.#": "0",
                            "ingress_security_rules.2353706552.protocol": "6",
                            "ingress_security_rules.2353706552.source": "172.16.0.0/16",
                            "ingress_security_rules.2353706552.source_type": "CIDR_BLOCK",
                            "ingress_security_rules.2353706552.stateless": "false",
                            "ingress_security_rules.2353706552.tcp_options.#": "1",
                            "ingress_security_rules.2353706552.tcp_options.0.max": "1521",
                            "ingress_security_rules.2353706552.tcp_options.0.min": "1521",
                            "ingress_security_rules.2353706552.tcp_options.0.source_port_range.#": "0",
                            "ingress_security_rules.2353706552.udp_options.#": "0",
                            "ingress_security_rules.3291565597.icmp_options.#": "0",
                            "ingress_security_rules.3291565597.protocol": "6",
                            "ingress_security_rules.3291565597.source": "172.16.0.0/16",
                            "ingress_security_rules.3291565597.source_type": "CIDR_BLOCK",
                            "ingress_security_rules.3291565597.stateless": "false",
                            "ingress_security_rules.3291565597.tcp_options.#": "1",
                            "ingress_security_rules.3291565597.tcp_options.0.max": "22",
                            "ingress_security_rules.3291565597.tcp_options.0.min": "22",
                            "ingress_security_rules.3291565597.tcp_options.0.source_port_range.#": "0",
                            "ingress_security_rules.3291565597.udp_options.#": "0",
                            "state": "AVAILABLE",
                            "time_created": "2019-04-03 20:21:21.808 +0000 UTC",
                            "vcn_id": "ocid1.vcn.oc1.iad.aaaaaaaa7tvh7cckrvbnqdjex6x4jichpt47vv6aildbbxb4lwqf2tb5lfga"
                        },
                        "meta": {
                            "e2bfb730-ecaa-11e6-8f88-34363bc7c4c0": {
                                "create": 900000000000,
                                "delete": 900000000000,
                                "update": 900000000000
                            }
                        },
                        "tainted": false
                    },
                    "deposed": [],
                    "provider": "provider.oci"
                },
                "oci_core_security_list.ESSecList": {
                    "type": "oci_core_security_list",
                    "depends_on": [
                        "local.anywhere",
                        "local.ssh_port",
                        "local.tcp_protocol",
                        "module.create_vcn"
                    ],
                    "primary": {
                        "id": "ocid1.securitylist.oc1.iad.aaaaaaaaef62we34n4dl2ix5ry4n6mjsz5wev2l5vvpx4hh2eavsc5576swq",
                        "attributes": {
                            "compartment_id": "ocid1.compartment.oc1..aaaaaaaaeu5ojynwt72i4ed2bjsgtggmkizvitfrkxwrkomirmk3qd3eyefq",
                            "defined_tags.%": "0",
                            "display_name": "ESSecList",
                            "egress_security_rules.#": "1",
                            "egress_security_rules.1420396200.destination": "0.0.0.0/0",
                            "egress_security_rules.1420396200.destination_type": "CIDR_BLOCK",
                            "egress_security_rules.1420396200.icmp_options.#": "0",
                            "egress_security_rules.1420396200.protocol": "6",
                            "egress_security_rules.1420396200.stateless": "false",
                            "egress_security_rules.1420396200.tcp_options.#": "0",
                            "egress_security_rules.1420396200.udp_options.#": "0",
                            "freeform_tags.%": "0",
                            "id": "ocid1.securitylist.oc1.iad.aaaaaaaaef62we34n4dl2ix5ry4n6mjsz5wev2l5vvpx4hh2eavsc5576swq",
                            "ingress_security_rules.#": "2",
                            "ingress_security_rules.2828403099.icmp_options.#": "0",
                            "ingress_security_rules.2828403099.protocol": "6",
                            "ingress_security_rules.2828403099.source": "172.16.0.0/16",
                            "ingress_security_rules.2828403099.source_type": "CIDR_BLOCK",
                            "ingress_security_rules.2828403099.stateless": "false",
                            "ingress_security_rules.2828403099.tcp_options.#": "1",
                            "ingress_security_rules.2828403099.tcp_options.0.max": "9200",
                            "ingress_security_rules.2828403099.tcp_options.0.min": "9200",
                            "ingress_security_rules.2828403099.tcp_options.0.source_port_range.#": "0",
                            "ingress_security_rules.2828403099.udp_options.#": "0",
                            "ingress_security_rules.3291565597.icmp_options.#": "0",
                            "ingress_security_rules.3291565597.protocol": "6",
                            "ingress_security_rules.3291565597.source": "172.16.0.0/16",
                            "ingress_security_rules.3291565597.source_type": "CIDR_BLOCK",
                            "ingress_security_rules.3291565597.stateless": "false",
                            "ingress_security_rules.3291565597.tcp_options.#": "1",
                            "ingress_security_rules.3291565597.tcp_options.0.max": "22",
                            "ingress_security_rules.3291565597.tcp_options.0.min": "22",
                            "ingress_security_rules.3291565597.tcp_options.0.source_port_range.#": "0",
                            "ingress_security_rules.3291565597.udp_options.#": "0",
                            "state": "AVAILABLE",
                            "time_created": "2019-04-03 20:21:22.255 +0000 UTC",
                            "vcn_id": "ocid1.vcn.oc1.iad.aaaaaaaa7tvh7cckrvbnqdjex6x4jichpt47vv6aildbbxb4lwqf2tb5lfga"
                        },
                        "meta": {
                            "e2bfb730-ecaa-11e6-8f88-34363bc7c4c0": {
                                "create": 900000000000,
                                "delete": 900000000000,
                                "update": 900000000000
                            }
                        },
                        "tainted": false
                    },
                    "deposed": [],
                    "provider": "provider.oci"
                },
                "oci_core_security_list.FSSSecList": {
                    "type": "oci_core_security_list",
                    "depends_on": [
                        "local.anywhere",
                        "local.fss_ports",
                        "local.tcp_protocol",
                        "local.udp_protocol",
                        "module.create_vcn"
                    ],
                    "primary": {
                        "id": "ocid1.securitylist.oc1.iad.aaaaaaaa4woomqeotns4eagwe73wn2u25hf7mjofrzdhd226tqqq5yda4c7a",
                        "attributes": {
                            "compartment_id": "ocid1.compartment.oc1..aaaaaaaaeu5ojynwt72i4ed2bjsgtggmkizvitfrkxwrkomirmk3qd3eyefq",
                            "defined_tags.%": "0",
                            "display_name": "FSSSecList",
                            "egress_security_rules.#": "1",
                            "egress_security_rules.1420396200.destination": "0.0.0.0/0",
                            "egress_security_rules.1420396200.destination_type": "CIDR_BLOCK",
                            "egress_security_rules.1420396200.icmp_options.#": "0",
                            "egress_security_rules.1420396200.protocol": "6",
                            "egress_security_rules.1420396200.stateless": "false",
                            "egress_security_rules.1420396200.tcp_options.#": "0",
                            "egress_security_rules.1420396200.udp_options.#": "0",
                            "freeform_tags.%": "0",
                            "id": "ocid1.securitylist.oc1.iad.aaaaaaaa4woomqeotns4eagwe73wn2u25hf7mjofrzdhd226tqqq5yda4c7a",
                            "ingress_security_rules.#": "4",
                            "ingress_security_rules.1592140093.icmp_options.#": "0",
                            "ingress_security_rules.1592140093.protocol": "17",
                            "ingress_security_rules.1592140093.source": "172.16.0.0/16",
                            "ingress_security_rules.1592140093.source_type": "CIDR_BLOCK",
                            "ingress_security_rules.1592140093.stateless": "false",
                            "ingress_security_rules.1592140093.tcp_options.#": "0",
                            "ingress_security_rules.1592140093.udp_options.#": "1",
                            "ingress_security_rules.1592140093.udp_options.0.max": "2048",
                            "ingress_security_rules.1592140093.udp_options.0.min": "2048",
                            "ingress_security_rules.1592140093.udp_options.0.source_port_range.#": "0",
                            "ingress_security_rules.2182719413.icmp_options.#": "0",
                            "ingress_security_rules.2182719413.protocol": "6",
                            "ingress_security_rules.2182719413.source": "172.16.0.0/16",
                            "ingress_security_rules.2182719413.source_type": "CIDR_BLOCK",
                            "ingress_security_rules.2182719413.stateless": "false",
                            "ingress_security_rules.2182719413.tcp_options.#": "1",
                            "ingress_security_rules.2182719413.tcp_options.0.max": "111",
                            "ingress_security_rules.2182719413.tcp_options.0.min": "111",
                            "ingress_security_rules.2182719413.tcp_options.0.source_port_range.#": "0",
                            "ingress_security_rules.2182719413.udp_options.#": "0",
                            "ingress_security_rules.3504257308.icmp_options.#": "0",
                            "ingress_security_rules.3504257308.protocol": "17",
                            "ingress_security_rules.3504257308.source": "172.16.0.0/16",
                            "ingress_security_rules.3504257308.source_type": "CIDR_BLOCK",
                            "ingress_security_rules.3504257308.stateless": "false",
                            "ingress_security_rules.3504257308.tcp_options.#": "0",
                            "ingress_security_rules.3504257308.udp_options.#": "1",
                            "ingress_security_rules.3504257308.udp_options.0.max": "111",
                            "ingress_security_rules.3504257308.udp_options.0.min": "111",
                            "ingress_security_rules.3504257308.udp_options.0.source_port_range.#": "0",
                            "ingress_security_rules.610863040.icmp_options.#": "0",
                            "ingress_security_rules.610863040.protocol": "6",
                            "ingress_security_rules.610863040.source": "172.16.0.0/16",
                            "ingress_security_rules.610863040.source_type": "CIDR_BLOCK",
                            "ingress_security_rules.610863040.stateless": "false",
                            "ingress_security_rules.610863040.tcp_options.#": "1",
                            "ingress_security_rules.610863040.tcp_options.0.max": "2050",
                            "ingress_security_rules.610863040.tcp_options.0.min": "2048",
                            "ingress_security_rules.610863040.tcp_options.0.source_port_range.#": "0",
                            "ingress_security_rules.610863040.udp_options.#": "0",
                            "state": "AVAILABLE",
                            "time_created": "2019-04-03 20:21:21.311 +0000 UTC",
                            "vcn_id": "ocid1.vcn.oc1.iad.aaaaaaaa7tvh7cckrvbnqdjex6x4jichpt47vv6aildbbxb4lwqf2tb5lfga"
                        },
                        "meta": {
                            "e2bfb730-ecaa-11e6-8f88-34363bc7c4c0": {
                                "create": 900000000000,
                                "delete": 900000000000,
                                "update": 900000000000
                            }
                        },
                        "tainted": false
                    },
                    "deposed": [],
                    "provider": "provider.oci"
                },
                "oci_core_security_list.LBSecList": {
                    "type": "oci_core_security_list",
                    "depends_on": [
                        "local.anywhere",
                        "local.tcp_protocol",
                        "module.create_vcn"
                    ],
                    "primary": {
                        "id": "ocid1.securitylist.oc1.iad.aaaaaaaaurcukqyml66uwj27fxh26i62c5ov3ii63ldibhyw3rhtdk2cruea",
                        "attributes": {
                            "compartment_id": "ocid1.compartment.oc1..aaaaaaaaeu5ojynwt72i4ed2bjsgtggmkizvitfrkxwrkomirmk3qd3eyefq",
                            "defined_tags.%": "0",
                            "display_name": "LBSecList",
                            "egress_security_rules.#": "1",
                            "egress_security_rules.1420396200.destination": "0.0.0.0/0",
                            "egress_security_rules.1420396200.destination_type": "CIDR_BLOCK",
                            "egress_security_rules.1420396200.icmp_options.#": "0",
                            "egress_security_rules.1420396200.protocol": "6",
                            "egress_security_rules.1420396200.stateless": "false",
                            "egress_security_rules.1420396200.tcp_options.#": "0",
                            "egress_security_rules.1420396200.udp_options.#": "0",
                            "freeform_tags.%": "0",
                            "id": "ocid1.securitylist.oc1.iad.aaaaaaaaurcukqyml66uwj27fxh26i62c5ov3ii63ldibhyw3rhtdk2cruea",
                            "ingress_security_rules.#": "1",
                            "ingress_security_rules.4274758424.icmp_options.#": "0",
                            "ingress_security_rules.4274758424.protocol": "6",
                            "ingress_security_rules.4274758424.source": "172.16.0.0/16",
                            "ingress_security_rules.4274758424.source_type": "CIDR_BLOCK",
                            "ingress_security_rules.4274758424.stateless": "false",
                            "ingress_security_rules.4274758424.tcp_options.#": "1",
                            "ingress_security_rules.4274758424.tcp_options.0.max": "8000",
                            "ingress_security_rules.4274758424.tcp_options.0.min": "8000",
                            "ingress_security_rules.4274758424.tcp_options.0.source_port_range.#": "0",
                            "ingress_security_rules.4274758424.udp_options.#": "0",
                            "state": "AVAILABLE",
                            "time_created": "2019-04-03 20:21:21.674 +0000 UTC",
                            "vcn_id": "ocid1.vcn.oc1.iad.aaaaaaaa7tvh7cckrvbnqdjex6x4jichpt47vv6aildbbxb4lwqf2tb5lfga"
                        },
                        "meta": {
                            "e2bfb730-ecaa-11e6-8f88-34363bc7c4c0": {
                                "create": 900000000000,
                                "delete": 900000000000,
                                "update": 900000000000
                            }
                        },
                        "tainted": false
                    },
                    "deposed": [],
                    "provider": "provider.oci"
                },
                "oci_core_security_list.PToolsSecList": {
                    "type": "oci_core_security_list",
                    "depends_on": [
                        "local.anywhere",
                        "local.rdp_port",
                        "local.tcp_protocol",
                        "local.winrm_port",
                        "module.create_vcn"
                    ],
                    "primary": {
                        "id": "ocid1.securitylist.oc1.iad.aaaaaaaay4lo3hnbpct4hxrbxi6t5mdlqd5kae74o6un2y7rsfq2s2oawfsa",
                        "attributes": {
                            "compartment_id": "ocid1.compartment.oc1..aaaaaaaaeu5ojynwt72i4ed2bjsgtggmkizvitfrkxwrkomirmk3qd3eyefq",
                            "defined_tags.%": "0",
                            "display_name": "PToolsSecList",
                            "egress_security_rules.#": "1",
                            "egress_security_rules.1420396200.destination": "0.0.0.0/0",
                            "egress_security_rules.1420396200.destination_type": "CIDR_BLOCK",
                            "egress_security_rules.1420396200.icmp_options.#": "0",
                            "egress_security_rules.1420396200.protocol": "6",
                            "egress_security_rules.1420396200.stateless": "false",
                            "egress_security_rules.1420396200.tcp_options.#": "0",
                            "egress_security_rules.1420396200.udp_options.#": "0",
                            "freeform_tags.%": "0",
                            "id": "ocid1.securitylist.oc1.iad.aaaaaaaay4lo3hnbpct4hxrbxi6t5mdlqd5kae74o6un2y7rsfq2s2oawfsa",
                            "ingress_security_rules.#": "2",
                            "ingress_security_rules.3278851650.icmp_options.#": "0",
                            "ingress_security_rules.3278851650.protocol": "6",
                            "ingress_security_rules.3278851650.source": "172.16.0.0/16",
                            "ingress_security_rules.3278851650.source_type": "CIDR_BLOCK",
                            "ingress_security_rules.3278851650.stateless": "false",
                            "ingress_security_rules.3278851650.tcp_options.#": "1",
                            "ingress_security_rules.3278851650.tcp_options.0.max": "3389",
                            "ingress_security_rules.3278851650.tcp_options.0.min": "3389",
                            "ingress_security_rules.3278851650.tcp_options.0.source_port_range.#": "0",
                            "ingress_security_rules.3278851650.udp_options.#": "0",
                            "ingress_security_rules.3396521337.icmp_options.#": "0",
                            "ingress_security_rules.3396521337.protocol": "6",
                            "ingress_security_rules.3396521337.source": "172.16.0.0/16",
                            "ingress_security_rules.3396521337.source_type": "CIDR_BLOCK",
                            "ingress_security_rules.3396521337.stateless": "false",
                            "ingress_security_rules.3396521337.tcp_options.#": "1",
                            "ingress_security_rules.3396521337.tcp_options.0.max": "5986",
                            "ingress_security_rules.3396521337.tcp_options.0.min": "5986",
                            "ingress_security_rules.3396521337.tcp_options.0.source_port_range.#": "0",
                            "ingress_security_rules.3396521337.udp_options.#": "0",
                            "state": "AVAILABLE",
                            "time_created": "2019-04-03 20:21:22.539 +0000 UTC",
                            "vcn_id": "ocid1.vcn.oc1.iad.aaaaaaaa7tvh7cckrvbnqdjex6x4jichpt47vv6aildbbxb4lwqf2tb5lfga"
                        },
                        "meta": {
                            "e2bfb730-ecaa-11e6-8f88-34363bc7c4c0": {
                                "create": 900000000000,
                                "delete": 900000000000,
                                "update": 900000000000
                            }
                        },
                        "tainted": false
                    },
                    "deposed": [],
                    "provider": "provider.oci"
                },
                "oci_core_security_list.WebSecList": {
                    "type": "oci_core_security_list",
                    "depends_on": [
                        "local.anywhere",
                        "local.ssh_port",
                        "local.tcp_protocol",
                        "module.create_vcn"
                    ],
                    "primary": {
                        "id": "ocid1.securitylist.oc1.iad.aaaaaaaaudbihazrm2rogjmrcvpd2jktrx22pj4da3lmst4szztb56dve7ba",
                        "attributes": {
                            "compartment_id": "ocid1.compartment.oc1..aaaaaaaaeu5ojynwt72i4ed2bjsgtggmkizvitfrkxwrkomirmk3qd3eyefq",
                            "defined_tags.%": "0",
                            "display_name": "WebSecList",
                            "egress_security_rules.#": "1",
                            "egress_security_rules.1420396200.destination": "0.0.0.0/0",
                            "egress_security_rules.1420396200.destination_type": "CIDR_BLOCK",
                            "egress_security_rules.1420396200.icmp_options.#": "0",
                            "egress_security_rules.1420396200.protocol": "6",
                            "egress_security_rules.1420396200.stateless": "false",
                            "egress_security_rules.1420396200.tcp_options.#": "0",
                            "egress_security_rules.1420396200.udp_options.#": "0",
                            "freeform_tags.%": "0",
                            "id": "ocid1.securitylist.oc1.iad.aaaaaaaaudbihazrm2rogjmrcvpd2jktrx22pj4da3lmst4szztb56dve7ba",
                            "ingress_security_rules.#": "2",
                            "ingress_security_rules.3291565597.icmp_options.#": "0",
                            "ingress_security_rules.3291565597.protocol": "6",
                            "ingress_security_rules.3291565597.source": "172.16.0.0/16",
                            "ingress_security_rules.3291565597.source_type": "CIDR_BLOCK",
                            "ingress_security_rules.3291565597.stateless": "false",
                            "ingress_security_rules.3291565597.tcp_options.#": "1",
                            "ingress_security_rules.3291565597.tcp_options.0.max": "22",
                            "ingress_security_rules.3291565597.tcp_options.0.min": "22",
                            "ingress_security_rules.3291565597.tcp_options.0.source_port_range.#": "0",
                            "ingress_security_rules.3291565597.udp_options.#": "0",
                            "ingress_security_rules.4274758424.icmp_options.#": "0",
                            "ingress_security_rules.4274758424.protocol": "6",
                            "ingress_security_rules.4274758424.source": "172.16.0.0/16",
                            "ingress_security_rules.4274758424.source_type": "CIDR_BLOCK",
                            "ingress_security_rules.4274758424.stateless": "false",
                            "ingress_security_rules.4274758424.tcp_options.#": "1",
                            "ingress_security_rules.4274758424.tcp_options.0.max": "8000",
                            "ingress_security_rules.4274758424.tcp_options.0.min": "8000",
                            "ingress_security_rules.4274758424.tcp_options.0.source_port_range.#": "0",
                            "ingress_security_rules.4274758424.udp_options.#": "0",
                            "state": "AVAILABLE",
                            "time_created": "2019-04-03 20:21:21.944 +0000 UTC",
                            "vcn_id": "ocid1.vcn.oc1.iad.aaaaaaaa7tvh7cckrvbnqdjex6x4jichpt47vv6aildbbxb4lwqf2tb5lfga"
                        },
                        "meta": {
                            "e2bfb730-ecaa-11e6-8f88-34363bc7c4c0": {
                                "create": 900000000000,
                                "delete": 900000000000,
                                "update": 900000000000
                            }
                        },
                        "tainted": false
                    },
                    "deposed": [],
                    "provider": "provider.oci"
                }
            },
            "depends_on": []
        },
        {
            "path": [
                "root",
                "app_subnet"
            ],
            "outputs": {
                "cidr_block": {
                    "sensitive": false,
                    "type": "list",
                    "value": [
                        "172.16.12.0/24"
                    ]
                },
                "subnetid": {
                    "sensitive": false,
                    "type": "list",
                    "value": [
                        "ocid1.subnet.oc1.iad.aaaaaaaaeldt2amqstyaqpfbbrxxxp773pduxv22ik2xv7agofo4iwnu7t5a"
                    ]
                }
            },
            "resources": {
                "oci_core_subnet.subnet": {
                    "type": "oci_core_subnet",
                    "depends_on": [],
                    "primary": {
                        "id": "ocid1.subnet.oc1.iad.aaaaaaaaeldt2amqstyaqpfbbrxxxp773pduxv22ik2xv7agofo4iwnu7t5a",
                        "attributes": {
                            "availability_domain": "WSQk:US-ASHBURN-AD-2",
                            "cidr_block": "172.16.12.0/24",
                            "compartment_id": "ocid1.compartment.oc1..aaaaaaaaeu5ojynwt72i4ed2bjsgtggmkizvitfrkxwrkomirmk3qd3eyefq",
                            "defined_tags.%": "0",
                            "dhcp_options_id": "ocid1.dhcpoptions.oc1.iad.aaaaaaaaouxudafvqtwnn7ccsbs35gfxg4nio4ul5u4fucur4om5qq3pvbmq",
                            "display_name": "appsubad2",
                            "dns_label": "appsubad2",
                            "freeform_tags.%": "0",
                            "id": "ocid1.subnet.oc1.iad.aaaaaaaaeldt2amqstyaqpfbbrxxxp773pduxv22ik2xv7agofo4iwnu7t5a",
                            "prohibit_public_ip_on_vnic": "true",
                            "route_table_id": "ocid1.routetable.oc1.iad.aaaaaaaaoy7xtz6aujw6bv2z66763zbeoaq7lwhajqjinvbbisus52qnzm6a",
                            "security_list_ids.#": "1",
                            "security_list_ids.4112226210": "ocid1.securitylist.oc1.iad.aaaaaaaai452urao2hjw4mbtrqpndi46drvpw5mtlybqv3eqbsuk2ayocx4a",
                            "state": "AVAILABLE",
                            "subnet_domain_name": "appsubad2.psftvcn.oraclevcn.com",
                            "time_created": "2019-04-03 20:21:24.793 +0000 UTC",
                            "vcn_id": "ocid1.vcn.oc1.iad.aaaaaaaa7tvh7cckrvbnqdjex6x4jichpt47vv6aildbbxb4lwqf2tb5lfga",
                            "virtual_router_ip": "172.16.12.1",
                            "virtual_router_mac": "00:00:17:D0:18:38"
                        },
                        "meta": {
                            "e2bfb730-ecaa-11e6-8f88-34363bc7c4c0": {
                                "create": 900000000000,
                                "delete": 900000000000,
                                "update": 900000000000
                            }
                        },
                        "tainted": false
                    },
                    "deposed": [],
                    "provider": "provider.oci"
                }
            },
            "depends_on": []
        },
        {
            "path": [
                "root",
                "bastion_subnet"
            ],
            "outputs": {
                "cidr_block": {
                    "sensitive": false,
                    "type": "list",
                    "value": [
                        "172.16.28.0/24"
                    ]
                },
                "subnetid": {
                    "sensitive": false,
                    "type": "list",
                    "value": [
                        "ocid1.subnet.oc1.iad.aaaaaaaa4gkmgepo3pw7wbuzx4krido4mjo3tenc3joibgjmlhrjrh4z24kq"
                    ]
                }
            },
            "resources": {
                "oci_core_subnet.subnet": {
                    "type": "oci_core_subnet",
                    "depends_on": [],
                    "primary": {
                        "id": "ocid1.subnet.oc1.iad.aaaaaaaa4gkmgepo3pw7wbuzx4krido4mjo3tenc3joibgjmlhrjrh4z24kq",
                        "attributes": {
                            "availability_domain": "WSQk:US-ASHBURN-AD-2",
                            "cidr_block": "172.16.28.0/24",
                            "compartment_id": "ocid1.compartment.oc1..aaaaaaaaeu5ojynwt72i4ed2bjsgtggmkizvitfrkxwrkomirmk3qd3eyefq",
                            "defined_tags.%": "0",
                            "dhcp_options_id": "ocid1.dhcpoptions.oc1.iad.aaaaaaaaouxudafvqtwnn7ccsbs35gfxg4nio4ul5u4fucur4om5qq3pvbmq",
                            "display_name": "bassubad2",
                            "dns_label": "bassubad2",
                            "freeform_tags.%": "0",
                            "id": "ocid1.subnet.oc1.iad.aaaaaaaa4gkmgepo3pw7wbuzx4krido4mjo3tenc3joibgjmlhrjrh4z24kq",
                            "prohibit_public_ip_on_vnic": "false",
                            "route_table_id": "ocid1.routetable.oc1.iad.aaaaaaaadkcuptk3ywzwhfwnhfapqkazxh4b2kzsipux27ltnzp4txks352a",
                            "security_list_ids.#": "1",
                            "security_list_ids.42434915": "ocid1.securitylist.oc1.iad.aaaaaaaaxxgqidj3rceq662qygxlkccekru44uyqxo4ocq4sehmyk22ga7qa",
                            "state": "AVAILABLE",
                            "subnet_domain_name": "bassubad2.psftvcn.oraclevcn.com",
                            "time_created": "2019-04-03 20:21:23.014 +0000 UTC",
                            "vcn_id": "ocid1.vcn.oc1.iad.aaaaaaaa7tvh7cckrvbnqdjex6x4jichpt47vv6aildbbxb4lwqf2tb5lfga",
                            "virtual_router_ip": "172.16.28.1",
                            "virtual_router_mac": "00:00:17:D0:18:38"
                        },
                        "meta": {
                            "e2bfb730-ecaa-11e6-8f88-34363bc7c4c0": {
                                "create": 900000000000,
                                "delete": 900000000000,
                                "update": 900000000000
                            }
                        },
                        "tainted": false
                    },
                    "deposed": [],
                    "provider": "provider.oci"
                }
            },
            "depends_on": []
        },
        {
            "path": [
                "root",
                "create_app"
            ],
            "outputs": {
                "ComputePrivateIPs": {
                    "sensitive": false,
                    "type": "list",
                    "value": [
                        "172.16.12.2"
                    ]
                },
                "ComputeWinHostNames": {
                    "sensitive": false,
                    "type": "list",
                    "value": [
                        "psftprdappash21"
                    ]
                },
                "ComputeWincreds": {
                    "sensitive": false,
                    "type": "list",
                    "value": []
                },
                "ComputeWinusers": {
                    "sensitive": false,
                    "type": "list",
                    "value": []
                }
            },
            "resources": {
                "oci_core_instance.compute": {
                    "type": "oci_core_instance",
                    "depends_on": [],
                    "primary": {
                        "id": "ocid1.instance.oc1.iad.abuwcljrjncukivhbajfw5xgm3srpmu6jmpul3k4asjm7gogha3zgpnu6z4q",
                        "attributes": {
                            "availability_domain": "WSQk:US-ASHBURN-AD-2",
                            "boot_volume_id": "ocid1.bootvolume.oc1.iad.abuwcljrardtgjt34idk7c5nhohrwm4diyvylugb4kuc3qajrjig2kxm6f5a",
                            "compartment_id": "ocid1.compartment.oc1..aaaaaaaaeu5ojynwt72i4ed2bjsgtggmkizvitfrkxwrkomirmk3qd3eyefq",
                            "create_vnic_details.#": "1",
                            "create_vnic_details.0.assign_public_ip": "false",
                            "create_vnic_details.0.defined_tags.%": "0",
                            "create_vnic_details.0.display_name": "psftprdappash21",
                            "create_vnic_details.0.freeform_tags.%": "0",
                            "create_vnic_details.0.hostname_label": "psftprdappash21",
                            "create_vnic_details.0.private_ip": "172.16.12.2",
                            "create_vnic_details.0.skip_source_dest_check": "false",
                            "create_vnic_details.0.subnet_id": "ocid1.subnet.oc1.iad.aaaaaaaaeldt2amqstyaqpfbbrxxxp773pduxv22ik2xv7agofo4iwnu7t5a",
                            "defined_tags.%": "0",
                            "display_name": "psftprdappash21",
                            "fault_domain": "FAULT-DOMAIN-1",
                            "freeform_tags.%": "0",
                            "hostname_label": "psftprdappash21",
                            "id": "ocid1.instance.oc1.iad.abuwcljrjncukivhbajfw5xgm3srpmu6jmpul3k4asjm7gogha3zgpnu6z4q",
                            "image": "ocid1.image.oc1.iad.aaaaaaaaur6pzb6sguyw3yopts3otk7sndq2uxezibb24x4lk4n57wgves7q",
                            "launch_mode": "NATIVE",
                            "launch_options.#": "1",
                            "launch_options.0.boot_volume_type": "PARAVIRTUALIZED",
                            "launch_options.0.firmware": "UEFI_64",
                            "launch_options.0.network_type": "VFIO",
                            "launch_options.0.remote_data_volume_type": "PARAVIRTUALIZED",
                            "metadata.%": "2",
                            "metadata.ssh_authorized_keys": "ssh-rsa AAAAB3NzaC1yc2EAAAADAQABAAABAQCuHnzaWgWyjJMy5b/29DaoXaZmZie82ZNm1A9p6FAK8xBOF8gYj+dYVkCZ+bDoMOVz2NMM4vKD6O2ReQ0OjvxTeNNzB1jAMsneP4HeurMnMPAboiCZLNPOj78CkkMQMTZe1uyxPQRVWSmJJtJ3OMcV/EJamL8ojrESRIF9evdw85O7/W2LkncamvNKs2yCjEVa5xJO3q60fdMz9qfOPmxH3IjwZC0QStnlVtN9tsX8XmLsq8FME2r9MTqV3qtt6Zmx5e8AzNLFw2AEQMYHGPe4DbR1rNhGAJopY5Ln/bbVQ87hBAQSdfjOMWAdy9aRLokjiAHOzIdTEfv6VsCmu/Tj OCI",
                            "metadata.user_data": "I2Nsb3VkLWNvbmZpZw0KdGltZXpvbmU6ICJBbWVyaWNhL05ld19Zb3JrIg0KDQpwYWNrYWdlczoNCi0gbmZzLXV0aWxzDQotIG9yYWNsZS1yZGJtcy1zZXJ2ZXItMTJjUjEtcHJlaW5zdGFsbC54ODZfNjQNCi0gZ2xpYmMuaTY4Ng0KLSBsaWJzdGRjKysuaTY4Ng0KLSBmaXJlZm94Lng4Nl82NA0KLSBuYw0KLSBzYW1iYQ0KDQpydW5jbWQ6DQotIG1rZGlyIC1wIC9zdGFnZS9zb2Z0d2FyZS8NCi0gc3VkbyBtb3VudCAxNzIuMTYuMTYuMzovcHNmdHByZGZzc2FzaDIgL3N0YWdlL3NvZnR3YXJlLw0KLSBlY2hvICcxNzIuMTYuMTYuMzovcHNmdHByZGZzc2FzaDIgL3N0YWdlL3NvZnR3YXJlLyBuZnMgdGNwLHZlcnM9MycgfCBzdWRvIHRlZSAtYSAvZXRjL2ZzdGFiDQotIG1vdW50IC1hIC10IG5mcw==",
                            "private_ip": "172.16.12.2",
                            "public_ip": "",
                            "region": "iad",
                            "shape": "VM.Standard2.2",
                            "source_details.#": "1",
                            "source_details.0.boot_volume_size_in_gbs": "100",
                            "source_details.0.source_id": "ocid1.image.oc1.iad.aaaaaaaaur6pzb6sguyw3yopts3otk7sndq2uxezibb24x4lk4n57wgves7q",
                            "source_details.0.source_type": "image",
                            "state": "RUNNING",
                            "subnet_id": "ocid1.subnet.oc1.iad.aaaaaaaaeldt2amqstyaqpfbbrxxxp773pduxv22ik2xv7agofo4iwnu7t5a",
                            "time_created": "2019-04-03 20:21:46.851 +0000 UTC"
                        },
                        "meta": {
                            "e2bfb730-ecaa-11e6-8f88-34363bc7c4c0": {
                                "create": 600000000000,
                                "delete": 7200000000000,
                                "update": 7200000000000
                            }
                        },
                        "tainted": false
                    },
                    "deposed": [],
                    "provider": "provider.oci"
                },
                "oci_core_volume.blockvolume": {
                    "type": "oci_core_volume",
                    "depends_on": [],
                    "primary": {
                        "id": "ocid1.volume.oc1.iad.abuwcljrhlosui7x2ho2h747n2tgabebknae5widnmfq46xns65bvgi5xeiq",
                        "attributes": {
                            "availability_domain": "WSQk:US-ASHBURN-AD-2",
                            "compartment_id": "ocid1.compartment.oc1..aaaaaaaaeu5ojynwt72i4ed2bjsgtggmkizvitfrkxwrkomirmk3qd3eyefq",
                            "defined_tags.%": "0",
                            "display_name": "psftprdappashvol1",
                            "freeform_tags.%": "0",
                            "id": "ocid1.volume.oc1.iad.abuwcljrhlosui7x2ho2h747n2tgabebknae5widnmfq46xns65bvgi5xeiq",
                            "is_hydrated": "true",
                            "size_in_gbs": "100",
                            "size_in_mbs": "102400",
                            "source_details.#": "0",
                            "state": "AVAILABLE",
                            "time_created": "2019-04-03 20:21:20.142 +0000 UTC"
                        },
                        "meta": {
                            "e2bfb730-ecaa-11e6-8f88-34363bc7c4c0": {
                                "create": 900000000000,
                                "delete": 900000000000,
                                "update": 900000000000
                            }
                        },
                        "tainted": false
                    },
                    "deposed": [],
                    "provider": "provider.oci"
                },
                "oci_core_volume_attachment.blockvolume_attach": {
                    "type": "oci_core_volume_attachment",
                    "depends_on": [
                        "oci_core_instance.compute.*",
                        "oci_core_volume.blockvolume.*"
                    ],
                    "primary": {
                        "id": "ocid1.volumeattachment.oc1.iad.abuwcljrqpur2vgtppoxmeqkx7utlyrhhhzlfihsqb5oqtvibgr5zmszazla",
                        "attributes": {
                            "attachment_type": "iscsi",
                            "availability_domain": "WSQk:US-ASHBURN-AD-2",
                            "compartment_id": "ocid1.compartment.oc1..aaaaaaaaeu5ojynwt72i4ed2bjsgtggmkizvitfrkxwrkomirmk3qd3eyefq",
                            "display_name": "volumeattachment20190403202352",
                            "id": "ocid1.volumeattachment.oc1.iad.abuwcljrqpur2vgtppoxmeqkx7utlyrhhhzlfihsqb5oqtvibgr5zmszazla",
                            "instance_id": "ocid1.instance.oc1.iad.abuwcljrjncukivhbajfw5xgm3srpmu6jmpul3k4asjm7gogha3zgpnu6z4q",
                            "ipv4": "169.254.2.2",
                            "iqn": "iqn.2015-12.com.oracleiaas:1d38610c-699d-4cb4-ad62-d9e4699d70fe",
                            "is_read_only": "false",
                            "port": "3260",
                            "state": "ATTACHED",
                            "time_created": "2019-04-03 20:23:52.349 +0000 UTC",
                            "volume_id": "ocid1.volume.oc1.iad.abuwcljrhlosui7x2ho2h747n2tgabebknae5widnmfq46xns65bvgi5xeiq"
                        },
                        "meta": {
                            "e2bfb730-ecaa-11e6-8f88-34363bc7c4c0": {
                                "create": 900000000000,
                                "delete": 900000000000,
                                "update": 900000000000
                            }
                        },
                        "tainted": false
                    },
                    "deposed": [],
                    "provider": "provider.oci"
                },
                "random_integer.rand": {
                    "type": "random_integer",
                    "depends_on": [],
                    "primary": {
                        "id": "8442519623",
                        "attributes": {
                            "id": "8442519623",
                            "max": "9999999999",
                            "min": "1000000000",
                            "result": "8442519623"
                        },
                        "meta": {},
                        "tainted": false
                    },
                    "deposed": [],
                    "provider": "provider.random"
                }
            },
            "depends_on": []
        },
        {
            "path": [
                "root",
                "create_bastion"
            ],
            "outputs": {
                "Bastion_Public_IPs": {
                    "sensitive": false,
                    "type": "list",
                    "value": [
                        "129.213.84.249"
                    ]
                }
            },
            "resources": {
                "oci_core_instance.bastion": {
                    "type": "oci_core_instance",
                    "depends_on": [],
                    "primary": {
                        "id": "ocid1.instance.oc1.iad.abuwcljrnch4s4kdrgt63hrrp6zwg3fm3cogda2o4wonprlxawoj2qknufba",
                        "attributes": {
                            "availability_domain": "WSQk:US-ASHBURN-AD-2",
                            "boot_volume_id": "ocid1.bootvolume.oc1.iad.abuwcljrxp2vmpek2fdfqndm7ikk7u7ifbxtcqquwsccgefgd6ud5mejc5dq",
                            "compartment_id": "ocid1.compartment.oc1..aaaaaaaaeu5ojynwt72i4ed2bjsgtggmkizvitfrkxwrkomirmk3qd3eyefq",
                            "create_vnic_details.#": "1",
                            "create_vnic_details.0.assign_public_ip": "true",
                            "create_vnic_details.0.defined_tags.%": "0",
                            "create_vnic_details.0.display_name": "psftprdbasash21",
                            "create_vnic_details.0.freeform_tags.%": "0",
                            "create_vnic_details.0.hostname_label": "psftprdbasash21",
                            "create_vnic_details.0.private_ip": "172.16.28.2",
                            "create_vnic_details.0.skip_source_dest_check": "false",
                            "create_vnic_details.0.subnet_id": "ocid1.subnet.oc1.iad.aaaaaaaa4gkmgepo3pw7wbuzx4krido4mjo3tenc3joibgjmlhrjrh4z24kq",
                            "defined_tags.%": "0",
                            "display_name": "psftprdbasash21",
                            "fault_domain": "FAULT-DOMAIN-1",
                            "freeform_tags.%": "0",
                            "hostname_label": "psftprdbasash21",
                            "id": "ocid1.instance.oc1.iad.abuwcljrnch4s4kdrgt63hrrp6zwg3fm3cogda2o4wonprlxawoj2qknufba",
                            "image": "ocid1.image.oc1.iad.aaaaaaaaur6pzb6sguyw3yopts3otk7sndq2uxezibb24x4lk4n57wgves7q",
                            "launch_mode": "NATIVE",
                            "launch_options.#": "1",
                            "launch_options.0.boot_volume_type": "PARAVIRTUALIZED",
                            "launch_options.0.firmware": "UEFI_64",
                            "launch_options.0.network_type": "VFIO",
                            "launch_options.0.remote_data_volume_type": "PARAVIRTUALIZED",
                            "metadata.%": "1",
                            "metadata.ssh_authorized_keys": "ssh-rsa AAAAB3NzaC1yc2EAAAADAQABAAABAQCuHnzaWgWyjJMy5b/29DaoXaZmZie82ZNm1A9p6FAK8xBOF8gYj+dYVkCZ+bDoMOVz2NMM4vKD6O2ReQ0OjvxTeNNzB1jAMsneP4HeurMnMPAboiCZLNPOj78CkkMQMTZe1uyxPQRVWSmJJtJ3OMcV/EJamL8ojrESRIF9evdw85O7/W2LkncamvNKs2yCjEVa5xJO3q60fdMz9qfOPmxH3IjwZC0QStnlVtN9tsX8XmLsq8FME2r9MTqV3qtt6Zmx5e8AzNLFw2AEQMYHGPe4DbR1rNhGAJopY5Ln/bbVQ87hBAQSdfjOMWAdy9aRLokjiAHOzIdTEfv6VsCmu/Tj OCI",
                            "private_ip": "172.16.28.2",
                            "public_ip": "129.213.84.249",
                            "region": "iad",
                            "shape": "VM.Standard2.1",
                            "source_details.#": "1",
                            "source_details.0.boot_volume_size_in_gbs": "60",
                            "source_details.0.source_id": "ocid1.image.oc1.iad.aaaaaaaaur6pzb6sguyw3yopts3otk7sndq2uxezibb24x4lk4n57wgves7q",
                            "source_details.0.source_type": "image",
                            "state": "RUNNING",
                            "subnet_id": "ocid1.subnet.oc1.iad.aaaaaaaa4gkmgepo3pw7wbuzx4krido4mjo3tenc3joibgjmlhrjrh4z24kq",
                            "time_created": "2019-04-03 20:21:23.843 +0000 UTC"
                        },
                        "meta": {
                            "e2bfb730-ecaa-11e6-8f88-34363bc7c4c0": {
                                "create": 7200000000000,
                                "delete": 7200000000000,
                                "update": 7200000000000
                            }
                        },
                        "tainted": false
                    },
                    "deposed": [],
                    "provider": "provider.oci"
                }
            },
            "depends_on": []
        },
        {
            "path": [
                "root",
                "create_db"
            ],
            "outputs": {},
            "resources": {
                "data.oci_database_db_system_shapes.db_system_shapes": {
                    "type": "oci_database_db_system_shapes",
                    "depends_on": [],
                    "primary": {
                        "id": "2019-04-03 20:19:16.349212455 +0000 UTC",
                        "attributes": {
                            "availability_domain": "WSQk:US-ASHBURN-AD-2",
                            "compartment_id": "ocid1.compartment.oc1..aaaaaaaaeu5ojynwt72i4ed2bjsgtggmkizvitfrkxwrkomirmk3qd3eyefq",
                            "db_system_shapes.#": "1",
                            "db_system_shapes.0.available_core_count": "4",
                            "db_system_shapes.0.core_count_increment": "0",
                            "db_system_shapes.0.maximum_node_count": "2",
                            "db_system_shapes.0.minimum_core_count": "4",
                            "db_system_shapes.0.minimum_node_count": "1",
                            "db_system_shapes.0.name": "VM.Standard2.4",
                            "db_system_shapes.0.shape": "VM.Standard2.4",
                            "filter.#": "1",
                            "filter.3008344588.name": "name",
                            "filter.3008344588.regex": "false",
                            "filter.3008344588.values.#": "1",
                            "filter.3008344588.values.0": "VM.Standard2.4",
                            "id": "2019-04-03 20:19:16.349212455 +0000 UTC"
                        },
                        "meta": {},
                        "tainted": false
                    },
                    "deposed": [],
                    "provider": "provider.oci"
                }
            },
            "depends_on": []
        },
        {
            "path": [
                "root",
                "create_elastic_search"
            ],
            "outputs": {
                "ComputePrivateIPs": {
                    "sensitive": false,
                    "type": "list",
                    "value": [
                        "172.16.8.2"
                    ]
                },
                "ComputeWinHostNames": {
                    "sensitive": false,
                    "type": "list",
                    "value": [
                        "psftprdesash21"
                    ]
                },
                "ComputeWincreds": {
                    "sensitive": false,
                    "type": "list",
                    "value": []
                },
                "ComputeWinusers": {
                    "sensitive": false,
                    "type": "list",
                    "value": []
                }
            },
            "resources": {
                "oci_core_instance.compute": {
                    "type": "oci_core_instance",
                    "depends_on": [],
                    "primary": {
                        "id": "ocid1.instance.oc1.iad.abuwcljrfs7a5lk4doolb3kqp6gvnqocf2ezgayx2ws6cskbe5yyc6awxopq",
                        "attributes": {
                            "availability_domain": "WSQk:US-ASHBURN-AD-2",
                            "boot_volume_id": "ocid1.bootvolume.oc1.iad.abuwcljrxa2ek6faj5fovdbo73ycv3abim33le347du2xnt5gifvb3243xeq",
                            "compartment_id": "ocid1.compartment.oc1..aaaaaaaaeu5ojynwt72i4ed2bjsgtggmkizvitfrkxwrkomirmk3qd3eyefq",
                            "create_vnic_details.#": "1",
                            "create_vnic_details.0.assign_public_ip": "false",
                            "create_vnic_details.0.defined_tags.%": "0",
                            "create_vnic_details.0.display_name": "psftprdesash21",
                            "create_vnic_details.0.freeform_tags.%": "0",
                            "create_vnic_details.0.hostname_label": "psftprdesash21",
                            "create_vnic_details.0.private_ip": "172.16.8.2",
                            "create_vnic_details.0.skip_source_dest_check": "false",
                            "create_vnic_details.0.subnet_id": "ocid1.subnet.oc1.iad.aaaaaaaaghfnd36gcltfvcm6whdjhpaqjbvyvj476pcm3yjufwv5mea7dlcq",
                            "defined_tags.%": "0",
                            "display_name": "psftprdesash21",
                            "fault_domain": "FAULT-DOMAIN-1",
                            "freeform_tags.%": "0",
                            "hostname_label": "psftprdesash21",
                            "id": "ocid1.instance.oc1.iad.abuwcljrfs7a5lk4doolb3kqp6gvnqocf2ezgayx2ws6cskbe5yyc6awxopq",
                            "image": "ocid1.image.oc1.iad.aaaaaaaaur6pzb6sguyw3yopts3otk7sndq2uxezibb24x4lk4n57wgves7q",
                            "launch_mode": "NATIVE",
                            "launch_options.#": "1",
                            "launch_options.0.boot_volume_type": "PARAVIRTUALIZED",
                            "launch_options.0.firmware": "UEFI_64",
                            "launch_options.0.network_type": "VFIO",
                            "launch_options.0.remote_data_volume_type": "PARAVIRTUALIZED",
                            "metadata.%": "2",
                            "metadata.ssh_authorized_keys": "ssh-rsa AAAAB3NzaC1yc2EAAAADAQABAAABAQCuHnzaWgWyjJMy5b/29DaoXaZmZie82ZNm1A9p6FAK8xBOF8gYj+dYVkCZ+bDoMOVz2NMM4vKD6O2ReQ0OjvxTeNNzB1jAMsneP4HeurMnMPAboiCZLNPOj78CkkMQMTZe1uyxPQRVWSmJJtJ3OMcV/EJamL8ojrESRIF9evdw85O7/W2LkncamvNKs2yCjEVa5xJO3q60fdMz9qfOPmxH3IjwZC0QStnlVtN9tsX8XmLsq8FME2r9MTqV3qtt6Zmx5e8AzNLFw2AEQMYHGPe4DbR1rNhGAJopY5Ln/bbVQ87hBAQSdfjOMWAdy9aRLokjiAHOzIdTEfv6VsCmu/Tj OCI",
                            "metadata.user_data": "I2Nsb3VkLWNvbmZpZw0KdGltZXpvbmU6ICJBbWVyaWNhL05ld19Zb3JrIg0KDQpwYWNrYWdlczoNCi0gbmZzLXV0aWxzDQotIG9yYWNsZS1yZGJtcy1zZXJ2ZXItMTJjUjEtcHJlaW5zdGFsbC54ODZfNjQNCi0gZ2xpYmMuaTY4Ng0KLSBsaWJzdGRjKysuaTY4Ng0KLSBmaXJlZm94Lng4Nl82NA0KLSBuYw0KLSBzYW1iYQ0KDQpydW5jbWQ6DQotIG1rZGlyIC1wIC9zdGFnZS9zb2Z0d2FyZS8NCi0gc3VkbyBtb3VudCAxNzIuMTYuMTYuMzovcHNmdHByZGZzc2FzaDIgL3N0YWdlL3NvZnR3YXJlLw0KLSBlY2hvICcxNzIuMTYuMTYuMzovcHNmdHByZGZzc2FzaDIgL3N0YWdlL3NvZnR3YXJlLyBuZnMgdGNwLHZlcnM9MycgfCBzdWRvIHRlZSAtYSAvZXRjL2ZzdGFiDQotIG1vdW50IC1hIC10IG5mcw==",
                            "private_ip": "172.16.8.2",
                            "public_ip": "",
                            "region": "iad",
                            "shape": "VM.Standard2.2",
                            "source_details.#": "1",
                            "source_details.0.boot_volume_size_in_gbs": "100",
                            "source_details.0.source_id": "ocid1.image.oc1.iad.aaaaaaaaur6pzb6sguyw3yopts3otk7sndq2uxezibb24x4lk4n57wgves7q",
                            "source_details.0.source_type": "image",
                            "state": "RUNNING",
                            "subnet_id": "ocid1.subnet.oc1.iad.aaaaaaaaghfnd36gcltfvcm6whdjhpaqjbvyvj476pcm3yjufwv5mea7dlcq",
                            "time_created": "2019-04-03 20:21:46.59 +0000 UTC"
                        },
                        "meta": {
                            "e2bfb730-ecaa-11e6-8f88-34363bc7c4c0": {
                                "create": 600000000000,
                                "delete": 7200000000000,
                                "update": 7200000000000
                            }
                        },
                        "tainted": false
                    },
                    "deposed": [],
                    "provider": "provider.oci"
                },
                "oci_core_volume.blockvolume": {
                    "type": "oci_core_volume",
                    "depends_on": [],
                    "primary": {
                        "id": "ocid1.volume.oc1.iad.abuwcljrqvyqvwkfn4yj6o5ifhop4khklf6p6icdjvq7z56hebh7kdcmcr4q",
                        "attributes": {
                            "availability_domain": "WSQk:US-ASHBURN-AD-2",
                            "compartment_id": "ocid1.compartment.oc1..aaaaaaaaeu5ojynwt72i4ed2bjsgtggmkizvitfrkxwrkomirmk3qd3eyefq",
                            "defined_tags.%": "0",
                            "display_name": "psftprdesashvol1",
                            "freeform_tags.%": "0",
                            "id": "ocid1.volume.oc1.iad.abuwcljrqvyqvwkfn4yj6o5ifhop4khklf6p6icdjvq7z56hebh7kdcmcr4q",
                            "is_hydrated": "true",
                            "size_in_gbs": "100",
                            "size_in_mbs": "102400",
                            "source_details.#": "0",
                            "state": "AVAILABLE",
                            "time_created": "2019-04-03 20:21:20.024 +0000 UTC"
                        },
                        "meta": {
                            "e2bfb730-ecaa-11e6-8f88-34363bc7c4c0": {
                                "create": 900000000000,
                                "delete": 900000000000,
                                "update": 900000000000
                            }
                        },
                        "tainted": false
                    },
                    "deposed": [],
                    "provider": "provider.oci"
                },
                "oci_core_volume_attachment.blockvolume_attach": {
                    "type": "oci_core_volume_attachment",
                    "depends_on": [
                        "oci_core_instance.compute.*",
                        "oci_core_volume.blockvolume.*"
                    ],
                    "primary": {
                        "id": "ocid1.volumeattachment.oc1.iad.abuwcljr64yagbetyzwgvr2mjx6slxtpugv7h4isgf2ixuv7opj7b42avoua",
                        "attributes": {
                            "attachment_type": "iscsi",
                            "availability_domain": "WSQk:US-ASHBURN-AD-2",
                            "compartment_id": "ocid1.compartment.oc1..aaaaaaaaeu5ojynwt72i4ed2bjsgtggmkizvitfrkxwrkomirmk3qd3eyefq",
                            "display_name": "volumeattachment20190403202352",
                            "id": "ocid1.volumeattachment.oc1.iad.abuwcljr64yagbetyzwgvr2mjx6slxtpugv7h4isgf2ixuv7opj7b42avoua",
                            "instance_id": "ocid1.instance.oc1.iad.abuwcljrfs7a5lk4doolb3kqp6gvnqocf2ezgayx2ws6cskbe5yyc6awxopq",
                            "ipv4": "169.254.2.2",
                            "iqn": "iqn.2015-12.com.oracleiaas:38560305-226b-48aa-88c6-f44f2892ca2b",
                            "is_read_only": "false",
                            "port": "3260",
                            "state": "ATTACHED",
                            "time_created": "2019-04-03 20:23:52.196 +0000 UTC",
                            "volume_id": "ocid1.volume.oc1.iad.abuwcljrqvyqvwkfn4yj6o5ifhop4khklf6p6icdjvq7z56hebh7kdcmcr4q"
                        },
                        "meta": {
                            "e2bfb730-ecaa-11e6-8f88-34363bc7c4c0": {
                                "create": 900000000000,
                                "delete": 900000000000,
                                "update": 900000000000
                            }
                        },
                        "tainted": false
                    },
                    "deposed": [],
                    "provider": "provider.oci"
                },
                "random_integer.rand": {
                    "type": "random_integer",
                    "depends_on": [],
                    "primary": {
                        "id": "8741445479",
                        "attributes": {
                            "id": "8741445479",
                            "max": "9999999999",
                            "min": "1000000000",
                            "result": "8741445479"
                        },
                        "meta": {},
                        "tainted": false
                    },
                    "deposed": [],
                    "provider": "provider.random"
                }
            },
            "depends_on": []
        },
        {
            "path": [
                "root",
                "create_fss"
            ],
            "outputs": {
                "FilesystemExports": {
                    "sensitive": false,
                    "type": "list",
                    "value": [
                        "/psftprdfssash2"
                    ]
                },
                "FilesystemFstabs": {
                    "sensitive": false,
                    "type": "list",
                    "value": [
                        "172.16.16.3:/psftprdfssash2"
                    ]
                },
                "FilesystemPrivateIPs": {
                    "sensitive": false,
                    "type": "list",
                    "value": [
                        "172.16.16.3"
                    ]
                }
            },
            "resources": {
                "data.oci_core_private_ips.ip_mount_target": {
                    "type": "oci_core_private_ips",
                    "depends_on": [
                        "oci_file_storage_mount_target.fss_mt.*"
                    ],
                    "primary": {
                        "id": "2019-04-03 20:21:45.578382655 +0000 UTC",
                        "attributes": {
                            "filter.#": "1",
                            "filter.1186366453.name": "id",
                            "filter.1186366453.regex": "false",
                            "filter.1186366453.values.#": "1",
                            "filter.1186366453.values.0": "ocid1.privateip.oc1.iad.abuwcljraxy6cfocf5352dgfshjtxcpsxqyol2qjee2bu63fzjzi52qhhhuq",
                            "id": "2019-04-03 20:21:45.578382655 +0000 UTC",
                            "private_ips.#": "1",
                            "private_ips.0.availability_domain": "WSQk:US-ASHBURN-AD-2",
                            "private_ips.0.compartment_id": "ocid1.compartment.oc1..aaaaaaaaeu5ojynwt72i4ed2bjsgtggmkizvitfrkxwrkomirmk3qd3eyefq",
                            "private_ips.0.defined_tags.%": "0",
                            "private_ips.0.display_name": "privateip20190403202138",
                            "private_ips.0.freeform_tags.%": "0",
                            "private_ips.0.hostname_label": "psftprdfssash2",
                            "private_ips.0.id": "ocid1.privateip.oc1.iad.abuwcljraxy6cfocf5352dgfshjtxcpsxqyol2qjee2bu63fzjzi52qhhhuq",
                            "private_ips.0.ip_address": "172.16.16.3",
                            "private_ips.0.is_primary": "false",
                            "private_ips.0.subnet_id": "ocid1.subnet.oc1.iad.aaaaaaaaqedl4gjziurffgi3lf6w7qxfyzbo2fvgo5z3ahp6bqegs4vudixa",
                            "private_ips.0.time_created": "2019-04-03 20:21:38.193 +0000 UTC",
                            "private_ips.0.vnic_id": "ocid1.vnic.oc1.iad.abuwcljrtjvqpcwijgyi6uxw63y5wf4w7thw4ri5wfhos2ilp6bsbduuztba",
                            "subnet_id": "ocid1.subnet.oc1.iad.aaaaaaaaqedl4gjziurffgi3lf6w7qxfyzbo2fvgo5z3ahp6bqegs4vudixa"
                        },
                        "meta": {},
                        "tainted": false
                    },
                    "deposed": [],
                    "provider": "provider.oci"
                },
                "data.template_file.fss_ips": {
                    "type": "template_file",
                    "depends_on": [
                        "local.fss_private_ips"
                    ],
                    "primary": {
                        "id": "bf8b1c0f8f8aff860221c378a364aff5572b4da94ac1f886d22cba999c2b815f",
                        "attributes": {
                            "id": "bf8b1c0f8f8aff860221c378a364aff5572b4da94ac1f886d22cba999c2b815f",
                            "rendered": "172.16.16.3",
                            "template": "${ip_address}",
                            "vars.%": "1",
                            "vars.ip_address": "172.16.16.3"
                        },
                        "meta": {},
                        "tainted": false
                    },
                    "deposed": [],
                    "provider": "provider.template"
                },
                "oci_file_storage_export.fss_export": {
                    "type": "oci_file_storage_export",
                    "depends_on": [
                        "oci_file_storage_file_system.fss.*",
                        "oci_file_storage_mount_target.fss_mt.*"
                    ],
                    "primary": {
                        "id": "ocid1.export.oc1.iad.aaaaaby27ve2257tnfqwillqojxwiotjmfsc2ylefuyqaaaa",
                        "attributes": {
                            "export_options.#": "1",
                            "export_options.0.access": "READ_WRITE",
                            "export_options.0.anonymous_gid": "65534",
                            "export_options.0.anonymous_uid": "65534",
                            "export_options.0.identity_squash": "NONE",
                            "export_options.0.require_privileged_source_port": "false",
                            "export_options.0.source": "0.0.0.0/0",
                            "export_set_id": "ocid1.exportset.oc1.iad.aaaaaa4np2son5oonfqwillqojxwiotjmfsc2ylefuyqaaaa",
                            "file_system_id": "ocid1.filesystem.oc1.iad.aaaaaaaaaaaakgjwnfqwillqojxwiotjmfsc2ylefuyqaaaa",
                            "id": "ocid1.export.oc1.iad.aaaaaby27ve2257tnfqwillqojxwiotjmfsc2ylefuyqaaaa",
                            "path": "/psftprdfssash2",
                            "state": "ACTIVE",
                            "time_created": "2019-04-03 20:21:45.614 +0000 UTC"
                        },
                        "meta": {
                            "e2bfb730-ecaa-11e6-8f88-34363bc7c4c0": {
                                "create": 900000000000,
                                "delete": 900000000000,
                                "update": 900000000000
                            }
                        },
                        "tainted": false
                    },
                    "deposed": [],
                    "provider": "provider.oci"
                },
                "oci_file_storage_export_set.fss_export_set": {
                    "type": "oci_file_storage_export_set",
                    "depends_on": [
                        "oci_file_storage_mount_target.fss_mt.*"
                    ],
                    "primary": {
                        "id": "ocid1.exportset.oc1.iad.aaaaaa4np2son5oonfqwillqojxwiotjmfsc2ylefuyqaaaa",
                        "attributes": {
                            "availability_domain": "WSQk:US-ASHBURN-AD-2",
                            "compartment_id": "ocid1.compartment.oc1..aaaaaaaaeu5ojynwt72i4ed2bjsgtggmkizvitfrkxwrkomirmk3qd3eyefq",
                            "display_name": "psftprdfssash2_mt - export set",
                            "id": "ocid1.exportset.oc1.iad.aaaaaa4np2son5oonfqwillqojxwiotjmfsc2ylefuyqaaaa",
                            "max_fs_stat_bytes": "1099511627776",
                            "max_fs_stat_files": "9223372036854775807",
                            "mount_target_id": "ocid1.mounttarget.oc1.iad.aaaaaa4np2son5opnfqwillqojxwiotjmfsc2ylefuyqaaaa",
                            "state": "ACTIVE",
                            "time_created": "2019-04-03 20:21:27.07 +0000 UTC",
                            "vcn_id": "ocid1.vcn.oc1.iad.aaaaaaaa7tvh7cckrvbnqdjex6x4jichpt47vv6aildbbxb4lwqf2tb5lfga"
                        },
                        "meta": {
                            "e2bfb730-ecaa-11e6-8f88-34363bc7c4c0": {
                                "create": 900000000000,
                                "delete": 900000000000,
                                "update": 900000000000
                            }
                        },
                        "tainted": false
                    },
                    "deposed": [],
                    "provider": "provider.oci"
                },
                "oci_file_storage_file_system.fss": {
                    "type": "oci_file_storage_file_system",
                    "depends_on": [],
                    "primary": {
                        "id": "ocid1.filesystem.oc1.iad.aaaaaaaaaaaakgjwnfqwillqojxwiotjmfsc2ylefuyqaaaa",
                        "attributes": {
                            "availability_domain": "WSQk:US-ASHBURN-AD-2",
                            "compartment_id": "ocid1.compartment.oc1..aaaaaaaaeu5ojynwt72i4ed2bjsgtggmkizvitfrkxwrkomirmk3qd3eyefq",
                            "display_name": "psftprdfssash2",
                            "id": "ocid1.filesystem.oc1.iad.aaaaaaaaaaaakgjwnfqwillqojxwiotjmfsc2ylefuyqaaaa",
                            "metered_bytes": "0",
                            "state": "ACTIVE",
                            "time_created": "2019-04-03 20:21:20.209 +0000 UTC"
                        },
                        "meta": {
                            "e2bfb730-ecaa-11e6-8f88-34363bc7c4c0": {
                                "create": 900000000000,
                                "delete": 900000000000,
                                "update": 900000000000
                            }
                        },
                        "tainted": false
                    },
                    "deposed": [],
                    "provider": "provider.oci"
                },
                "oci_file_storage_mount_target.fss_mt": {
                    "type": "oci_file_storage_mount_target",
                    "depends_on": [
                        "oci_file_storage_file_system.fss"
                    ],
                    "primary": {
                        "id": "ocid1.mounttarget.oc1.iad.aaaaaa4np2son5opnfqwillqojxwiotjmfsc2ylefuyqaaaa",
                        "attributes": {
                            "availability_domain": "WSQk:US-ASHBURN-AD-2",
                            "compartment_id": "ocid1.compartment.oc1..aaaaaaaaeu5ojynwt72i4ed2bjsgtggmkizvitfrkxwrkomirmk3qd3eyefq",
                            "display_name": "psftprdfssash2_mt",
                            "export_set_id": "ocid1.exportset.oc1.iad.aaaaaa4np2son5oonfqwillqojxwiotjmfsc2ylefuyqaaaa",
                            "hostname_label": "psftprdfssash2",
                            "id": "ocid1.mounttarget.oc1.iad.aaaaaa4np2son5opnfqwillqojxwiotjmfsc2ylefuyqaaaa",
                            "lifecycle_details": "",
                            "private_ip_ids.#": "1",
                            "private_ip_ids.0": "ocid1.privateip.oc1.iad.abuwcljraxy6cfocf5352dgfshjtxcpsxqyol2qjee2bu63fzjzi52qhhhuq",
                            "state": "ACTIVE",
                            "subnet_id": "ocid1.subnet.oc1.iad.aaaaaaaaqedl4gjziurffgi3lf6w7qxfyzbo2fvgo5z3ahp6bqegs4vudixa",
                            "time_created": "2019-04-03 20:21:27.07 +0000 UTC"
                        },
                        "meta": {
                            "e2bfb730-ecaa-11e6-8f88-34363bc7c4c0": {
                                "create": 900000000000,
                                "delete": 900000000000,
                                "update": 900000000000
                            }
                        },
                        "tainted": false
                    },
                    "deposed": [],
                    "provider": "provider.oci"
                }
            },
            "depends_on": []
        },
        {
            "path": [
                "root",
                "create_lb"
            ],
            "outputs": {},
            "resources": {
                "oci_load_balancer.lb": {
                    "type": "oci_load_balancer",
                    "depends_on": [],
                    "primary": {
                        "id": "ocid1.loadbalancer.oc1.iad.aaaaaaaawvr7jewlsod2iru44pttf44nqdys46vmypoegc2jqac4dmb7bhhq",
                        "attributes": {
                            "compartment_id": "ocid1.compartment.oc1..aaaaaaaaeu5ojynwt72i4ed2bjsgtggmkizvitfrkxwrkomirmk3qd3eyefq",
                            "defined_tags.%": "0",
                            "display_name": "psftprdlbash21",
                            "freeform_tags.%": "0",
                            "id": "ocid1.loadbalancer.oc1.iad.aaaaaaaawvr7jewlsod2iru44pttf44nqdys46vmypoegc2jqac4dmb7bhhq",
                            "ip_addresses.#": "1",
                            "ip_addresses.0": "172.16.24.4",
                            "is_private": "true",
                            "shape": "100Mbps",
                            "state": "ACTIVE",
                            "subnet_ids.#": "1",
                            "subnet_ids.0": "ocid1.subnet.oc1.iad.aaaaaaaajwvcnltfyhww7vk6k7cz46qmwhy2jifhtfrvix32lsy4iw7pqsra",
                            "time_created": "2019-04-03 20:21:25.77 +0000 UTC"
                        },
                        "meta": {},
                        "tainted": false
                    },
                    "deposed": [],
                    "provider": "provider.oci"
                },
                "oci_load_balancer_backend.lb-bset-be": {
                    "type": "oci_load_balancer_backend",
                    "depends_on": [
                        "oci_load_balancer.lb.*",
                        "oci_load_balancer_backend_set.lb-bset.*"
                    ],
                    "primary": {
                        "id": "loadBalancers/ocid1.loadbalancer.oc1.iad.aaaaaaaawvr7jewlsod2iru44pttf44nqdys46vmypoegc2jqac4dmb7bhhq/backendSets/psftprdlbash2-bes1/backends/172.16.20.2:8000",
                        "attributes": {
                            "backendset_name": "psftprdlbash2-bes1",
                            "backup": "false",
                            "drain": "false",
                            "id": "loadBalancers/ocid1.loadbalancer.oc1.iad.aaaaaaaawvr7jewlsod2iru44pttf44nqdys46vmypoegc2jqac4dmb7bhhq/backendSets/psftprdlbash2-bes1/backends/172.16.20.2:8000",
                            "ip_address": "172.16.20.2",
                            "load_balancer_id": "ocid1.loadbalancer.oc1.iad.aaaaaaaawvr7jewlsod2iru44pttf44nqdys46vmypoegc2jqac4dmb7bhhq",
                            "name": "172.16.20.2:8000",
                            "offline": "false",
                            "port": "8000",
                            "state": "SUCCEEDED",
                            "weight": "1"
                        },
                        "meta": {
                            "e2bfb730-ecaa-11e6-8f88-34363bc7c4c0": {
                                "create": 900000000000,
                                "delete": 900000000000,
                                "update": 900000000000
                            }
                        },
                        "tainted": false
                    },
                    "deposed": [],
                    "provider": "provider.oci"
                },
                "oci_load_balancer_backend_set.lb-bset": {
                    "type": "oci_load_balancer_backend_set",
                    "depends_on": [
                        "oci_load_balancer.lb.*"
                    ],
                    "primary": {
                        "id": "loadBalancers/ocid1.loadbalancer.oc1.iad.aaaaaaaawvr7jewlsod2iru44pttf44nqdys46vmypoegc2jqac4dmb7bhhq/backendSets/psftprdlbash2-bes1",
                        "attributes": {
                            "backend.#": "0",
                            "health_checker.#": "1",
                            "health_checker.0.interval_ms": "30000",
                            "health_checker.0.port": "8000",
                            "health_checker.0.protocol": "HTTP",
                            "health_checker.0.response_body_regex": ".*",
                            "health_checker.0.retries": "3",
                            "health_checker.0.return_code": "200",
                            "health_checker.0.timeout_in_millis": "3000",
                            "health_checker.0.url_path": "/",
                            "id": "loadBalancers/ocid1.loadbalancer.oc1.iad.aaaaaaaawvr7jewlsod2iru44pttf44nqdys46vmypoegc2jqac4dmb7bhhq/backendSets/psftprdlbash2-bes1",
                            "load_balancer_id": "ocid1.loadbalancer.oc1.iad.aaaaaaaawvr7jewlsod2iru44pttf44nqdys46vmypoegc2jqac4dmb7bhhq",
                            "name": "psftprdlbash2-bes1",
                            "policy": "ROUND_ROBIN",
                            "session_persistence_configuration.#": "1",
                            "session_persistence_configuration.0.cookie_name": "lb-session1",
                            "session_persistence_configuration.0.disable_fallback": "true",
                            "ssl_configuration.#": "0",
                            "state": "SUCCEEDED"
                        },
                        "meta": {
                            "e2bfb730-ecaa-11e6-8f88-34363bc7c4c0": {
                                "create": 900000000000,
                                "delete": 900000000000,
                                "update": 900000000000
                            }
                        },
                        "tainted": false
                    },
                    "deposed": [],
                    "provider": "provider.oci"
                },
                "oci_load_balancer_hostname.hostname": {
                    "type": "oci_load_balancer_hostname",
                    "depends_on": [
                        "oci_load_balancer.lb.*"
                    ],
                    "primary": {
                        "id": "loadBalancers/ocid1.loadbalancer.oc1.iad.aaaaaaaawvr7jewlsod2iru44pttf44nqdys46vmypoegc2jqac4dmb7bhhq/hostnames/hostname1",
                        "attributes": {
                            "hostname": "psft.example.com",
                            "id": "loadBalancers/ocid1.loadbalancer.oc1.iad.aaaaaaaawvr7jewlsod2iru44pttf44nqdys46vmypoegc2jqac4dmb7bhhq/hostnames/hostname1",
                            "load_balancer_id": "ocid1.loadbalancer.oc1.iad.aaaaaaaawvr7jewlsod2iru44pttf44nqdys46vmypoegc2jqac4dmb7bhhq",
                            "name": "hostname1",
                            "state": "SUCCEEDED"
                        },
                        "meta": {
                            "e2bfb730-ecaa-11e6-8f88-34363bc7c4c0": {
                                "create": 900000000000,
                                "delete": 900000000000,
                                "update": 900000000000
                            }
                        },
                        "tainted": false
                    },
                    "deposed": [],
                    "provider": "provider.oci"
                },
                "oci_load_balancer_listener.lb-listener": {
                    "type": "oci_load_balancer_listener",
                    "depends_on": [
                        "oci_load_balancer.lb.*",
                        "oci_load_balancer_backend_set.lb-bset.*",
                        "oci_load_balancer_hostname.hostname",
                        "oci_load_balancer_hostname.hostname.*"
                    ],
                    "primary": {
                        "id": "loadBalancers/ocid1.loadbalancer.oc1.iad.aaaaaaaawvr7jewlsod2iru44pttf44nqdys46vmypoegc2jqac4dmb7bhhq/listeners/psftprdlbash2-lsnr1",
                        "attributes": {
                            "connection_configuration.#": "1",
                            "connection_configuration.0.idle_timeout_in_seconds": "2",
                            "default_backend_set_name": "psftprdlbash2-bes1",
                            "hostname_names.#": "1",
                            "hostname_names.0": "hostname1",
                            "id": "loadBalancers/ocid1.loadbalancer.oc1.iad.aaaaaaaawvr7jewlsod2iru44pttf44nqdys46vmypoegc2jqac4dmb7bhhq/listeners/psftprdlbash2-lsnr1",
                            "load_balancer_id": "ocid1.loadbalancer.oc1.iad.aaaaaaaawvr7jewlsod2iru44pttf44nqdys46vmypoegc2jqac4dmb7bhhq",
                            "name": "psftprdlbash2-lsnr1",
                            "port": "8000",
                            "protocol": "HTTP",
                            "ssl_configuration.#": "0",
                            "state": "SUCCEEDED"
                        },
                        "meta": {
                            "e2bfb730-ecaa-11e6-8f88-34363bc7c4c0": {
                                "create": 900000000000,
                                "delete": 900000000000,
                                "update": 900000000000
                            }
                        },
                        "tainted": false
                    },
                    "deposed": [],
                    "provider": "provider.oci"
                }
            },
            "depends_on": []
        },
        {
            "path": [
                "root",
                "create_process_schd"
            ],
            "outputs": {
                "ComputePrivateIPs": {
                    "sensitive": false,
                    "type": "list",
                    "value": [
                        "172.16.12.3"
                    ]
                },
                "ComputeWinHostNames": {
                    "sensitive": false,
                    "type": "list",
                    "value": [
                        "psftprdpsash21"
                    ]
                },
                "ComputeWincreds": {
                    "sensitive": false,
                    "type": "list",
                    "value": []
                },
                "ComputeWinusers": {
                    "sensitive": false,
                    "type": "list",
                    "value": []
                }
            },
            "resources": {
                "oci_core_instance.compute": {
                    "type": "oci_core_instance",
                    "depends_on": [],
                    "primary": {
                        "id": "ocid1.instance.oc1.iad.abuwcljrcejip7dy3ynvoazrpdihf6goh5gpid5oyi5tcwviff2mstonlyea",
                        "attributes": {
                            "availability_domain": "WSQk:US-ASHBURN-AD-2",
                            "boot_volume_id": "ocid1.bootvolume.oc1.iad.abuwcljrbfk2ebqup2irbvdq3a4mw53ggfeis6xq26zogwdjgmjzua2c7uxq",
                            "compartment_id": "ocid1.compartment.oc1..aaaaaaaaeu5ojynwt72i4ed2bjsgtggmkizvitfrkxwrkomirmk3qd3eyefq",
                            "create_vnic_details.#": "1",
                            "create_vnic_details.0.assign_public_ip": "false",
                            "create_vnic_details.0.defined_tags.%": "0",
                            "create_vnic_details.0.display_name": "psftprdpsash21",
                            "create_vnic_details.0.freeform_tags.%": "0",
                            "create_vnic_details.0.hostname_label": "psftprdpsash21",
                            "create_vnic_details.0.private_ip": "172.16.12.3",
                            "create_vnic_details.0.skip_source_dest_check": "false",
                            "create_vnic_details.0.subnet_id": "ocid1.subnet.oc1.iad.aaaaaaaaeldt2amqstyaqpfbbrxxxp773pduxv22ik2xv7agofo4iwnu7t5a",
                            "defined_tags.%": "0",
                            "display_name": "psftprdpsash21",
                            "fault_domain": "FAULT-DOMAIN-1",
                            "freeform_tags.%": "0",
                            "hostname_label": "psftprdpsash21",
                            "id": "ocid1.instance.oc1.iad.abuwcljrcejip7dy3ynvoazrpdihf6goh5gpid5oyi5tcwviff2mstonlyea",
                            "image": "ocid1.image.oc1.iad.aaaaaaaaur6pzb6sguyw3yopts3otk7sndq2uxezibb24x4lk4n57wgves7q",
                            "launch_mode": "NATIVE",
                            "launch_options.#": "1",
                            "launch_options.0.boot_volume_type": "PARAVIRTUALIZED",
                            "launch_options.0.firmware": "UEFI_64",
                            "launch_options.0.network_type": "VFIO",
                            "launch_options.0.remote_data_volume_type": "PARAVIRTUALIZED",
                            "metadata.%": "2",
                            "metadata.ssh_authorized_keys": "ssh-rsa AAAAB3NzaC1yc2EAAAADAQABAAABAQCuHnzaWgWyjJMy5b/29DaoXaZmZie82ZNm1A9p6FAK8xBOF8gYj+dYVkCZ+bDoMOVz2NMM4vKD6O2ReQ0OjvxTeNNzB1jAMsneP4HeurMnMPAboiCZLNPOj78CkkMQMTZe1uyxPQRVWSmJJtJ3OMcV/EJamL8ojrESRIF9evdw85O7/W2LkncamvNKs2yCjEVa5xJO3q60fdMz9qfOPmxH3IjwZC0QStnlVtN9tsX8XmLsq8FME2r9MTqV3qtt6Zmx5e8AzNLFw2AEQMYHGPe4DbR1rNhGAJopY5Ln/bbVQ87hBAQSdfjOMWAdy9aRLokjiAHOzIdTEfv6VsCmu/Tj OCI",
                            "metadata.user_data": "I2Nsb3VkLWNvbmZpZw0KdGltZXpvbmU6ICJBbWVyaWNhL05ld19Zb3JrIg0KDQpwYWNrYWdlczoNCi0gbmZzLXV0aWxzDQotIG9yYWNsZS1yZGJtcy1zZXJ2ZXItMTJjUjEtcHJlaW5zdGFsbC54ODZfNjQNCi0gZ2xpYmMuaTY4Ng0KLSBsaWJzdGRjKysuaTY4Ng0KLSBmaXJlZm94Lng4Nl82NA0KLSBuYw0KLSBzYW1iYQ0KDQpydW5jbWQ6DQotIG1rZGlyIC1wIC9zdGFnZS9zb2Z0d2FyZS8NCi0gc3VkbyBtb3VudCAxNzIuMTYuMTYuMzovcHNmdHByZGZzc2FzaDIgL3N0YWdlL3NvZnR3YXJlLw0KLSBlY2hvICcxNzIuMTYuMTYuMzovcHNmdHByZGZzc2FzaDIgL3N0YWdlL3NvZnR3YXJlLyBuZnMgdGNwLHZlcnM9MycgfCBzdWRvIHRlZSAtYSAvZXRjL2ZzdGFiDQotIG1vdW50IC1hIC10IG5mcw==",
                            "private_ip": "172.16.12.3",
                            "public_ip": "",
                            "region": "iad",
                            "shape": "VM.Standard2.2",
                            "source_details.#": "1",
                            "source_details.0.boot_volume_size_in_gbs": "100",
                            "source_details.0.source_id": "ocid1.image.oc1.iad.aaaaaaaaur6pzb6sguyw3yopts3otk7sndq2uxezibb24x4lk4n57wgves7q",
                            "source_details.0.source_type": "image",
                            "state": "RUNNING",
                            "subnet_id": "ocid1.subnet.oc1.iad.aaaaaaaaeldt2amqstyaqpfbbrxxxp773pduxv22ik2xv7agofo4iwnu7t5a",
                            "time_created": "2019-04-03 20:21:46.475 +0000 UTC"
                        },
                        "meta": {
                            "e2bfb730-ecaa-11e6-8f88-34363bc7c4c0": {
                                "create": 600000000000,
                                "delete": 7200000000000,
                                "update": 7200000000000
                            }
                        },
                        "tainted": false
                    },
                    "deposed": [],
                    "provider": "provider.oci"
                },
                "oci_core_volume.blockvolume": {
                    "type": "oci_core_volume",
                    "depends_on": [],
                    "primary": {
                        "id": "ocid1.volume.oc1.iad.abuwcljrh5jg5ja4m6e2g25czxgdmaraqf6x2fuj7ezfdtavw7qwy2ozpdsq",
                        "attributes": {
                            "availability_domain": "WSQk:US-ASHBURN-AD-2",
                            "compartment_id": "ocid1.compartment.oc1..aaaaaaaaeu5ojynwt72i4ed2bjsgtggmkizvitfrkxwrkomirmk3qd3eyefq",
                            "defined_tags.%": "0",
                            "display_name": "psftprdpsashvol1",
                            "freeform_tags.%": "0",
                            "id": "ocid1.volume.oc1.iad.abuwcljrh5jg5ja4m6e2g25czxgdmaraqf6x2fuj7ezfdtavw7qwy2ozpdsq",
                            "is_hydrated": "true",
                            "size_in_gbs": "100",
                            "size_in_mbs": "102400",
                            "source_details.#": "0",
                            "state": "AVAILABLE",
                            "time_created": "2019-04-03 20:21:20.1 +0000 UTC"
                        },
                        "meta": {
                            "e2bfb730-ecaa-11e6-8f88-34363bc7c4c0": {
                                "create": 900000000000,
                                "delete": 900000000000,
                                "update": 900000000000
                            }
                        },
                        "tainted": false
                    },
                    "deposed": [],
                    "provider": "provider.oci"
                },
                "oci_core_volume_attachment.blockvolume_attach": {
                    "type": "oci_core_volume_attachment",
                    "depends_on": [
                        "oci_core_instance.compute.*",
                        "oci_core_volume.blockvolume.*"
                    ],
                    "primary": {
                        "id": "ocid1.volumeattachment.oc1.iad.abuwcljr4d25opdijxcp6yxq3x6ylxuxvvsqrzhx7xd3gvm4d2czzhagstia",
                        "attributes": {
                            "attachment_type": "iscsi",
                            "availability_domain": "WSQk:US-ASHBURN-AD-2",
                            "compartment_id": "ocid1.compartment.oc1..aaaaaaaaeu5ojynwt72i4ed2bjsgtggmkizvitfrkxwrkomirmk3qd3eyefq",
                            "display_name": "volumeattachment20190403202301",
                            "id": "ocid1.volumeattachment.oc1.iad.abuwcljr4d25opdijxcp6yxq3x6ylxuxvvsqrzhx7xd3gvm4d2czzhagstia",
                            "instance_id": "ocid1.instance.oc1.iad.abuwcljrcejip7dy3ynvoazrpdihf6goh5gpid5oyi5tcwviff2mstonlyea",
                            "ipv4": "169.254.2.2",
                            "iqn": "iqn.2015-12.com.oracleiaas:6c50b416-d69f-4dee-a11e-3ee46590a340",
                            "is_read_only": "false",
                            "port": "3260",
                            "state": "ATTACHED",
                            "time_created": "2019-04-03 20:23:01.936 +0000 UTC",
                            "volume_id": "ocid1.volume.oc1.iad.abuwcljrh5jg5ja4m6e2g25czxgdmaraqf6x2fuj7ezfdtavw7qwy2ozpdsq"
                        },
                        "meta": {
                            "e2bfb730-ecaa-11e6-8f88-34363bc7c4c0": {
                                "create": 900000000000,
                                "delete": 900000000000,
                                "update": 900000000000
                            }
                        },
                        "tainted": false
                    },
                    "deposed": [],
                    "provider": "provider.oci"
                },
                "random_integer.rand": {
                    "type": "random_integer",
                    "depends_on": [],
                    "primary": {
                        "id": "1872553582",
                        "attributes": {
                            "id": "1872553582",
                            "max": "9999999999",
                            "min": "1000000000",
                            "result": "1872553582"
                        },
                        "meta": {},
                        "tainted": false
                    },
                    "deposed": [],
                    "provider": "provider.random"
                }
            },
            "depends_on": []
        },
        {
            "path": [
                "root",
                "create_ptools"
            ],
            "outputs": {
                "ComputePrivateIPs": {
                    "sensitive": false,
                    "type": "list",
                    "value": [
                        "172.16.4.2"
                    ]
                },
                "ComputeWinHostNames": {
                    "sensitive": false,
                    "type": "list",
                    "value": [
                        "psftprdtlsash21"
                    ]
                },
                "ComputeWincreds": {
                    "sensitive": false,
                    "type": "list",
                    "value": [
                        "WKHgY~VeF2#f"
                    ]
                },
                "ComputeWinusers": {
                    "sensitive": false,
                    "type": "list",
                    "value": [
                        "opc"
                    ]
                }
            },
            "resources": {
                "data.oci_core_instance_credentials.win": {
                    "type": "oci_core_instance_credentials",
                    "depends_on": [
                        "oci_core_instance.compute.*"
                    ],
                    "primary": {
                        "id": "2019-04-03 20:25:54.22109595 +0000 UTC",
                        "attributes": {
                            "id": "2019-04-03 20:25:54.22109595 +0000 UTC",
                            "instance_id": "ocid1.instance.oc1.iad.abuwcljrpfnxhfenorg2vcjuaskzo5d6m7momztnlvwzvfnvbzxjukzp4e6a",
                            "password": "WKHgY~VeF2#f",
                            "username": "opc"
                        },
                        "meta": {},
                        "tainted": false
                    },
                    "deposed": [],
                    "provider": "provider.oci"
                },
                "oci_core_instance.compute": {
                    "type": "oci_core_instance",
                    "depends_on": [],
                    "primary": {
                        "id": "ocid1.instance.oc1.iad.abuwcljrpfnxhfenorg2vcjuaskzo5d6m7momztnlvwzvfnvbzxjukzp4e6a",
                        "attributes": {
                            "availability_domain": "WSQk:US-ASHBURN-AD-2",
                            "boot_volume_id": "ocid1.bootvolume.oc1.iad.abuwcljrapp7p4tej3o4h5c3gzktrazahdg2q3owotz3levvwjfukh2aw5ta",
                            "compartment_id": "ocid1.compartment.oc1..aaaaaaaaeu5ojynwt72i4ed2bjsgtggmkizvitfrkxwrkomirmk3qd3eyefq",
                            "create_vnic_details.#": "1",
                            "create_vnic_details.0.assign_public_ip": "false",
                            "create_vnic_details.0.defined_tags.%": "0",
                            "create_vnic_details.0.display_name": "psftprdtlsash21",
                            "create_vnic_details.0.freeform_tags.%": "0",
                            "create_vnic_details.0.hostname_label": "psftprdtlsash21",
                            "create_vnic_details.0.private_ip": "172.16.4.2",
                            "create_vnic_details.0.skip_source_dest_check": "false",
                            "create_vnic_details.0.subnet_id": "ocid1.subnet.oc1.iad.aaaaaaaaq4i6bsb6d26uuncilxcbtiqmfa2vwkpn4nk36iz3ejhoqr55h2ya",
                            "defined_tags.%": "0",
                            "display_name": "psftprdtlsash21",
                            "fault_domain": "FAULT-DOMAIN-1",
                            "freeform_tags.%": "0",
                            "hostname_label": "psftprdtlsash21",
                            "id": "ocid1.instance.oc1.iad.abuwcljrpfnxhfenorg2vcjuaskzo5d6m7momztnlvwzvfnvbzxjukzp4e6a",
                            "image": "ocid1.image.oc1.iad.aaaaaaaa4ukqa5zrksyeliqk3kemr74zdigy7rh6cz5zbivgsp6je45jqvfq",
                            "launch_mode": "NATIVE",
                            "launch_options.#": "1",
                            "launch_options.0.boot_volume_type": "PARAVIRTUALIZED",
                            "launch_options.0.firmware": "UEFI_64",
                            "launch_options.0.network_type": "VFIO",
                            "launch_options.0.remote_data_volume_type": "PARAVIRTUALIZED",
                            "metadata.%": "2",
                            "metadata.ssh_authorized_keys": "ssh-rsa AAAAB3NzaC1yc2EAAAADAQABAAABAQCuHnzaWgWyjJMy5b/29DaoXaZmZie82ZNm1A9p6FAK8xBOF8gYj+dYVkCZ+bDoMOVz2NMM4vKD6O2ReQ0OjvxTeNNzB1jAMsneP4HeurMnMPAboiCZLNPOj78CkkMQMTZe1uyxPQRVWSmJJtJ3OMcV/EJamL8ojrESRIF9evdw85O7/W2LkncamvNKs2yCjEVa5xJO3q60fdMz9qfOPmxH3IjwZC0QStnlVtN9tsX8XmLsq8FME2r9MTqV3qtt6Zmx5e8AzNLFw2AEQMYHGPe4DbR1rNhGAJopY5Ln/bbVQ87hBAQSdfjOMWAdy9aRLokjiAHOzIdTEfv6VsCmu/Tj OCI",
                            "metadata.user_data": "I2Nsb3VkLWNvbmZpZw0KdGltZXpvbmU6ICJBbWVyaWNhL05ld19Zb3JrIg0KDQpwYWNrYWdlczoNCi0gbmZzLXV0aWxzDQotIG9yYWNsZS1yZGJtcy1zZXJ2ZXItMTJjUjEtcHJlaW5zdGFsbC54ODZfNjQNCi0gZ2xpYmMuaTY4Ng0KLSBsaWJzdGRjKysuaTY4Ng0KLSBmaXJlZm94Lng4Nl82NA0KLSBuYw0KLSBzYW1iYQ0KDQpydW5jbWQ6DQotIG1rZGlyIC1wIC9zdGFnZS9zb2Z0d2FyZS8NCi0gc3VkbyBtb3VudCAxNzIuMTYuMTYuMzovcHNmdHByZGZzc2FzaDIgL3N0YWdlL3NvZnR3YXJlLw0KLSBlY2hvICcxNzIuMTYuMTYuMzovcHNmdHByZGZzc2FzaDIgL3N0YWdlL3NvZnR3YXJlLyBuZnMgdGNwLHZlcnM9MycgfCBzdWRvIHRlZSAtYSAvZXRjL2ZzdGFiDQotIG1vdW50IC1hIC10IG5mcw==",
                            "private_ip": "172.16.4.2",
                            "public_ip": "",
                            "region": "iad",
                            "shape": "VM.Standard2.4",
                            "source_details.#": "1",
                            "source_details.0.boot_volume_size_in_gbs": "256",
                            "source_details.0.source_id": "ocid1.image.oc1.iad.aaaaaaaa4ukqa5zrksyeliqk3kemr74zdigy7rh6cz5zbivgsp6je45jqvfq",
                            "source_details.0.source_type": "image",
                            "state": "RUNNING",
                            "subnet_id": "ocid1.subnet.oc1.iad.aaaaaaaaq4i6bsb6d26uuncilxcbtiqmfa2vwkpn4nk36iz3ejhoqr55h2ya",
                            "time_created": "2019-04-03 20:21:46.598 +0000 UTC"
                        },
                        "meta": {
                            "e2bfb730-ecaa-11e6-8f88-34363bc7c4c0": {
                                "create": 600000000000,
                                "delete": 7200000000000,
                                "update": 7200000000000
                            }
                        },
                        "tainted": false
                    },
                    "deposed": [],
                    "provider": "provider.oci"
                },
                "random_integer.rand": {
                    "type": "random_integer",
                    "depends_on": [],
                    "primary": {
                        "id": "8281984709",
                        "attributes": {
                            "id": "8281984709",
                            "max": "9999999999",
                            "min": "1000000000",
                            "result": "8281984709"
                        },
                        "meta": {},
                        "tainted": false
                    },
                    "deposed": [],
                    "provider": "provider.random"
                }
            },
            "depends_on": []
        },
        {
            "path": [
                "root",
                "create_vcn"
            ],
            "outputs": {
                "default_dhcp_id": {
                    "sensitive": false,
                    "type": "string",
                    "value": "ocid1.dhcpoptions.oc1.iad.aaaaaaaaouxudafvqtwnn7ccsbs35gfxg4nio4ul5u4fucur4om5qq3pvbmq"
                },
                "igw_id": {
                    "sensitive": false,
                    "type": "string",
                    "value": "ocid1.internetgateway.oc1.iad.aaaaaaaasfvsraxhr22flqui6n4562go272ph3w33l7m5cargqkb7xim3owa"
                },
                "natgtw_id": {
                    "sensitive": false,
                    "type": "string",
                    "value": "ocid1.natgateway.oc1.iad.aaaaaaaagxymhgidv4vxjqthng6bbtppmuoalapd4cidczc3r6sek4xw6mca"
                },
                "svcgtw_id": {
                    "sensitive": false,
                    "type": "string",
                    "value": "ocid1.servicegateway.oc1.iad.aaaaaaaapkic56t3dca2r67744bwag6d3uqodeg62jugfpyay65l66pfgv6q"
                },
                "vcnid": {
                    "sensitive": false,
                    "type": "string",
                    "value": "ocid1.vcn.oc1.iad.aaaaaaaa7tvh7cckrvbnqdjex6x4jichpt47vv6aildbbxb4lwqf2tb5lfga"
                }
            },
            "resources": {
                "data.oci_core_services.svcgtw_services": {
                    "type": "oci_core_services",
                    "depends_on": [],
                    "primary": {
                        "id": "2019-04-03 20:19:15.857548452 +0000 UTC",
                        "attributes": {
                            "filter.#": "1",
                            "filter.2841581091.name": "name",
                            "filter.2841581091.regex": "true",
                            "filter.2841581091.values.#": "1",
                            "filter.2841581091.values.0": ".*Object.*Storage",
                            "id": "2019-04-03 20:19:15.857548452 +0000 UTC",
                            "services.#": "1",
                            "services.0.cidr_block": "oci-iad-objectstorage",
                            "services.0.description": "OCI IAD Object Storage",
                            "services.0.id": "ocid1.service.oc1.iad.aaaaaaaa74z6sqsezqf6znyomdp5jkvfwb4j2ol33abgosvnhxcqphyl3eaq",
                            "services.0.name": "OCI IAD Object Storage"
                        },
                        "meta": {},
                        "tainted": false
                    },
                    "deposed": [],
                    "provider": "provider.oci"
                },
                "oci_core_drg.drg": {
                    "type": "oci_core_drg",
                    "depends_on": [],
                    "primary": {
                        "id": "ocid1.drg.oc1.iad.aaaaaaaasbzonvv4l3xbl7m5pipcoibwmhrmekctmw4tzay7mevmiix3ccvq",
                        "attributes": {
                            "compartment_id": "ocid1.compartment.oc1..aaaaaaaaeu5ojynwt72i4ed2bjsgtggmkizvitfrkxwrkomirmk3qd3eyefq",
                            "defined_tags.%": "0",
                            "display_name": "psftvcndrg",
                            "freeform_tags.%": "0",
                            "id": "ocid1.drg.oc1.iad.aaaaaaaasbzonvv4l3xbl7m5pipcoibwmhrmekctmw4tzay7mevmiix3ccvq",
                            "state": "AVAILABLE",
                            "time_created": "2019-04-03 20:21:19.932 +0000 UTC"
                        },
                        "meta": {
                            "e2bfb730-ecaa-11e6-8f88-34363bc7c4c0": {
                                "create": 900000000000,
                                "delete": 900000000000,
                                "update": 900000000000
                            }
                        },
                        "tainted": false
                    },
                    "deposed": [],
                    "provider": "provider.oci"
                },
                "oci_core_drg_attachment.drg_attachment": {
                    "type": "oci_core_drg_attachment",
                    "depends_on": [
                        "oci_core_drg.drg",
                        "oci_core_virtual_network.vcn"
                    ],
                    "primary": {
                        "id": "ocid1.drgattachment.oc1.iad.aaaaaaaa5xwpb3skiukj32aqv5vjh6lkbfrp3ba2nrxpzokfurml5j6yjraq",
                        "attributes": {
                            "compartment_id": "ocid1.compartment.oc1..aaaaaaaaeu5ojynwt72i4ed2bjsgtggmkizvitfrkxwrkomirmk3qd3eyefq",
                            "display_name": "psftvcndrgattch",
                            "drg_id": "ocid1.drg.oc1.iad.aaaaaaaasbzonvv4l3xbl7m5pipcoibwmhrmekctmw4tzay7mevmiix3ccvq",
                            "id": "ocid1.drgattachment.oc1.iad.aaaaaaaa5xwpb3skiukj32aqv5vjh6lkbfrp3ba2nrxpzokfurml5j6yjraq",
                            "state": "ATTACHED",
                            "time_created": "2019-04-03 20:21:27.609 +0000 UTC",
                            "vcn_id": "ocid1.vcn.oc1.iad.aaaaaaaa7tvh7cckrvbnqdjex6x4jichpt47vv6aildbbxb4lwqf2tb5lfga"
                        },
                        "meta": {
                            "e2bfb730-ecaa-11e6-8f88-34363bc7c4c0": {
                                "create": 900000000000,
                                "delete": 900000000000,
                                "update": 900000000000
                            }
                        },
                        "tainted": false
                    },
                    "deposed": [],
                    "provider": "provider.oci"
                },
                "oci_core_internet_gateway.igw": {
                    "type": "oci_core_internet_gateway",
                    "depends_on": [
                        "oci_core_virtual_network.vcn"
                    ],
                    "primary": {
                        "id": "ocid1.internetgateway.oc1.iad.aaaaaaaasfvsraxhr22flqui6n4562go272ph3w33l7m5cargqkb7xim3owa",
                        "attributes": {
                            "compartment_id": "ocid1.compartment.oc1..aaaaaaaaeu5ojynwt72i4ed2bjsgtggmkizvitfrkxwrkomirmk3qd3eyefq",
                            "defined_tags.%": "0",
                            "display_name": "psftvcnigw",
                            "enabled": "true",
                            "freeform_tags.%": "0",
                            "id": "ocid1.internetgateway.oc1.iad.aaaaaaaasfvsraxhr22flqui6n4562go272ph3w33l7m5cargqkb7xim3owa",
                            "state": "AVAILABLE",
                            "time_created": "2019-04-03 20:21:20.308 +0000 UTC",
                            "vcn_id": "ocid1.vcn.oc1.iad.aaaaaaaa7tvh7cckrvbnqdjex6x4jichpt47vv6aildbbxb4lwqf2tb5lfga"
                        },
                        "meta": {
                            "e2bfb730-ecaa-11e6-8f88-34363bc7c4c0": {
                                "create": 900000000000,
                                "delete": 900000000000,
                                "update": 900000000000
                            }
                        },
                        "tainted": false
                    },
                    "deposed": [],
                    "provider": "provider.oci"
                },
                "oci_core_nat_gateway.natgtw": {
                    "type": "oci_core_nat_gateway",
                    "depends_on": [
                        "oci_core_virtual_network.vcn"
                    ],
                    "primary": {
                        "id": "ocid1.natgateway.oc1.iad.aaaaaaaagxymhgidv4vxjqthng6bbtppmuoalapd4cidczc3r6sek4xw6mca",
                        "attributes": {
                            "block_traffic": "false",
                            "compartment_id": "ocid1.compartment.oc1..aaaaaaaaeu5ojynwt72i4ed2bjsgtggmkizvitfrkxwrkomirmk3qd3eyefq",
                            "defined_tags.%": "0",
                            "display_name": "psftvcnnatgtw",
                            "freeform_tags.%": "0",
                            "id": "ocid1.natgateway.oc1.iad.aaaaaaaagxymhgidv4vxjqthng6bbtppmuoalapd4cidczc3r6sek4xw6mca",
                            "nat_ip": "129.213.73.167",
                            "state": "AVAILABLE",
                            "time_created": "2019-04-03 20:21:20.376 +0000 UTC",
                            "vcn_id": "ocid1.vcn.oc1.iad.aaaaaaaa7tvh7cckrvbnqdjex6x4jichpt47vv6aildbbxb4lwqf2tb5lfga"
                        },
                        "meta": {
                            "e2bfb730-ecaa-11e6-8f88-34363bc7c4c0": {
                                "create": 900000000000,
                                "delete": 900000000000,
                                "update": 900000000000
                            }
                        },
                        "tainted": false
                    },
                    "deposed": [],
                    "provider": "provider.oci"
                },
                "oci_core_service_gateway.svcgtw": {
                    "type": "oci_core_service_gateway",
                    "depends_on": [
                        "data.oci_core_services.svcgtw_services",
                        "oci_core_virtual_network.vcn"
                    ],
                    "primary": {
                        "id": "ocid1.servicegateway.oc1.iad.aaaaaaaapkic56t3dca2r67744bwag6d3uqodeg62jugfpyay65l66pfgv6q",
                        "attributes": {
                            "block_traffic": "false",
                            "compartment_id": "ocid1.compartment.oc1..aaaaaaaaeu5ojynwt72i4ed2bjsgtggmkizvitfrkxwrkomirmk3qd3eyefq",
                            "defined_tags.%": "0",
                            "display_name": "psftvcnsvcgtw",
                            "freeform_tags.%": "0",
                            "id": "ocid1.servicegateway.oc1.iad.aaaaaaaapkic56t3dca2r67744bwag6d3uqodeg62jugfpyay65l66pfgv6q",
                            "services.#": "1",
                            "services.2114898299.service_id": "ocid1.service.oc1.iad.aaaaaaaa74z6sqsezqf6znyomdp5jkvfwb4j2ol33abgosvnhxcqphyl3eaq",
                            "services.2114898299.service_name": "OCI IAD Object Storage",
                            "state": "AVAILABLE",
                            "time_created": "2019-04-03 20:21:20.712 +0000 UTC",
                            "vcn_id": "ocid1.vcn.oc1.iad.aaaaaaaa7tvh7cckrvbnqdjex6x4jichpt47vv6aildbbxb4lwqf2tb5lfga"
                        },
                        "meta": {
                            "e2bfb730-ecaa-11e6-8f88-34363bc7c4c0": {
                                "create": 900000000000,
                                "delete": 900000000000,
                                "update": 900000000000
                            }
                        },
                        "tainted": false
                    },
                    "deposed": [],
                    "provider": "provider.oci"
                },
                "oci_core_virtual_network.vcn": {
                    "type": "oci_core_virtual_network",
                    "depends_on": [],
                    "primary": {
                        "id": "ocid1.vcn.oc1.iad.aaaaaaaa7tvh7cckrvbnqdjex6x4jichpt47vv6aildbbxb4lwqf2tb5lfga",
                        "attributes": {
                            "cidr_block": "172.16.0.0/16",
                            "compartment_id": "ocid1.compartment.oc1..aaaaaaaaeu5ojynwt72i4ed2bjsgtggmkizvitfrkxwrkomirmk3qd3eyefq",
                            "default_dhcp_options_id": "ocid1.dhcpoptions.oc1.iad.aaaaaaaaouxudafvqtwnn7ccsbs35gfxg4nio4ul5u4fucur4om5qq3pvbmq",
                            "default_route_table_id": "ocid1.routetable.oc1.iad.aaaaaaaalm3jls6ppagi47bqarjfl2zcnnbdp4dnezvth3nejhe57fmoz2ua",
                            "default_security_list_id": "ocid1.securitylist.oc1.iad.aaaaaaaartswj2ejpcxqoaxhmnodkwiem4bpye6sph5k23327mwh6ks66sjq",
                            "defined_tags.%": "0",
                            "display_name": "psftvcn",
                            "dns_label": "psftvcn",
                            "freeform_tags.%": "0",
                            "id": "ocid1.vcn.oc1.iad.aaaaaaaa7tvh7cckrvbnqdjex6x4jichpt47vv6aildbbxb4lwqf2tb5lfga",
                            "state": "AVAILABLE",
                            "time_created": "2019-04-03 20:21:19.979 +0000 UTC",
                            "vcn_domain_name": "psftvcn.oraclevcn.com"
                        },
                        "meta": {
                            "e2bfb730-ecaa-11e6-8f88-34363bc7c4c0": {
                                "create": 900000000000,
                                "delete": 900000000000,
                                "update": 900000000000
                            }
                        },
                        "tainted": false
                    },
                    "deposed": [],
                    "provider": "provider.oci"
                }
            },
            "depends_on": []
        },
        {
            "path": [
                "root",
                "create_web"
            ],
            "outputs": {
                "ComputePrivateIPs": {
                    "sensitive": false,
                    "type": "list",
                    "value": [
                        "172.16.20.2"
                    ]
                },
                "ComputeWinHostNames": {
                    "sensitive": false,
                    "type": "list",
                    "value": [
                        "psftprdwebash21"
                    ]
                },
                "ComputeWincreds": {
                    "sensitive": false,
                    "type": "list",
                    "value": []
                },
                "ComputeWinusers": {
                    "sensitive": false,
                    "type": "list",
                    "value": []
                }
            },
            "resources": {
                "oci_core_instance.compute": {
                    "type": "oci_core_instance",
                    "depends_on": [],
                    "primary": {
                        "id": "ocid1.instance.oc1.iad.abuwcljrypppsjvjuehtpa5cfc3dll6dadinbto45jlymctp3gg5v7b4troa",
                        "attributes": {
                            "availability_domain": "WSQk:US-ASHBURN-AD-2",
                            "boot_volume_id": "ocid1.bootvolume.oc1.iad.abuwcljrintunmutfn3zxvxbq5ntykp3rnrx2nmr6llxu7dyt3fyxzflzw6q",
                            "compartment_id": "ocid1.compartment.oc1..aaaaaaaaeu5ojynwt72i4ed2bjsgtggmkizvitfrkxwrkomirmk3qd3eyefq",
                            "create_vnic_details.#": "1",
                            "create_vnic_details.0.assign_public_ip": "false",
                            "create_vnic_details.0.defined_tags.%": "0",
                            "create_vnic_details.0.display_name": "psftprdwebash21",
                            "create_vnic_details.0.freeform_tags.%": "0",
                            "create_vnic_details.0.hostname_label": "psftprdwebash21",
                            "create_vnic_details.0.private_ip": "172.16.20.2",
                            "create_vnic_details.0.skip_source_dest_check": "false",
                            "create_vnic_details.0.subnet_id": "ocid1.subnet.oc1.iad.aaaaaaaai7j7gkh3ovx4kg7unl4iznhi5d6sapzyqrjbl3vbxwo5civbxasq",
                            "defined_tags.%": "0",
                            "display_name": "psftprdwebash21",
                            "fault_domain": "FAULT-DOMAIN-1",
                            "freeform_tags.%": "0",
                            "hostname_label": "psftprdwebash21",
                            "id": "ocid1.instance.oc1.iad.abuwcljrypppsjvjuehtpa5cfc3dll6dadinbto45jlymctp3gg5v7b4troa",
                            "image": "ocid1.image.oc1.iad.aaaaaaaaur6pzb6sguyw3yopts3otk7sndq2uxezibb24x4lk4n57wgves7q",
                            "launch_mode": "NATIVE",
                            "launch_options.#": "1",
                            "launch_options.0.boot_volume_type": "PARAVIRTUALIZED",
                            "launch_options.0.firmware": "UEFI_64",
                            "launch_options.0.network_type": "VFIO",
                            "launch_options.0.remote_data_volume_type": "PARAVIRTUALIZED",
                            "metadata.%": "2",
                            "metadata.ssh_authorized_keys": "ssh-rsa AAAAB3NzaC1yc2EAAAADAQABAAABAQCuHnzaWgWyjJMy5b/29DaoXaZmZie82ZNm1A9p6FAK8xBOF8gYj+dYVkCZ+bDoMOVz2NMM4vKD6O2ReQ0OjvxTeNNzB1jAMsneP4HeurMnMPAboiCZLNPOj78CkkMQMTZe1uyxPQRVWSmJJtJ3OMcV/EJamL8ojrESRIF9evdw85O7/W2LkncamvNKs2yCjEVa5xJO3q60fdMz9qfOPmxH3IjwZC0QStnlVtN9tsX8XmLsq8FME2r9MTqV3qtt6Zmx5e8AzNLFw2AEQMYHGPe4DbR1rNhGAJopY5Ln/bbVQ87hBAQSdfjOMWAdy9aRLokjiAHOzIdTEfv6VsCmu/Tj OCI",
                            "metadata.user_data": "I2Nsb3VkLWNvbmZpZw0KdGltZXpvbmU6ICJBbWVyaWNhL05ld19Zb3JrIg0KDQpwYWNrYWdlczoNCi0gbmZzLXV0aWxzDQotIG9yYWNsZS1yZGJtcy1zZXJ2ZXItMTJjUjEtcHJlaW5zdGFsbC54ODZfNjQNCi0gZ2xpYmMuaTY4Ng0KLSBsaWJzdGRjKysuaTY4Ng0KLSBmaXJlZm94Lng4Nl82NA0KLSBuYw0KLSBzYW1iYQ0KDQpydW5jbWQ6DQotIG1rZGlyIC1wIC9zdGFnZS9zb2Z0d2FyZS8NCi0gc3VkbyBtb3VudCAxNzIuMTYuMTYuMzovcHNmdHByZGZzc2FzaDIgL3N0YWdlL3NvZnR3YXJlLw0KLSBlY2hvICcxNzIuMTYuMTYuMzovcHNmdHByZGZzc2FzaDIgL3N0YWdlL3NvZnR3YXJlLyBuZnMgdGNwLHZlcnM9MycgfCBzdWRvIHRlZSAtYSAvZXRjL2ZzdGFiDQotIG1vdW50IC1hIC10IG5mcw==",
                            "private_ip": "172.16.20.2",
                            "public_ip": "",
                            "region": "iad",
                            "shape": "VM.Standard2.4",
                            "source_details.#": "1",
                            "source_details.0.boot_volume_size_in_gbs": "100",
                            "source_details.0.source_id": "ocid1.image.oc1.iad.aaaaaaaaur6pzb6sguyw3yopts3otk7sndq2uxezibb24x4lk4n57wgves7q",
                            "source_details.0.source_type": "image",
                            "state": "RUNNING",
                            "subnet_id": "ocid1.subnet.oc1.iad.aaaaaaaai7j7gkh3ovx4kg7unl4iznhi5d6sapzyqrjbl3vbxwo5civbxasq",
                            "time_created": "2019-04-03 20:21:46.455 +0000 UTC"
                        },
                        "meta": {
                            "e2bfb730-ecaa-11e6-8f88-34363bc7c4c0": {
                                "create": 600000000000,
                                "delete": 7200000000000,
                                "update": 7200000000000
                            }
                        },
                        "tainted": false
                    },
                    "deposed": [],
                    "provider": "provider.oci"
                },
                "oci_core_volume.blockvolume": {
                    "type": "oci_core_volume",
                    "depends_on": [],
                    "primary": {
                        "id": "ocid1.volume.oc1.iad.abuwcljrpzc5bjvjlu74qiaqy74lzbqjj4ris6i5cl6pwn6iizm2zns7xuiq",
                        "attributes": {
                            "availability_domain": "WSQk:US-ASHBURN-AD-2",
                            "compartment_id": "ocid1.compartment.oc1..aaaaaaaaeu5ojynwt72i4ed2bjsgtggmkizvitfrkxwrkomirmk3qd3eyefq",
                            "defined_tags.%": "0",
                            "display_name": "psftprdwebashvol1",
                            "freeform_tags.%": "0",
                            "id": "ocid1.volume.oc1.iad.abuwcljrpzc5bjvjlu74qiaqy74lzbqjj4ris6i5cl6pwn6iizm2zns7xuiq",
                            "is_hydrated": "true",
                            "size_in_gbs": "100",
                            "size_in_mbs": "102400",
                            "source_details.#": "0",
                            "state": "AVAILABLE",
                            "time_created": "2019-04-03 20:21:19.944 +0000 UTC"
                        },
                        "meta": {
                            "e2bfb730-ecaa-11e6-8f88-34363bc7c4c0": {
                                "create": 900000000000,
                                "delete": 900000000000,
                                "update": 900000000000
                            }
                        },
                        "tainted": false
                    },
                    "deposed": [],
                    "provider": "provider.oci"
                },
                "oci_core_volume_attachment.blockvolume_attach": {
                    "type": "oci_core_volume_attachment",
                    "depends_on": [
                        "oci_core_instance.compute.*",
                        "oci_core_volume.blockvolume.*"
                    ],
                    "primary": {
                        "id": "ocid1.volumeattachment.oc1.iad.abuwcljrb3ydt2qbs74pjqauyc4nvtjxy4up4rmh4wlto6xxavfh5tr4fjza",
                        "attributes": {
                            "attachment_type": "iscsi",
                            "availability_domain": "WSQk:US-ASHBURN-AD-2",
                            "compartment_id": "ocid1.compartment.oc1..aaaaaaaaeu5ojynwt72i4ed2bjsgtggmkizvitfrkxwrkomirmk3qd3eyefq",
                            "display_name": "volumeattachment20190403202352",
                            "id": "ocid1.volumeattachment.oc1.iad.abuwcljrb3ydt2qbs74pjqauyc4nvtjxy4up4rmh4wlto6xxavfh5tr4fjza",
                            "instance_id": "ocid1.instance.oc1.iad.abuwcljrypppsjvjuehtpa5cfc3dll6dadinbto45jlymctp3gg5v7b4troa",
                            "ipv4": "169.254.2.2",
                            "iqn": "iqn.2015-12.com.oracleiaas:33d12f05-842c-473f-a0c1-a66d0fb88f4a",
                            "is_read_only": "false",
                            "port": "3260",
                            "state": "ATTACHED",
                            "time_created": "2019-04-03 20:23:52.11 +0000 UTC",
                            "volume_id": "ocid1.volume.oc1.iad.abuwcljrpzc5bjvjlu74qiaqy74lzbqjj4ris6i5cl6pwn6iizm2zns7xuiq"
                        },
                        "meta": {
                            "e2bfb730-ecaa-11e6-8f88-34363bc7c4c0": {
                                "create": 900000000000,
                                "delete": 900000000000,
                                "update": 900000000000
                            }
                        },
                        "tainted": false
                    },
                    "deposed": [],
                    "provider": "provider.oci"
                },
                "random_integer.rand": {
                    "type": "random_integer",
                    "depends_on": [],
                    "primary": {
                        "id": "4730717918",
                        "attributes": {
                            "id": "4730717918",
                            "max": "9999999999",
                            "min": "1000000000",
                            "result": "4730717918"
                        },
                        "meta": {},
                        "tainted": false
                    },
                    "deposed": [],
                    "provider": "provider.random"
                }
            },
            "depends_on": []
        },
        {
            "path": [
                "root",
                "db_subnet"
            ],
            "outputs": {
                "cidr_block": {
                    "sensitive": false,
                    "type": "list",
                    "value": [
                        "172.16.0.0/24"
                    ]
                },
                "subnetid": {
                    "sensitive": false,
                    "type": "list",
                    "value": [
                        "ocid1.subnet.oc1.iad.aaaaaaaaashsf5w3mxiyywu47dl74gwifgqlz3csg34ngsl7fzetf2jaot4a"
                    ]
                }
            },
            "resources": {
                "oci_core_subnet.subnet": {
                    "type": "oci_core_subnet",
                    "depends_on": [],
                    "primary": {
                        "id": "ocid1.subnet.oc1.iad.aaaaaaaaashsf5w3mxiyywu47dl74gwifgqlz3csg34ngsl7fzetf2jaot4a",
                        "attributes": {
                            "availability_domain": "WSQk:US-ASHBURN-AD-2",
                            "cidr_block": "172.16.0.0/24",
                            "compartment_id": "ocid1.compartment.oc1..aaaaaaaaeu5ojynwt72i4ed2bjsgtggmkizvitfrkxwrkomirmk3qd3eyefq",
                            "defined_tags.%": "0",
                            "dhcp_options_id": "ocid1.dhcpoptions.oc1.iad.aaaaaaaaouxudafvqtwnn7ccsbs35gfxg4nio4ul5u4fucur4om5qq3pvbmq",
                            "display_name": "dbsubad2",
                            "dns_label": "dbsubad2",
                            "freeform_tags.%": "0",
                            "id": "ocid1.subnet.oc1.iad.aaaaaaaaashsf5w3mxiyywu47dl74gwifgqlz3csg34ngsl7fzetf2jaot4a",
                            "prohibit_public_ip_on_vnic": "true",
                            "route_table_id": "ocid1.routetable.oc1.iad.aaaaaaaaoy7xtz6aujw6bv2z66763zbeoaq7lwhajqjinvbbisus52qnzm6a",
                            "security_list_ids.#": "1",
                            "security_list_ids.3941681827": "ocid1.securitylist.oc1.iad.aaaaaaaa23kqgkpz2gckbgrcaishu2dlqbogytkifi36b2lgbebkhmg3f7vq",
                            "state": "AVAILABLE",
                            "subnet_domain_name": "dbsubad2.psftvcn.oraclevcn.com",
                            "time_created": "2019-04-03 20:21:25.539 +0000 UTC",
                            "vcn_id": "ocid1.vcn.oc1.iad.aaaaaaaa7tvh7cckrvbnqdjex6x4jichpt47vv6aildbbxb4lwqf2tb5lfga",
                            "virtual_router_ip": "172.16.0.1",
                            "virtual_router_mac": "00:00:17:D0:18:38"
                        },
                        "meta": {
                            "e2bfb730-ecaa-11e6-8f88-34363bc7c4c0": {
                                "create": 900000000000,
                                "delete": 900000000000,
                                "update": 900000000000
                            }
                        },
                        "tainted": false
                    },
                    "deposed": [],
                    "provider": "provider.oci"
                }
            },
            "depends_on": []
        },
        {
            "path": [
                "root",
                "els_subnet"
            ],
            "outputs": {
                "cidr_block": {
                    "sensitive": false,
                    "type": "list",
                    "value": [
                        "172.16.8.0/24"
                    ]
                },
                "subnetid": {
                    "sensitive": false,
                    "type": "list",
                    "value": [
                        "ocid1.subnet.oc1.iad.aaaaaaaaghfnd36gcltfvcm6whdjhpaqjbvyvj476pcm3yjufwv5mea7dlcq"
                    ]
                }
            },
            "resources": {
                "oci_core_subnet.subnet": {
                    "type": "oci_core_subnet",
                    "depends_on": [],
                    "primary": {
                        "id": "ocid1.subnet.oc1.iad.aaaaaaaaghfnd36gcltfvcm6whdjhpaqjbvyvj476pcm3yjufwv5mea7dlcq",
                        "attributes": {
                            "availability_domain": "WSQk:US-ASHBURN-AD-2",
                            "cidr_block": "172.16.8.0/24",
                            "compartment_id": "ocid1.compartment.oc1..aaaaaaaaeu5ojynwt72i4ed2bjsgtggmkizvitfrkxwrkomirmk3qd3eyefq",
                            "defined_tags.%": "0",
                            "dhcp_options_id": "ocid1.dhcpoptions.oc1.iad.aaaaaaaaouxudafvqtwnn7ccsbs35gfxg4nio4ul5u4fucur4om5qq3pvbmq",
                            "display_name": "essubad2",
                            "dns_label": "essubad2",
                            "freeform_tags.%": "0",
                            "id": "ocid1.subnet.oc1.iad.aaaaaaaaghfnd36gcltfvcm6whdjhpaqjbvyvj476pcm3yjufwv5mea7dlcq",
                            "prohibit_public_ip_on_vnic": "true",
                            "route_table_id": "ocid1.routetable.oc1.iad.aaaaaaaaoy7xtz6aujw6bv2z66763zbeoaq7lwhajqjinvbbisus52qnzm6a",
                            "security_list_ids.#": "1",
                            "security_list_ids.1825978395": "ocid1.securitylist.oc1.iad.aaaaaaaaef62we34n4dl2ix5ry4n6mjsz5wev2l5vvpx4hh2eavsc5576swq",
                            "state": "AVAILABLE",
                            "subnet_domain_name": "essubad2.psftvcn.oraclevcn.com",
                            "time_created": "2019-04-03 20:21:23.93 +0000 UTC",
                            "vcn_id": "ocid1.vcn.oc1.iad.aaaaaaaa7tvh7cckrvbnqdjex6x4jichpt47vv6aildbbxb4lwqf2tb5lfga",
                            "virtual_router_ip": "172.16.8.1",
                            "virtual_router_mac": "00:00:17:D0:18:38"
                        },
                        "meta": {
                            "e2bfb730-ecaa-11e6-8f88-34363bc7c4c0": {
                                "create": 900000000000,
                                "delete": 900000000000,
                                "update": 900000000000
                            }
                        },
                        "tainted": false
                    },
                    "deposed": [],
                    "provider": "provider.oci"
                }
            },
            "depends_on": []
        },
        {
            "path": [
                "root",
                "fss_subnet"
            ],
            "outputs": {
                "cidr_block": {
                    "sensitive": false,
                    "type": "list",
                    "value": [
                        "172.16.16.0/24"
                    ]
                },
                "subnetid": {
                    "sensitive": false,
                    "type": "list",
                    "value": [
                        "ocid1.subnet.oc1.iad.aaaaaaaaqedl4gjziurffgi3lf6w7qxfyzbo2fvgo5z3ahp6bqegs4vudixa"
                    ]
                }
            },
            "resources": {
                "oci_core_subnet.subnet": {
                    "type": "oci_core_subnet",
                    "depends_on": [],
                    "primary": {
                        "id": "ocid1.subnet.oc1.iad.aaaaaaaaqedl4gjziurffgi3lf6w7qxfyzbo2fvgo5z3ahp6bqegs4vudixa",
                        "attributes": {
                            "availability_domain": "WSQk:US-ASHBURN-AD-2",
                            "cidr_block": "172.16.16.0/24",
                            "compartment_id": "ocid1.compartment.oc1..aaaaaaaaeu5ojynwt72i4ed2bjsgtggmkizvitfrkxwrkomirmk3qd3eyefq",
                            "defined_tags.%": "0",
                            "dhcp_options_id": "ocid1.dhcpoptions.oc1.iad.aaaaaaaaouxudafvqtwnn7ccsbs35gfxg4nio4ul5u4fucur4om5qq3pvbmq",
                            "display_name": "fsssubad2",
                            "dns_label": "fsssubad2",
                            "freeform_tags.%": "0",
                            "id": "ocid1.subnet.oc1.iad.aaaaaaaaqedl4gjziurffgi3lf6w7qxfyzbo2fvgo5z3ahp6bqegs4vudixa",
                            "prohibit_public_ip_on_vnic": "true",
                            "route_table_id": "ocid1.routetable.oc1.iad.aaaaaaaaoy7xtz6aujw6bv2z66763zbeoaq7lwhajqjinvbbisus52qnzm6a",
                            "security_list_ids.#": "1",
                            "security_list_ids.676005056": "ocid1.securitylist.oc1.iad.aaaaaaaa4woomqeotns4eagwe73wn2u25hf7mjofrzdhd226tqqq5yda4c7a",
                            "state": "AVAILABLE",
                            "subnet_domain_name": "fsssubad2.psftvcn.oraclevcn.com",
                            "time_created": "2019-04-03 20:21:25.428 +0000 UTC",
                            "vcn_id": "ocid1.vcn.oc1.iad.aaaaaaaa7tvh7cckrvbnqdjex6x4jichpt47vv6aildbbxb4lwqf2tb5lfga",
                            "virtual_router_ip": "172.16.16.1",
                            "virtual_router_mac": "00:00:17:D0:18:38"
                        },
                        "meta": {
                            "e2bfb730-ecaa-11e6-8f88-34363bc7c4c0": {
                                "create": 900000000000,
                                "delete": 900000000000,
                                "update": 900000000000
                            }
                        },
                        "tainted": false
                    },
                    "deposed": [],
                    "provider": "provider.oci"
                }
            },
            "depends_on": []
        },
        {
            "path": [
                "root",
                "lb_subnet"
            ],
            "outputs": {
                "cidr_block": {
                    "sensitive": false,
                    "type": "list",
                    "value": [
                        "172.16.24.0/24"
                    ]
                },
                "subnetid": {
                    "sensitive": false,
                    "type": "list",
                    "value": [
                        "ocid1.subnet.oc1.iad.aaaaaaaajwvcnltfyhww7vk6k7cz46qmwhy2jifhtfrvix32lsy4iw7pqsra"
                    ]
                }
            },
            "resources": {
                "oci_core_subnet.subnet": {
                    "type": "oci_core_subnet",
                    "depends_on": [],
                    "primary": {
                        "id": "ocid1.subnet.oc1.iad.aaaaaaaajwvcnltfyhww7vk6k7cz46qmwhy2jifhtfrvix32lsy4iw7pqsra",
                        "attributes": {
                            "availability_domain": "WSQk:US-ASHBURN-AD-2",
                            "cidr_block": "172.16.24.0/24",
                            "compartment_id": "ocid1.compartment.oc1..aaaaaaaaeu5ojynwt72i4ed2bjsgtggmkizvitfrkxwrkomirmk3qd3eyefq",
                            "defined_tags.%": "0",
                            "dhcp_options_id": "ocid1.dhcpoptions.oc1.iad.aaaaaaaaouxudafvqtwnn7ccsbs35gfxg4nio4ul5u4fucur4om5qq3pvbmq",
                            "display_name": "lbsubad2",
                            "dns_label": "lbsubad2",
                            "freeform_tags.%": "0",
                            "id": "ocid1.subnet.oc1.iad.aaaaaaaajwvcnltfyhww7vk6k7cz46qmwhy2jifhtfrvix32lsy4iw7pqsra",
                            "prohibit_public_ip_on_vnic": "true",
                            "route_table_id": "ocid1.routetable.oc1.iad.aaaaaaaaoy7xtz6aujw6bv2z66763zbeoaq7lwhajqjinvbbisus52qnzm6a",
                            "security_list_ids.#": "1",
                            "security_list_ids.1983104009": "ocid1.securitylist.oc1.iad.aaaaaaaaurcukqyml66uwj27fxh26i62c5ov3ii63ldibhyw3rhtdk2cruea",
                            "state": "AVAILABLE",
                            "subnet_domain_name": "lbsubad2.psftvcn.oraclevcn.com",
                            "time_created": "2019-04-03 20:21:24.977 +0000 UTC",
                            "vcn_id": "ocid1.vcn.oc1.iad.aaaaaaaa7tvh7cckrvbnqdjex6x4jichpt47vv6aildbbxb4lwqf2tb5lfga",
                            "virtual_router_ip": "172.16.24.1",
                            "virtual_router_mac": "00:00:17:D0:18:38"
                        },
                        "meta": {
                            "e2bfb730-ecaa-11e6-8f88-34363bc7c4c0": {
                                "create": 900000000000,
                                "delete": 900000000000,
                                "update": 900000000000
                            }
                        },
                        "tainted": false
                    },
                    "deposed": [],
                    "provider": "provider.oci"
                }
            },
            "depends_on": []
        },
        {
            "path": [
                "root",
                "ptools_subnet"
            ],
            "outputs": {
                "cidr_block": {
                    "sensitive": false,
                    "type": "list",
                    "value": [
                        "172.16.4.0/24"
                    ]
                },
                "subnetid": {
                    "sensitive": false,
                    "type": "list",
                    "value": [
                        "ocid1.subnet.oc1.iad.aaaaaaaaq4i6bsb6d26uuncilxcbtiqmfa2vwkpn4nk36iz3ejhoqr55h2ya"
                    ]
                }
            },
            "resources": {
                "oci_core_subnet.subnet": {
                    "type": "oci_core_subnet",
                    "depends_on": [],
                    "primary": {
                        "id": "ocid1.subnet.oc1.iad.aaaaaaaaq4i6bsb6d26uuncilxcbtiqmfa2vwkpn4nk36iz3ejhoqr55h2ya",
                        "attributes": {
                            "availability_domain": "WSQk:US-ASHBURN-AD-2",
                            "cidr_block": "172.16.4.0/24",
                            "compartment_id": "ocid1.compartment.oc1..aaaaaaaaeu5ojynwt72i4ed2bjsgtggmkizvitfrkxwrkomirmk3qd3eyefq",
                            "defined_tags.%": "0",
                            "dhcp_options_id": "ocid1.dhcpoptions.oc1.iad.aaaaaaaaouxudafvqtwnn7ccsbs35gfxg4nio4ul5u4fucur4om5qq3pvbmq",
                            "display_name": "ptoolssubad2",
                            "dns_label": "ptoolssubad2",
                            "freeform_tags.%": "0",
                            "id": "ocid1.subnet.oc1.iad.aaaaaaaaq4i6bsb6d26uuncilxcbtiqmfa2vwkpn4nk36iz3ejhoqr55h2ya",
                            "prohibit_public_ip_on_vnic": "true",
                            "route_table_id": "ocid1.routetable.oc1.iad.aaaaaaaaoy7xtz6aujw6bv2z66763zbeoaq7lwhajqjinvbbisus52qnzm6a",
                            "security_list_ids.#": "1",
                            "security_list_ids.1476755848": "ocid1.securitylist.oc1.iad.aaaaaaaay4lo3hnbpct4hxrbxi6t5mdlqd5kae74o6un2y7rsfq2s2oawfsa",
                            "state": "AVAILABLE",
                            "subnet_domain_name": "ptoolssubad2.psftvcn.oraclevcn.com",
                            "time_created": "2019-04-03 20:21:24.176 +0000 UTC",
                            "vcn_id": "ocid1.vcn.oc1.iad.aaaaaaaa7tvh7cckrvbnqdjex6x4jichpt47vv6aildbbxb4lwqf2tb5lfga",
                            "virtual_router_ip": "172.16.4.1",
                            "virtual_router_mac": "00:00:17:D0:18:38"
                        },
                        "meta": {
                            "e2bfb730-ecaa-11e6-8f88-34363bc7c4c0": {
                                "create": 900000000000,
                                "delete": 900000000000,
                                "update": 900000000000
                            }
                        },
                        "tainted": false
                    },
                    "deposed": [],
                    "provider": "provider.oci"
                }
            },
            "depends_on": []
        },
        {
            "path": [
                "root",
                "web_subnet"
            ],
            "outputs": {
                "cidr_block": {
                    "sensitive": false,
                    "type": "list",
                    "value": [
                        "172.16.20.0/24"
                    ]
                },
                "subnetid": {
                    "sensitive": false,
                    "type": "list",
                    "value": [
                        "ocid1.subnet.oc1.iad.aaaaaaaai7j7gkh3ovx4kg7unl4iznhi5d6sapzyqrjbl3vbxwo5civbxasq"
                    ]
                }
            },
            "resources": {
                "oci_core_subnet.subnet": {
                    "type": "oci_core_subnet",
                    "depends_on": [],
                    "primary": {
                        "id": "ocid1.subnet.oc1.iad.aaaaaaaai7j7gkh3ovx4kg7unl4iznhi5d6sapzyqrjbl3vbxwo5civbxasq",
                        "attributes": {
                            "availability_domain": "WSQk:US-ASHBURN-AD-2",
                            "cidr_block": "172.16.20.0/24",
                            "compartment_id": "ocid1.compartment.oc1..aaaaaaaaeu5ojynwt72i4ed2bjsgtggmkizvitfrkxwrkomirmk3qd3eyefq",
                            "defined_tags.%": "0",
                            "dhcp_options_id": "ocid1.dhcpoptions.oc1.iad.aaaaaaaaouxudafvqtwnn7ccsbs35gfxg4nio4ul5u4fucur4om5qq3pvbmq",
                            "display_name": "websubad2",
                            "dns_label": "websubad2",
                            "freeform_tags.%": "0",
                            "id": "ocid1.subnet.oc1.iad.aaaaaaaai7j7gkh3ovx4kg7unl4iznhi5d6sapzyqrjbl3vbxwo5civbxasq",
                            "prohibit_public_ip_on_vnic": "true",
                            "route_table_id": "ocid1.routetable.oc1.iad.aaaaaaaaoy7xtz6aujw6bv2z66763zbeoaq7lwhajqjinvbbisus52qnzm6a",
                            "security_list_ids.#": "1",
                            "security_list_ids.4056835689": "ocid1.securitylist.oc1.iad.aaaaaaaaudbihazrm2rogjmrcvpd2jktrx22pj4da3lmst4szztb56dve7ba",
                            "state": "AVAILABLE",
                            "subnet_domain_name": "websubad2.psftvcn.oraclevcn.com",
                            "time_created": "2019-04-03 20:21:24.487 +0000 UTC",
                            "vcn_id": "ocid1.vcn.oc1.iad.aaaaaaaa7tvh7cckrvbnqdjex6x4jichpt47vv6aildbbxb4lwqf2tb5lfga",
                            "virtual_router_ip": "172.16.20.1",
                            "virtual_router_mac": "00:00:17:D0:18:38"
                        },
                        "meta": {
                            "e2bfb730-ecaa-11e6-8f88-34363bc7c4c0": {
                                "create": 900000000000,
                                "delete": 900000000000,
                                "update": 900000000000
                            }
                        },
                        "tainted": false
                    },
                    "deposed": [],
                    "provider": "provider.oci"
                }
            },
            "depends_on": []
        }
    ]
}
