{
    "version": 3,
    "terraform_version": "0.11.10",
    "serial": 25,
    "lineage": "e21d9a2e-5de8-1a21-b10a-aed707525a0d",
    "modules": [
        {
            "path": [
                "root"
            ],
            "outputs": {
                "PsftFilesystemFstabs": {
                    "sensitive": false,
                    "type": "list",
                    "value": [
                        "172.16.16.3:/psftprdfssash1"
                    ]
                }
            },
            "resources": {
                "data.oci_core_services.svcgtw_services": {
                    "type": "oci_core_services",
                    "depends_on": [],
                    "primary": {
                        "id": "2019-03-11 18:32:21.876671906 +0000 UTC",
                        "attributes": {
                            "filter.#": "1",
                            "filter.2841581091.name": "name",
                            "filter.2841581091.regex": "true",
                            "filter.2841581091.values.#": "1",
                            "filter.2841581091.values.0": ".*Object.*Storage",
                            "id": "2019-03-11 18:32:21.876671906 +0000 UTC",
                            "services.#": "1",
                            "services.0.cidr_block": "oci-iad-objectstorage",
                            "services.0.description": "OCI IAD Object Storage",
                            "services.0.id": "ocid1.service.oc1.iad.aaaaaaaa74z6sqsezqf6znyomdp5jkvfwb4j2ol33abgosvnhxcqphyl3eaq",
                            "services.0.name": "OCI IAD Object Storage"
                        },
                        "meta": {},
                        "tainted": false
                    },
                    "deposed": [],
                    "provider": "provider.oci"
                },
                "data.oci_identity_availability_domains.ADs": {
                    "type": "oci_identity_availability_domains",
                    "depends_on": [],
                    "primary": {
                        "id": "2019-03-11 18:32:21.780670498 +0000 UTC",
                        "attributes": {
                            "availability_domains.#": "3",
                            "availability_domains.0.compartment_id": "ocid1.tenancy.oc1..aaaaaaaa5txfxrudc5ezitovlpjznw6b3l6sqvkzddepsfu4es2i4x2xyeia",
                            "availability_domains.0.name": "WSQk:US-ASHBURN-AD-1",
                            "availability_domains.1.compartment_id": "ocid1.tenancy.oc1..aaaaaaaa5txfxrudc5ezitovlpjznw6b3l6sqvkzddepsfu4es2i4x2xyeia",
                            "availability_domains.1.name": "WSQk:US-ASHBURN-AD-2",
                            "availability_domains.2.compartment_id": "ocid1.tenancy.oc1..aaaaaaaa5txfxrudc5ezitovlpjznw6b3l6sqvkzddepsfu4es2i4x2xyeia",
                            "availability_domains.2.name": "WSQk:US-ASHBURN-AD-3",
                            "compartment_id": "ocid1.tenancy.oc1..aaaaaaaa5txfxrudc5ezitovlpjznw6b3l6sqvkzddepsfu4es2i4x2xyeia",
                            "id": "2019-03-11 18:32:21.780670498 +0000 UTC"
                        },
                        "meta": {},
                        "tainted": false
                    },
                    "deposed": [],
                    "provider": "provider.oci"
                },
                "data.oci_identity_fault_domains.fds.0": {
                    "type": "oci_identity_fault_domains",
                    "depends_on": [
                        "data.template_file.deployment_ad.*"
                    ],
                    "primary": {
                        "id": "2019-03-11 18:32:22.221182813 +0000 UTC",
                        "attributes": {
                            "availability_domain": "WSQk:US-ASHBURN-AD-1",
                            "compartment_id": "ocid1.compartment.oc1..aaaaaaaaeu5ojynwt72i4ed2bjsgtggmkizvitfrkxwrkomirmk3qd3eyefq",
                            "fault_domains.#": "3",
                            "fault_domains.0.availability_domain": "WSQk:US-ASHBURN-AD-1",
                            "fault_domains.0.compartment_id": "ocid1.compartment.oc1..aaaaaaaaeu5ojynwt72i4ed2bjsgtggmkizvitfrkxwrkomirmk3qd3eyefq",
                            "fault_domains.0.id": "ocid1.faultdomain.oc1..aaaaaaaasd6ysbecx5b3c2djgw7rdwwp23ukysrz23up4cigvqzcgty3dn6q",
                            "fault_domains.0.name": "FAULT-DOMAIN-1",
                            "fault_domains.1.availability_domain": "WSQk:US-ASHBURN-AD-1",
                            "fault_domains.1.compartment_id": "ocid1.compartment.oc1..aaaaaaaaeu5ojynwt72i4ed2bjsgtggmkizvitfrkxwrkomirmk3qd3eyefq",
                            "fault_domains.1.id": "ocid1.faultdomain.oc1..aaaaaaaas353hxflqhph55cjgxhyjdzjbfrfaeonsyirrgqflgyfdlyw5ydq",
                            "fault_domains.1.name": "FAULT-DOMAIN-2",
                            "fault_domains.2.availability_domain": "WSQk:US-ASHBURN-AD-1",
                            "fault_domains.2.compartment_id": "ocid1.compartment.oc1..aaaaaaaaeu5ojynwt72i4ed2bjsgtggmkizvitfrkxwrkomirmk3qd3eyefq",
                            "fault_domains.2.id": "ocid1.faultdomain.oc1..aaaaaaaawfg5jr244hhqfrvhw6sjgdak2pqmzv7nxniqkqxfvukczxnd3iba",
                            "fault_domains.2.name": "FAULT-DOMAIN-3",
                            "id": "2019-03-11 18:32:22.221182813 +0000 UTC"
                        },
                        "meta": {},
                        "tainted": false
                    },
                    "deposed": [],
                    "provider": "provider.oci"
                },
                "data.oci_identity_fault_domains.fds.1": {
                    "type": "oci_identity_fault_domains",
                    "depends_on": [
                        "data.template_file.deployment_ad.*"
                    ],
                    "primary": {
                        "id": "2019-03-11 18:32:21.967929017 +0000 UTC",
                        "attributes": {
                            "availability_domain": "WSQk:US-ASHBURN-AD-2",
                            "compartment_id": "ocid1.compartment.oc1..aaaaaaaaeu5ojynwt72i4ed2bjsgtggmkizvitfrkxwrkomirmk3qd3eyefq",
                            "fault_domains.#": "3",
                            "fault_domains.0.availability_domain": "WSQk:US-ASHBURN-AD-2",
                            "fault_domains.0.compartment_id": "ocid1.compartment.oc1..aaaaaaaaeu5ojynwt72i4ed2bjsgtggmkizvitfrkxwrkomirmk3qd3eyefq",
                            "fault_domains.0.id": "ocid1.faultdomain.oc1..aaaaaaaaofc6s3wj3whd2bnmflpurvrrpgmzcymggukzbdyj2bcfx3vhtwqa",
                            "fault_domains.0.name": "FAULT-DOMAIN-1",
                            "fault_domains.1.availability_domain": "WSQk:US-ASHBURN-AD-2",
                            "fault_domains.1.compartment_id": "ocid1.compartment.oc1..aaaaaaaaeu5ojynwt72i4ed2bjsgtggmkizvitfrkxwrkomirmk3qd3eyefq",
                            "fault_domains.1.id": "ocid1.faultdomain.oc1..aaaaaaaa25ht33jyysn6g4kjdgfauv2egsok3hhtt5yzlnip5mlbgefnju3a",
                            "fault_domains.1.name": "FAULT-DOMAIN-2",
                            "fault_domains.2.availability_domain": "WSQk:US-ASHBURN-AD-2",
                            "fault_domains.2.compartment_id": "ocid1.compartment.oc1..aaaaaaaaeu5ojynwt72i4ed2bjsgtggmkizvitfrkxwrkomirmk3qd3eyefq",
                            "fault_domains.2.id": "ocid1.faultdomain.oc1..aaaaaaaairynqhcc2nzv5epqcyjapei2thifdt6omiqnvnlgm2i5np3v43fq",
                            "fault_domains.2.name": "FAULT-DOMAIN-3",
                            "id": "2019-03-11 18:32:21.967929017 +0000 UTC"
                        },
                        "meta": {},
                        "tainted": false
                    },
                    "deposed": [],
                    "provider": "provider.oci"
                },
                "data.template_file.bootstrap": {
                    "type": "template_file",
                    "depends_on": [
                        "module.create_fss"
                    ],
                    "primary": {
                        "id": "eee5533f8bf36aeac13980cbdf28d70d083771d1dccde501dcc5832f9218bb1f",
                        "attributes": {
                            "id": "eee5533f8bf36aeac13980cbdf28d70d083771d1dccde501dcc5832f9218bb1f",
                            "rendered": "#cloud-config\r\ntimezone: \"America/New_York\"\r\n\r\npackages:\r\n- nfs-utils\r\n- oracle-rdbms-server-12cR1-preinstall.x86_64\r\n- glibc.i686\r\n- libstdc++.i686\r\n- firefox.x86_64\r\n- nc\r\n- samba\r\n\r\nruncmd:\r\n- mkdir -p /stage/software/\r\n- sudo mount 172.16.16.3:/psftprdfssash1 /stage/software/\r\n- echo '172.16.16.3:/psftprdfssash1 /stage/software/ nfs tcp,vers=3' | sudo tee -a /etc/fstab\r\n- mount -a -t nfs",
                            "template": "#cloud-config\r\ntimezone: \"${timezone}\"\r\n\r\npackages:\r\n- nfs-utils\r\n- oracle-rdbms-server-12cR1-preinstall.x86_64\r\n- glibc.i686\r\n- libstdc++.i686\r\n- firefox.x86_64\r\n- nc\r\n- samba\r\n\r\nruncmd:\r\n- mkdir -p ${fss_mount_path}\r\n- sudo mount ${fss_mount_target_private_ip}:${fss_export_path} ${fss_mount_path}\r\n- echo '${fss_mount_target_private_ip}:${fss_export_path} ${fss_mount_path} nfs tcp,vers=3' | sudo tee -a /etc/fstab\r\n- mount -a -t nfs",
                            "vars.%": "4",
                            "vars.fss_export_path": "/psftprdfssash1",
                            "vars.fss_mount_path": "/stage/software/",
                            "vars.fss_mount_target_private_ip": "172.16.16.3",
                            "vars.timezone": "America/New_York"
                        },
                        "meta": {},
                        "tainted": false
                    },
                    "deposed": [],
                    "provider": "provider.template"
                },
                "data.template_file.deployment_ad.0": {
                    "type": "template_file",
                    "depends_on": [
                        "data.oci_identity_availability_domains.ADs"
                    ],
                    "primary": {
                        "id": "76d889067a0981067b0d2c1599318ca5450878f32b5248c2a5acf9c1624657ff",
                        "attributes": {
                            "id": "76d889067a0981067b0d2c1599318ca5450878f32b5248c2a5acf9c1624657ff",
                            "rendered": "WSQk:US-ASHBURN-AD-1",
                            "template": "WSQk:US-ASHBURN-AD-1"
                        },
                        "meta": {},
                        "tainted": false
                    },
                    "deposed": [],
                    "provider": "provider.template"
                },
                "data.template_file.deployment_ad.1": {
                    "type": "template_file",
                    "depends_on": [
                        "data.oci_identity_availability_domains.ADs"
                    ],
                    "primary": {
                        "id": "a85f78eb37f3c60ae54a4d5dbf10fbaeb3f729a04cf056f37262fff5e70872e3",
                        "attributes": {
                            "id": "a85f78eb37f3c60ae54a4d5dbf10fbaeb3f729a04cf056f37262fff5e70872e3",
                            "rendered": "WSQk:US-ASHBURN-AD-2",
                            "template": "WSQk:US-ASHBURN-AD-2"
                        },
                        "meta": {},
                        "tainted": false
                    },
                    "deposed": [],
                    "provider": "provider.template"
                },
                "data.template_file.deployment_fd.0": {
                    "type": "template_file",
                    "depends_on": [
                        "local.fault_domains",
                        "local.faultdomains_per_ad"
                    ],
                    "primary": {
                        "id": "1189a5f9d583e0cc0dd3d092ab9960a6b84ef96426fc50b633826bcd01c2ffba",
                        "attributes": {
                            "id": "1189a5f9d583e0cc0dd3d092ab9960a6b84ef96426fc50b633826bcd01c2ffba",
                            "rendered": "FAULT-DOMAIN-1",
                            "template": "${name}",
                            "vars.%": "1",
                            "vars.name": "FAULT-DOMAIN-1"
                        },
                        "meta": {},
                        "tainted": false
                    },
                    "deposed": [],
                    "provider": "provider.template"
                },
                "data.template_file.deployment_fd.1": {
                    "type": "template_file",
                    "depends_on": [
                        "local.fault_domains",
                        "local.faultdomains_per_ad"
                    ],
                    "primary": {
                        "id": "c4d100a1f0dd0089df39d852ec77ad2ac5f5e75be794d07eaf7d0eb7079e8fde",
                        "attributes": {
                            "id": "c4d100a1f0dd0089df39d852ec77ad2ac5f5e75be794d07eaf7d0eb7079e8fde",
                            "rendered": "FAULT-DOMAIN-2",
                            "template": "${name}",
                            "vars.%": "1",
                            "vars.name": "FAULT-DOMAIN-2"
                        },
                        "meta": {},
                        "tainted": false
                    },
                    "deposed": [],
                    "provider": "provider.template"
                },
                "data.template_file.deployment_fd.2": {
                    "type": "template_file",
                    "depends_on": [
                        "local.fault_domains",
                        "local.faultdomains_per_ad"
                    ],
                    "primary": {
                        "id": "e804b02d82eadeab15b78a26dd7a7e13871339b3895ff9395f2596c50fdc03ef",
                        "attributes": {
                            "id": "e804b02d82eadeab15b78a26dd7a7e13871339b3895ff9395f2596c50fdc03ef",
                            "rendered": "FAULT-DOMAIN-3",
                            "template": "${name}",
                            "vars.%": "1",
                            "vars.name": "FAULT-DOMAIN-3"
                        },
                        "meta": {},
                        "tainted": false
                    },
                    "deposed": [],
                    "provider": "provider.template"
                },
                "data.template_file.deployment_fd.3": {
                    "type": "template_file",
                    "depends_on": [
                        "local.fault_domains",
                        "local.faultdomains_per_ad"
                    ],
                    "primary": {
                        "id": "1189a5f9d583e0cc0dd3d092ab9960a6b84ef96426fc50b633826bcd01c2ffba",
                        "attributes": {
                            "id": "1189a5f9d583e0cc0dd3d092ab9960a6b84ef96426fc50b633826bcd01c2ffba",
                            "rendered": "FAULT-DOMAIN-1",
                            "template": "${name}",
                            "vars.%": "1",
                            "vars.name": "FAULT-DOMAIN-1"
                        },
                        "meta": {},
                        "tainted": false
                    },
                    "deposed": [],
                    "provider": "provider.template"
                },
                "data.template_file.deployment_fd.4": {
                    "type": "template_file",
                    "depends_on": [
                        "local.fault_domains",
                        "local.faultdomains_per_ad"
                    ],
                    "primary": {
                        "id": "c4d100a1f0dd0089df39d852ec77ad2ac5f5e75be794d07eaf7d0eb7079e8fde",
                        "attributes": {
                            "id": "c4d100a1f0dd0089df39d852ec77ad2ac5f5e75be794d07eaf7d0eb7079e8fde",
                            "rendered": "FAULT-DOMAIN-2",
                            "template": "${name}",
                            "vars.%": "1",
                            "vars.name": "FAULT-DOMAIN-2"
                        },
                        "meta": {},
                        "tainted": false
                    },
                    "deposed": [],
                    "provider": "provider.template"
                },
                "data.template_file.deployment_fd.5": {
                    "type": "template_file",
                    "depends_on": [
                        "local.fault_domains",
                        "local.faultdomains_per_ad"
                    ],
                    "primary": {
                        "id": "e804b02d82eadeab15b78a26dd7a7e13871339b3895ff9395f2596c50fdc03ef",
                        "attributes": {
                            "id": "e804b02d82eadeab15b78a26dd7a7e13871339b3895ff9395f2596c50fdc03ef",
                            "rendered": "FAULT-DOMAIN-3",
                            "template": "${name}",
                            "vars.%": "1",
                            "vars.name": "FAULT-DOMAIN-3"
                        },
                        "meta": {},
                        "tainted": false
                    },
                    "deposed": [],
                    "provider": "provider.template"
                },
                "oci_core_route_table.PrivateRT": {
                    "type": "oci_core_route_table",
                    "depends_on": [
                        "data.oci_core_services.svcgtw_services",
                        "local.anywhere",
                        "module.create_vcn"
                    ],
                    "primary": {
                        "id": "ocid1.routetable.oc1.iad.aaaaaaaawfb7px3vepu7ca3a3lqvcx36wyyxa7ag4tyezv66n3b5glupwmha",
                        "attributes": {
                            "compartment_id": "ocid1.compartment.oc1..aaaaaaaaeu5ojynwt72i4ed2bjsgtggmkizvitfrkxwrkomirmk3qd3eyefq",
                            "defined_tags.%": "0",
                            "display_name": "psftvcnpvtrt",
                            "freeform_tags.%": "0",
                            "id": "ocid1.routetable.oc1.iad.aaaaaaaawfb7px3vepu7ca3a3lqvcx36wyyxa7ag4tyezv66n3b5glupwmha",
                            "route_rules.#": "2",
                            "route_rules.2919019873.cidr_block": "0.0.0.0/0",
                            "route_rules.2919019873.destination": "0.0.0.0/0",
                            "route_rules.2919019873.destination_type": "CIDR_BLOCK",
                            "route_rules.2919019873.network_entity_id": "ocid1.natgateway.oc1.iad.aaaaaaaatoqv5b6ofn3r7gs7hrgaiflrdwvuicq2et7nep4o45khd3a3mj2a",
                            "route_rules.788243504.cidr_block": "",
                            "route_rules.788243504.destination": "oci-iad-objectstorage",
                            "route_rules.788243504.destination_type": "SERVICE_CIDR_BLOCK",
                            "route_rules.788243504.network_entity_id": "ocid1.servicegateway.oc1.iad.aaaaaaaaojisvibhprlmdkdctgvjcxevemna3foibsbc2y6vcnjivz6ukk2q",
                            "state": "AVAILABLE",
                            "time_created": "2019-03-11 18:35:06.115 +0000 UTC",
                            "vcn_id": "ocid1.vcn.oc1.iad.aaaaaaaa5qzni4entj5426crkq5qi7k2foonmneb7e3c4dsizcmhx3tcklea"
                        },
                        "meta": {
                            "e2bfb730-ecaa-11e6-8f88-34363bc7c4c0": {
                                "create": 900000000000,
                                "delete": 900000000000,
                                "update": 900000000000
                            }
                        },
                        "tainted": false
                    },
                    "deposed": [],
                    "provider": "provider.oci"
                },
                "oci_core_route_table.PublicRT": {
                    "type": "oci_core_route_table",
                    "depends_on": [
                        "local.anywhere",
                        "module.create_vcn"
                    ],
                    "primary": {
                        "id": "ocid1.routetable.oc1.iad.aaaaaaaaqqagf433ynqbp2y7mlc6ec4bzrto54y2uz4jkapr3fpmhzum3xka",
                        "attributes": {
                            "compartment_id": "ocid1.compartment.oc1..aaaaaaaaeu5ojynwt72i4ed2bjsgtggmkizvitfrkxwrkomirmk3qd3eyefq",
                            "defined_tags.%": "0",
                            "display_name": "psftvcnpubrt",
                            "freeform_tags.%": "0",
                            "id": "ocid1.routetable.oc1.iad.aaaaaaaaqqagf433ynqbp2y7mlc6ec4bzrto54y2uz4jkapr3fpmhzum3xka",
                            "route_rules.#": "1",
                            "route_rules.4206796823.cidr_block": "0.0.0.0/0",
                            "route_rules.4206796823.destination": "0.0.0.0/0",
                            "route_rules.4206796823.destination_type": "CIDR_BLOCK",
                            "route_rules.4206796823.network_entity_id": "ocid1.internetgateway.oc1.iad.aaaaaaaa2zmwlcjlqu4z7vk7g24oskspz3jynbzkdxhgcveirbvzlf5h2tga",
                            "state": "AVAILABLE",
                            "time_created": "2019-03-11 18:35:04.887 +0000 UTC",
                            "vcn_id": "ocid1.vcn.oc1.iad.aaaaaaaa5qzni4entj5426crkq5qi7k2foonmneb7e3c4dsizcmhx3tcklea"
                        },
                        "meta": {
                            "e2bfb730-ecaa-11e6-8f88-34363bc7c4c0": {
                                "create": 900000000000,
                                "delete": 900000000000,
                                "update": 900000000000
                            }
                        },
                        "tainted": false
                    },
                    "deposed": [],
                    "provider": "provider.oci"
                },
                "oci_core_security_list.AppSecList": {
                    "type": "oci_core_security_list",
                    "depends_on": [
                        "local.anywhere",
                        "local.ssh_port",
                        "local.tcp_protocol",
                        "module.create_vcn"
                    ],
                    "primary": {
                        "id": "ocid1.securitylist.oc1.iad.aaaaaaaa2rwwo2noyxuhnu3576itugqhnh3hy42sszuzn5ncxvnbnlppsyuq",
                        "attributes": {
                            "compartment_id": "ocid1.compartment.oc1..aaaaaaaaeu5ojynwt72i4ed2bjsgtggmkizvitfrkxwrkomirmk3qd3eyefq",
                            "defined_tags.%": "0",
                            "display_name": "AppSecList",
                            "egress_security_rules.#": "1",
                            "egress_security_rules.1420396200.destination": "0.0.0.0/0",
                            "egress_security_rules.1420396200.destination_type": "CIDR_BLOCK",
                            "egress_security_rules.1420396200.icmp_options.#": "0",
                            "egress_security_rules.1420396200.protocol": "6",
                            "egress_security_rules.1420396200.stateless": "false",
                            "egress_security_rules.1420396200.tcp_options.#": "0",
                            "egress_security_rules.1420396200.udp_options.#": "0",
                            "freeform_tags.%": "0",
                            "id": "ocid1.securitylist.oc1.iad.aaaaaaaa2rwwo2noyxuhnu3576itugqhnh3hy42sszuzn5ncxvnbnlppsyuq",
                            "ingress_security_rules.#": "2",
                            "ingress_security_rules.3291565597.icmp_options.#": "0",
                            "ingress_security_rules.3291565597.protocol": "6",
                            "ingress_security_rules.3291565597.source": "172.16.0.0/16",
                            "ingress_security_rules.3291565597.source_type": "CIDR_BLOCK",
                            "ingress_security_rules.3291565597.stateless": "false",
                            "ingress_security_rules.3291565597.tcp_options.#": "1",
                            "ingress_security_rules.3291565597.tcp_options.0.max": "22",
                            "ingress_security_rules.3291565597.tcp_options.0.min": "22",
                            "ingress_security_rules.3291565597.tcp_options.0.source_port_range.#": "0",
                            "ingress_security_rules.3291565597.udp_options.#": "0",
                            "ingress_security_rules.504712764.icmp_options.#": "0",
                            "ingress_security_rules.504712764.protocol": "6",
                            "ingress_security_rules.504712764.source": "172.16.0.0/16",
                            "ingress_security_rules.504712764.source_type": "CIDR_BLOCK",
                            "ingress_security_rules.504712764.stateless": "false",
                            "ingress_security_rules.504712764.tcp_options.#": "1",
                            "ingress_security_rules.504712764.tcp_options.0.max": "9039",
                            "ingress_security_rules.504712764.tcp_options.0.min": "9033",
                            "ingress_security_rules.504712764.tcp_options.0.source_port_range.#": "0",
                            "ingress_security_rules.504712764.udp_options.#": "0",
                            "state": "AVAILABLE",
                            "time_created": "2019-03-11 18:35:04.685 +0000 UTC",
                            "vcn_id": "ocid1.vcn.oc1.iad.aaaaaaaa5qzni4entj5426crkq5qi7k2foonmneb7e3c4dsizcmhx3tcklea"
                        },
                        "meta": {
                            "e2bfb730-ecaa-11e6-8f88-34363bc7c4c0": {
                                "create": 900000000000,
                                "delete": 900000000000,
                                "update": 900000000000
                            }
                        },
                        "tainted": false
                    },
                    "deposed": [],
                    "provider": "provider.oci"
                },
                "oci_core_security_list.BastionSecList": {
                    "type": "oci_core_security_list",
                    "depends_on": [
                        "local.anywhere",
                        "local.ssh_port",
                        "local.tcp_protocol",
                        "module.create_vcn"
                    ],
                    "primary": {
                        "id": "ocid1.securitylist.oc1.iad.aaaaaaaazfjcei4x5mryaixsp56ezbhk5eisxeryp32rnggpupqxj5fo327q",
                        "attributes": {
                            "compartment_id": "ocid1.compartment.oc1..aaaaaaaaeu5ojynwt72i4ed2bjsgtggmkizvitfrkxwrkomirmk3qd3eyefq",
                            "defined_tags.%": "0",
                            "display_name": "BastionSecList",
                            "egress_security_rules.#": "1",
                            "egress_security_rules.1420396200.destination": "0.0.0.0/0",
                            "egress_security_rules.1420396200.destination_type": "CIDR_BLOCK",
                            "egress_security_rules.1420396200.icmp_options.#": "0",
                            "egress_security_rules.1420396200.protocol": "6",
                            "egress_security_rules.1420396200.stateless": "false",
                            "egress_security_rules.1420396200.tcp_options.#": "0",
                            "egress_security_rules.1420396200.udp_options.#": "0",
                            "freeform_tags.%": "0",
                            "id": "ocid1.securitylist.oc1.iad.aaaaaaaazfjcei4x5mryaixsp56ezbhk5eisxeryp32rnggpupqxj5fo327q",
                            "ingress_security_rules.#": "1",
                            "ingress_security_rules.47193274.icmp_options.#": "0",
                            "ingress_security_rules.47193274.protocol": "6",
                            "ingress_security_rules.47193274.source": "0.0.0.0/0",
                            "ingress_security_rules.47193274.source_type": "CIDR_BLOCK",
                            "ingress_security_rules.47193274.stateless": "false",
                            "ingress_security_rules.47193274.tcp_options.#": "1",
                            "ingress_security_rules.47193274.tcp_options.0.max": "22",
                            "ingress_security_rules.47193274.tcp_options.0.min": "22",
                            "ingress_security_rules.47193274.tcp_options.0.source_port_range.#": "0",
                            "ingress_security_rules.47193274.udp_options.#": "0",
                            "state": "AVAILABLE",
                            "time_created": "2019-03-11 18:35:04.249 +0000 UTC",
                            "vcn_id": "ocid1.vcn.oc1.iad.aaaaaaaa5qzni4entj5426crkq5qi7k2foonmneb7e3c4dsizcmhx3tcklea"
                        },
                        "meta": {
                            "e2bfb730-ecaa-11e6-8f88-34363bc7c4c0": {
                                "create": 900000000000,
                                "delete": 900000000000,
                                "update": 900000000000
                            }
                        },
                        "tainted": false
                    },
                    "deposed": [],
                    "provider": "provider.oci"
                },
                "oci_core_security_list.DBSecList": {
                    "type": "oci_core_security_list",
                    "depends_on": [
                        "local.anywhere",
                        "local.db_port",
                        "local.ssh_port",
                        "local.tcp_protocol",
                        "module.create_vcn"
                    ],
                    "primary": {
                        "id": "ocid1.securitylist.oc1.iad.aaaaaaaai3hryezcuglva7xw6dbwjkefosuzzh66t6xdftswqe3ri3uuy2ya",
                        "attributes": {
                            "compartment_id": "ocid1.compartment.oc1..aaaaaaaaeu5ojynwt72i4ed2bjsgtggmkizvitfrkxwrkomirmk3qd3eyefq",
                            "defined_tags.%": "0",
                            "display_name": "DBSecList",
                            "egress_security_rules.#": "1",
                            "egress_security_rules.1420396200.destination": "0.0.0.0/0",
                            "egress_security_rules.1420396200.destination_type": "CIDR_BLOCK",
                            "egress_security_rules.1420396200.icmp_options.#": "0",
                            "egress_security_rules.1420396200.protocol": "6",
                            "egress_security_rules.1420396200.stateless": "false",
                            "egress_security_rules.1420396200.tcp_options.#": "0",
                            "egress_security_rules.1420396200.udp_options.#": "0",
                            "freeform_tags.%": "0",
                            "id": "ocid1.securitylist.oc1.iad.aaaaaaaai3hryezcuglva7xw6dbwjkefosuzzh66t6xdftswqe3ri3uuy2ya",
                            "ingress_security_rules.#": "2",
                            "ingress_security_rules.2353706552.icmp_options.#": "0",
                            "ingress_security_rules.2353706552.protocol": "6",
                            "ingress_security_rules.2353706552.source": "172.16.0.0/16",
                            "ingress_security_rules.2353706552.source_type": "CIDR_BLOCK",
                            "ingress_security_rules.2353706552.stateless": "false",
                            "ingress_security_rules.2353706552.tcp_options.#": "1",
                            "ingress_security_rules.2353706552.tcp_options.0.max": "1521",
                            "ingress_security_rules.2353706552.tcp_options.0.min": "1521",
                            "ingress_security_rules.2353706552.tcp_options.0.source_port_range.#": "0",
                            "ingress_security_rules.2353706552.udp_options.#": "0",
                            "ingress_security_rules.3291565597.icmp_options.#": "0",
                            "ingress_security_rules.3291565597.protocol": "6",
                            "ingress_security_rules.3291565597.source": "172.16.0.0/16",
                            "ingress_security_rules.3291565597.source_type": "CIDR_BLOCK",
                            "ingress_security_rules.3291565597.stateless": "false",
                            "ingress_security_rules.3291565597.tcp_options.#": "1",
                            "ingress_security_rules.3291565597.tcp_options.0.max": "22",
                            "ingress_security_rules.3291565597.tcp_options.0.min": "22",
                            "ingress_security_rules.3291565597.tcp_options.0.source_port_range.#": "0",
                            "ingress_security_rules.3291565597.udp_options.#": "0",
                            "state": "AVAILABLE",
                            "time_created": "2019-03-11 18:35:03.762 +0000 UTC",
                            "vcn_id": "ocid1.vcn.oc1.iad.aaaaaaaa5qzni4entj5426crkq5qi7k2foonmneb7e3c4dsizcmhx3tcklea"
                        },
                        "meta": {
                            "e2bfb730-ecaa-11e6-8f88-34363bc7c4c0": {
                                "create": 900000000000,
                                "delete": 900000000000,
                                "update": 900000000000
                            }
                        },
                        "tainted": false
                    },
                    "deposed": [],
                    "provider": "provider.oci"
                },
                "oci_core_security_list.ESSecList": {
                    "type": "oci_core_security_list",
                    "depends_on": [
                        "local.anywhere",
                        "local.ssh_port",
                        "local.tcp_protocol",
                        "module.create_vcn"
                    ],
                    "primary": {
                        "id": "ocid1.securitylist.oc1.iad.aaaaaaaag7fugjx6w4fagoitys5gdux4dod443d3wyui42xny7ewdvx2tbia",
                        "attributes": {
                            "compartment_id": "ocid1.compartment.oc1..aaaaaaaaeu5ojynwt72i4ed2bjsgtggmkizvitfrkxwrkomirmk3qd3eyefq",
                            "defined_tags.%": "0",
                            "display_name": "ESSecList",
                            "egress_security_rules.#": "1",
                            "egress_security_rules.1420396200.destination": "0.0.0.0/0",
                            "egress_security_rules.1420396200.destination_type": "CIDR_BLOCK",
                            "egress_security_rules.1420396200.icmp_options.#": "0",
                            "egress_security_rules.1420396200.protocol": "6",
                            "egress_security_rules.1420396200.stateless": "false",
                            "egress_security_rules.1420396200.tcp_options.#": "0",
                            "egress_security_rules.1420396200.udp_options.#": "0",
                            "freeform_tags.%": "0",
                            "id": "ocid1.securitylist.oc1.iad.aaaaaaaag7fugjx6w4fagoitys5gdux4dod443d3wyui42xny7ewdvx2tbia",
                            "ingress_security_rules.#": "2",
                            "ingress_security_rules.2828403099.icmp_options.#": "0",
                            "ingress_security_rules.2828403099.protocol": "6",
                            "ingress_security_rules.2828403099.source": "172.16.0.0/16",
                            "ingress_security_rules.2828403099.source_type": "CIDR_BLOCK",
                            "ingress_security_rules.2828403099.stateless": "false",
                            "ingress_security_rules.2828403099.tcp_options.#": "1",
                            "ingress_security_rules.2828403099.tcp_options.0.max": "9200",
                            "ingress_security_rules.2828403099.tcp_options.0.min": "9200",
                            "ingress_security_rules.2828403099.tcp_options.0.source_port_range.#": "0",
                            "ingress_security_rules.2828403099.udp_options.#": "0",
                            "ingress_security_rules.3291565597.icmp_options.#": "0",
                            "ingress_security_rules.3291565597.protocol": "6",
                            "ingress_security_rules.3291565597.source": "172.16.0.0/16",
                            "ingress_security_rules.3291565597.source_type": "CIDR_BLOCK",
                            "ingress_security_rules.3291565597.stateless": "false",
                            "ingress_security_rules.3291565597.tcp_options.#": "1",
                            "ingress_security_rules.3291565597.tcp_options.0.max": "22",
                            "ingress_security_rules.3291565597.tcp_options.0.min": "22",
                            "ingress_security_rules.3291565597.tcp_options.0.source_port_range.#": "0",
                            "ingress_security_rules.3291565597.udp_options.#": "0",
                            "state": "AVAILABLE",
                            "time_created": "2019-03-11 18:35:04.613 +0000 UTC",
                            "vcn_id": "ocid1.vcn.oc1.iad.aaaaaaaa5qzni4entj5426crkq5qi7k2foonmneb7e3c4dsizcmhx3tcklea"
                        },
                        "meta": {
                            "e2bfb730-ecaa-11e6-8f88-34363bc7c4c0": {
                                "create": 900000000000,
                                "delete": 900000000000,
                                "update": 900000000000
                            }
                        },
                        "tainted": false
                    },
                    "deposed": [],
                    "provider": "provider.oci"
                },
                "oci_core_security_list.FSSSecList": {
                    "type": "oci_core_security_list",
                    "depends_on": [
                        "local.anywhere",
                        "local.fss_ports",
                        "local.tcp_protocol",
                        "local.udp_protocol",
                        "module.create_vcn"
                    ],
                    "primary": {
                        "id": "ocid1.securitylist.oc1.iad.aaaaaaaa7hboigwxrungaumdsfyi5lthpfrpg2wwh4f5prervzdbzkapid5q",
                        "attributes": {
                            "compartment_id": "ocid1.compartment.oc1..aaaaaaaaeu5ojynwt72i4ed2bjsgtggmkizvitfrkxwrkomirmk3qd3eyefq",
                            "defined_tags.%": "0",
                            "display_name": "FSSSecList",
                            "egress_security_rules.#": "1",
                            "egress_security_rules.1420396200.destination": "0.0.0.0/0",
                            "egress_security_rules.1420396200.destination_type": "CIDR_BLOCK",
                            "egress_security_rules.1420396200.icmp_options.#": "0",
                            "egress_security_rules.1420396200.protocol": "6",
                            "egress_security_rules.1420396200.stateless": "false",
                            "egress_security_rules.1420396200.tcp_options.#": "0",
                            "egress_security_rules.1420396200.udp_options.#": "0",
                            "freeform_tags.%": "0",
                            "id": "ocid1.securitylist.oc1.iad.aaaaaaaa7hboigwxrungaumdsfyi5lthpfrpg2wwh4f5prervzdbzkapid5q",
                            "ingress_security_rules.#": "4",
                            "ingress_security_rules.1592140093.icmp_options.#": "0",
                            "ingress_security_rules.1592140093.protocol": "17",
                            "ingress_security_rules.1592140093.source": "172.16.0.0/16",
                            "ingress_security_rules.1592140093.source_type": "CIDR_BLOCK",
                            "ingress_security_rules.1592140093.stateless": "false",
                            "ingress_security_rules.1592140093.tcp_options.#": "0",
                            "ingress_security_rules.1592140093.udp_options.#": "1",
                            "ingress_security_rules.1592140093.udp_options.0.max": "2048",
                            "ingress_security_rules.1592140093.udp_options.0.min": "2048",
                            "ingress_security_rules.1592140093.udp_options.0.source_port_range.#": "0",
                            "ingress_security_rules.2182719413.icmp_options.#": "0",
                            "ingress_security_rules.2182719413.protocol": "6",
                            "ingress_security_rules.2182719413.source": "172.16.0.0/16",
                            "ingress_security_rules.2182719413.source_type": "CIDR_BLOCK",
                            "ingress_security_rules.2182719413.stateless": "false",
                            "ingress_security_rules.2182719413.tcp_options.#": "1",
                            "ingress_security_rules.2182719413.tcp_options.0.max": "111",
                            "ingress_security_rules.2182719413.tcp_options.0.min": "111",
                            "ingress_security_rules.2182719413.tcp_options.0.source_port_range.#": "0",
                            "ingress_security_rules.2182719413.udp_options.#": "0",
                            "ingress_security_rules.3504257308.icmp_options.#": "0",
                            "ingress_security_rules.3504257308.protocol": "17",
                            "ingress_security_rules.3504257308.source": "172.16.0.0/16",
                            "ingress_security_rules.3504257308.source_type": "CIDR_BLOCK",
                            "ingress_security_rules.3504257308.stateless": "false",
                            "ingress_security_rules.3504257308.tcp_options.#": "0",
                            "ingress_security_rules.3504257308.udp_options.#": "1",
                            "ingress_security_rules.3504257308.udp_options.0.max": "111",
                            "ingress_security_rules.3504257308.udp_options.0.min": "111",
                            "ingress_security_rules.3504257308.udp_options.0.source_port_range.#": "0",
                            "ingress_security_rules.610863040.icmp_options.#": "0",
                            "ingress_security_rules.610863040.protocol": "6",
                            "ingress_security_rules.610863040.source": "172.16.0.0/16",
                            "ingress_security_rules.610863040.source_type": "CIDR_BLOCK",
                            "ingress_security_rules.610863040.stateless": "false",
                            "ingress_security_rules.610863040.tcp_options.#": "1",
                            "ingress_security_rules.610863040.tcp_options.0.max": "2050",
                            "ingress_security_rules.610863040.tcp_options.0.min": "2048",
                            "ingress_security_rules.610863040.tcp_options.0.source_port_range.#": "0",
                            "ingress_security_rules.610863040.udp_options.#": "0",
                            "state": "AVAILABLE",
                            "time_created": "2019-03-11 18:35:04.539 +0000 UTC",
                            "vcn_id": "ocid1.vcn.oc1.iad.aaaaaaaa5qzni4entj5426crkq5qi7k2foonmneb7e3c4dsizcmhx3tcklea"
                        },
                        "meta": {
                            "e2bfb730-ecaa-11e6-8f88-34363bc7c4c0": {
                                "create": 900000000000,
                                "delete": 900000000000,
                                "update": 900000000000
                            }
                        },
                        "tainted": false
                    },
                    "deposed": [],
                    "provider": "provider.oci"
                },
                "oci_core_security_list.LBSecList": {
                    "type": "oci_core_security_list",
                    "depends_on": [
                        "local.anywhere",
                        "local.tcp_protocol",
                        "module.create_vcn"
                    ],
                    "primary": {
                        "id": "ocid1.securitylist.oc1.iad.aaaaaaaa3oskyr265q5daqxdjkequnebacdf67d6wkujea7kpqqyja7rpefq",
                        "attributes": {
                            "compartment_id": "ocid1.compartment.oc1..aaaaaaaaeu5ojynwt72i4ed2bjsgtggmkizvitfrkxwrkomirmk3qd3eyefq",
                            "defined_tags.%": "0",
                            "display_name": "LBSecList",
                            "egress_security_rules.#": "1",
                            "egress_security_rules.1420396200.destination": "0.0.0.0/0",
                            "egress_security_rules.1420396200.destination_type": "CIDR_BLOCK",
                            "egress_security_rules.1420396200.icmp_options.#": "0",
                            "egress_security_rules.1420396200.protocol": "6",
                            "egress_security_rules.1420396200.stateless": "false",
                            "egress_security_rules.1420396200.tcp_options.#": "0",
                            "egress_security_rules.1420396200.udp_options.#": "0",
                            "freeform_tags.%": "0",
                            "id": "ocid1.securitylist.oc1.iad.aaaaaaaa3oskyr265q5daqxdjkequnebacdf67d6wkujea7kpqqyja7rpefq",
                            "ingress_security_rules.#": "1",
                            "ingress_security_rules.4274758424.icmp_options.#": "0",
                            "ingress_security_rules.4274758424.protocol": "6",
                            "ingress_security_rules.4274758424.source": "172.16.0.0/16",
                            "ingress_security_rules.4274758424.source_type": "CIDR_BLOCK",
                            "ingress_security_rules.4274758424.stateless": "false",
                            "ingress_security_rules.4274758424.tcp_options.#": "1",
                            "ingress_security_rules.4274758424.tcp_options.0.max": "8000",
                            "ingress_security_rules.4274758424.tcp_options.0.min": "8000",
                            "ingress_security_rules.4274758424.tcp_options.0.source_port_range.#": "0",
                            "ingress_security_rules.4274758424.udp_options.#": "0",
                            "state": "AVAILABLE",
                            "time_created": "2019-03-11 18:35:03.616 +0000 UTC",
                            "vcn_id": "ocid1.vcn.oc1.iad.aaaaaaaa5qzni4entj5426crkq5qi7k2foonmneb7e3c4dsizcmhx3tcklea"
                        },
                        "meta": {
                            "e2bfb730-ecaa-11e6-8f88-34363bc7c4c0": {
                                "create": 900000000000,
                                "delete": 900000000000,
                                "update": 900000000000
                            }
                        },
                        "tainted": false
                    },
                    "deposed": [],
                    "provider": "provider.oci"
                },
                "oci_core_security_list.PToolsSecList": {
                    "type": "oci_core_security_list",
                    "depends_on": [
                        "local.anywhere",
                        "local.rdp_port",
                        "local.tcp_protocol",
                        "local.winrm_port",
                        "module.create_vcn"
                    ],
                    "primary": {
                        "id": "ocid1.securitylist.oc1.iad.aaaaaaaa3hiigls3c43rbq4arygwi4j4tjmd6hiy4da44qyjy7nvwbsjosoa",
                        "attributes": {
                            "compartment_id": "ocid1.compartment.oc1..aaaaaaaaeu5ojynwt72i4ed2bjsgtggmkizvitfrkxwrkomirmk3qd3eyefq",
                            "defined_tags.%": "0",
                            "display_name": "PToolsSecList",
                            "egress_security_rules.#": "1",
                            "egress_security_rules.1420396200.destination": "0.0.0.0/0",
                            "egress_security_rules.1420396200.destination_type": "CIDR_BLOCK",
                            "egress_security_rules.1420396200.icmp_options.#": "0",
                            "egress_security_rules.1420396200.protocol": "6",
                            "egress_security_rules.1420396200.stateless": "false",
                            "egress_security_rules.1420396200.tcp_options.#": "0",
                            "egress_security_rules.1420396200.udp_options.#": "0",
                            "freeform_tags.%": "0",
                            "id": "ocid1.securitylist.oc1.iad.aaaaaaaa3hiigls3c43rbq4arygwi4j4tjmd6hiy4da44qyjy7nvwbsjosoa",
                            "ingress_security_rules.#": "2",
                            "ingress_security_rules.3278851650.icmp_options.#": "0",
                            "ingress_security_rules.3278851650.protocol": "6",
                            "ingress_security_rules.3278851650.source": "172.16.0.0/16",
                            "ingress_security_rules.3278851650.source_type": "CIDR_BLOCK",
                            "ingress_security_rules.3278851650.stateless": "false",
                            "ingress_security_rules.3278851650.tcp_options.#": "1",
                            "ingress_security_rules.3278851650.tcp_options.0.max": "3389",
                            "ingress_security_rules.3278851650.tcp_options.0.min": "3389",
                            "ingress_security_rules.3278851650.tcp_options.0.source_port_range.#": "0",
                            "ingress_security_rules.3278851650.udp_options.#": "0",
                            "ingress_security_rules.3396521337.icmp_options.#": "0",
                            "ingress_security_rules.3396521337.protocol": "6",
                            "ingress_security_rules.3396521337.source": "172.16.0.0/16",
                            "ingress_security_rules.3396521337.source_type": "CIDR_BLOCK",
                            "ingress_security_rules.3396521337.stateless": "false",
                            "ingress_security_rules.3396521337.tcp_options.#": "1",
                            "ingress_security_rules.3396521337.tcp_options.0.max": "5986",
                            "ingress_security_rules.3396521337.tcp_options.0.min": "5986",
                            "ingress_security_rules.3396521337.tcp_options.0.source_port_range.#": "0",
                            "ingress_security_rules.3396521337.udp_options.#": "0",
                            "state": "AVAILABLE",
                            "time_created": "2019-03-11 18:35:04.96 +0000 UTC",
                            "vcn_id": "ocid1.vcn.oc1.iad.aaaaaaaa5qzni4entj5426crkq5qi7k2foonmneb7e3c4dsizcmhx3tcklea"
                        },
                        "meta": {
                            "e2bfb730-ecaa-11e6-8f88-34363bc7c4c0": {
                                "create": 900000000000,
                                "delete": 900000000000,
                                "update": 900000000000
                            }
                        },
                        "tainted": false
                    },
                    "deposed": [],
                    "provider": "provider.oci"
                },
                "oci_core_security_list.WebSecList": {
                    "type": "oci_core_security_list",
                    "depends_on": [
                        "local.anywhere",
                        "local.ssh_port",
                        "local.tcp_protocol",
                        "module.create_vcn"
                    ],
                    "primary": {
                        "id": "ocid1.securitylist.oc1.iad.aaaaaaaa7p3nzftm6zxvivgerlptnamizkfxt52jiz2hmqvyvde3abmfbu3a",
                        "attributes": {
                            "compartment_id": "ocid1.compartment.oc1..aaaaaaaaeu5ojynwt72i4ed2bjsgtggmkizvitfrkxwrkomirmk3qd3eyefq",
                            "defined_tags.%": "0",
                            "display_name": "WebSecList",
                            "egress_security_rules.#": "1",
                            "egress_security_rules.1420396200.destination": "0.0.0.0/0",
                            "egress_security_rules.1420396200.destination_type": "CIDR_BLOCK",
                            "egress_security_rules.1420396200.icmp_options.#": "0",
                            "egress_security_rules.1420396200.protocol": "6",
                            "egress_security_rules.1420396200.stateless": "false",
                            "egress_security_rules.1420396200.tcp_options.#": "0",
                            "egress_security_rules.1420396200.udp_options.#": "0",
                            "freeform_tags.%": "0",
                            "id": "ocid1.securitylist.oc1.iad.aaaaaaaa7p3nzftm6zxvivgerlptnamizkfxt52jiz2hmqvyvde3abmfbu3a",
                            "ingress_security_rules.#": "2",
                            "ingress_security_rules.3291565597.icmp_options.#": "0",
                            "ingress_security_rules.3291565597.protocol": "6",
                            "ingress_security_rules.3291565597.source": "172.16.0.0/16",
                            "ingress_security_rules.3291565597.source_type": "CIDR_BLOCK",
                            "ingress_security_rules.3291565597.stateless": "false",
                            "ingress_security_rules.3291565597.tcp_options.#": "1",
                            "ingress_security_rules.3291565597.tcp_options.0.max": "22",
                            "ingress_security_rules.3291565597.tcp_options.0.min": "22",
                            "ingress_security_rules.3291565597.tcp_options.0.source_port_range.#": "0",
                            "ingress_security_rules.3291565597.udp_options.#": "0",
                            "ingress_security_rules.4274758424.icmp_options.#": "0",
                            "ingress_security_rules.4274758424.protocol": "6",
                            "ingress_security_rules.4274758424.source": "172.16.0.0/16",
                            "ingress_security_rules.4274758424.source_type": "CIDR_BLOCK",
                            "ingress_security_rules.4274758424.stateless": "false",
                            "ingress_security_rules.4274758424.tcp_options.#": "1",
                            "ingress_security_rules.4274758424.tcp_options.0.max": "8000",
                            "ingress_security_rules.4274758424.tcp_options.0.min": "8000",
                            "ingress_security_rules.4274758424.tcp_options.0.source_port_range.#": "0",
                            "ingress_security_rules.4274758424.udp_options.#": "0",
                            "state": "AVAILABLE",
                            "time_created": "2019-03-11 18:35:03.922 +0000 UTC",
                            "vcn_id": "ocid1.vcn.oc1.iad.aaaaaaaa5qzni4entj5426crkq5qi7k2foonmneb7e3c4dsizcmhx3tcklea"
                        },
                        "meta": {
                            "e2bfb730-ecaa-11e6-8f88-34363bc7c4c0": {
                                "create": 900000000000,
                                "delete": 900000000000,
                                "update": 900000000000
                            }
                        },
                        "tainted": false
                    },
                    "deposed": [],
                    "provider": "provider.oci"
                }
            },
            "depends_on": []
        },
        {
            "path": [
                "root",
                "app_subnet"
            ],
            "outputs": {
                "cidr_block": {
                    "sensitive": false,
                    "type": "list",
                    "value": [
                        "172.16.12.0/24",
                        "172.16.13.0/24"
                    ]
                },
                "subnetid": {
                    "sensitive": false,
                    "type": "list",
                    "value": [
                        "ocid1.subnet.oc1.iad.aaaaaaaatwbvduv7fivaw7dblr6p5ryptw6wkp4ddaus4k5bpk2a6ozbqzla",
                        "ocid1.subnet.oc1.iad.aaaaaaaatauduwdcfefloxln6esqrv37xeccddmlnyx6l6cg4alauswi74oq"
                    ]
                }
            },
            "resources": {
                "oci_core_subnet.subnet.0": {
                    "type": "oci_core_subnet",
                    "depends_on": [],
                    "primary": {
                        "id": "ocid1.subnet.oc1.iad.aaaaaaaatwbvduv7fivaw7dblr6p5ryptw6wkp4ddaus4k5bpk2a6ozbqzla",
                        "attributes": {
                            "availability_domain": "WSQk:US-ASHBURN-AD-1",
                            "cidr_block": "172.16.12.0/24",
                            "compartment_id": "ocid1.compartment.oc1..aaaaaaaaeu5ojynwt72i4ed2bjsgtggmkizvitfrkxwrkomirmk3qd3eyefq",
                            "defined_tags.%": "0",
                            "dhcp_options_id": "ocid1.dhcpoptions.oc1.iad.aaaaaaaa23xdo46bk5pwhakzco3ymejxjuoe5t3lkyby6ls6ulff4fvroufa",
                            "display_name": "appsubad1",
                            "dns_label": "appsubad1",
                            "freeform_tags.%": "0",
                            "id": "ocid1.subnet.oc1.iad.aaaaaaaatwbvduv7fivaw7dblr6p5ryptw6wkp4ddaus4k5bpk2a6ozbqzla",
                            "prohibit_public_ip_on_vnic": "true",
                            "route_table_id": "ocid1.routetable.oc1.iad.aaaaaaaawfb7px3vepu7ca3a3lqvcx36wyyxa7ag4tyezv66n3b5glupwmha",
                            "security_list_ids.#": "1",
                            "security_list_ids.2735971192": "ocid1.securitylist.oc1.iad.aaaaaaaa2rwwo2noyxuhnu3576itugqhnh3hy42sszuzn5ncxvnbnlppsyuq",
                            "state": "AVAILABLE",
                            "subnet_domain_name": "appsubad1.psftvcn.oraclevcn.com",
                            "time_created": "2019-03-11 18:35:08.08 +0000 UTC",
                            "vcn_id": "ocid1.vcn.oc1.iad.aaaaaaaa5qzni4entj5426crkq5qi7k2foonmneb7e3c4dsizcmhx3tcklea",
                            "virtual_router_ip": "172.16.12.1",
                            "virtual_router_mac": "00:00:17:D3:FC:3B"
                        },
                        "meta": {
                            "e2bfb730-ecaa-11e6-8f88-34363bc7c4c0": {
                                "create": 900000000000,
                                "delete": 900000000000,
                                "update": 900000000000
                            }
                        },
                        "tainted": false
                    },
                    "deposed": [],
                    "provider": "provider.oci"
                },
                "oci_core_subnet.subnet.1": {
                    "type": "oci_core_subnet",
                    "depends_on": [],
                    "primary": {
                        "id": "ocid1.subnet.oc1.iad.aaaaaaaatauduwdcfefloxln6esqrv37xeccddmlnyx6l6cg4alauswi74oq",
                        "attributes": {
                            "availability_domain": "WSQk:US-ASHBURN-AD-2",
                            "cidr_block": "172.16.13.0/24",
                            "compartment_id": "ocid1.compartment.oc1..aaaaaaaaeu5ojynwt72i4ed2bjsgtggmkizvitfrkxwrkomirmk3qd3eyefq",
                            "defined_tags.%": "0",
                            "dhcp_options_id": "ocid1.dhcpoptions.oc1.iad.aaaaaaaa23xdo46bk5pwhakzco3ymejxjuoe5t3lkyby6ls6ulff4fvroufa",
                            "display_name": "appsubad2",
                            "dns_label": "appsubad2",
                            "freeform_tags.%": "0",
                            "id": "ocid1.subnet.oc1.iad.aaaaaaaatauduwdcfefloxln6esqrv37xeccddmlnyx6l6cg4alauswi74oq",
                            "prohibit_public_ip_on_vnic": "true",
                            "route_table_id": "ocid1.routetable.oc1.iad.aaaaaaaawfb7px3vepu7ca3a3lqvcx36wyyxa7ag4tyezv66n3b5glupwmha",
                            "security_list_ids.#": "1",
                            "security_list_ids.2735971192": "ocid1.securitylist.oc1.iad.aaaaaaaa2rwwo2noyxuhnu3576itugqhnh3hy42sszuzn5ncxvnbnlppsyuq",
                            "state": "AVAILABLE",
                            "subnet_domain_name": "appsubad2.psftvcn.oraclevcn.com",
                            "time_created": "2019-03-11 18:35:08.757 +0000 UTC",
                            "vcn_id": "ocid1.vcn.oc1.iad.aaaaaaaa5qzni4entj5426crkq5qi7k2foonmneb7e3c4dsizcmhx3tcklea",
                            "virtual_router_ip": "172.16.13.1",
                            "virtual_router_mac": "00:00:17:D3:FC:3B"
                        },
                        "meta": {
                            "e2bfb730-ecaa-11e6-8f88-34363bc7c4c0": {
                                "create": 900000000000,
                                "delete": 900000000000,
                                "update": 900000000000
                            }
                        },
                        "tainted": false
                    },
                    "deposed": [],
                    "provider": "provider.oci"
                }
            },
            "depends_on": []
        },
        {
            "path": [
                "root",
                "bastion_subnet"
            ],
            "outputs": {
                "cidr_block": {
                    "sensitive": false,
                    "type": "list",
                    "value": [
                        "172.16.28.0/24",
                        "172.16.29.0/24"
                    ]
                },
                "subnetid": {
                    "sensitive": false,
                    "type": "list",
                    "value": [
                        "ocid1.subnet.oc1.iad.aaaaaaaarh62eveqzvncy3uysorszctmvgkzfcz6lno7pmvcdtgar3a2jama",
                        "ocid1.subnet.oc1.iad.aaaaaaaaevg3mbcanqrevutvchzpnspt2vgesbqgsz2d4uopa4mvx3mlee2q"
                    ]
                }
            },
            "resources": {
                "oci_core_subnet.subnet.0": {
                    "type": "oci_core_subnet",
                    "depends_on": [],
                    "primary": {
                        "id": "ocid1.subnet.oc1.iad.aaaaaaaarh62eveqzvncy3uysorszctmvgkzfcz6lno7pmvcdtgar3a2jama",
                        "attributes": {
                            "availability_domain": "WSQk:US-ASHBURN-AD-1",
                            "cidr_block": "172.16.28.0/24",
                            "compartment_id": "ocid1.compartment.oc1..aaaaaaaaeu5ojynwt72i4ed2bjsgtggmkizvitfrkxwrkomirmk3qd3eyefq",
                            "defined_tags.%": "0",
                            "dhcp_options_id": "ocid1.dhcpoptions.oc1.iad.aaaaaaaa23xdo46bk5pwhakzco3ymejxjuoe5t3lkyby6ls6ulff4fvroufa",
                            "display_name": "bassubad1",
                            "dns_label": "bassubad1",
                            "freeform_tags.%": "0",
                            "id": "ocid1.subnet.oc1.iad.aaaaaaaarh62eveqzvncy3uysorszctmvgkzfcz6lno7pmvcdtgar3a2jama",
                            "prohibit_public_ip_on_vnic": "false",
                            "route_table_id": "ocid1.routetable.oc1.iad.aaaaaaaaqqagf433ynqbp2y7mlc6ec4bzrto54y2uz4jkapr3fpmhzum3xka",
                            "security_list_ids.#": "1",
                            "security_list_ids.2772029302": "ocid1.securitylist.oc1.iad.aaaaaaaazfjcei4x5mryaixsp56ezbhk5eisxeryp32rnggpupqxj5fo327q",
                            "state": "AVAILABLE",
                            "subnet_domain_name": "bassubad1.psftvcn.oraclevcn.com",
                            "time_created": "2019-03-11 18:35:05.642 +0000 UTC",
                            "vcn_id": "ocid1.vcn.oc1.iad.aaaaaaaa5qzni4entj5426crkq5qi7k2foonmneb7e3c4dsizcmhx3tcklea",
                            "virtual_router_ip": "172.16.28.1",
                            "virtual_router_mac": "00:00:17:D3:FC:3B"
                        },
                        "meta": {
                            "e2bfb730-ecaa-11e6-8f88-34363bc7c4c0": {
                                "create": 900000000000,
                                "delete": 900000000000,
                                "update": 900000000000
                            }
                        },
                        "tainted": false
                    },
                    "deposed": [],
                    "provider": "provider.oci"
                },
                "oci_core_subnet.subnet.1": {
                    "type": "oci_core_subnet",
                    "depends_on": [],
                    "primary": {
                        "id": "ocid1.subnet.oc1.iad.aaaaaaaaevg3mbcanqrevutvchzpnspt2vgesbqgsz2d4uopa4mvx3mlee2q",
                        "attributes": {
                            "availability_domain": "WSQk:US-ASHBURN-AD-2",
                            "cidr_block": "172.16.29.0/24",
                            "compartment_id": "ocid1.compartment.oc1..aaaaaaaaeu5ojynwt72i4ed2bjsgtggmkizvitfrkxwrkomirmk3qd3eyefq",
                            "defined_tags.%": "0",
                            "dhcp_options_id": "ocid1.dhcpoptions.oc1.iad.aaaaaaaa23xdo46bk5pwhakzco3ymejxjuoe5t3lkyby6ls6ulff4fvroufa",
                            "display_name": "bassubad2",
                            "dns_label": "bassubad2",
                            "freeform_tags.%": "0",
                            "id": "ocid1.subnet.oc1.iad.aaaaaaaaevg3mbcanqrevutvchzpnspt2vgesbqgsz2d4uopa4mvx3mlee2q",
                            "prohibit_public_ip_on_vnic": "false",
                            "route_table_id": "ocid1.routetable.oc1.iad.aaaaaaaaqqagf433ynqbp2y7mlc6ec4bzrto54y2uz4jkapr3fpmhzum3xka",
                            "security_list_ids.#": "1",
                            "security_list_ids.2772029302": "ocid1.securitylist.oc1.iad.aaaaaaaazfjcei4x5mryaixsp56ezbhk5eisxeryp32rnggpupqxj5fo327q",
                            "state": "AVAILABLE",
                            "subnet_domain_name": "bassubad2.psftvcn.oraclevcn.com",
                            "time_created": "2019-03-11 18:35:06.055 +0000 UTC",
                            "vcn_id": "ocid1.vcn.oc1.iad.aaaaaaaa5qzni4entj5426crkq5qi7k2foonmneb7e3c4dsizcmhx3tcklea",
                            "virtual_router_ip": "172.16.29.1",
                            "virtual_router_mac": "00:00:17:D3:FC:3B"
                        },
                        "meta": {
                            "e2bfb730-ecaa-11e6-8f88-34363bc7c4c0": {
                                "create": 900000000000,
                                "delete": 900000000000,
                                "update": 900000000000
                            }
                        },
                        "tainted": false
                    },
                    "deposed": [],
                    "provider": "provider.oci"
                }
            },
            "depends_on": []
        },
        {
            "path": [
                "root",
                "create_app"
            ],
            "outputs": {
                "ComputeWincreds": {
                    "sensitive": false,
                    "type": "list",
                    "value": []
                },
                "ComputeWinusers": {
                    "sensitive": false,
                    "type": "list",
                    "value": []
                }
            },
            "resources": {
                "oci_core_volume.blockvolume.0": {
                    "type": "oci_core_volume",
                    "depends_on": [],
                    "primary": {
                        "id": "ocid1.volume.oc1.iad.abuwcljtsqx32viirahhrrr4upnzs5cx2k4zxu4dlv3ls36k7y2zdiui4o6q",
                        "attributes": {
                            "availability_domain": "WSQk:US-ASHBURN-AD-1",
                            "compartment_id": "ocid1.compartment.oc1..aaaaaaaaeu5ojynwt72i4ed2bjsgtggmkizvitfrkxwrkomirmk3qd3eyefq",
                            "defined_tags.%": "0",
                            "display_name": "psftprdappashvol1",
                            "freeform_tags.%": "0",
                            "id": "ocid1.volume.oc1.iad.abuwcljtsqx32viirahhrrr4upnzs5cx2k4zxu4dlv3ls36k7y2zdiui4o6q",
                            "is_hydrated": "true",
                            "size_in_gbs": "100",
                            "size_in_mbs": "102400",
                            "source_details.#": "0",
                            "state": "AVAILABLE",
                            "time_created": "2019-03-11 18:34:27.005 +0000 UTC"
                        },
                        "meta": {
                            "e2bfb730-ecaa-11e6-8f88-34363bc7c4c0": {
                                "create": 900000000000,
                                "delete": 900000000000,
                                "update": 900000000000
                            }
                        },
                        "tainted": false
                    },
                    "deposed": [],
                    "provider": "provider.oci"
                },
                "oci_core_volume.blockvolume.1": {
                    "type": "oci_core_volume",
                    "depends_on": [],
                    "primary": {
                        "id": "ocid1.volume.oc1.iad.abuwcljri44onwl4h43vgeflue2jbg2yexsmjnd6lrhezqvpmoa2vosmkp3a",
                        "attributes": {
                            "availability_domain": "WSQk:US-ASHBURN-AD-2",
                            "compartment_id": "ocid1.compartment.oc1..aaaaaaaaeu5ojynwt72i4ed2bjsgtggmkizvitfrkxwrkomirmk3qd3eyefq",
                            "defined_tags.%": "0",
                            "display_name": "psftprdappashvol2",
                            "freeform_tags.%": "0",
                            "id": "ocid1.volume.oc1.iad.abuwcljri44onwl4h43vgeflue2jbg2yexsmjnd6lrhezqvpmoa2vosmkp3a",
                            "is_hydrated": "true",
                            "size_in_gbs": "100",
                            "size_in_mbs": "102400",
                            "source_details.#": "0",
                            "state": "AVAILABLE",
                            "time_created": "2019-03-11 18:34:27.571 +0000 UTC"
                        },
                        "meta": {
                            "e2bfb730-ecaa-11e6-8f88-34363bc7c4c0": {
                                "create": 900000000000,
                                "delete": 900000000000,
                                "update": 900000000000
                            }
                        },
                        "tainted": false
                    },
                    "deposed": [],
                    "provider": "provider.oci"
                },
                "random_integer.rand": {
                    "type": "random_integer",
                    "depends_on": [],
                    "primary": {
                        "id": "1115289596",
                        "attributes": {
                            "id": "1115289596",
                            "max": "9999999999",
                            "min": "1000000000",
                            "result": "1115289596"
                        },
                        "meta": {},
                        "tainted": false
                    },
                    "deposed": [],
                    "provider": "provider.random"
                }
            },
            "depends_on": []
        },
        {
            "path": [
                "root",
                "create_bastion"
            ],
            "outputs": {},
            "resources": {},
            "depends_on": []
        },
        {
            "path": [
                "root",
                "create_db"
            ],
            "outputs": {},
            "resources": {
                "data.oci_database_db_system_shapes.db_system_shapes": {
                    "type": "oci_database_db_system_shapes",
                    "depends_on": [],
                    "primary": {
                        "id": "2019-03-11 18:32:22.613277093 +0000 UTC",
                        "attributes": {
                            "availability_domain": "WSQk:US-ASHBURN-AD-1",
                            "compartment_id": "ocid1.compartment.oc1..aaaaaaaaeu5ojynwt72i4ed2bjsgtggmkizvitfrkxwrkomirmk3qd3eyefq",
                            "db_system_shapes.#": "1",
                            "db_system_shapes.0.available_core_count": "4",
                            "db_system_shapes.0.core_count_increment": "0",
                            "db_system_shapes.0.maximum_node_count": "2",
                            "db_system_shapes.0.minimum_core_count": "4",
                            "db_system_shapes.0.minimum_node_count": "1",
                            "db_system_shapes.0.name": "VM.Standard2.4",
                            "db_system_shapes.0.shape": "VM.Standard2.4",
                            "filter.#": "1",
                            "filter.3008344588.name": "name",
                            "filter.3008344588.regex": "false",
                            "filter.3008344588.values.#": "1",
                            "filter.3008344588.values.0": "VM.Standard2.4",
                            "id": "2019-03-11 18:32:22.613277093 +0000 UTC"
                        },
                        "meta": {},
                        "tainted": false
                    },
                    "deposed": [],
                    "provider": "provider.oci"
                },
                "oci_database_db_system.database.0": {
                    "type": "oci_database_db_system",
                    "depends_on": [
                        "data.oci_database_db_system_shapes.db_system_shapes"
                    ],
                    "primary": {
                        "id": "ocid1.dbsystem.oc1.iad.abuwcljtjx3gh4krvf6q2gwyjsyotkdrqjnai2omiywgvpur3lmbnx3jcrfa",
                        "attributes": {
                            "availability_domain": "WSQk:US-ASHBURN-AD-1",
                            "compartment_id": "ocid1.compartment.oc1..aaaaaaaaeu5ojynwt72i4ed2bjsgtggmkizvitfrkxwrkomirmk3qd3eyefq",
                            "cpu_core_count": "8",
                            "data_storage_percentage": "80",
                            "data_storage_size_in_gb": "256",
                            "database_edition": "ENTERPRISE_EDITION_EXTREME_PERFORMANCE",
                            "db_home.#": "1",
                            "db_home.0.database.#": "1",
                            "db_home.0.database.0.admin_password": "W3lCome1234567##",
                            "db_home.0.database.0.backup_id": "",
                            "db_home.0.database.0.backup_tde_password": "",
                            "db_home.0.database.0.character_set": "AL32UTF8",
                            "db_home.0.database.0.db_backup_config.#": "0",
                            "db_home.0.database.0.db_name": "PSFTCDB",
                            "db_home.0.database.0.db_workload": "OLTP",
                            "db_home.0.database.0.ncharacter_set": "AL16UTF16",
                            "db_home.0.database.0.pdb_name": "DUMMYPDB",
                            "db_home.0.db_version": "12.1.0.2",
                            "db_home.0.display_name": "PSFTCDB",
                            "defined_tags.%": "0",
                            "disk_redundancy": "NORMAL",
                            "display_name": "psftprddbash11",
                            "domain": "dbsubad1.psftvcn.oraclevcn.com",
                            "freeform_tags.%": "0",
                            "hostname": "psftprddbash11",
                            "id": "ocid1.dbsystem.oc1.iad.abuwcljtjx3gh4krvf6q2gwyjsyotkdrqjnai2omiywgvpur3lmbnx3jcrfa",
                            "license_model": "LICENSE_INCLUDED",
                            "listener_port": "1521",
                            "node_count": "2",
                            "reco_storage_size_in_gb": "256",
                            "scan_dns_record_id": "ocid1.vcndnsrecord.oc1.iad.abuwcljt5zexn2zjfkixenowevpzcknqvt6oyjgld6fca37kt5xmsf7uifva",
                            "scan_ip_ids.#": "3",
                            "scan_ip_ids.0": "ocid1.privateip.oc1.iad.abuwcljtg7znlzmvyas2rvvi2lfkgs7odnfwjeupwfs4rqrpisnbzcupaxqq",
                            "scan_ip_ids.1": "ocid1.privateip.oc1.iad.abuwcljtuh6bi33unijdmla5uwn6mvxcy4teylix2llsxrn3tnurbm7r5fua",
                            "scan_ip_ids.2": "ocid1.privateip.oc1.iad.abuwcljtkpqd2bhoohrrsovjefen222pixtkvgjkfdggpi4gganb6n4obfja",
                            "shape": "VM.Standard2.4",
                            "ssh_public_keys.#": "1",
                            "ssh_public_keys.0": "ssh-rsa AAAAB3NzaC1yc2EAAAADAQABAAABAQDUfaU4jjlaRFa3GqKtj7j3dmG6eH0Om8GQtAXLl8+83RuyIZTxhfmQTFtUtbCreeMm2NbAPA85izzPWuNq4eSwZh2uW/9GBC+bV6Yms+fiLQEt551KIbaVja8Jnp4xrtA3RMMSgiADHsRr4y+5WjXI6yYprtVodAskArTx60FCcXjeNoRqSYeJAbYyUqVeYpj3qoMZNnWodVq55qkeWJmbspPmSKPps+m8wlsCzeZWQrhFps/y+dIz17sYFsbQjiBQmIKsy6CQjHZ9Im1UkvICwevp0UCW147L8FXsB2NKHeDa7kJZHydgg+wknj8NK8wX3FyGMbFml6BrZHAl1T1f jnguyent@Johns-MacBook-Pro-2.local",
                            "state": "AVAILABLE",
                            "subnet_id": "ocid1.subnet.oc1.iad.aaaaaaaauasztbnbyderoi2coce5twk5kmi673q3watasyxwvgjqcmxnwzmq",
                            "time_created": "2019-03-11 18:35:11.781 +0000 UTC",
                            "version": "12.2.0.1.180717",
                            "vip_ids.#": "2",
                            "vip_ids.0": "ocid1.privateip.oc1.iad.abuwcljtcjrcveck7qwsnotf7zruj4nymsyzjz3jynw26jzrulotiosrtmla",
                            "vip_ids.1": "ocid1.privateip.oc1.iad.abuwcljt3rwixn26vs3relb7ruw5fuphv5rg7sjhwmxlgcm4vailzytzl6iq"
                        },
                        "meta": {
                            "e2bfb730-ecaa-11e6-8f88-34363bc7c4c0": {
                                "create": 0,
                                "delete": 7200000000000,
                                "update": 7200000000000
                            }
                        },
                        "tainted": false
                    },
                    "deposed": [],
                    "provider": "provider.oci"
                },
                "oci_database_db_system.database.1": {
                    "type": "oci_database_db_system",
                    "depends_on": [
                        "data.oci_database_db_system_shapes.db_system_shapes"
                    ],
                    "primary": {
                        "id": "ocid1.dbsystem.oc1.iad.abuwcljrzlw53qxdnoemdahwafg7xfdyickejxuhzivtm5gujh5tqzqaaarq",
                        "attributes": {
                            "availability_domain": "WSQk:US-ASHBURN-AD-2",
                            "compartment_id": "ocid1.compartment.oc1..aaaaaaaaeu5ojynwt72i4ed2bjsgtggmkizvitfrkxwrkomirmk3qd3eyefq",
                            "cpu_core_count": "8",
                            "data_storage_percentage": "80",
                            "data_storage_size_in_gb": "256",
                            "database_edition": "ENTERPRISE_EDITION_EXTREME_PERFORMANCE",
                            "db_home.#": "1",
                            "db_home.0.database.#": "1",
                            "db_home.0.database.0.admin_password": "W3lCome1234567##",
                            "db_home.0.database.0.backup_id": "",
                            "db_home.0.database.0.backup_tde_password": "",
                            "db_home.0.database.0.character_set": "AL32UTF8",
                            "db_home.0.database.0.db_backup_config.#": "0",
                            "db_home.0.database.0.db_name": "PSFTCDB",
                            "db_home.0.database.0.db_workload": "OLTP",
                            "db_home.0.database.0.ncharacter_set": "AL16UTF16",
                            "db_home.0.database.0.pdb_name": "DUMMYPDB",
                            "db_home.0.db_version": "12.1.0.2",
                            "db_home.0.display_name": "PSFTCDB",
                            "defined_tags.%": "0",
                            "disk_redundancy": "NORMAL",
                            "display_name": "psftprddbash22",
                            "domain": "dbsubad2.psftvcn.oraclevcn.com",
                            "freeform_tags.%": "0",
                            "hostname": "psftprddbash22",
                            "id": "ocid1.dbsystem.oc1.iad.abuwcljrzlw53qxdnoemdahwafg7xfdyickejxuhzivtm5gujh5tqzqaaarq",
                            "license_model": "LICENSE_INCLUDED",
                            "listener_port": "1521",
                            "node_count": "2",
                            "reco_storage_size_in_gb": "256",
                            "scan_dns_record_id": "ocid1.vcndnsrecord.oc1.iad.abuwcljrrtklqyvzmdrlsviw3lxkjq366uaez3wd7dbgq45e37pze7v2areq",
                            "scan_ip_ids.#": "3",
                            "scan_ip_ids.0": "ocid1.privateip.oc1.iad.abuwcljr2z26jnlittxmix477gvl6qm5cjujkrbiqjabhmgszbw3zk5hl32q",
                            "scan_ip_ids.1": "ocid1.privateip.oc1.iad.abuwcljrgwgxtq5k3n7uof3cqj3j6sh2jjltw2owlsswum43yerxa2vqvoeq",
                            "scan_ip_ids.2": "ocid1.privateip.oc1.iad.abuwcljra6oaydztypkrrhsnkbwkrsoboxxzz6c75jicgd426f3fag2kqvhq",
                            "shape": "VM.Standard2.4",
                            "ssh_public_keys.#": "1",
                            "ssh_public_keys.0": "ssh-rsa AAAAB3NzaC1yc2EAAAADAQABAAABAQDUfaU4jjlaRFa3GqKtj7j3dmG6eH0Om8GQtAXLl8+83RuyIZTxhfmQTFtUtbCreeMm2NbAPA85izzPWuNq4eSwZh2uW/9GBC+bV6Yms+fiLQEt551KIbaVja8Jnp4xrtA3RMMSgiADHsRr4y+5WjXI6yYprtVodAskArTx60FCcXjeNoRqSYeJAbYyUqVeYpj3qoMZNnWodVq55qkeWJmbspPmSKPps+m8wlsCzeZWQrhFps/y+dIz17sYFsbQjiBQmIKsy6CQjHZ9Im1UkvICwevp0UCW147L8FXsB2NKHeDa7kJZHydgg+wknj8NK8wX3FyGMbFml6BrZHAl1T1f jnguyent@Johns-MacBook-Pro-2.local",
                            "state": "AVAILABLE",
                            "subnet_id": "ocid1.subnet.oc1.iad.aaaaaaaa3hc63bft7f4fmdvvgujk5euat6uliykrvqjry4vanyqvcorhzabq",
                            "time_created": "2019-03-11 18:35:13.271 +0000 UTC",
                            "version": "12.2.0.1.180717",
                            "vip_ids.#": "2",
                            "vip_ids.0": "ocid1.privateip.oc1.iad.abuwcljrvwc3fl6xt73miuberdqkef7yqukpg7myiypmvvtnv5j5vsbqdfbq",
                            "vip_ids.1": "ocid1.privateip.oc1.iad.abuwcljr53ysbwg3lmedk7hdh4srse2fbbdzwl7htsqujyem5hge64roylqq"
                        },
                        "meta": {
                            "e2bfb730-ecaa-11e6-8f88-34363bc7c4c0": {
                                "create": 0,
                                "delete": 7200000000000,
                                "update": 7200000000000
                            }
                        },
                        "tainted": false
                    },
                    "deposed": [],
                    "provider": "provider.oci"
                }
            },
            "depends_on": []
        },
        {
            "path": [
                "root",
                "create_elastic_search"
            ],
            "outputs": {
                "ComputeWincreds": {
                    "sensitive": false,
                    "type": "list",
                    "value": []
                },
                "ComputeWinusers": {
                    "sensitive": false,
                    "type": "list",
                    "value": []
                }
            },
            "resources": {
                "oci_core_volume.blockvolume.0": {
                    "type": "oci_core_volume",
                    "depends_on": [],
                    "primary": {
                        "id": "ocid1.volume.oc1.iad.abuwcljtziv6pkwbybjaabybn74fa63kjmqj6cue33ufjrubrzx7pzmyiupa",
                        "attributes": {
                            "availability_domain": "WSQk:US-ASHBURN-AD-1",
                            "compartment_id": "ocid1.compartment.oc1..aaaaaaaaeu5ojynwt72i4ed2bjsgtggmkizvitfrkxwrkomirmk3qd3eyefq",
                            "defined_tags.%": "0",
                            "display_name": "psftprdesashvol1",
                            "freeform_tags.%": "0",
                            "id": "ocid1.volume.oc1.iad.abuwcljtziv6pkwbybjaabybn74fa63kjmqj6cue33ufjrubrzx7pzmyiupa",
                            "is_hydrated": "true",
                            "size_in_gbs": "100",
                            "size_in_mbs": "102400",
                            "source_details.#": "0",
                            "state": "AVAILABLE",
                            "time_created": "2019-03-11 18:34:26.902 +0000 UTC"
                        },
                        "meta": {
                            "e2bfb730-ecaa-11e6-8f88-34363bc7c4c0": {
                                "create": 900000000000,
                                "delete": 900000000000,
                                "update": 900000000000
                            }
                        },
                        "tainted": false
                    },
                    "deposed": [],
                    "provider": "provider.oci"
                },
                "oci_core_volume.blockvolume.1": {
                    "type": "oci_core_volume",
                    "depends_on": [],
                    "primary": {
                        "id": "ocid1.volume.oc1.iad.abuwcljrgkdcpfvvf6f5a2u5ez7srbeis3kzi2vvegt2mg6jkaezzyr6cnma",
                        "attributes": {
                            "availability_domain": "WSQk:US-ASHBURN-AD-2",
                            "compartment_id": "ocid1.compartment.oc1..aaaaaaaaeu5ojynwt72i4ed2bjsgtggmkizvitfrkxwrkomirmk3qd3eyefq",
                            "defined_tags.%": "0",
                            "display_name": "psftprdesashvol2",
                            "freeform_tags.%": "0",
                            "id": "ocid1.volume.oc1.iad.abuwcljrgkdcpfvvf6f5a2u5ez7srbeis3kzi2vvegt2mg6jkaezzyr6cnma",
                            "is_hydrated": "true",
                            "size_in_gbs": "100",
                            "size_in_mbs": "102400",
                            "source_details.#": "0",
                            "state": "AVAILABLE",
                            "time_created": "2019-03-11 18:34:26.895 +0000 UTC"
                        },
                        "meta": {
                            "e2bfb730-ecaa-11e6-8f88-34363bc7c4c0": {
                                "create": 900000000000,
                                "delete": 900000000000,
                                "update": 900000000000
                            }
                        },
                        "tainted": false
                    },
                    "deposed": [],
                    "provider": "provider.oci"
                },
                "random_integer.rand": {
                    "type": "random_integer",
                    "depends_on": [],
                    "primary": {
                        "id": "8004982290",
                        "attributes": {
                            "id": "8004982290",
                            "max": "9999999999",
                            "min": "1000000000",
                            "result": "8004982290"
                        },
                        "meta": {},
                        "tainted": false
                    },
                    "deposed": [],
                    "provider": "provider.random"
                }
            },
            "depends_on": []
        },
        {
            "path": [
                "root",
                "create_fss"
            ],
            "outputs": {
                "FilesystemExports": {
                    "sensitive": false,
                    "type": "list",
                    "value": [
                        "/psftprdfssash1"
                    ]
                },
                "FilesystemFstabs": {
                    "sensitive": false,
                    "type": "list",
                    "value": [
                        "172.16.16.3:/psftprdfssash1"
                    ]
                },
                "FilesystemPrivateIPs": {
                    "sensitive": false,
                    "type": "list",
                    "value": [
                        "172.16.16.3"
                    ]
                }
            },
            "resources": {
                "data.oci_core_private_ips.ip_mount_target": {
                    "type": "oci_core_private_ips",
                    "depends_on": [
                        "oci_file_storage_mount_target.fss_mt.*"
                    ],
                    "primary": {
                        "id": "2019-03-11 18:35:25.723708622 +0000 UTC",
                        "attributes": {
                            "filter.#": "1",
                            "filter.3907986475.name": "id",
                            "filter.3907986475.regex": "false",
                            "filter.3907986475.values.#": "1",
                            "filter.3907986475.values.0": "ocid1.privateip.oc1.iad.abuwcljtpadeutskk3diquhl3opp7ks2neznlwthnccr4xahb76zmaeguxyq",
                            "id": "2019-03-11 18:35:25.723708622 +0000 UTC",
                            "private_ips.#": "1",
                            "private_ips.0.availability_domain": "WSQk:US-ASHBURN-AD-1",
                            "private_ips.0.compartment_id": "ocid1.compartment.oc1..aaaaaaaaeu5ojynwt72i4ed2bjsgtggmkizvitfrkxwrkomirmk3qd3eyefq",
                            "private_ips.0.defined_tags.%": "0",
                            "private_ips.0.display_name": "privateip20190311183518",
                            "private_ips.0.freeform_tags.%": "0",
                            "private_ips.0.hostname_label": "psftprdfssash1",
                            "private_ips.0.id": "ocid1.privateip.oc1.iad.abuwcljtpadeutskk3diquhl3opp7ks2neznlwthnccr4xahb76zmaeguxyq",
                            "private_ips.0.ip_address": "172.16.16.3",
                            "private_ips.0.is_primary": "false",
                            "private_ips.0.subnet_id": "ocid1.subnet.oc1.iad.aaaaaaaa4oq4tpwrl7lcjnesgxlmqiocc4ojj2nrufhwe5i24gtfmbxq5khq",
                            "private_ips.0.time_created": "2019-03-11 18:35:18.589 +0000 UTC",
                            "private_ips.0.vnic_id": "ocid1.vnic.oc1.iad.abuwcljt6dwyazw3pduc4hihluhlpxo3k7z6dnxupa24uvzaiull7eckrd7q",
                            "subnet_id": "ocid1.subnet.oc1.iad.aaaaaaaa4oq4tpwrl7lcjnesgxlmqiocc4ojj2nrufhwe5i24gtfmbxq5khq"
                        },
                        "meta": {},
                        "tainted": false
                    },
                    "deposed": [],
                    "provider": "provider.oci"
                },
                "data.template_file.fss_ips": {
                    "type": "template_file",
                    "depends_on": [
                        "local.fss_private_ips"
                    ],
                    "primary": {
                        "id": "bf8b1c0f8f8aff860221c378a364aff5572b4da94ac1f886d22cba999c2b815f",
                        "attributes": {
                            "id": "bf8b1c0f8f8aff860221c378a364aff5572b4da94ac1f886d22cba999c2b815f",
                            "rendered": "172.16.16.3",
                            "template": "${ip_address}",
                            "vars.%": "1",
                            "vars.ip_address": "172.16.16.3"
                        },
                        "meta": {},
                        "tainted": false
                    },
                    "deposed": [],
                    "provider": "provider.template"
                },
                "oci_file_storage_export.fss_export": {
                    "type": "oci_file_storage_export",
                    "depends_on": [
                        "oci_file_storage_file_system.fss.*",
                        "oci_file_storage_mount_target.fss_mt.*"
                    ],
                    "primary": {
                        "id": "ocid1.export.oc1.iad.aaaaaa4np2sm5wcdnfqwillqojxwiotjmfsc2ylefuzqaaaa",
                        "attributes": {
                            "export_options.#": "1",
                            "export_options.0.access": "READ_WRITE",
                            "export_options.0.anonymous_gid": "65534",
                            "export_options.0.anonymous_uid": "65534",
                            "export_options.0.identity_squash": "NONE",
                            "export_options.0.require_privileged_source_port": "false",
                            "export_options.0.source": "0.0.0.0/0",
                            "export_set_id": "ocid1.exportset.oc1.iad.aaaaaa4np2sm5vq4nfqwillqojxwiotjmfsc2ylefuzqaaaa",
                            "file_system_id": "ocid1.filesystem.oc1.iad.aaaaaaaaaaaajnzxnfqwillqojxwiotjmfsc2ylefuzqaaaa",
                            "id": "ocid1.export.oc1.iad.aaaaaa4np2sm5wcdnfqwillqojxwiotjmfsc2ylefuzqaaaa",
                            "path": "/psftprdfssash1",
                            "state": "ACTIVE",
                            "time_created": "2019-03-11 18:35:24.398 +0000 UTC"
                        },
                        "meta": {
                            "e2bfb730-ecaa-11e6-8f88-34363bc7c4c0": {
                                "create": 900000000000,
                                "delete": 900000000000,
                                "update": 900000000000
                            }
                        },
                        "tainted": false
                    },
                    "deposed": [],
                    "provider": "provider.oci"
                },
                "oci_file_storage_export_set.fss_export_set": {
                    "type": "oci_file_storage_export_set",
                    "depends_on": [
                        "oci_file_storage_mount_target.fss_mt.*"
                    ],
                    "primary": {
                        "id": "ocid1.exportset.oc1.iad.aaaaaa4np2sm5vq4nfqwillqojxwiotjmfsc2ylefuzqaaaa",
                        "attributes": {
                            "availability_domain": "WSQk:US-ASHBURN-AD-1",
                            "compartment_id": "ocid1.compartment.oc1..aaaaaaaaeu5ojynwt72i4ed2bjsgtggmkizvitfrkxwrkomirmk3qd3eyefq",
                            "display_name": "psftprdfssash1_mt - export set",
                            "id": "ocid1.exportset.oc1.iad.aaaaaa4np2sm5vq4nfqwillqojxwiotjmfsc2ylefuzqaaaa",
                            "max_fs_stat_bytes": "1099511627776",
                            "max_fs_stat_files": "9223372036854775807",
                            "mount_target_id": "ocid1.mounttarget.oc1.iad.aaaaaa4np2sm5vq5nfqwillqojxwiotjmfsc2ylefuzqaaaa",
                            "state": "ACTIVE",
                            "time_created": "2019-03-11 18:35:10.783 +0000 UTC",
                            "vcn_id": "ocid1.vcn.oc1.iad.aaaaaaaa5qzni4entj5426crkq5qi7k2foonmneb7e3c4dsizcmhx3tcklea"
                        },
                        "meta": {
                            "e2bfb730-ecaa-11e6-8f88-34363bc7c4c0": {
                                "create": 900000000000,
                                "delete": 900000000000,
                                "update": 900000000000
                            }
                        },
                        "tainted": false
                    },
                    "deposed": [],
                    "provider": "provider.oci"
                },
                "oci_file_storage_file_system.fss": {
                    "type": "oci_file_storage_file_system",
                    "depends_on": [],
                    "primary": {
                        "id": "ocid1.filesystem.oc1.iad.aaaaaaaaaaaajnzxnfqwillqojxwiotjmfsc2ylefuzqaaaa",
                        "attributes": {
                            "availability_domain": "WSQk:US-ASHBURN-AD-1",
                            "compartment_id": "ocid1.compartment.oc1..aaaaaaaaeu5ojynwt72i4ed2bjsgtggmkizvitfrkxwrkomirmk3qd3eyefq",
                            "display_name": "psftprdfssash1",
                            "id": "ocid1.filesystem.oc1.iad.aaaaaaaaaaaajnzxnfqwillqojxwiotjmfsc2ylefuzqaaaa",
                            "metered_bytes": "0",
                            "state": "ACTIVE",
                            "time_created": "2019-03-11 18:34:26.826 +0000 UTC"
                        },
                        "meta": {
                            "e2bfb730-ecaa-11e6-8f88-34363bc7c4c0": {
                                "create": 900000000000,
                                "delete": 900000000000,
                                "update": 900000000000
                            }
                        },
                        "tainted": false
                    },
                    "deposed": [],
                    "provider": "provider.oci"
                },
                "oci_file_storage_mount_target.fss_mt": {
                    "type": "oci_file_storage_mount_target",
                    "depends_on": [
                        "oci_file_storage_file_system.fss"
                    ],
                    "primary": {
                        "id": "ocid1.mounttarget.oc1.iad.aaaaaa4np2sm5vq5nfqwillqojxwiotjmfsc2ylefuzqaaaa",
                        "attributes": {
                            "availability_domain": "WSQk:US-ASHBURN-AD-1",
                            "compartment_id": "ocid1.compartment.oc1..aaaaaaaaeu5ojynwt72i4ed2bjsgtggmkizvitfrkxwrkomirmk3qd3eyefq",
                            "display_name": "psftprdfssash1_mt",
                            "export_set_id": "ocid1.exportset.oc1.iad.aaaaaa4np2sm5vq4nfqwillqojxwiotjmfsc2ylefuzqaaaa",
                            "hostname_label": "psftprdfssash1",
                            "id": "ocid1.mounttarget.oc1.iad.aaaaaa4np2sm5vq5nfqwillqojxwiotjmfsc2ylefuzqaaaa",
                            "lifecycle_details": "",
                            "private_ip_ids.#": "1",
                            "private_ip_ids.0": "ocid1.privateip.oc1.iad.abuwcljtpadeutskk3diquhl3opp7ks2neznlwthnccr4xahb76zmaeguxyq",
                            "state": "ACTIVE",
                            "subnet_id": "ocid1.subnet.oc1.iad.aaaaaaaa4oq4tpwrl7lcjnesgxlmqiocc4ojj2nrufhwe5i24gtfmbxq5khq",
                            "time_created": "2019-03-11 18:35:10.783 +0000 UTC"
                        },
                        "meta": {
                            "e2bfb730-ecaa-11e6-8f88-34363bc7c4c0": {
                                "create": 900000000000,
                                "delete": 900000000000,
                                "update": 900000000000
                            }
                        },
                        "tainted": false
                    },
                    "deposed": [],
                    "provider": "provider.oci"
                }
            },
            "depends_on": []
        },
        {
            "path": [
                "root",
                "create_lb"
            ],
            "outputs": {},
            "resources": {
                "oci_load_balancer.lb.0": {
                    "type": "oci_load_balancer",
                    "depends_on": [],
                    "primary": {
                        "id": "ocid1.loadbalancer.oc1.iad.aaaaaaaabmsviibnz4jitimp7utl6gzskvk7qma3f4qwgojp5kbagscwctkq",
                        "attributes": {
                            "compartment_id": "ocid1.compartment.oc1..aaaaaaaaeu5ojynwt72i4ed2bjsgtggmkizvitfrkxwrkomirmk3qd3eyefq",
                            "defined_tags.%": "0",
                            "display_name": "psftprdlbash11",
                            "freeform_tags.%": "0",
                            "id": "ocid1.loadbalancer.oc1.iad.aaaaaaaabmsviibnz4jitimp7utl6gzskvk7qma3f4qwgojp5kbagscwctkq",
                            "ip_addresses.#": "1",
                            "ip_addresses.0": "172.16.24.4",
                            "is_private": "true",
                            "shape": "100Mbps",
                            "state": "ACTIVE",
                            "subnet_ids.#": "1",
                            "subnet_ids.0": "ocid1.subnet.oc1.iad.aaaaaaaawcf4csjujvfj2h6kkrocdbl4sg7fqwiteomnh3ofgrqn2v5fny5a",
                            "time_created": "2019-03-11 18:35:11.341 +0000 UTC"
                        },
                        "meta": {},
                        "tainted": false
                    },
                    "deposed": [],
                    "provider": "provider.oci"
                },
                "oci_load_balancer.lb.1": {
                    "type": "oci_load_balancer",
                    "depends_on": [],
                    "primary": {
                        "id": "ocid1.loadbalancer.oc1.iad.aaaaaaaa2367rm2gljakqi2yyw4lawpzt7ihrut4tv4ez27m6yjblzz2xxna",
                        "attributes": {
                            "compartment_id": "ocid1.compartment.oc1..aaaaaaaaeu5ojynwt72i4ed2bjsgtggmkizvitfrkxwrkomirmk3qd3eyefq",
                            "defined_tags.%": "0",
                            "display_name": "psftprdlbash22",
                            "freeform_tags.%": "0",
                            "id": "ocid1.loadbalancer.oc1.iad.aaaaaaaa2367rm2gljakqi2yyw4lawpzt7ihrut4tv4ez27m6yjblzz2xxna",
                            "ip_addresses.#": "1",
                            "ip_addresses.0": "172.16.25.4",
                            "is_private": "true",
                            "shape": "100Mbps",
                            "state": "ACTIVE",
                            "subnet_ids.#": "1",
                            "subnet_ids.0": "ocid1.subnet.oc1.iad.aaaaaaaar6ap5a7rfdk3nshe3vk2j7mxe3efjpkidxag752rgm6hrhmqg4tq",
                            "time_created": "2019-03-11 18:35:11.311 +0000 UTC"
                        },
                        "meta": {},
                        "tainted": false
                    },
                    "deposed": [],
                    "provider": "provider.oci"
                },
                "oci_load_balancer_backend_set.lb-bset.0": {
                    "type": "oci_load_balancer_backend_set",
                    "depends_on": [
                        "oci_load_balancer.lb.*"
                    ],
                    "primary": {
                        "id": "loadBalancers/ocid1.loadbalancer.oc1.iad.aaaaaaaabmsviibnz4jitimp7utl6gzskvk7qma3f4qwgojp5kbagscwctkq/backendSets/psftprdlbash1-bes1",
                        "attributes": {
                            "backend.#": "0",
                            "health_checker.#": "1",
                            "health_checker.0.interval_ms": "30000",
                            "health_checker.0.port": "8000",
                            "health_checker.0.protocol": "HTTP",
                            "health_checker.0.response_body_regex": ".*",
                            "health_checker.0.retries": "3",
                            "health_checker.0.return_code": "200",
                            "health_checker.0.timeout_in_millis": "3000",
                            "health_checker.0.url_path": "/",
                            "id": "loadBalancers/ocid1.loadbalancer.oc1.iad.aaaaaaaabmsviibnz4jitimp7utl6gzskvk7qma3f4qwgojp5kbagscwctkq/backendSets/psftprdlbash1-bes1",
                            "load_balancer_id": "ocid1.loadbalancer.oc1.iad.aaaaaaaabmsviibnz4jitimp7utl6gzskvk7qma3f4qwgojp5kbagscwctkq",
                            "name": "psftprdlbash1-bes1",
                            "policy": "ROUND_ROBIN",
                            "session_persistence_configuration.#": "1",
                            "session_persistence_configuration.0.cookie_name": "lb-session1",
                            "session_persistence_configuration.0.disable_fallback": "true",
                            "ssl_configuration.#": "0",
                            "state": "SUCCEEDED"
                        },
                        "meta": {
                            "e2bfb730-ecaa-11e6-8f88-34363bc7c4c0": {
                                "create": 900000000000,
                                "delete": 900000000000,
                                "update": 900000000000
                            }
                        },
                        "tainted": false
                    },
                    "deposed": [],
                    "provider": "provider.oci"
                },
                "oci_load_balancer_backend_set.lb-bset.1": {
                    "type": "oci_load_balancer_backend_set",
                    "depends_on": [
                        "oci_load_balancer.lb.*"
                    ],
                    "primary": {
                        "id": "loadBalancers/ocid1.loadbalancer.oc1.iad.aaaaaaaa2367rm2gljakqi2yyw4lawpzt7ihrut4tv4ez27m6yjblzz2xxna/backendSets/psftprdlbash2-bes2",
                        "attributes": {
                            "backend.#": "0",
                            "health_checker.#": "1",
                            "health_checker.0.interval_ms": "30000",
                            "health_checker.0.port": "8000",
                            "health_checker.0.protocol": "HTTP",
                            "health_checker.0.response_body_regex": ".*",
                            "health_checker.0.retries": "3",
                            "health_checker.0.return_code": "200",
                            "health_checker.0.timeout_in_millis": "3000",
                            "health_checker.0.url_path": "/",
                            "id": "loadBalancers/ocid1.loadbalancer.oc1.iad.aaaaaaaa2367rm2gljakqi2yyw4lawpzt7ihrut4tv4ez27m6yjblzz2xxna/backendSets/psftprdlbash2-bes2",
                            "load_balancer_id": "ocid1.loadbalancer.oc1.iad.aaaaaaaa2367rm2gljakqi2yyw4lawpzt7ihrut4tv4ez27m6yjblzz2xxna",
                            "name": "psftprdlbash2-bes2",
                            "policy": "ROUND_ROBIN",
                            "session_persistence_configuration.#": "1",
                            "session_persistence_configuration.0.cookie_name": "lb-session1",
                            "session_persistence_configuration.0.disable_fallback": "true",
                            "ssl_configuration.#": "0",
                            "state": "SUCCEEDED"
                        },
                        "meta": {
                            "e2bfb730-ecaa-11e6-8f88-34363bc7c4c0": {
                                "create": 900000000000,
                                "delete": 900000000000,
                                "update": 900000000000
                            }
                        },
                        "tainted": false
                    },
                    "deposed": [],
                    "provider": "provider.oci"
                },
                "oci_load_balancer_hostname.hostname.0": {
                    "type": "oci_load_balancer_hostname",
                    "depends_on": [
                        "oci_load_balancer.lb.*"
                    ],
                    "primary": {
                        "id": "loadBalancers/ocid1.loadbalancer.oc1.iad.aaaaaaaabmsviibnz4jitimp7utl6gzskvk7qma3f4qwgojp5kbagscwctkq/hostnames/hostname1",
                        "attributes": {
                            "hostname": "psft.test.com",
                            "id": "loadBalancers/ocid1.loadbalancer.oc1.iad.aaaaaaaabmsviibnz4jitimp7utl6gzskvk7qma3f4qwgojp5kbagscwctkq/hostnames/hostname1",
                            "load_balancer_id": "ocid1.loadbalancer.oc1.iad.aaaaaaaabmsviibnz4jitimp7utl6gzskvk7qma3f4qwgojp5kbagscwctkq",
                            "name": "hostname1",
                            "state": "SUCCEEDED"
                        },
                        "meta": {
                            "e2bfb730-ecaa-11e6-8f88-34363bc7c4c0": {
                                "create": 900000000000,
                                "delete": 900000000000,
                                "update": 900000000000
                            }
                        },
                        "tainted": false
                    },
                    "deposed": [],
                    "provider": "provider.oci"
                },
                "oci_load_balancer_hostname.hostname.1": {
                    "type": "oci_load_balancer_hostname",
                    "depends_on": [
                        "oci_load_balancer.lb.*"
                    ],
                    "primary": {
                        "id": "loadBalancers/ocid1.loadbalancer.oc1.iad.aaaaaaaa2367rm2gljakqi2yyw4lawpzt7ihrut4tv4ez27m6yjblzz2xxna/hostnames/hostname2",
                        "attributes": {
                            "hostname": "psft.test.com",
                            "id": "loadBalancers/ocid1.loadbalancer.oc1.iad.aaaaaaaa2367rm2gljakqi2yyw4lawpzt7ihrut4tv4ez27m6yjblzz2xxna/hostnames/hostname2",
                            "load_balancer_id": "ocid1.loadbalancer.oc1.iad.aaaaaaaa2367rm2gljakqi2yyw4lawpzt7ihrut4tv4ez27m6yjblzz2xxna",
                            "name": "hostname2",
                            "state": "SUCCEEDED"
                        },
                        "meta": {
                            "e2bfb730-ecaa-11e6-8f88-34363bc7c4c0": {
                                "create": 900000000000,
                                "delete": 900000000000,
                                "update": 900000000000
                            }
                        },
                        "tainted": false
                    },
                    "deposed": [],
                    "provider": "provider.oci"
                },
                "oci_load_balancer_listener.lb-listener.0": {
                    "type": "oci_load_balancer_listener",
                    "depends_on": [
                        "oci_load_balancer.lb.*",
                        "oci_load_balancer_backend_set.lb-bset.*",
                        "oci_load_balancer_hostname.hostname",
                        "oci_load_balancer_hostname.hostname.*"
                    ],
                    "primary": {
                        "id": "loadBalancers/ocid1.loadbalancer.oc1.iad.aaaaaaaabmsviibnz4jitimp7utl6gzskvk7qma3f4qwgojp5kbagscwctkq/listeners/psftprdlbash1-lsnr1",
                        "attributes": {
                            "connection_configuration.#": "1",
                            "connection_configuration.0.idle_timeout_in_seconds": "2",
                            "default_backend_set_name": "psftprdlbash1-bes1",
                            "hostname_names.#": "1",
                            "hostname_names.0": "hostname1",
                            "id": "loadBalancers/ocid1.loadbalancer.oc1.iad.aaaaaaaabmsviibnz4jitimp7utl6gzskvk7qma3f4qwgojp5kbagscwctkq/listeners/psftprdlbash1-lsnr1",
                            "load_balancer_id": "ocid1.loadbalancer.oc1.iad.aaaaaaaabmsviibnz4jitimp7utl6gzskvk7qma3f4qwgojp5kbagscwctkq",
                            "name": "psftprdlbash1-lsnr1",
                            "port": "8000",
                            "protocol": "HTTP",
                            "ssl_configuration.#": "0",
                            "state": "SUCCEEDED"
                        },
                        "meta": {
                            "e2bfb730-ecaa-11e6-8f88-34363bc7c4c0": {
                                "create": 900000000000,
                                "delete": 900000000000,
                                "update": 900000000000
                            }
                        },
                        "tainted": false
                    },
                    "deposed": [],
                    "provider": "provider.oci"
                },
                "oci_load_balancer_listener.lb-listener.1": {
                    "type": "oci_load_balancer_listener",
                    "depends_on": [
                        "oci_load_balancer.lb.*",
                        "oci_load_balancer_backend_set.lb-bset.*",
                        "oci_load_balancer_hostname.hostname",
                        "oci_load_balancer_hostname.hostname.*"
                    ],
                    "primary": {
                        "id": "loadBalancers/ocid1.loadbalancer.oc1.iad.aaaaaaaa2367rm2gljakqi2yyw4lawpzt7ihrut4tv4ez27m6yjblzz2xxna/listeners/psftprdlbash2-lsnr2",
                        "attributes": {
                            "connection_configuration.#": "1",
                            "connection_configuration.0.idle_timeout_in_seconds": "2",
                            "default_backend_set_name": "psftprdlbash2-bes2",
                            "hostname_names.#": "1",
                            "hostname_names.0": "hostname2",
                            "id": "loadBalancers/ocid1.loadbalancer.oc1.iad.aaaaaaaa2367rm2gljakqi2yyw4lawpzt7ihrut4tv4ez27m6yjblzz2xxna/listeners/psftprdlbash2-lsnr2",
                            "load_balancer_id": "ocid1.loadbalancer.oc1.iad.aaaaaaaa2367rm2gljakqi2yyw4lawpzt7ihrut4tv4ez27m6yjblzz2xxna",
                            "name": "psftprdlbash2-lsnr2",
                            "port": "8000",
                            "protocol": "HTTP",
                            "ssl_configuration.#": "0",
                            "state": "SUCCEEDED"
                        },
                        "meta": {
                            "e2bfb730-ecaa-11e6-8f88-34363bc7c4c0": {
                                "create": 900000000000,
                                "delete": 900000000000,
                                "update": 900000000000
                            }
                        },
                        "tainted": false
                    },
                    "deposed": [],
                    "provider": "provider.oci"
                }
            },
            "depends_on": []
        },
        {
            "path": [
                "root",
                "create_process_schd"
            ],
            "outputs": {
                "ComputeWincreds": {
                    "sensitive": false,
                    "type": "list",
                    "value": []
                },
                "ComputeWinusers": {
                    "sensitive": false,
                    "type": "list",
                    "value": []
                }
            },
            "resources": {
                "oci_core_volume.blockvolume.0": {
                    "type": "oci_core_volume",
                    "depends_on": [],
                    "primary": {
                        "id": "ocid1.volume.oc1.iad.abuwcljtt252ejxhgcnsdp7pb4wrykevsutly4c3eqf67mrttgnl4ek6cpkq",
                        "attributes": {
                            "availability_domain": "WSQk:US-ASHBURN-AD-1",
                            "compartment_id": "ocid1.compartment.oc1..aaaaaaaaeu5ojynwt72i4ed2bjsgtggmkizvitfrkxwrkomirmk3qd3eyefq",
                            "defined_tags.%": "0",
                            "display_name": "psftprdpsashvol1",
                            "freeform_tags.%": "0",
                            "id": "ocid1.volume.oc1.iad.abuwcljtt252ejxhgcnsdp7pb4wrykevsutly4c3eqf67mrttgnl4ek6cpkq",
                            "is_hydrated": "true",
                            "size_in_gbs": "100",
                            "size_in_mbs": "102400",
                            "source_details.#": "0",
                            "state": "AVAILABLE",
                            "time_created": "2019-03-11 18:34:26.988 +0000 UTC"
                        },
                        "meta": {
                            "e2bfb730-ecaa-11e6-8f88-34363bc7c4c0": {
                                "create": 900000000000,
                                "delete": 900000000000,
                                "update": 900000000000
                            }
                        },
                        "tainted": false
                    },
                    "deposed": [],
                    "provider": "provider.oci"
                },
                "oci_core_volume.blockvolume.1": {
                    "type": "oci_core_volume",
                    "depends_on": [],
                    "primary": {
                        "id": "ocid1.volume.oc1.iad.abuwcljrvqy7x4i2wyld5kq5rouijjolfgxksxajwvftgfrja62j46plhktq",
                        "attributes": {
                            "availability_domain": "WSQk:US-ASHBURN-AD-2",
                            "compartment_id": "ocid1.compartment.oc1..aaaaaaaaeu5ojynwt72i4ed2bjsgtggmkizvitfrkxwrkomirmk3qd3eyefq",
                            "defined_tags.%": "0",
                            "display_name": "psftprdpsashvol2",
                            "freeform_tags.%": "0",
                            "id": "ocid1.volume.oc1.iad.abuwcljrvqy7x4i2wyld5kq5rouijjolfgxksxajwvftgfrja62j46plhktq",
                            "is_hydrated": "true",
                            "size_in_gbs": "100",
                            "size_in_mbs": "102400",
                            "source_details.#": "0",
                            "state": "AVAILABLE",
                            "time_created": "2019-03-11 18:34:27.499 +0000 UTC"
                        },
                        "meta": {
                            "e2bfb730-ecaa-11e6-8f88-34363bc7c4c0": {
                                "create": 900000000000,
                                "delete": 900000000000,
                                "update": 900000000000
                            }
                        },
                        "tainted": false
                    },
                    "deposed": [],
                    "provider": "provider.oci"
                },
                "random_integer.rand": {
                    "type": "random_integer",
                    "depends_on": [],
                    "primary": {
                        "id": "2573501956",
                        "attributes": {
                            "id": "2573501956",
                            "max": "9999999999",
                            "min": "1000000000",
                            "result": "2573501956"
                        },
                        "meta": {},
                        "tainted": false
                    },
                    "deposed": [],
                    "provider": "provider.random"
                }
            },
            "depends_on": []
        },
        {
            "path": [
                "root",
                "create_ptools"
            ],
            "outputs": {},
            "resources": {
                "random_integer.rand": {
                    "type": "random_integer",
                    "depends_on": [],
                    "primary": {
                        "id": "5451994112",
                        "attributes": {
                            "id": "5451994112",
                            "max": "9999999999",
                            "min": "1000000000",
                            "result": "5451994112"
                        },
                        "meta": {},
                        "tainted": false
                    },
                    "deposed": [],
                    "provider": "provider.random"
                }
            },
            "depends_on": []
        },
        {
            "path": [
                "root",
                "create_vcn"
            ],
            "outputs": {
                "default_dhcp_id": {
                    "sensitive": false,
                    "type": "string",
                    "value": "ocid1.dhcpoptions.oc1.iad.aaaaaaaa23xdo46bk5pwhakzco3ymejxjuoe5t3lkyby6ls6ulff4fvroufa"
                },
                "igw_id": {
                    "sensitive": false,
                    "type": "string",
                    "value": "ocid1.internetgateway.oc1.iad.aaaaaaaa2zmwlcjlqu4z7vk7g24oskspz3jynbzkdxhgcveirbvzlf5h2tga"
                },
                "natgtw_id": {
                    "sensitive": false,
                    "type": "string",
                    "value": "ocid1.natgateway.oc1.iad.aaaaaaaatoqv5b6ofn3r7gs7hrgaiflrdwvuicq2et7nep4o45khd3a3mj2a"
                },
                "svcgtw_id": {
                    "sensitive": false,
                    "type": "string",
                    "value": "ocid1.servicegateway.oc1.iad.aaaaaaaaojisvibhprlmdkdctgvjcxevemna3foibsbc2y6vcnjivz6ukk2q"
                },
                "vcnid": {
                    "sensitive": false,
                    "type": "string",
                    "value": "ocid1.vcn.oc1.iad.aaaaaaaa5qzni4entj5426crkq5qi7k2foonmneb7e3c4dsizcmhx3tcklea"
                }
            },
            "resources": {
                "data.oci_core_services.svcgtw_services": {
                    "type": "oci_core_services",
                    "depends_on": [],
                    "primary": {
                        "id": "2019-03-11 18:32:21.936628837 +0000 UTC",
                        "attributes": {
                            "filter.#": "1",
                            "filter.2841581091.name": "name",
                            "filter.2841581091.regex": "true",
                            "filter.2841581091.values.#": "1",
                            "filter.2841581091.values.0": ".*Object.*Storage",
                            "id": "2019-03-11 18:32:21.936628837 +0000 UTC",
                            "services.#": "1",
                            "services.0.cidr_block": "oci-iad-objectstorage",
                            "services.0.description": "OCI IAD Object Storage",
                            "services.0.id": "ocid1.service.oc1.iad.aaaaaaaa74z6sqsezqf6znyomdp5jkvfwb4j2ol33abgosvnhxcqphyl3eaq",
                            "services.0.name": "OCI IAD Object Storage"
                        },
                        "meta": {},
                        "tainted": false
                    },
                    "deposed": [],
                    "provider": "provider.oci"
                },
                "oci_core_drg.drg": {
                    "type": "oci_core_drg",
                    "depends_on": [],
                    "primary": {
                        "id": "ocid1.drg.oc1.iad.aaaaaaaazczyzhzhixvycj2vpqw6rtd6tpjh3e5sqzzfcsqutjf2kokdv3fq",
                        "attributes": {
                            "compartment_id": "ocid1.compartment.oc1..aaaaaaaaeu5ojynwt72i4ed2bjsgtggmkizvitfrkxwrkomirmk3qd3eyefq",
                            "defined_tags.%": "0",
                            "display_name": "psftvcndrg",
                            "freeform_tags.%": "0",
                            "id": "ocid1.drg.oc1.iad.aaaaaaaazczyzhzhixvycj2vpqw6rtd6tpjh3e5sqzzfcsqutjf2kokdv3fq",
                            "state": "AVAILABLE",
                            "time_created": "2019-03-11 18:34:26.946 +0000 UTC"
                        },
                        "meta": {
                            "e2bfb730-ecaa-11e6-8f88-34363bc7c4c0": {
                                "create": 900000000000,
                                "delete": 900000000000,
                                "update": 900000000000
                            }
                        },
                        "tainted": false
                    },
                    "deposed": [],
                    "provider": "provider.oci"
                },
                "oci_core_drg_attachment.drg_attachment": {
                    "type": "oci_core_drg_attachment",
                    "depends_on": [
                        "oci_core_drg.drg",
                        "oci_core_virtual_network.vcn"
                    ],
                    "primary": {
                        "id": "ocid1.drgattachment.oc1.iad.aaaaaaaaq664hxbexaq3hcvnfcdgbml6lprvjnhiqydwbey42r46xkctcrla",
                        "attributes": {
                            "compartment_id": "ocid1.compartment.oc1..aaaaaaaaeu5ojynwt72i4ed2bjsgtggmkizvitfrkxwrkomirmk3qd3eyefq",
                            "display_name": "psftvcndrgattch",
                            "drg_id": "ocid1.drg.oc1.iad.aaaaaaaazczyzhzhixvycj2vpqw6rtd6tpjh3e5sqzzfcsqutjf2kokdv3fq",
                            "id": "ocid1.drgattachment.oc1.iad.aaaaaaaaq664hxbexaq3hcvnfcdgbml6lprvjnhiqydwbey42r46xkctcrla",
                            "state": "ATTACHED",
                            "time_created": "2019-03-11 18:35:03.586 +0000 UTC",
                            "vcn_id": "ocid1.vcn.oc1.iad.aaaaaaaa5qzni4entj5426crkq5qi7k2foonmneb7e3c4dsizcmhx3tcklea"
                        },
                        "meta": {
                            "e2bfb730-ecaa-11e6-8f88-34363bc7c4c0": {
                                "create": 900000000000,
                                "delete": 900000000000,
                                "update": 900000000000
                            }
                        },
                        "tainted": false
                    },
                    "deposed": [],
                    "provider": "provider.oci"
                },
                "oci_core_internet_gateway.igw": {
                    "type": "oci_core_internet_gateway",
                    "depends_on": [
                        "oci_core_virtual_network.vcn"
                    ],
                    "primary": {
                        "id": "ocid1.internetgateway.oc1.iad.aaaaaaaa2zmwlcjlqu4z7vk7g24oskspz3jynbzkdxhgcveirbvzlf5h2tga",
                        "attributes": {
                            "compartment_id": "ocid1.compartment.oc1..aaaaaaaaeu5ojynwt72i4ed2bjsgtggmkizvitfrkxwrkomirmk3qd3eyefq",
                            "defined_tags.%": "0",
                            "display_name": "psftvcnigw",
                            "enabled": "true",
                            "freeform_tags.%": "0",
                            "id": "ocid1.internetgateway.oc1.iad.aaaaaaaa2zmwlcjlqu4z7vk7g24oskspz3jynbzkdxhgcveirbvzlf5h2tga",
                            "state": "AVAILABLE",
                            "time_created": "2019-03-11 18:35:02.874 +0000 UTC",
                            "vcn_id": "ocid1.vcn.oc1.iad.aaaaaaaa5qzni4entj5426crkq5qi7k2foonmneb7e3c4dsizcmhx3tcklea"
                        },
                        "meta": {
                            "e2bfb730-ecaa-11e6-8f88-34363bc7c4c0": {
                                "create": 900000000000,
                                "delete": 900000000000,
                                "update": 900000000000
                            }
                        },
                        "tainted": false
                    },
                    "deposed": [],
                    "provider": "provider.oci"
                },
                "oci_core_nat_gateway.natgtw": {
                    "type": "oci_core_nat_gateway",
                    "depends_on": [
                        "oci_core_virtual_network.vcn"
                    ],
                    "primary": {
                        "id": "ocid1.natgateway.oc1.iad.aaaaaaaatoqv5b6ofn3r7gs7hrgaiflrdwvuicq2et7nep4o45khd3a3mj2a",
                        "attributes": {
                            "block_traffic": "false",
                            "compartment_id": "ocid1.compartment.oc1..aaaaaaaaeu5ojynwt72i4ed2bjsgtggmkizvitfrkxwrkomirmk3qd3eyefq",
                            "defined_tags.%": "0",
                            "display_name": "psftvcnnatgtw",
                            "freeform_tags.%": "0",
                            "id": "ocid1.natgateway.oc1.iad.aaaaaaaatoqv5b6ofn3r7gs7hrgaiflrdwvuicq2et7nep4o45khd3a3mj2a",
                            "nat_ip": "129.213.187.99",
                            "state": "AVAILABLE",
                            "time_created": "2019-03-11 18:35:03.346 +0000 UTC",
                            "vcn_id": "ocid1.vcn.oc1.iad.aaaaaaaa5qzni4entj5426crkq5qi7k2foonmneb7e3c4dsizcmhx3tcklea"
                        },
                        "meta": {
                            "e2bfb730-ecaa-11e6-8f88-34363bc7c4c0": {
                                "create": 900000000000,
                                "delete": 900000000000,
                                "update": 900000000000
                            }
                        },
                        "tainted": false
                    },
                    "deposed": [],
                    "provider": "provider.oci"
                },
                "oci_core_service_gateway.svcgtw": {
                    "type": "oci_core_service_gateway",
                    "depends_on": [
                        "data.oci_core_services.svcgtw_services",
                        "oci_core_virtual_network.vcn"
                    ],
                    "primary": {
                        "id": "ocid1.servicegateway.oc1.iad.aaaaaaaaojisvibhprlmdkdctgvjcxevemna3foibsbc2y6vcnjivz6ukk2q",
                        "attributes": {
                            "block_traffic": "false",
                            "compartment_id": "ocid1.compartment.oc1..aaaaaaaaeu5ojynwt72i4ed2bjsgtggmkizvitfrkxwrkomirmk3qd3eyefq",
                            "defined_tags.%": "0",
                            "display_name": "psftvcnsvcgtw",
                            "freeform_tags.%": "0",
                            "id": "ocid1.servicegateway.oc1.iad.aaaaaaaaojisvibhprlmdkdctgvjcxevemna3foibsbc2y6vcnjivz6ukk2q",
                            "services.#": "1",
                            "services.2114898299.service_id": "ocid1.service.oc1.iad.aaaaaaaa74z6sqsezqf6znyomdp5jkvfwb4j2ol33abgosvnhxcqphyl3eaq",
                            "services.2114898299.service_name": "OCI IAD Object Storage",
                            "state": "AVAILABLE",
                            "time_created": "2019-03-11 18:35:02.157 +0000 UTC",
                            "vcn_id": "ocid1.vcn.oc1.iad.aaaaaaaa5qzni4entj5426crkq5qi7k2foonmneb7e3c4dsizcmhx3tcklea"
                        },
                        "meta": {
                            "e2bfb730-ecaa-11e6-8f88-34363bc7c4c0": {
                                "create": 900000000000,
                                "delete": 900000000000,
                                "update": 900000000000
                            }
                        },
                        "tainted": false
                    },
                    "deposed": [],
                    "provider": "provider.oci"
                },
                "oci_core_virtual_network.vcn": {
                    "type": "oci_core_virtual_network",
                    "depends_on": [],
                    "primary": {
                        "id": "ocid1.vcn.oc1.iad.aaaaaaaa5qzni4entj5426crkq5qi7k2foonmneb7e3c4dsizcmhx3tcklea",
                        "attributes": {
                            "cidr_block": "172.16.0.0/16",
                            "compartment_id": "ocid1.compartment.oc1..aaaaaaaaeu5ojynwt72i4ed2bjsgtggmkizvitfrkxwrkomirmk3qd3eyefq",
                            "default_dhcp_options_id": "ocid1.dhcpoptions.oc1.iad.aaaaaaaa23xdo46bk5pwhakzco3ymejxjuoe5t3lkyby6ls6ulff4fvroufa",
                            "default_route_table_id": "ocid1.routetable.oc1.iad.aaaaaaaavjdbyx6lrcjwdaiido3vyaxo2wqchymuudstxxzkzmg5wyscbxoq",
                            "default_security_list_id": "ocid1.securitylist.oc1.iad.aaaaaaaa7ht2gf5tofijwasu5eqwy4w5krnuna4y7mvjdng4hvrztbgj7mfa",
                            "defined_tags.%": "0",
                            "display_name": "psftvcn",
                            "dns_label": "psftvcn",
                            "freeform_tags.%": "0",
                            "id": "ocid1.vcn.oc1.iad.aaaaaaaa5qzni4entj5426crkq5qi7k2foonmneb7e3c4dsizcmhx3tcklea",
                            "state": "AVAILABLE",
                            "time_created": "2019-03-11 18:34:26.938 +0000 UTC",
                            "vcn_domain_name": "psftvcn.oraclevcn.com"
                        },
                        "meta": {
                            "e2bfb730-ecaa-11e6-8f88-34363bc7c4c0": {
                                "create": 900000000000,
                                "delete": 900000000000,
                                "update": 900000000000
                            }
                        },
                        "tainted": false
                    },
                    "deposed": [],
                    "provider": "provider.oci"
                }
            },
            "depends_on": []
        },
        {
            "path": [
                "root",
                "create_web"
            ],
            "outputs": {
                "ComputeWincreds": {
                    "sensitive": false,
                    "type": "list",
                    "value": []
                },
                "ComputeWinusers": {
                    "sensitive": false,
                    "type": "list",
                    "value": []
                }
            },
            "resources": {
                "oci_core_volume.blockvolume.0": {
                    "type": "oci_core_volume",
                    "depends_on": [],
                    "primary": {
                        "id": "ocid1.volume.oc1.iad.abuwcljt2as6khqp7qxlpo7ewaggrylmyx5ltludrzmgm2qy4opt6prmdtoa",
                        "attributes": {
                            "availability_domain": "WSQk:US-ASHBURN-AD-1",
                            "compartment_id": "ocid1.compartment.oc1..aaaaaaaaeu5ojynwt72i4ed2bjsgtggmkizvitfrkxwrkomirmk3qd3eyefq",
                            "defined_tags.%": "0",
                            "display_name": "psftprdwebashvol1",
                            "freeform_tags.%": "0",
                            "id": "ocid1.volume.oc1.iad.abuwcljt2as6khqp7qxlpo7ewaggrylmyx5ltludrzmgm2qy4opt6prmdtoa",
                            "is_hydrated": "true",
                            "size_in_gbs": "100",
                            "size_in_mbs": "102400",
                            "source_details.#": "0",
                            "state": "AVAILABLE",
                            "time_created": "2019-03-11 18:34:42.256 +0000 UTC"
                        },
                        "meta": {
                            "e2bfb730-ecaa-11e6-8f88-34363bc7c4c0": {
                                "create": 900000000000,
                                "delete": 900000000000,
                                "update": 900000000000
                            }
                        },
                        "tainted": false
                    },
                    "deposed": [],
                    "provider": "provider.oci"
                },
                "oci_core_volume.blockvolume.1": {
                    "type": "oci_core_volume",
                    "depends_on": [],
                    "primary": {
                        "id": "ocid1.volume.oc1.iad.abuwcljrwiihoi6gnihrcntsghzccd3qbq3cveu53zbrjuk6nsx7vtkxdrsa",
                        "attributes": {
                            "availability_domain": "WSQk:US-ASHBURN-AD-2",
                            "compartment_id": "ocid1.compartment.oc1..aaaaaaaaeu5ojynwt72i4ed2bjsgtggmkizvitfrkxwrkomirmk3qd3eyefq",
                            "defined_tags.%": "0",
                            "display_name": "psftprdwebashvol2",
                            "freeform_tags.%": "0",
                            "id": "ocid1.volume.oc1.iad.abuwcljrwiihoi6gnihrcntsghzccd3qbq3cveu53zbrjuk6nsx7vtkxdrsa",
                            "is_hydrated": "true",
                            "size_in_gbs": "100",
                            "size_in_mbs": "102400",
                            "source_details.#": "0",
                            "state": "AVAILABLE",
                            "time_created": "2019-03-11 18:34:27.969 +0000 UTC"
                        },
                        "meta": {
                            "e2bfb730-ecaa-11e6-8f88-34363bc7c4c0": {
                                "create": 900000000000,
                                "delete": 900000000000,
                                "update": 900000000000
                            }
                        },
                        "tainted": false
                    },
                    "deposed": [],
                    "provider": "provider.oci"
                },
                "random_integer.rand": {
                    "type": "random_integer",
                    "depends_on": [],
                    "primary": {
                        "id": "5490657644",
                        "attributes": {
                            "id": "5490657644",
                            "max": "9999999999",
                            "min": "1000000000",
                            "result": "5490657644"
                        },
                        "meta": {},
                        "tainted": false
                    },
                    "deposed": [],
                    "provider": "provider.random"
                }
            },
            "depends_on": []
        },
        {
            "path": [
                "root",
                "db_subnet"
            ],
            "outputs": {
                "cidr_block": {
                    "sensitive": false,
                    "type": "list",
                    "value": [
                        "172.16.0.0/24",
                        "172.16.1.0/24"
                    ]
                },
                "subnetid": {
                    "sensitive": false,
                    "type": "list",
                    "value": [
                        "ocid1.subnet.oc1.iad.aaaaaaaauasztbnbyderoi2coce5twk5kmi673q3watasyxwvgjqcmxnwzmq",
                        "ocid1.subnet.oc1.iad.aaaaaaaa3hc63bft7f4fmdvvgujk5euat6uliykrvqjry4vanyqvcorhzabq"
                    ]
                }
            },
            "resources": {
                "oci_core_subnet.subnet.0": {
                    "type": "oci_core_subnet",
                    "depends_on": [],
                    "primary": {
                        "id": "ocid1.subnet.oc1.iad.aaaaaaaauasztbnbyderoi2coce5twk5kmi673q3watasyxwvgjqcmxnwzmq",
                        "attributes": {
                            "availability_domain": "WSQk:US-ASHBURN-AD-1",
                            "cidr_block": "172.16.0.0/24",
                            "compartment_id": "ocid1.compartment.oc1..aaaaaaaaeu5ojynwt72i4ed2bjsgtggmkizvitfrkxwrkomirmk3qd3eyefq",
                            "defined_tags.%": "0",
                            "dhcp_options_id": "ocid1.dhcpoptions.oc1.iad.aaaaaaaa23xdo46bk5pwhakzco3ymejxjuoe5t3lkyby6ls6ulff4fvroufa",
                            "display_name": "dbsubad1",
                            "dns_label": "dbsubad1",
                            "freeform_tags.%": "0",
                            "id": "ocid1.subnet.oc1.iad.aaaaaaaauasztbnbyderoi2coce5twk5kmi673q3watasyxwvgjqcmxnwzmq",
                            "prohibit_public_ip_on_vnic": "true",
                            "route_table_id": "ocid1.routetable.oc1.iad.aaaaaaaawfb7px3vepu7ca3a3lqvcx36wyyxa7ag4tyezv66n3b5glupwmha",
                            "security_list_ids.#": "1",
                            "security_list_ids.2376958547": "ocid1.securitylist.oc1.iad.aaaaaaaai3hryezcuglva7xw6dbwjkefosuzzh66t6xdftswqe3ri3uuy2ya",
                            "state": "AVAILABLE",
                            "subnet_domain_name": "dbsubad1.psftvcn.oraclevcn.com",
                            "time_created": "2019-03-11 18:35:08.97 +0000 UTC",
                            "vcn_id": "ocid1.vcn.oc1.iad.aaaaaaaa5qzni4entj5426crkq5qi7k2foonmneb7e3c4dsizcmhx3tcklea",
                            "virtual_router_ip": "172.16.0.1",
                            "virtual_router_mac": "00:00:17:D3:FC:3B"
                        },
                        "meta": {
                            "e2bfb730-ecaa-11e6-8f88-34363bc7c4c0": {
                                "create": 900000000000,
                                "delete": 900000000000,
                                "update": 900000000000
                            }
                        },
                        "tainted": false
                    },
                    "deposed": [],
                    "provider": "provider.oci"
                },
                "oci_core_subnet.subnet.1": {
                    "type": "oci_core_subnet",
                    "depends_on": [],
                    "primary": {
                        "id": "ocid1.subnet.oc1.iad.aaaaaaaa3hc63bft7f4fmdvvgujk5euat6uliykrvqjry4vanyqvcorhzabq",
                        "attributes": {
                            "availability_domain": "WSQk:US-ASHBURN-AD-2",
                            "cidr_block": "172.16.1.0/24",
                            "compartment_id": "ocid1.compartment.oc1..aaaaaaaaeu5ojynwt72i4ed2bjsgtggmkizvitfrkxwrkomirmk3qd3eyefq",
                            "defined_tags.%": "0",
                            "dhcp_options_id": "ocid1.dhcpoptions.oc1.iad.aaaaaaaa23xdo46bk5pwhakzco3ymejxjuoe5t3lkyby6ls6ulff4fvroufa",
                            "display_name": "dbsubad2",
                            "dns_label": "dbsubad2",
                            "freeform_tags.%": "0",
                            "id": "ocid1.subnet.oc1.iad.aaaaaaaa3hc63bft7f4fmdvvgujk5euat6uliykrvqjry4vanyqvcorhzabq",
                            "prohibit_public_ip_on_vnic": "true",
                            "route_table_id": "ocid1.routetable.oc1.iad.aaaaaaaawfb7px3vepu7ca3a3lqvcx36wyyxa7ag4tyezv66n3b5glupwmha",
                            "security_list_ids.#": "1",
                            "security_list_ids.2376958547": "ocid1.securitylist.oc1.iad.aaaaaaaai3hryezcuglva7xw6dbwjkefosuzzh66t6xdftswqe3ri3uuy2ya",
                            "state": "AVAILABLE",
                            "subnet_domain_name": "dbsubad2.psftvcn.oraclevcn.com",
                            "time_created": "2019-03-11 18:35:07.196 +0000 UTC",
                            "vcn_id": "ocid1.vcn.oc1.iad.aaaaaaaa5qzni4entj5426crkq5qi7k2foonmneb7e3c4dsizcmhx3tcklea",
                            "virtual_router_ip": "172.16.1.1",
                            "virtual_router_mac": "00:00:17:D3:FC:3B"
                        },
                        "meta": {
                            "e2bfb730-ecaa-11e6-8f88-34363bc7c4c0": {
                                "create": 900000000000,
                                "delete": 900000000000,
                                "update": 900000000000
                            }
                        },
                        "tainted": false
                    },
                    "deposed": [],
                    "provider": "provider.oci"
                }
            },
            "depends_on": []
        },
        {
            "path": [
                "root",
                "els_subnet"
            ],
            "outputs": {
                "cidr_block": {
                    "sensitive": false,
                    "type": "list",
                    "value": [
                        "172.16.8.0/24",
                        "172.16.9.0/24"
                    ]
                },
                "subnetid": {
                    "sensitive": false,
                    "type": "list",
                    "value": [
                        "ocid1.subnet.oc1.iad.aaaaaaaayelfkfpv7pnopgsvyq7h6gqks26na5mp42bgoth4xafel4sndmya",
                        "ocid1.subnet.oc1.iad.aaaaaaaafwzpoxem5y42gcm2xhsjcy2dzx7ktwv6llkv2fgb5jdatow6qzya"
                    ]
                }
            },
            "resources": {
                "oci_core_subnet.subnet.0": {
                    "type": "oci_core_subnet",
                    "depends_on": [],
                    "primary": {
                        "id": "ocid1.subnet.oc1.iad.aaaaaaaayelfkfpv7pnopgsvyq7h6gqks26na5mp42bgoth4xafel4sndmya",
                        "attributes": {
                            "availability_domain": "WSQk:US-ASHBURN-AD-1",
                            "cidr_block": "172.16.8.0/24",
                            "compartment_id": "ocid1.compartment.oc1..aaaaaaaaeu5ojynwt72i4ed2bjsgtggmkizvitfrkxwrkomirmk3qd3eyefq",
                            "defined_tags.%": "0",
                            "dhcp_options_id": "ocid1.dhcpoptions.oc1.iad.aaaaaaaa23xdo46bk5pwhakzco3ymejxjuoe5t3lkyby6ls6ulff4fvroufa",
                            "display_name": "essubad1",
                            "dns_label": "essubad1",
                            "freeform_tags.%": "0",
                            "id": "ocid1.subnet.oc1.iad.aaaaaaaayelfkfpv7pnopgsvyq7h6gqks26na5mp42bgoth4xafel4sndmya",
                            "prohibit_public_ip_on_vnic": "true",
                            "route_table_id": "ocid1.routetable.oc1.iad.aaaaaaaawfb7px3vepu7ca3a3lqvcx36wyyxa7ag4tyezv66n3b5glupwmha",
                            "security_list_ids.#": "1",
                            "security_list_ids.42191563": "ocid1.securitylist.oc1.iad.aaaaaaaag7fugjx6w4fagoitys5gdux4dod443d3wyui42xny7ewdvx2tbia",
                            "state": "AVAILABLE",
                            "subnet_domain_name": "essubad1.psftvcn.oraclevcn.com",
                            "time_created": "2019-03-11 18:35:10.206 +0000 UTC",
                            "vcn_id": "ocid1.vcn.oc1.iad.aaaaaaaa5qzni4entj5426crkq5qi7k2foonmneb7e3c4dsizcmhx3tcklea",
                            "virtual_router_ip": "172.16.8.1",
                            "virtual_router_mac": "00:00:17:D3:FC:3B"
                        },
                        "meta": {
                            "e2bfb730-ecaa-11e6-8f88-34363bc7c4c0": {
                                "create": 900000000000,
                                "delete": 900000000000,
                                "update": 900000000000
                            }
                        },
                        "tainted": false
                    },
                    "deposed": [],
                    "provider": "provider.oci"
                },
                "oci_core_subnet.subnet.1": {
                    "type": "oci_core_subnet",
                    "depends_on": [],
                    "primary": {
                        "id": "ocid1.subnet.oc1.iad.aaaaaaaafwzpoxem5y42gcm2xhsjcy2dzx7ktwv6llkv2fgb5jdatow6qzya",
                        "attributes": {
                            "availability_domain": "WSQk:US-ASHBURN-AD-2",
                            "cidr_block": "172.16.9.0/24",
                            "compartment_id": "ocid1.compartment.oc1..aaaaaaaaeu5ojynwt72i4ed2bjsgtggmkizvitfrkxwrkomirmk3qd3eyefq",
                            "defined_tags.%": "0",
                            "dhcp_options_id": "ocid1.dhcpoptions.oc1.iad.aaaaaaaa23xdo46bk5pwhakzco3ymejxjuoe5t3lkyby6ls6ulff4fvroufa",
                            "display_name": "essubad2",
                            "dns_label": "essubad2",
                            "freeform_tags.%": "0",
                            "id": "ocid1.subnet.oc1.iad.aaaaaaaafwzpoxem5y42gcm2xhsjcy2dzx7ktwv6llkv2fgb5jdatow6qzya",
                            "prohibit_public_ip_on_vnic": "true",
                            "route_table_id": "ocid1.routetable.oc1.iad.aaaaaaaawfb7px3vepu7ca3a3lqvcx36wyyxa7ag4tyezv66n3b5glupwmha",
                            "security_list_ids.#": "1",
                            "security_list_ids.42191563": "ocid1.securitylist.oc1.iad.aaaaaaaag7fugjx6w4fagoitys5gdux4dod443d3wyui42xny7ewdvx2tbia",
                            "state": "AVAILABLE",
                            "subnet_domain_name": "essubad2.psftvcn.oraclevcn.com",
                            "time_created": "2019-03-11 18:35:10.783 +0000 UTC",
                            "vcn_id": "ocid1.vcn.oc1.iad.aaaaaaaa5qzni4entj5426crkq5qi7k2foonmneb7e3c4dsizcmhx3tcklea",
                            "virtual_router_ip": "172.16.9.1",
                            "virtual_router_mac": "00:00:17:D3:FC:3B"
                        },
                        "meta": {
                            "e2bfb730-ecaa-11e6-8f88-34363bc7c4c0": {
                                "create": 900000000000,
                                "delete": 900000000000,
                                "update": 900000000000
                            }
                        },
                        "tainted": false
                    },
                    "deposed": [],
                    "provider": "provider.oci"
                }
            },
            "depends_on": []
        },
        {
            "path": [
                "root",
                "fss_subnet"
            ],
            "outputs": {
                "cidr_block": {
                    "sensitive": false,
                    "type": "list",
                    "value": [
                        "172.16.16.0/24",
                        "172.16.17.0/24"
                    ]
                },
                "subnetid": {
                    "sensitive": false,
                    "type": "list",
                    "value": [
                        "ocid1.subnet.oc1.iad.aaaaaaaa4oq4tpwrl7lcjnesgxlmqiocc4ojj2nrufhwe5i24gtfmbxq5khq",
                        "ocid1.subnet.oc1.iad.aaaaaaaaddm3gzwk3wdqkvzzcwwgky572crcjmcm7rxmawtz2ckgqnsp5l6a"
                    ]
                }
            },
            "resources": {
                "oci_core_subnet.subnet.0": {
                    "type": "oci_core_subnet",
                    "depends_on": [],
                    "primary": {
                        "id": "ocid1.subnet.oc1.iad.aaaaaaaa4oq4tpwrl7lcjnesgxlmqiocc4ojj2nrufhwe5i24gtfmbxq5khq",
                        "attributes": {
                            "availability_domain": "WSQk:US-ASHBURN-AD-1",
                            "cidr_block": "172.16.16.0/24",
                            "compartment_id": "ocid1.compartment.oc1..aaaaaaaaeu5ojynwt72i4ed2bjsgtggmkizvitfrkxwrkomirmk3qd3eyefq",
                            "defined_tags.%": "0",
                            "dhcp_options_id": "ocid1.dhcpoptions.oc1.iad.aaaaaaaa23xdo46bk5pwhakzco3ymejxjuoe5t3lkyby6ls6ulff4fvroufa",
                            "display_name": "fsssubad1",
                            "dns_label": "fsssubad1",
                            "freeform_tags.%": "0",
                            "id": "ocid1.subnet.oc1.iad.aaaaaaaa4oq4tpwrl7lcjnesgxlmqiocc4ojj2nrufhwe5i24gtfmbxq5khq",
                            "prohibit_public_ip_on_vnic": "true",
                            "route_table_id": "ocid1.routetable.oc1.iad.aaaaaaaawfb7px3vepu7ca3a3lqvcx36wyyxa7ag4tyezv66n3b5glupwmha",
                            "security_list_ids.#": "1",
                            "security_list_ids.909397780": "ocid1.securitylist.oc1.iad.aaaaaaaa7hboigwxrungaumdsfyi5lthpfrpg2wwh4f5prervzdbzkapid5q",
                            "state": "AVAILABLE",
                            "subnet_domain_name": "fsssubad1.psftvcn.oraclevcn.com",
                            "time_created": "2019-03-11 18:35:08.368 +0000 UTC",
                            "vcn_id": "ocid1.vcn.oc1.iad.aaaaaaaa5qzni4entj5426crkq5qi7k2foonmneb7e3c4dsizcmhx3tcklea",
                            "virtual_router_ip": "172.16.16.1",
                            "virtual_router_mac": "00:00:17:D3:FC:3B"
                        },
                        "meta": {
                            "e2bfb730-ecaa-11e6-8f88-34363bc7c4c0": {
                                "create": 900000000000,
                                "delete": 900000000000,
                                "update": 900000000000
                            }
                        },
                        "tainted": false
                    },
                    "deposed": [],
                    "provider": "provider.oci"
                },
                "oci_core_subnet.subnet.1": {
                    "type": "oci_core_subnet",
                    "depends_on": [],
                    "primary": {
                        "id": "ocid1.subnet.oc1.iad.aaaaaaaaddm3gzwk3wdqkvzzcwwgky572crcjmcm7rxmawtz2ckgqnsp5l6a",
                        "attributes": {
                            "availability_domain": "WSQk:US-ASHBURN-AD-2",
                            "cidr_block": "172.16.17.0/24",
                            "compartment_id": "ocid1.compartment.oc1..aaaaaaaaeu5ojynwt72i4ed2bjsgtggmkizvitfrkxwrkomirmk3qd3eyefq",
                            "defined_tags.%": "0",
                            "dhcp_options_id": "ocid1.dhcpoptions.oc1.iad.aaaaaaaa23xdo46bk5pwhakzco3ymejxjuoe5t3lkyby6ls6ulff4fvroufa",
                            "display_name": "fsssubad2",
                            "dns_label": "fsssubad2",
                            "freeform_tags.%": "0",
                            "id": "ocid1.subnet.oc1.iad.aaaaaaaaddm3gzwk3wdqkvzzcwwgky572crcjmcm7rxmawtz2ckgqnsp5l6a",
                            "prohibit_public_ip_on_vnic": "true",
                            "route_table_id": "ocid1.routetable.oc1.iad.aaaaaaaawfb7px3vepu7ca3a3lqvcx36wyyxa7ag4tyezv66n3b5glupwmha",
                            "security_list_ids.#": "1",
                            "security_list_ids.909397780": "ocid1.securitylist.oc1.iad.aaaaaaaa7hboigwxrungaumdsfyi5lthpfrpg2wwh4f5prervzdbzkapid5q",
                            "state": "AVAILABLE",
                            "subnet_domain_name": "fsssubad2.psftvcn.oraclevcn.com",
                            "time_created": "2019-03-11 18:35:07.794 +0000 UTC",
                            "vcn_id": "ocid1.vcn.oc1.iad.aaaaaaaa5qzni4entj5426crkq5qi7k2foonmneb7e3c4dsizcmhx3tcklea",
                            "virtual_router_ip": "172.16.17.1",
                            "virtual_router_mac": "00:00:17:D3:FC:3B"
                        },
                        "meta": {
                            "e2bfb730-ecaa-11e6-8f88-34363bc7c4c0": {
                                "create": 900000000000,
                                "delete": 900000000000,
                                "update": 900000000000
                            }
                        },
                        "tainted": false
                    },
                    "deposed": [],
                    "provider": "provider.oci"
                }
            },
            "depends_on": []
        },
        {
            "path": [
                "root",
                "lb_subnet"
            ],
            "outputs": {
                "cidr_block": {
                    "sensitive": false,
                    "type": "list",
                    "value": [
                        "172.16.24.0/24",
                        "172.16.25.0/24"
                    ]
                },
                "subnetid": {
                    "sensitive": false,
                    "type": "list",
                    "value": [
                        "ocid1.subnet.oc1.iad.aaaaaaaawcf4csjujvfj2h6kkrocdbl4sg7fqwiteomnh3ofgrqn2v5fny5a",
                        "ocid1.subnet.oc1.iad.aaaaaaaar6ap5a7rfdk3nshe3vk2j7mxe3efjpkidxag752rgm6hrhmqg4tq"
                    ]
                }
            },
            "resources": {
                "oci_core_subnet.subnet.0": {
                    "type": "oci_core_subnet",
                    "depends_on": [],
                    "primary": {
                        "id": "ocid1.subnet.oc1.iad.aaaaaaaawcf4csjujvfj2h6kkrocdbl4sg7fqwiteomnh3ofgrqn2v5fny5a",
                        "attributes": {
                            "availability_domain": "WSQk:US-ASHBURN-AD-1",
                            "cidr_block": "172.16.24.0/24",
                            "compartment_id": "ocid1.compartment.oc1..aaaaaaaaeu5ojynwt72i4ed2bjsgtggmkizvitfrkxwrkomirmk3qd3eyefq",
                            "defined_tags.%": "0",
                            "dhcp_options_id": "ocid1.dhcpoptions.oc1.iad.aaaaaaaa23xdo46bk5pwhakzco3ymejxjuoe5t3lkyby6ls6ulff4fvroufa",
                            "display_name": "lbsubad1",
                            "dns_label": "lbsubad1",
                            "freeform_tags.%": "0",
                            "id": "ocid1.subnet.oc1.iad.aaaaaaaawcf4csjujvfj2h6kkrocdbl4sg7fqwiteomnh3ofgrqn2v5fny5a",
                            "prohibit_public_ip_on_vnic": "true",
                            "route_table_id": "ocid1.routetable.oc1.iad.aaaaaaaawfb7px3vepu7ca3a3lqvcx36wyyxa7ag4tyezv66n3b5glupwmha",
                            "security_list_ids.#": "1",
                            "security_list_ids.3013881078": "ocid1.securitylist.oc1.iad.aaaaaaaa3oskyr265q5daqxdjkequnebacdf67d6wkujea7kpqqyja7rpefq",
                            "state": "AVAILABLE",
                            "subnet_domain_name": "lbsubad1.psftvcn.oraclevcn.com",
                            "time_created": "2019-03-11 18:35:10.563 +0000 UTC",
                            "vcn_id": "ocid1.vcn.oc1.iad.aaaaaaaa5qzni4entj5426crkq5qi7k2foonmneb7e3c4dsizcmhx3tcklea",
                            "virtual_router_ip": "172.16.24.1",
                            "virtual_router_mac": "00:00:17:D3:FC:3B"
                        },
                        "meta": {
                            "e2bfb730-ecaa-11e6-8f88-34363bc7c4c0": {
                                "create": 900000000000,
                                "delete": 900000000000,
                                "update": 900000000000
                            }
                        },
                        "tainted": false
                    },
                    "deposed": [],
                    "provider": "provider.oci"
                },
                "oci_core_subnet.subnet.1": {
                    "type": "oci_core_subnet",
                    "depends_on": [],
                    "primary": {
                        "id": "ocid1.subnet.oc1.iad.aaaaaaaar6ap5a7rfdk3nshe3vk2j7mxe3efjpkidxag752rgm6hrhmqg4tq",
                        "attributes": {
                            "availability_domain": "WSQk:US-ASHBURN-AD-2",
                            "cidr_block": "172.16.25.0/24",
                            "compartment_id": "ocid1.compartment.oc1..aaaaaaaaeu5ojynwt72i4ed2bjsgtggmkizvitfrkxwrkomirmk3qd3eyefq",
                            "defined_tags.%": "0",
                            "dhcp_options_id": "ocid1.dhcpoptions.oc1.iad.aaaaaaaa23xdo46bk5pwhakzco3ymejxjuoe5t3lkyby6ls6ulff4fvroufa",
                            "display_name": "lbsubad2",
                            "dns_label": "lbsubad2",
                            "freeform_tags.%": "0",
                            "id": "ocid1.subnet.oc1.iad.aaaaaaaar6ap5a7rfdk3nshe3vk2j7mxe3efjpkidxag752rgm6hrhmqg4tq",
                            "prohibit_public_ip_on_vnic": "true",
                            "route_table_id": "ocid1.routetable.oc1.iad.aaaaaaaawfb7px3vepu7ca3a3lqvcx36wyyxa7ag4tyezv66n3b5glupwmha",
                            "security_list_ids.#": "1",
                            "security_list_ids.3013881078": "ocid1.securitylist.oc1.iad.aaaaaaaa3oskyr265q5daqxdjkequnebacdf67d6wkujea7kpqqyja7rpefq",
                            "state": "AVAILABLE",
                            "subnet_domain_name": "lbsubad2.psftvcn.oraclevcn.com",
                            "time_created": "2019-03-11 18:35:10.03 +0000 UTC",
                            "vcn_id": "ocid1.vcn.oc1.iad.aaaaaaaa5qzni4entj5426crkq5qi7k2foonmneb7e3c4dsizcmhx3tcklea",
                            "virtual_router_ip": "172.16.25.1",
                            "virtual_router_mac": "00:00:17:D3:FC:3B"
                        },
                        "meta": {
                            "e2bfb730-ecaa-11e6-8f88-34363bc7c4c0": {
                                "create": 900000000000,
                                "delete": 900000000000,
                                "update": 900000000000
                            }
                        },
                        "tainted": false
                    },
                    "deposed": [],
                    "provider": "provider.oci"
                }
            },
            "depends_on": []
        },
        {
            "path": [
                "root",
                "ptools_subnet"
            ],
            "outputs": {
                "cidr_block": {
                    "sensitive": false,
                    "type": "list",
                    "value": [
                        "172.16.4.0/24",
                        "172.16.5.0/24"
                    ]
                },
                "subnetid": {
                    "sensitive": false,
                    "type": "list",
                    "value": [
                        "ocid1.subnet.oc1.iad.aaaaaaaavzevcdcul7tggunct7zvkple6owwkvfbaftxvmbtk2nkznh27kuq",
                        "ocid1.subnet.oc1.iad.aaaaaaaapodkrkj74t5gb4ghcbmfasuaz75dc67kfxuejhz545lherrjb4hq"
                    ]
                }
            },
            "resources": {
                "oci_core_subnet.subnet.0": {
                    "type": "oci_core_subnet",
                    "depends_on": [],
                    "primary": {
                        "id": "ocid1.subnet.oc1.iad.aaaaaaaavzevcdcul7tggunct7zvkple6owwkvfbaftxvmbtk2nkznh27kuq",
                        "attributes": {
                            "availability_domain": "WSQk:US-ASHBURN-AD-1",
                            "cidr_block": "172.16.4.0/24",
                            "compartment_id": "ocid1.compartment.oc1..aaaaaaaaeu5ojynwt72i4ed2bjsgtggmkizvitfrkxwrkomirmk3qd3eyefq",
                            "defined_tags.%": "0",
                            "dhcp_options_id": "ocid1.dhcpoptions.oc1.iad.aaaaaaaa23xdo46bk5pwhakzco3ymejxjuoe5t3lkyby6ls6ulff4fvroufa",
                            "display_name": "ptoolssubad1",
                            "dns_label": "ptoolssubad1",
                            "freeform_tags.%": "0",
                            "id": "ocid1.subnet.oc1.iad.aaaaaaaavzevcdcul7tggunct7zvkple6owwkvfbaftxvmbtk2nkznh27kuq",
                            "prohibit_public_ip_on_vnic": "true",
                            "route_table_id": "ocid1.routetable.oc1.iad.aaaaaaaawfb7px3vepu7ca3a3lqvcx36wyyxa7ag4tyezv66n3b5glupwmha",
                            "security_list_ids.#": "1",
                            "security_list_ids.1115485578": "ocid1.securitylist.oc1.iad.aaaaaaaa3hiigls3c43rbq4arygwi4j4tjmd6hiy4da44qyjy7nvwbsjosoa",
                            "state": "AVAILABLE",
                            "subnet_domain_name": "ptoolssubad1.psftvcn.oraclevcn.com",
                            "time_created": "2019-03-11 18:35:09.782 +0000 UTC",
                            "vcn_id": "ocid1.vcn.oc1.iad.aaaaaaaa5qzni4entj5426crkq5qi7k2foonmneb7e3c4dsizcmhx3tcklea",
                            "virtual_router_ip": "172.16.4.1",
                            "virtual_router_mac": "00:00:17:D3:FC:3B"
                        },
                        "meta": {
                            "e2bfb730-ecaa-11e6-8f88-34363bc7c4c0": {
                                "create": 900000000000,
                                "delete": 900000000000,
                                "update": 900000000000
                            }
                        },
                        "tainted": false
                    },
                    "deposed": [],
                    "provider": "provider.oci"
                },
                "oci_core_subnet.subnet.1": {
                    "type": "oci_core_subnet",
                    "depends_on": [],
                    "primary": {
                        "id": "ocid1.subnet.oc1.iad.aaaaaaaapodkrkj74t5gb4ghcbmfasuaz75dc67kfxuejhz545lherrjb4hq",
                        "attributes": {
                            "availability_domain": "WSQk:US-ASHBURN-AD-2",
                            "cidr_block": "172.16.5.0/24",
                            "compartment_id": "ocid1.compartment.oc1..aaaaaaaaeu5ojynwt72i4ed2bjsgtggmkizvitfrkxwrkomirmk3qd3eyefq",
                            "defined_tags.%": "0",
                            "dhcp_options_id": "ocid1.dhcpoptions.oc1.iad.aaaaaaaa23xdo46bk5pwhakzco3ymejxjuoe5t3lkyby6ls6ulff4fvroufa",
                            "display_name": "ptoolssubad2",
                            "dns_label": "ptoolssubad2",
                            "freeform_tags.%": "0",
                            "id": "ocid1.subnet.oc1.iad.aaaaaaaapodkrkj74t5gb4ghcbmfasuaz75dc67kfxuejhz545lherrjb4hq",
                            "prohibit_public_ip_on_vnic": "true",
                            "route_table_id": "ocid1.routetable.oc1.iad.aaaaaaaawfb7px3vepu7ca3a3lqvcx36wyyxa7ag4tyezv66n3b5glupwmha",
                            "security_list_ids.#": "1",
                            "security_list_ids.1115485578": "ocid1.securitylist.oc1.iad.aaaaaaaa3hiigls3c43rbq4arygwi4j4tjmd6hiy4da44qyjy7nvwbsjosoa",
                            "state": "AVAILABLE",
                            "subnet_domain_name": "ptoolssubad2.psftvcn.oraclevcn.com",
                            "time_created": "2019-03-11 18:35:09.503 +0000 UTC",
                            "vcn_id": "ocid1.vcn.oc1.iad.aaaaaaaa5qzni4entj5426crkq5qi7k2foonmneb7e3c4dsizcmhx3tcklea",
                            "virtual_router_ip": "172.16.5.1",
                            "virtual_router_mac": "00:00:17:D3:FC:3B"
                        },
                        "meta": {
                            "e2bfb730-ecaa-11e6-8f88-34363bc7c4c0": {
                                "create": 900000000000,
                                "delete": 900000000000,
                                "update": 900000000000
                            }
                        },
                        "tainted": false
                    },
                    "deposed": [],
                    "provider": "provider.oci"
                }
            },
            "depends_on": []
        },
        {
            "path": [
                "root",
                "web_subnet"
            ],
            "outputs": {
                "cidr_block": {
                    "sensitive": false,
                    "type": "list",
                    "value": [
                        "172.16.20.0/24",
                        "172.16.21.0/24"
                    ]
                },
                "subnetid": {
                    "sensitive": false,
                    "type": "list",
                    "value": [
                        "ocid1.subnet.oc1.iad.aaaaaaaaqbgklr4pn6g2xmvt2vobgy2gmg5a4iz6by72xj7ybcqh5e52soiq",
                        "ocid1.subnet.oc1.iad.aaaaaaaavuxw53monmkl72qydlypakoihu755xgt4y66y6fnj44to3ifh6bq"
                    ]
                }
            },
            "resources": {
                "oci_core_subnet.subnet.0": {
                    "type": "oci_core_subnet",
                    "depends_on": [],
                    "primary": {
                        "id": "ocid1.subnet.oc1.iad.aaaaaaaaqbgklr4pn6g2xmvt2vobgy2gmg5a4iz6by72xj7ybcqh5e52soiq",
                        "attributes": {
                            "availability_domain": "WSQk:US-ASHBURN-AD-1",
                            "cidr_block": "172.16.20.0/24",
                            "compartment_id": "ocid1.compartment.oc1..aaaaaaaaeu5ojynwt72i4ed2bjsgtggmkizvitfrkxwrkomirmk3qd3eyefq",
                            "defined_tags.%": "0",
                            "dhcp_options_id": "ocid1.dhcpoptions.oc1.iad.aaaaaaaa23xdo46bk5pwhakzco3ymejxjuoe5t3lkyby6ls6ulff4fvroufa",
                            "display_name": "websubad1",
                            "dns_label": "websubad1",
                            "freeform_tags.%": "0",
                            "id": "ocid1.subnet.oc1.iad.aaaaaaaaqbgklr4pn6g2xmvt2vobgy2gmg5a4iz6by72xj7ybcqh5e52soiq",
                            "prohibit_public_ip_on_vnic": "true",
                            "route_table_id": "ocid1.routetable.oc1.iad.aaaaaaaawfb7px3vepu7ca3a3lqvcx36wyyxa7ag4tyezv66n3b5glupwmha",
                            "security_list_ids.#": "1",
                            "security_list_ids.1683290320": "ocid1.securitylist.oc1.iad.aaaaaaaa7p3nzftm6zxvivgerlptnamizkfxt52jiz2hmqvyvde3abmfbu3a",
                            "state": "AVAILABLE",
                            "subnet_domain_name": "websubad1.psftvcn.oraclevcn.com",
                            "time_created": "2019-03-11 18:35:08.524 +0000 UTC",
                            "vcn_id": "ocid1.vcn.oc1.iad.aaaaaaaa5qzni4entj5426crkq5qi7k2foonmneb7e3c4dsizcmhx3tcklea",
                            "virtual_router_ip": "172.16.20.1",
                            "virtual_router_mac": "00:00:17:D3:FC:3B"
                        },
                        "meta": {
                            "e2bfb730-ecaa-11e6-8f88-34363bc7c4c0": {
                                "create": 900000000000,
                                "delete": 900000000000,
                                "update": 900000000000
                            }
                        },
                        "tainted": false
                    },
                    "deposed": [],
                    "provider": "provider.oci"
                },
                "oci_core_subnet.subnet.1": {
                    "type": "oci_core_subnet",
                    "depends_on": [],
                    "primary": {
                        "id": "ocid1.subnet.oc1.iad.aaaaaaaavuxw53monmkl72qydlypakoihu755xgt4y66y6fnj44to3ifh6bq",
                        "attributes": {
                            "availability_domain": "WSQk:US-ASHBURN-AD-2",
                            "cidr_block": "172.16.21.0/24",
                            "compartment_id": "ocid1.compartment.oc1..aaaaaaaaeu5ojynwt72i4ed2bjsgtggmkizvitfrkxwrkomirmk3qd3eyefq",
                            "defined_tags.%": "0",
                            "dhcp_options_id": "ocid1.dhcpoptions.oc1.iad.aaaaaaaa23xdo46bk5pwhakzco3ymejxjuoe5t3lkyby6ls6ulff4fvroufa",
                            "display_name": "websubad2",
                            "dns_label": "websubad2",
                            "freeform_tags.%": "0",
                            "id": "ocid1.subnet.oc1.iad.aaaaaaaavuxw53monmkl72qydlypakoihu755xgt4y66y6fnj44to3ifh6bq",
                            "prohibit_public_ip_on_vnic": "true",
                            "route_table_id": "ocid1.routetable.oc1.iad.aaaaaaaawfb7px3vepu7ca3a3lqvcx36wyyxa7ag4tyezv66n3b5glupwmha",
                            "security_list_ids.#": "1",
                            "security_list_ids.1683290320": "ocid1.securitylist.oc1.iad.aaaaaaaa7p3nzftm6zxvivgerlptnamizkfxt52jiz2hmqvyvde3abmfbu3a",
                            "state": "AVAILABLE",
                            "subnet_domain_name": "websubad2.psftvcn.oraclevcn.com",
                            "time_created": "2019-03-11 18:35:09.192 +0000 UTC",
                            "vcn_id": "ocid1.vcn.oc1.iad.aaaaaaaa5qzni4entj5426crkq5qi7k2foonmneb7e3c4dsizcmhx3tcklea",
                            "virtual_router_ip": "172.16.21.1",
                            "virtual_router_mac": "00:00:17:D3:FC:3B"
                        },
                        "meta": {
                            "e2bfb730-ecaa-11e6-8f88-34363bc7c4c0": {
                                "create": 900000000000,
                                "delete": 900000000000,
                                "update": 900000000000
                            }
                        },
                        "tainted": false
                    },
                    "deposed": [],
                    "provider": "provider.oci"
                }
            },
            "depends_on": []
        }
    ]
}
